{
  "version": 4,
  "terraform_version": "1.3.7",
  "serial": 137,
  "lineage": "dcfe1e6c-199d-f203-3cf7-d1b9cdff1521",
  "outputs": {
    "vm_address": {
      "value": [
        {
          "1": {
            "vm_address": [
              "172.31.49.1"
            ],
            "vm_name": [
              "it-cbf-db-1"
            ]
          },
          "10": {
            "vm_address": [
              "172.31.49.14"
            ],
            "vm_name": [
              "it-cbf-dovw-1"
            ]
          },
          "11": {
            "vm_address": [
              "172.31.49.15"
            ],
            "vm_name": [
              "it-cbf-dovw-2"
            ]
          },
          "12": {
            "vm_address": [
              "172.31.49.16"
            ],
            "vm_name": [
              "it-cbf-mdbdov-1"
            ]
          },
          "13": {
            "vm_address": [
              "172.31.49.18"
            ],
            "vm_name": [
              "it-cbf-spdov-1"
            ]
          },
          "14": {
            "vm_address": [
              "172.31.49.20"
            ],
            "vm_name": [
              "it-cbf-dovdd-1"
            ]
          },
          "15": {
            "vm_address": [
              "172.31.49.26"
            ],
            "vm_name": [
              "it-cbf-repdb-1"
            ]
          },
          "16": {
            "vm_address": [
              "172.31.49.27"
            ],
            "vm_name": [
              "it-cbf-repdb-2"
            ]
          },
          "17": {
            "vm_address": [
              "172.31.49.28"
            ],
            "vm_name": [
              "it-cbf-repdb-3"
            ]
          },
          "18": {
            "vm_address": [
              "172.31.49.29"
            ],
            "vm_name": [
              "it-cbf-mon-1"
            ]
          },
          "19": {
            "vm_address": [
              "172.31.49.30"
            ],
            "vm_name": [
              "it-cbf-filterm-1"
            ]
          },
          "2": {
            "vm_address": [
              "172.31.49.2"
            ],
            "vm_name": [
              "it-cbf-apisv-1"
            ]
          },
          "20": {
            "vm_address": [
              "172.31.49.38"
            ],
            "vm_name": [
              "it-cbf-mdbm-1"
            ]
          },
          "21": {
            "vm_address": [
              "172.31.49.39"
            ],
            "vm_name": [
              "it-cbf-mdbm-2"
            ]
          },
          "22": {
            "vm_address": [
              "172.31.49.40"
            ],
            "vm_name": [
              "it-cbf-dd-1"
            ]
          },
          "23": {
            "vm_address": [
              "172.31.49.44"
            ],
            "vm_name": [
              "it-cbf-sp-1"
            ]
          },
          "24": {
            "vm_address": [
              "172.31.49.46"
            ],
            "vm_name": [
              "it-cbf-db-2"
            ]
          },
          "25": {
            "vm_address": [
              "172.31.49.47"
            ],
            "vm_name": [
              "it-cbf-dbquorum-1"
            ]
          },
          "26": {
            "vm_address": [
              "172.31.49.48"
            ],
            "vm_name": [
              "it-cbf-str-1"
            ]
          },
          "27": {
            "vm_address": [
              "172.31.49.49"
            ],
            "vm_name": [
              "it-cbf-dovk-3"
            ]
          },
          "28": {
            "vm_address": [
              "172.31.49.50"
            ],
            "vm_name": [
              "it-cbf-mapr-1"
            ]
          },
          "29": {
            "vm_address": [
              "172.31.49.51"
            ],
            "vm_name": [
              "it-cbf-mapr-2"
            ]
          },
          "3": {
            "vm_address": [
              "172.31.49.4"
            ],
            "vm_name": [
              "it-cbf-pws-1"
            ]
          },
          "30": {
            "vm_address": [
              "172.31.49.52"
            ],
            "vm_name": [
              "it-cbf-jump-1"
            ]
          },
          "4": {
            "vm_address": [
              "172.31.49.6"
            ],
            "vm_name": [
              "it-cbf-inf-1"
            ]
          },
          "5": {
            "vm_address": [
              "172.31.49.7"
            ],
            "vm_name": [
              "it-cbf-swf-1"
            ]
          },
          "6": {
            "vm_address": [
              "172.31.49.9"
            ],
            "vm_name": [
              "it-cbf-prov-1"
            ]
          },
          "7": {
            "vm_address": [
              "172.31.49.11"
            ],
            "vm_name": [
              "it-cbf-dovm-1"
            ]
          },
          "8": {
            "vm_address": [
              "172.31.49.12"
            ],
            "vm_name": [
              "it-cbf-dovk-1"
            ]
          },
          "9": {
            "vm_address": [
              "172.31.49.13"
            ],
            "vm_name": [
              "it-cbf-dovk-2"
            ]
          }
        }
      ],
      "type": [
        "tuple",
        [
          [
            "object",
            {
              "1": [
                "object",
                {
                  "vm_address": [
                    "tuple",
                    [
                      "string"
                    ]
                  ],
                  "vm_name": [
                    "tuple",
                    [
                      "string"
                    ]
                  ]
                }
              ],
              "10": [
                "object",
                {
                  "vm_address": [
                    "tuple",
                    [
                      "string"
                    ]
                  ],
                  "vm_name": [
                    "tuple",
                    [
                      "string"
                    ]
                  ]
                }
              ],
              "11": [
                "object",
                {
                  "vm_address": [
                    "tuple",
                    [
                      "string"
                    ]
                  ],
                  "vm_name": [
                    "tuple",
                    [
                      "string"
                    ]
                  ]
                }
              ],
              "12": [
                "object",
                {
                  "vm_address": [
                    "tuple",
                    [
                      "string"
                    ]
                  ],
                  "vm_name": [
                    "tuple",
                    [
                      "string"
                    ]
                  ]
                }
              ],
              "13": [
                "object",
                {
                  "vm_address": [
                    "tuple",
                    [
                      "string"
                    ]
                  ],
                  "vm_name": [
                    "tuple",
                    [
                      "string"
                    ]
                  ]
                }
              ],
              "14": [
                "object",
                {
                  "vm_address": [
                    "tuple",
                    [
                      "string"
                    ]
                  ],
                  "vm_name": [
                    "tuple",
                    [
                      "string"
                    ]
                  ]
                }
              ],
              "15": [
                "object",
                {
                  "vm_address": [
                    "tuple",
                    [
                      "string"
                    ]
                  ],
                  "vm_name": [
                    "tuple",
                    [
                      "string"
                    ]
                  ]
                }
              ],
              "16": [
                "object",
                {
                  "vm_address": [
                    "tuple",
                    [
                      "string"
                    ]
                  ],
                  "vm_name": [
                    "tuple",
                    [
                      "string"
                    ]
                  ]
                }
              ],
              "17": [
                "object",
                {
                  "vm_address": [
                    "tuple",
                    [
                      "string"
                    ]
                  ],
                  "vm_name": [
                    "tuple",
                    [
                      "string"
                    ]
                  ]
                }
              ],
              "18": [
                "object",
                {
                  "vm_address": [
                    "tuple",
                    [
                      "string"
                    ]
                  ],
                  "vm_name": [
                    "tuple",
                    [
                      "string"
                    ]
                  ]
                }
              ],
              "19": [
                "object",
                {
                  "vm_address": [
                    "tuple",
                    [
                      "string"
                    ]
                  ],
                  "vm_name": [
                    "tuple",
                    [
                      "string"
                    ]
                  ]
                }
              ],
              "2": [
                "object",
                {
                  "vm_address": [
                    "tuple",
                    [
                      "string"
                    ]
                  ],
                  "vm_name": [
                    "tuple",
                    [
                      "string"
                    ]
                  ]
                }
              ],
              "20": [
                "object",
                {
                  "vm_address": [
                    "tuple",
                    [
                      "string"
                    ]
                  ],
                  "vm_name": [
                    "tuple",
                    [
                      "string"
                    ]
                  ]
                }
              ],
              "21": [
                "object",
                {
                  "vm_address": [
                    "tuple",
                    [
                      "string"
                    ]
                  ],
                  "vm_name": [
                    "tuple",
                    [
                      "string"
                    ]
                  ]
                }
              ],
              "22": [
                "object",
                {
                  "vm_address": [
                    "tuple",
                    [
                      "string"
                    ]
                  ],
                  "vm_name": [
                    "tuple",
                    [
                      "string"
                    ]
                  ]
                }
              ],
              "23": [
                "object",
                {
                  "vm_address": [
                    "tuple",
                    [
                      "string"
                    ]
                  ],
                  "vm_name": [
                    "tuple",
                    [
                      "string"
                    ]
                  ]
                }
              ],
              "24": [
                "object",
                {
                  "vm_address": [
                    "tuple",
                    [
                      "string"
                    ]
                  ],
                  "vm_name": [
                    "tuple",
                    [
                      "string"
                    ]
                  ]
                }
              ],
              "25": [
                "object",
                {
                  "vm_address": [
                    "tuple",
                    [
                      "string"
                    ]
                  ],
                  "vm_name": [
                    "tuple",
                    [
                      "string"
                    ]
                  ]
                }
              ],
              "26": [
                "object",
                {
                  "vm_address": [
                    "tuple",
                    [
                      "string"
                    ]
                  ],
                  "vm_name": [
                    "tuple",
                    [
                      "string"
                    ]
                  ]
                }
              ],
              "27": [
                "object",
                {
                  "vm_address": [
                    "tuple",
                    [
                      "string"
                    ]
                  ],
                  "vm_name": [
                    "tuple",
                    [
                      "string"
                    ]
                  ]
                }
              ],
              "28": [
                "object",
                {
                  "vm_address": [
                    "tuple",
                    [
                      "string"
                    ]
                  ],
                  "vm_name": [
                    "tuple",
                    [
                      "string"
                    ]
                  ]
                }
              ],
              "29": [
                "object",
                {
                  "vm_address": [
                    "tuple",
                    [
                      "string"
                    ]
                  ],
                  "vm_name": [
                    "tuple",
                    [
                      "string"
                    ]
                  ]
                }
              ],
              "3": [
                "object",
                {
                  "vm_address": [
                    "tuple",
                    [
                      "string"
                    ]
                  ],
                  "vm_name": [
                    "tuple",
                    [
                      "string"
                    ]
                  ]
                }
              ],
              "30": [
                "object",
                {
                  "vm_address": [
                    "tuple",
                    [
                      "string"
                    ]
                  ],
                  "vm_name": [
                    "tuple",
                    [
                      "string"
                    ]
                  ]
                }
              ],
              "4": [
                "object",
                {
                  "vm_address": [
                    "tuple",
                    [
                      "string"
                    ]
                  ],
                  "vm_name": [
                    "tuple",
                    [
                      "string"
                    ]
                  ]
                }
              ],
              "5": [
                "object",
                {
                  "vm_address": [
                    "tuple",
                    [
                      "string"
                    ]
                  ],
                  "vm_name": [
                    "tuple",
                    [
                      "string"
                    ]
                  ]
                }
              ],
              "6": [
                "object",
                {
                  "vm_address": [
                    "tuple",
                    [
                      "string"
                    ]
                  ],
                  "vm_name": [
                    "tuple",
                    [
                      "string"
                    ]
                  ]
                }
              ],
              "7": [
                "object",
                {
                  "vm_address": [
                    "tuple",
                    [
                      "string"
                    ]
                  ],
                  "vm_name": [
                    "tuple",
                    [
                      "string"
                    ]
                  ]
                }
              ],
              "8": [
                "object",
                {
                  "vm_address": [
                    "tuple",
                    [
                      "string"
                    ]
                  ],
                  "vm_name": [
                    "tuple",
                    [
                      "string"
                    ]
                  ]
                }
              ],
              "9": [
                "object",
                {
                  "vm_address": [
                    "tuple",
                    [
                      "string"
                    ]
                  ],
                  "vm_name": [
                    "tuple",
                    [
                      "string"
                    ]
                  ]
                }
              ]
            }
          ]
        ]
      ]
    }
  },
  "resources": [
    {
      "module": "module.ansible[\"1\"]",
      "mode": "managed",
      "type": "ansible_group",
      "name": "le_groupe",
      "provider": "provider[\"registry.terraform.io/ansible/ansible\"]",
      "instances": [
        {
          "schema_version": 0,
          "attributes": {
            "children": null,
            "id": "cbf_preproduction",
            "name": "cbf_preproduction",
            "variables": null
          },
          "sensitive_attributes": [],
          "private": "bnVsbA=="
        }
      ]
    },
    {
      "module": "module.ansible[\"1\"]",
      "mode": "managed",
      "type": "ansible_host",
      "name": "ans_host",
      "provider": "provider[\"registry.terraform.io/ansible/ansible\"]",
      "instances": [
        {
          "schema_version": 0,
          "attributes": {
            "groups": [
              "cbf_preproduction",
              "cbf_db"
            ],
            "id": "it-kafka-pxl-doc-2",
            "name": "it-1-cbf-db",
            "variables": {
              "ansible_host": "172.31.49.1",
              "ansible_ssh_private_key_file": "/home/ansible/.ssh/id_rsa",
              "ansible_user": "ansible"
            }
          },
          "sensitive_attributes": [],
          "private": "bnVsbA==",
          "dependencies": [
            "module.ansible.ansible_group.le_groupe"
          ]
        }
      ]
    },
    {
      "module": "module.ansible[\"10\"]",
      "mode": "managed",
      "type": "ansible_group",
      "name": "le_groupe",
      "provider": "provider[\"registry.terraform.io/ansible/ansible\"]",
      "instances": [
        {
          "schema_version": 0,
          "attributes": {
            "children": null,
            "id": "cbf_preproduction",
            "name": "cbf_preproduction",
            "variables": null
          },
          "sensitive_attributes": [],
          "private": "bnVsbA=="
        }
      ]
    },
    {
      "module": "module.ansible[\"10\"]",
      "mode": "managed",
      "type": "ansible_host",
      "name": "ans_host",
      "provider": "provider[\"registry.terraform.io/ansible/ansible\"]",
      "instances": [
        {
          "schema_version": 0,
          "attributes": {
            "groups": [
              "cbf_preproduction",
              "cbf_dovw"
            ],
            "id": "it-pxl-document-2",
            "name": "it-1-cbf-dovw",
            "variables": {
              "ansible_host": "172.31.49.14",
              "ansible_ssh_private_key_file": "/home/ansible/.ssh/id_rsa",
              "ansible_user": "ansible"
            }
          },
          "sensitive_attributes": [],
          "private": "bnVsbA==",
          "dependencies": [
            "module.ansible.ansible_group.le_groupe"
          ]
        }
      ]
    },
    {
      "module": "module.ansible[\"11\"]",
      "mode": "managed",
      "type": "ansible_group",
      "name": "le_groupe",
      "provider": "provider[\"registry.terraform.io/ansible/ansible\"]",
      "instances": [
        {
          "schema_version": 0,
          "attributes": {
            "children": null,
            "id": "cbf_preproduction",
            "name": "cbf_preproduction",
            "variables": null
          },
          "sensitive_attributes": [],
          "private": "bnVsbA=="
        }
      ]
    },
    {
      "module": "module.ansible[\"11\"]",
      "mode": "managed",
      "type": "ansible_host",
      "name": "ans_host",
      "provider": "provider[\"registry.terraform.io/ansible/ansible\"]",
      "instances": [
        {
          "schema_version": 0,
          "attributes": {
            "groups": [
              "cbf_preproduction",
              "cbf_dovw"
            ],
            "id": "it-2-cbf-dovw",
            "name": "it-2-cbf-dovw",
            "variables": {
              "ansible_host": "172.31.49.15",
              "ansible_ssh_private_key_file": "/home/ansible/.ssh/id_rsa",
              "ansible_user": "ansible"
            }
          },
          "sensitive_attributes": [],
          "private": "bnVsbA==",
          "dependencies": [
            "module.ansible.ansible_group.le_groupe"
          ]
        }
      ]
    },
    {
      "module": "module.ansible[\"12\"]",
      "mode": "managed",
      "type": "ansible_group",
      "name": "le_groupe",
      "provider": "provider[\"registry.terraform.io/ansible/ansible\"]",
      "instances": [
        {
          "schema_version": 0,
          "attributes": {
            "children": null,
            "id": "cbf_preproduction",
            "name": "cbf_preproduction",
            "variables": null
          },
          "sensitive_attributes": [],
          "private": "bnVsbA=="
        }
      ]
    },
    {
      "module": "module.ansible[\"12\"]",
      "mode": "managed",
      "type": "ansible_host",
      "name": "ans_host",
      "provider": "provider[\"registry.terraform.io/ansible/ansible\"]",
      "instances": [
        {
          "schema_version": 0,
          "attributes": {
            "groups": [
              "cbf_preproduction",
              "cbf_mdbdov"
            ],
            "id": "it-1-cbf-mdbdov",
            "name": "it-1-cbf-mdbdov",
            "variables": {
              "ansible_host": "172.31.49.16",
              "ansible_ssh_private_key_file": "/home/ansible/.ssh/id_rsa",
              "ansible_user": "ansible"
            }
          },
          "sensitive_attributes": [],
          "private": "bnVsbA==",
          "dependencies": [
            "module.ansible.ansible_group.le_groupe"
          ]
        }
      ]
    },
    {
      "module": "module.ansible[\"13\"]",
      "mode": "managed",
      "type": "ansible_group",
      "name": "le_groupe",
      "provider": "provider[\"registry.terraform.io/ansible/ansible\"]",
      "instances": [
        {
          "schema_version": 0,
          "attributes": {
            "children": null,
            "id": "cbf_preproduction",
            "name": "cbf_preproduction",
            "variables": null
          },
          "sensitive_attributes": [],
          "private": "bnVsbA=="
        }
      ]
    },
    {
      "module": "module.ansible[\"13\"]",
      "mode": "managed",
      "type": "ansible_host",
      "name": "ans_host",
      "provider": "provider[\"registry.terraform.io/ansible/ansible\"]",
      "instances": [
        {
          "schema_version": 0,
          "attributes": {
            "groups": [
              "cbf_preproduction",
              "cbf_spdov"
            ],
            "id": "it-1-cbf-spdov",
            "name": "it-1-cbf-spdov",
            "variables": {
              "ansible_host": "172.31.49.18",
              "ansible_ssh_private_key_file": "/home/ansible/.ssh/id_rsa",
              "ansible_user": "ansible"
            }
          },
          "sensitive_attributes": [],
          "private": "bnVsbA==",
          "dependencies": [
            "module.ansible.ansible_group.le_groupe"
          ]
        }
      ]
    },
    {
      "module": "module.ansible[\"14\"]",
      "mode": "managed",
      "type": "ansible_group",
      "name": "le_groupe",
      "provider": "provider[\"registry.terraform.io/ansible/ansible\"]",
      "instances": [
        {
          "schema_version": 0,
          "attributes": {
            "children": null,
            "id": "cbf_preproduction",
            "name": "cbf_preproduction",
            "variables": null
          },
          "sensitive_attributes": [],
          "private": "bnVsbA=="
        }
      ]
    },
    {
      "module": "module.ansible[\"14\"]",
      "mode": "managed",
      "type": "ansible_host",
      "name": "ans_host",
      "provider": "provider[\"registry.terraform.io/ansible/ansible\"]",
      "instances": [
        {
          "schema_version": 0,
          "attributes": {
            "groups": [
              "cbf_preproduction",
              "cbf_dovdd"
            ],
            "id": "it-1-cbf-dovdd",
            "name": "it-1-cbf-dovdd",
            "variables": {
              "ansible_host": "172.31.49.20",
              "ansible_ssh_private_key_file": "/home/ansible/.ssh/id_rsa",
              "ansible_user": "ansible"
            }
          },
          "sensitive_attributes": [],
          "private": "bnVsbA==",
          "dependencies": [
            "module.ansible.ansible_group.le_groupe"
          ]
        }
      ]
    },
    {
      "module": "module.ansible[\"15\"]",
      "mode": "managed",
      "type": "ansible_group",
      "name": "le_groupe",
      "provider": "provider[\"registry.terraform.io/ansible/ansible\"]",
      "instances": [
        {
          "schema_version": 0,
          "attributes": {
            "children": null,
            "id": "cbf_preproduction",
            "name": "cbf_preproduction",
            "variables": null
          },
          "sensitive_attributes": [],
          "private": "bnVsbA=="
        }
      ]
    },
    {
      "module": "module.ansible[\"15\"]",
      "mode": "managed",
      "type": "ansible_host",
      "name": "ans_host",
      "provider": "provider[\"registry.terraform.io/ansible/ansible\"]",
      "instances": [
        {
          "schema_version": 0,
          "attributes": {
            "groups": [
              "cbf_preproduction",
              "cbf_repdb"
            ],
            "id": "it-1-cbf-repdb",
            "name": "it-1-cbf-repdb",
            "variables": {
              "ansible_host": "172.31.49.26",
              "ansible_ssh_private_key_file": "/home/ansible/.ssh/id_rsa",
              "ansible_user": "ansible"
            }
          },
          "sensitive_attributes": [],
          "private": "bnVsbA==",
          "dependencies": [
            "module.ansible.ansible_group.le_groupe"
          ]
        }
      ]
    },
    {
      "module": "module.ansible[\"16\"]",
      "mode": "managed",
      "type": "ansible_group",
      "name": "le_groupe",
      "provider": "provider[\"registry.terraform.io/ansible/ansible\"]",
      "instances": [
        {
          "schema_version": 0,
          "attributes": {
            "children": null,
            "id": "cbf_preproduction",
            "name": "cbf_preproduction",
            "variables": null
          },
          "sensitive_attributes": [],
          "private": "bnVsbA=="
        }
      ]
    },
    {
      "module": "module.ansible[\"16\"]",
      "mode": "managed",
      "type": "ansible_host",
      "name": "ans_host",
      "provider": "provider[\"registry.terraform.io/ansible/ansible\"]",
      "instances": [
        {
          "schema_version": 0,
          "attributes": {
            "groups": [
              "cbf_preproduction",
              "cbf_repdb"
            ],
            "id": "it-2-cbf-repdb",
            "name": "it-2-cbf-repdb",
            "variables": {
              "ansible_host": "172.31.49.27",
              "ansible_ssh_private_key_file": "/home/ansible/.ssh/id_rsa",
              "ansible_user": "ansible"
            }
          },
          "sensitive_attributes": [],
          "private": "bnVsbA==",
          "dependencies": [
            "module.ansible.ansible_group.le_groupe"
          ]
        }
      ]
    },
    {
      "module": "module.ansible[\"17\"]",
      "mode": "managed",
      "type": "ansible_group",
      "name": "le_groupe",
      "provider": "provider[\"registry.terraform.io/ansible/ansible\"]",
      "instances": [
        {
          "schema_version": 0,
          "attributes": {
            "children": null,
            "id": "cbf_preproduction",
            "name": "cbf_preproduction",
            "variables": null
          },
          "sensitive_attributes": [],
          "private": "bnVsbA=="
        }
      ]
    },
    {
      "module": "module.ansible[\"17\"]",
      "mode": "managed",
      "type": "ansible_host",
      "name": "ans_host",
      "provider": "provider[\"registry.terraform.io/ansible/ansible\"]",
      "instances": [
        {
          "schema_version": 0,
          "attributes": {
            "groups": [
              "cbf_preproduction",
              "cbf_repdb"
            ],
            "id": "it-3-cbf-repdb",
            "name": "it-3-cbf-repdb",
            "variables": {
              "ansible_host": "172.31.49.28",
              "ansible_ssh_private_key_file": "/home/ansible/.ssh/id_rsa",
              "ansible_user": "ansible"
            }
          },
          "sensitive_attributes": [],
          "private": "bnVsbA==",
          "dependencies": [
            "module.ansible.ansible_group.le_groupe"
          ]
        }
      ]
    },
    {
      "module": "module.ansible[\"18\"]",
      "mode": "managed",
      "type": "ansible_group",
      "name": "le_groupe",
      "provider": "provider[\"registry.terraform.io/ansible/ansible\"]",
      "instances": [
        {
          "schema_version": 0,
          "attributes": {
            "children": null,
            "id": "cbf_preproduction",
            "name": "cbf_preproduction",
            "variables": null
          },
          "sensitive_attributes": [],
          "private": "bnVsbA=="
        }
      ]
    },
    {
      "module": "module.ansible[\"18\"]",
      "mode": "managed",
      "type": "ansible_host",
      "name": "ans_host",
      "provider": "provider[\"registry.terraform.io/ansible/ansible\"]",
      "instances": [
        {
          "schema_version": 0,
          "attributes": {
            "groups": [
              "cbf_preproduction",
              "cbf_mon"
            ],
            "id": "it-1-cbf-mon",
            "name": "it-1-cbf-mon",
            "variables": {
              "ansible_host": "172.31.49.29",
              "ansible_ssh_private_key_file": "/home/ansible/.ssh/id_rsa",
              "ansible_user": "ansible"
            }
          },
          "sensitive_attributes": [],
          "private": "bnVsbA==",
          "dependencies": [
            "module.ansible.ansible_group.le_groupe"
          ]
        }
      ]
    },
    {
      "module": "module.ansible[\"19\"]",
      "mode": "managed",
      "type": "ansible_group",
      "name": "le_groupe",
      "provider": "provider[\"registry.terraform.io/ansible/ansible\"]",
      "instances": [
        {
          "schema_version": 0,
          "attributes": {
            "children": null,
            "id": "cbf_preproduction",
            "name": "cbf_preproduction",
            "variables": null
          },
          "sensitive_attributes": [],
          "private": "bnVsbA=="
        }
      ]
    },
    {
      "module": "module.ansible[\"19\"]",
      "mode": "managed",
      "type": "ansible_host",
      "name": "ans_host",
      "provider": "provider[\"registry.terraform.io/ansible/ansible\"]",
      "instances": [
        {
          "schema_version": 0,
          "attributes": {
            "groups": [
              "cbf_preproduction",
              "cbf_filterm"
            ],
            "id": "it-1-cbf-filterm",
            "name": "it-1-cbf-filterm",
            "variables": {
              "ansible_host": "172.31.49.30",
              "ansible_ssh_private_key_file": "/home/ansible/.ssh/id_rsa",
              "ansible_user": "ansible"
            }
          },
          "sensitive_attributes": [],
          "private": "bnVsbA==",
          "dependencies": [
            "module.ansible.ansible_group.le_groupe"
          ]
        }
      ]
    },
    {
      "module": "module.ansible[\"2\"]",
      "mode": "managed",
      "type": "ansible_group",
      "name": "le_groupe",
      "provider": "provider[\"registry.terraform.io/ansible/ansible\"]",
      "instances": [
        {
          "schema_version": 0,
          "attributes": {
            "children": null,
            "id": "cbf_preproduction",
            "name": "cbf_preproduction",
            "variables": null
          },
          "sensitive_attributes": [],
          "private": "bnVsbA=="
        }
      ]
    },
    {
      "module": "module.ansible[\"2\"]",
      "mode": "managed",
      "type": "ansible_host",
      "name": "ans_host",
      "provider": "provider[\"registry.terraform.io/ansible/ansible\"]",
      "instances": [
        {
          "schema_version": 0,
          "attributes": {
            "groups": [
              "cbf_preproduction",
              "cbf_apisv"
            ],
            "id": "it-kafka-pxl-doc-3",
            "name": "it-1-cbf-apisv",
            "variables": {
              "ansible_host": "172.31.49.2",
              "ansible_ssh_private_key_file": "/home/ansible/.ssh/id_rsa",
              "ansible_user": "ansible"
            }
          },
          "sensitive_attributes": [],
          "private": "bnVsbA==",
          "dependencies": [
            "module.ansible.ansible_group.le_groupe"
          ]
        }
      ]
    },
    {
      "module": "module.ansible[\"20\"]",
      "mode": "managed",
      "type": "ansible_group",
      "name": "le_groupe",
      "provider": "provider[\"registry.terraform.io/ansible/ansible\"]",
      "instances": [
        {
          "schema_version": 0,
          "attributes": {
            "children": null,
            "id": "cbf_preproduction",
            "name": "cbf_preproduction",
            "variables": null
          },
          "sensitive_attributes": [],
          "private": "bnVsbA=="
        }
      ]
    },
    {
      "module": "module.ansible[\"20\"]",
      "mode": "managed",
      "type": "ansible_host",
      "name": "ans_host",
      "provider": "provider[\"registry.terraform.io/ansible/ansible\"]",
      "instances": [
        {
          "schema_version": 0,
          "attributes": {
            "groups": [
              "cbf_preproduction",
              "cbf_mdbm"
            ],
            "id": "it-1-cbf-mdbm",
            "name": "it-1-cbf-mdbm",
            "variables": {
              "ansible_host": "172.31.49.38",
              "ansible_ssh_private_key_file": "/home/ansible/.ssh/id_rsa",
              "ansible_user": "ansible"
            }
          },
          "sensitive_attributes": [],
          "private": "bnVsbA==",
          "dependencies": [
            "module.ansible.ansible_group.le_groupe"
          ]
        }
      ]
    },
    {
      "module": "module.ansible[\"21\"]",
      "mode": "managed",
      "type": "ansible_group",
      "name": "le_groupe",
      "provider": "provider[\"registry.terraform.io/ansible/ansible\"]",
      "instances": [
        {
          "schema_version": 0,
          "attributes": {
            "children": null,
            "id": "cbf_preproduction",
            "name": "cbf_preproduction",
            "variables": null
          },
          "sensitive_attributes": [],
          "private": "bnVsbA=="
        }
      ]
    },
    {
      "module": "module.ansible[\"21\"]",
      "mode": "managed",
      "type": "ansible_host",
      "name": "ans_host",
      "provider": "provider[\"registry.terraform.io/ansible/ansible\"]",
      "instances": [
        {
          "schema_version": 0,
          "attributes": {
            "groups": [
              "cbf_preproduction",
              "cbf_mdbm"
            ],
            "id": "it-2-cbf-mdbm",
            "name": "it-2-cbf-mdbm",
            "variables": {
              "ansible_host": "172.31.49.39",
              "ansible_ssh_private_key_file": "/home/ansible/.ssh/id_rsa",
              "ansible_user": "ansible"
            }
          },
          "sensitive_attributes": [],
          "private": "bnVsbA==",
          "dependencies": [
            "module.ansible.ansible_group.le_groupe"
          ]
        }
      ]
    },
    {
      "module": "module.ansible[\"22\"]",
      "mode": "managed",
      "type": "ansible_group",
      "name": "le_groupe",
      "provider": "provider[\"registry.terraform.io/ansible/ansible\"]",
      "instances": [
        {
          "schema_version": 0,
          "attributes": {
            "children": null,
            "id": "cbf_preproduction",
            "name": "cbf_preproduction",
            "variables": null
          },
          "sensitive_attributes": [],
          "private": "bnVsbA=="
        }
      ]
    },
    {
      "module": "module.ansible[\"22\"]",
      "mode": "managed",
      "type": "ansible_host",
      "name": "ans_host",
      "provider": "provider[\"registry.terraform.io/ansible/ansible\"]",
      "instances": [
        {
          "schema_version": 0,
          "attributes": {
            "groups": [
              "cbf_preproduction",
              "cbf_dd"
            ],
            "id": "it-1-cbf-dd",
            "name": "it-1-cbf-dd",
            "variables": {
              "ansible_host": "172.31.49.40",
              "ansible_ssh_private_key_file": "/home/ansible/.ssh/id_rsa",
              "ansible_user": "ansible"
            }
          },
          "sensitive_attributes": [],
          "private": "bnVsbA==",
          "dependencies": [
            "module.ansible.ansible_group.le_groupe"
          ]
        }
      ]
    },
    {
      "module": "module.ansible[\"23\"]",
      "mode": "managed",
      "type": "ansible_group",
      "name": "le_groupe",
      "provider": "provider[\"registry.terraform.io/ansible/ansible\"]",
      "instances": [
        {
          "schema_version": 0,
          "attributes": {
            "children": null,
            "id": "cbf_preproduction",
            "name": "cbf_preproduction",
            "variables": null
          },
          "sensitive_attributes": [],
          "private": "bnVsbA=="
        }
      ]
    },
    {
      "module": "module.ansible[\"23\"]",
      "mode": "managed",
      "type": "ansible_host",
      "name": "ans_host",
      "provider": "provider[\"registry.terraform.io/ansible/ansible\"]",
      "instances": [
        {
          "schema_version": 0,
          "attributes": {
            "groups": [
              "cbf_preproduction",
              "cbf_sp"
            ],
            "id": "it-1-cbf-sp",
            "name": "it-1-cbf-sp",
            "variables": {
              "ansible_host": "172.31.49.44",
              "ansible_ssh_private_key_file": "/home/ansible/.ssh/id_rsa",
              "ansible_user": "ansible"
            }
          },
          "sensitive_attributes": [],
          "private": "bnVsbA==",
          "dependencies": [
            "module.ansible.ansible_group.le_groupe"
          ]
        }
      ]
    },
    {
      "module": "module.ansible[\"24\"]",
      "mode": "managed",
      "type": "ansible_group",
      "name": "le_groupe",
      "provider": "provider[\"registry.terraform.io/ansible/ansible\"]",
      "instances": [
        {
          "schema_version": 0,
          "attributes": {
            "children": null,
            "id": "cbf_preproduction",
            "name": "cbf_preproduction",
            "variables": null
          },
          "sensitive_attributes": [],
          "private": "bnVsbA=="
        }
      ]
    },
    {
      "module": "module.ansible[\"24\"]",
      "mode": "managed",
      "type": "ansible_host",
      "name": "ans_host",
      "provider": "provider[\"registry.terraform.io/ansible/ansible\"]",
      "instances": [
        {
          "schema_version": 0,
          "attributes": {
            "groups": [
              "cbf_preproduction",
              "cbf_db"
            ],
            "id": "it-2-cbf-db",
            "name": "it-2-cbf-db",
            "variables": {
              "ansible_host": "172.31.49.46",
              "ansible_ssh_private_key_file": "/home/ansible/.ssh/id_rsa",
              "ansible_user": "ansible"
            }
          },
          "sensitive_attributes": [],
          "private": "bnVsbA==",
          "dependencies": [
            "module.ansible.ansible_group.le_groupe"
          ]
        }
      ]
    },
    {
      "module": "module.ansible[\"25\"]",
      "mode": "managed",
      "type": "ansible_group",
      "name": "le_groupe",
      "provider": "provider[\"registry.terraform.io/ansible/ansible\"]",
      "instances": [
        {
          "schema_version": 0,
          "attributes": {
            "children": null,
            "id": "cbf_preproduction",
            "name": "cbf_preproduction",
            "variables": null
          },
          "sensitive_attributes": [],
          "private": "bnVsbA=="
        }
      ]
    },
    {
      "module": "module.ansible[\"25\"]",
      "mode": "managed",
      "type": "ansible_host",
      "name": "ans_host",
      "provider": "provider[\"registry.terraform.io/ansible/ansible\"]",
      "instances": [
        {
          "schema_version": 0,
          "attributes": {
            "groups": [
              "cbf_preproduction",
              "cbf_dbquorum"
            ],
            "id": "it-1-cbf-dbquorum",
            "name": "it-1-cbf-dbquorum",
            "variables": {
              "ansible_host": "172.31.49.47",
              "ansible_ssh_private_key_file": "/home/ansible/.ssh/id_rsa",
              "ansible_user": "ansible"
            }
          },
          "sensitive_attributes": [],
          "private": "bnVsbA==",
          "dependencies": [
            "module.ansible.ansible_group.le_groupe"
          ]
        }
      ]
    },
    {
      "module": "module.ansible[\"26\"]",
      "mode": "managed",
      "type": "ansible_group",
      "name": "le_groupe",
      "provider": "provider[\"registry.terraform.io/ansible/ansible\"]",
      "instances": [
        {
          "schema_version": 0,
          "attributes": {
            "children": null,
            "id": "cbf_preproduction",
            "name": "cbf_preproduction",
            "variables": null
          },
          "sensitive_attributes": [],
          "private": "bnVsbA=="
        }
      ]
    },
    {
      "module": "module.ansible[\"26\"]",
      "mode": "managed",
      "type": "ansible_host",
      "name": "ans_host",
      "provider": "provider[\"registry.terraform.io/ansible/ansible\"]",
      "instances": [
        {
          "schema_version": 0,
          "attributes": {
            "groups": [
              "cbf_preproduction",
              "cbf_str"
            ],
            "id": "it-1-cbf-str",
            "name": "it-1-cbf-str",
            "variables": {
              "ansible_host": "172.31.49.48",
              "ansible_ssh_private_key_file": "/home/ansible/.ssh/id_rsa",
              "ansible_user": "ansible"
            }
          },
          "sensitive_attributes": [],
          "private": "bnVsbA==",
          "dependencies": [
            "module.ansible.ansible_group.le_groupe"
          ]
        }
      ]
    },
    {
      "module": "module.ansible[\"27\"]",
      "mode": "managed",
      "type": "ansible_group",
      "name": "le_groupe",
      "provider": "provider[\"registry.terraform.io/ansible/ansible\"]",
      "instances": [
        {
          "schema_version": 0,
          "attributes": {
            "children": null,
            "id": "cbf_preproduction",
            "name": "cbf_preproduction",
            "variables": null
          },
          "sensitive_attributes": [],
          "private": "bnVsbA=="
        }
      ]
    },
    {
      "module": "module.ansible[\"27\"]",
      "mode": "managed",
      "type": "ansible_host",
      "name": "ans_host",
      "provider": "provider[\"registry.terraform.io/ansible/ansible\"]",
      "instances": [
        {
          "schema_version": 0,
          "attributes": {
            "groups": [
              "cbf_preproduction",
              "cbf_dovk"
            ],
            "id": "it-3-cbf-dovk",
            "name": "it-3-cbf-dovk",
            "variables": {
              "ansible_host": "172.31.49.49",
              "ansible_ssh_private_key_file": "/home/ansible/.ssh/id_rsa",
              "ansible_user": "ansible"
            }
          },
          "sensitive_attributes": [],
          "private": "bnVsbA==",
          "dependencies": [
            "module.ansible.ansible_group.le_groupe"
          ]
        }
      ]
    },
    {
      "module": "module.ansible[\"28\"]",
      "mode": "managed",
      "type": "ansible_group",
      "name": "le_groupe",
      "provider": "provider[\"registry.terraform.io/ansible/ansible\"]",
      "instances": [
        {
          "schema_version": 0,
          "attributes": {
            "children": null,
            "id": "cbf_preproduction",
            "name": "cbf_preproduction",
            "variables": null
          },
          "sensitive_attributes": [],
          "private": "bnVsbA=="
        }
      ]
    },
    {
      "module": "module.ansible[\"28\"]",
      "mode": "managed",
      "type": "ansible_host",
      "name": "ans_host",
      "provider": "provider[\"registry.terraform.io/ansible/ansible\"]",
      "instances": [
        {
          "schema_version": 0,
          "attributes": {
            "groups": [
              "cbf_preproduction",
              "cbf_mapr"
            ],
            "id": "it-1-cbf-mapr",
            "name": "it-1-cbf-mapr",
            "variables": {
              "ansible_host": "172.31.49.50",
              "ansible_ssh_private_key_file": "/home/ansible/.ssh/id_rsa",
              "ansible_user": "ansible"
            }
          },
          "sensitive_attributes": [],
          "private": "bnVsbA==",
          "dependencies": [
            "module.ansible.ansible_group.le_groupe"
          ]
        }
      ]
    },
    {
      "module": "module.ansible[\"29\"]",
      "mode": "managed",
      "type": "ansible_group",
      "name": "le_groupe",
      "provider": "provider[\"registry.terraform.io/ansible/ansible\"]",
      "instances": [
        {
          "schema_version": 0,
          "attributes": {
            "children": null,
            "id": "cbf_preproduction",
            "name": "cbf_preproduction",
            "variables": null
          },
          "sensitive_attributes": [],
          "private": "bnVsbA=="
        }
      ]
    },
    {
      "module": "module.ansible[\"29\"]",
      "mode": "managed",
      "type": "ansible_host",
      "name": "ans_host",
      "provider": "provider[\"registry.terraform.io/ansible/ansible\"]",
      "instances": [
        {
          "schema_version": 0,
          "attributes": {
            "groups": [
              "cbf_preproduction",
              "cbf_mapr"
            ],
            "id": "it-2-cbf-mapr",
            "name": "it-2-cbf-mapr",
            "variables": {
              "ansible_host": "172.31.49.51",
              "ansible_ssh_private_key_file": "/home/ansible/.ssh/id_rsa",
              "ansible_user": "ansible"
            }
          },
          "sensitive_attributes": [],
          "private": "bnVsbA==",
          "dependencies": [
            "module.ansible.ansible_group.le_groupe"
          ]
        }
      ]
    },
    {
      "module": "module.ansible[\"3\"]",
      "mode": "managed",
      "type": "ansible_group",
      "name": "le_groupe",
      "provider": "provider[\"registry.terraform.io/ansible/ansible\"]",
      "instances": [
        {
          "schema_version": 0,
          "attributes": {
            "children": null,
            "id": "cbf_preproduction",
            "name": "cbf_preproduction",
            "variables": null
          },
          "sensitive_attributes": [],
          "private": "bnVsbA=="
        }
      ]
    },
    {
      "module": "module.ansible[\"3\"]",
      "mode": "managed",
      "type": "ansible_host",
      "name": "ans_host",
      "provider": "provider[\"registry.terraform.io/ansible/ansible\"]",
      "instances": [
        {
          "schema_version": 0,
          "attributes": {
            "groups": [
              "cbf_preproduction",
              "cbf_pws"
            ],
            "id": "it-elasticsearch-pxl-doc-1",
            "name": "it-1-cbf-pws",
            "variables": {
              "ansible_host": "172.31.49.4",
              "ansible_ssh_private_key_file": "/home/ansible/.ssh/id_rsa",
              "ansible_user": "ansible"
            }
          },
          "sensitive_attributes": [],
          "private": "bnVsbA==",
          "dependencies": [
            "module.ansible.ansible_group.le_groupe"
          ]
        }
      ]
    },
    {
      "module": "module.ansible[\"30\"]",
      "mode": "managed",
      "type": "ansible_group",
      "name": "le_groupe",
      "provider": "provider[\"registry.terraform.io/ansible/ansible\"]",
      "instances": [
        {
          "schema_version": 0,
          "attributes": {
            "children": null,
            "id": "cbf_preproduction",
            "name": "cbf_preproduction",
            "variables": null
          },
          "sensitive_attributes": [],
          "private": "bnVsbA=="
        }
      ]
    },
    {
      "module": "module.ansible[\"30\"]",
      "mode": "managed",
      "type": "ansible_host",
      "name": "ans_host",
      "provider": "provider[\"registry.terraform.io/ansible/ansible\"]",
      "instances": [
        {
          "schema_version": 0,
          "attributes": {
            "groups": [
              "cbf_preproduction",
              "cbf_jump"
            ],
            "id": "it-1-cbf-jump",
            "name": "it-1-cbf-jump",
            "variables": {
              "ansible_host": "172.31.49.52",
              "ansible_ssh_private_key_file": "/home/ansible/.ssh/id_rsa",
              "ansible_user": "ansible"
            }
          },
          "sensitive_attributes": [],
          "private": "bnVsbA==",
          "dependencies": [
            "module.ansible.ansible_group.le_groupe"
          ]
        }
      ]
    },
    {
      "module": "module.ansible[\"4\"]",
      "mode": "managed",
      "type": "ansible_group",
      "name": "le_groupe",
      "provider": "provider[\"registry.terraform.io/ansible/ansible\"]",
      "instances": [
        {
          "schema_version": 0,
          "attributes": {
            "children": null,
            "id": "cbf_preproduction",
            "name": "cbf_preproduction",
            "variables": null
          },
          "sensitive_attributes": [],
          "private": "bnVsbA=="
        }
      ]
    },
    {
      "module": "module.ansible[\"4\"]",
      "mode": "managed",
      "type": "ansible_host",
      "name": "ans_host",
      "provider": "provider[\"registry.terraform.io/ansible/ansible\"]",
      "instances": [
        {
          "schema_version": 0,
          "attributes": {
            "groups": [
              "cbf_preproduction",
              "cbf_inf"
            ],
            "id": "it-elasticsearch-pxl-doc-2",
            "name": "it-1-cbf-inf",
            "variables": {
              "ansible_host": "172.31.49.6",
              "ansible_ssh_private_key_file": "/home/ansible/.ssh/id_rsa",
              "ansible_user": "ansible"
            }
          },
          "sensitive_attributes": [],
          "private": "bnVsbA==",
          "dependencies": [
            "module.ansible.ansible_group.le_groupe"
          ]
        }
      ]
    },
    {
      "module": "module.ansible[\"5\"]",
      "mode": "managed",
      "type": "ansible_group",
      "name": "le_groupe",
      "provider": "provider[\"registry.terraform.io/ansible/ansible\"]",
      "instances": [
        {
          "schema_version": 0,
          "attributes": {
            "children": null,
            "id": "cbf_preproduction",
            "name": "cbf_preproduction",
            "variables": null
          },
          "sensitive_attributes": [],
          "private": "bnVsbA=="
        }
      ]
    },
    {
      "module": "module.ansible[\"5\"]",
      "mode": "managed",
      "type": "ansible_host",
      "name": "ans_host",
      "provider": "provider[\"registry.terraform.io/ansible/ansible\"]",
      "instances": [
        {
          "schema_version": 0,
          "attributes": {
            "groups": [
              "cbf_preproduction",
              "cbf_swf"
            ],
            "id": "it-elasticsearch-pxl-doc-3",
            "name": "it-1-cbf-swf",
            "variables": {
              "ansible_host": "172.31.49.7",
              "ansible_ssh_private_key_file": "/home/ansible/.ssh/id_rsa",
              "ansible_user": "ansible"
            }
          },
          "sensitive_attributes": [],
          "private": "bnVsbA==",
          "dependencies": [
            "module.ansible.ansible_group.le_groupe"
          ]
        }
      ]
    },
    {
      "module": "module.ansible[\"6\"]",
      "mode": "managed",
      "type": "ansible_group",
      "name": "le_groupe",
      "provider": "provider[\"registry.terraform.io/ansible/ansible\"]",
      "instances": [
        {
          "schema_version": 0,
          "attributes": {
            "children": null,
            "id": "cbf_preproduction",
            "name": "cbf_preproduction",
            "variables": null
          },
          "sensitive_attributes": [],
          "private": "bnVsbA=="
        }
      ]
    },
    {
      "module": "module.ansible[\"6\"]",
      "mode": "managed",
      "type": "ansible_host",
      "name": "ans_host",
      "provider": "provider[\"registry.terraform.io/ansible/ansible\"]",
      "instances": [
        {
          "schema_version": 0,
          "attributes": {
            "groups": [
              "cbf_preproduction",
              "cbf_prov"
            ],
            "id": "it-kibana-pxl-doc-1",
            "name": "it-1-cbf-prov",
            "variables": {
              "ansible_host": "172.31.49.9",
              "ansible_ssh_private_key_file": "/home/ansible/.ssh/id_rsa",
              "ansible_user": "ansible"
            }
          },
          "sensitive_attributes": [],
          "private": "bnVsbA==",
          "dependencies": [
            "module.ansible.ansible_group.le_groupe"
          ]
        }
      ]
    },
    {
      "module": "module.ansible[\"7\"]",
      "mode": "managed",
      "type": "ansible_group",
      "name": "le_groupe",
      "provider": "provider[\"registry.terraform.io/ansible/ansible\"]",
      "instances": [
        {
          "schema_version": 0,
          "attributes": {
            "children": null,
            "id": "cbf_preproduction",
            "name": "cbf_preproduction",
            "variables": null
          },
          "sensitive_attributes": [],
          "private": "bnVsbA=="
        }
      ]
    },
    {
      "module": "module.ansible[\"7\"]",
      "mode": "managed",
      "type": "ansible_host",
      "name": "ans_host",
      "provider": "provider[\"registry.terraform.io/ansible/ansible\"]",
      "instances": [
        {
          "schema_version": 0,
          "attributes": {
            "groups": [
              "cbf_preproduction",
              "cbf_dovm"
            ],
            "id": "it-pxl-companion-1",
            "name": "it-1-cbf-dovm",
            "variables": {
              "ansible_host": "172.31.49.11",
              "ansible_ssh_private_key_file": "/home/ansible/.ssh/id_rsa",
              "ansible_user": "ansible"
            }
          },
          "sensitive_attributes": [],
          "private": "bnVsbA==",
          "dependencies": [
            "module.ansible.ansible_group.le_groupe"
          ]
        }
      ]
    },
    {
      "module": "module.ansible[\"8\"]",
      "mode": "managed",
      "type": "ansible_group",
      "name": "le_groupe",
      "provider": "provider[\"registry.terraform.io/ansible/ansible\"]",
      "instances": [
        {
          "schema_version": 0,
          "attributes": {
            "children": null,
            "id": "cbf_preproduction",
            "name": "cbf_preproduction",
            "variables": null
          },
          "sensitive_attributes": [],
          "private": "bnVsbA=="
        }
      ]
    },
    {
      "module": "module.ansible[\"8\"]",
      "mode": "managed",
      "type": "ansible_host",
      "name": "ans_host",
      "provider": "provider[\"registry.terraform.io/ansible/ansible\"]",
      "instances": [
        {
          "schema_version": 0,
          "attributes": {
            "groups": [
              "cbf_preproduction",
              "cbf_dovk"
            ],
            "id": "it-pxl-companion-2",
            "name": "it-1-cbf-dovk",
            "variables": {
              "ansible_host": "172.31.49.12",
              "ansible_ssh_private_key_file": "/home/ansible/.ssh/id_rsa",
              "ansible_user": "ansible"
            }
          },
          "sensitive_attributes": [],
          "private": "bnVsbA==",
          "dependencies": [
            "module.ansible.ansible_group.le_groupe"
          ]
        }
      ]
    },
    {
      "module": "module.ansible[\"9\"]",
      "mode": "managed",
      "type": "ansible_group",
      "name": "le_groupe",
      "provider": "provider[\"registry.terraform.io/ansible/ansible\"]",
      "instances": [
        {
          "schema_version": 0,
          "attributes": {
            "children": null,
            "id": "cbf_preproduction",
            "name": "cbf_preproduction",
            "variables": null
          },
          "sensitive_attributes": [],
          "private": "bnVsbA=="
        }
      ]
    },
    {
      "module": "module.ansible[\"9\"]",
      "mode": "managed",
      "type": "ansible_host",
      "name": "ans_host",
      "provider": "provider[\"registry.terraform.io/ansible/ansible\"]",
      "instances": [
        {
          "schema_version": 0,
          "attributes": {
            "groups": [
              "cbf_preproduction",
              "cbf_dovk"
            ],
            "id": "it-pxl-document-1",
            "name": "it-2-cbf-dovk",
            "variables": {
              "ansible_host": "172.31.49.13",
              "ansible_ssh_private_key_file": "/home/ansible/.ssh/id_rsa",
              "ansible_user": "ansible"
            }
          },
          "sensitive_attributes": [],
          "private": "bnVsbA==",
          "dependencies": [
            "module.ansible.ansible_group.le_groupe"
          ]
        }
      ]
    },
    {
      "module": "module.dns[\"1\"]",
      "mode": "managed",
      "type": "dns_a_record_set",
      "name": "srv",
      "provider": "provider[\"registry.terraform.io/hashicorp/dns\"]",
      "instances": [
        {
          "schema_version": 0,
          "attributes": {
            "addresses": [
              "172.31.49.1"
            ],
            "id": "it-1-cbf-db.xitg.ms.fcm.",
            "name": "it-1-cbf-db",
            "ttl": 300,
            "zone": "xitg.ms.fcm."
          },
          "sensitive_attributes": [],
          "private": "bnVsbA=="
        }
      ]
    },
    {
      "module": "module.dns[\"10\"]",
      "mode": "managed",
      "type": "dns_a_record_set",
      "name": "srv",
      "provider": "provider[\"registry.terraform.io/hashicorp/dns\"]",
      "instances": [
        {
          "schema_version": 0,
          "attributes": {
            "addresses": [
              "172.31.49.14"
            ],
            "id": "it-1-cbf-dovw.xitg.ms.fcm.",
            "name": "it-1-cbf-dovw",
            "ttl": 300,
            "zone": "xitg.ms.fcm."
          },
          "sensitive_attributes": [],
          "private": "bnVsbA=="
        }
      ]
    },
    {
      "module": "module.dns[\"11\"]",
      "mode": "managed",
      "type": "dns_a_record_set",
      "name": "srv",
      "provider": "provider[\"registry.terraform.io/hashicorp/dns\"]",
      "instances": [
        {
          "schema_version": 0,
          "attributes": {
            "addresses": [
              "172.31.49.15"
            ],
            "id": "it-2-cbf-dovw.xitg.ms.fcm.",
            "name": "it-2-cbf-dovw",
            "ttl": 300,
            "zone": "xitg.ms.fcm."
          },
          "sensitive_attributes": [],
          "private": "bnVsbA=="
        }
      ]
    },
    {
      "module": "module.dns[\"12\"]",
      "mode": "managed",
      "type": "dns_a_record_set",
      "name": "srv",
      "provider": "provider[\"registry.terraform.io/hashicorp/dns\"]",
      "instances": [
        {
          "schema_version": 0,
          "attributes": {
            "addresses": [
              "172.31.49.16"
            ],
            "id": "it-1-cbf-mdbdov.xitg.ms.fcm.",
            "name": "it-1-cbf-mdbdov",
            "ttl": 300,
            "zone": "xitg.ms.fcm."
          },
          "sensitive_attributes": [],
          "private": "bnVsbA=="
        }
      ]
    },
    {
      "module": "module.dns[\"13\"]",
      "mode": "managed",
      "type": "dns_a_record_set",
      "name": "srv",
      "provider": "provider[\"registry.terraform.io/hashicorp/dns\"]",
      "instances": [
        {
          "schema_version": 0,
          "attributes": {
            "addresses": [
              "172.31.49.18"
            ],
            "id": "it-1-cbf-spdov.xitg.ms.fcm.",
            "name": "it-1-cbf-spdov",
            "ttl": 300,
            "zone": "xitg.ms.fcm."
          },
          "sensitive_attributes": [],
          "private": "bnVsbA=="
        }
      ]
    },
    {
      "module": "module.dns[\"14\"]",
      "mode": "managed",
      "type": "dns_a_record_set",
      "name": "srv",
      "provider": "provider[\"registry.terraform.io/hashicorp/dns\"]",
      "instances": [
        {
          "schema_version": 0,
          "attributes": {
            "addresses": [
              "172.31.49.20"
            ],
            "id": "it-1-cbf-dovdd.xitg.ms.fcm.",
            "name": "it-1-cbf-dovdd",
            "ttl": 300,
            "zone": "xitg.ms.fcm."
          },
          "sensitive_attributes": [],
          "private": "bnVsbA=="
        }
      ]
    },
    {
      "module": "module.dns[\"15\"]",
      "mode": "managed",
      "type": "dns_a_record_set",
      "name": "srv",
      "provider": "provider[\"registry.terraform.io/hashicorp/dns\"]",
      "instances": [
        {
          "schema_version": 0,
          "attributes": {
            "addresses": [
              "172.31.49.26"
            ],
            "id": "it-1-cbf-repdb.xitg.ms.fcm.",
            "name": "it-1-cbf-repdb",
            "ttl": 300,
            "zone": "xitg.ms.fcm."
          },
          "sensitive_attributes": [],
          "private": "bnVsbA=="
        }
      ]
    },
    {
      "module": "module.dns[\"16\"]",
      "mode": "managed",
      "type": "dns_a_record_set",
      "name": "srv",
      "provider": "provider[\"registry.terraform.io/hashicorp/dns\"]",
      "instances": [
        {
          "schema_version": 0,
          "attributes": {
            "addresses": [
              "172.31.49.27"
            ],
            "id": "it-2-cbf-repdb.xitg.ms.fcm.",
            "name": "it-2-cbf-repdb",
            "ttl": 300,
            "zone": "xitg.ms.fcm."
          },
          "sensitive_attributes": [],
          "private": "bnVsbA=="
        }
      ]
    },
    {
      "module": "module.dns[\"17\"]",
      "mode": "managed",
      "type": "dns_a_record_set",
      "name": "srv",
      "provider": "provider[\"registry.terraform.io/hashicorp/dns\"]",
      "instances": [
        {
          "schema_version": 0,
          "attributes": {
            "addresses": [
              "172.31.49.28"
            ],
            "id": "it-3-cbf-repdb.xitg.ms.fcm.",
            "name": "it-3-cbf-repdb",
            "ttl": 300,
            "zone": "xitg.ms.fcm."
          },
          "sensitive_attributes": [],
          "private": "bnVsbA=="
        }
      ]
    },
    {
      "module": "module.dns[\"18\"]",
      "mode": "managed",
      "type": "dns_a_record_set",
      "name": "srv",
      "provider": "provider[\"registry.terraform.io/hashicorp/dns\"]",
      "instances": [
        {
          "schema_version": 0,
          "attributes": {
            "addresses": [
              "172.31.49.29"
            ],
            "id": "it-1-cbf-mon.xitg.ms.fcm.",
            "name": "it-1-cbf-mon",
            "ttl": 300,
            "zone": "xitg.ms.fcm."
          },
          "sensitive_attributes": [],
          "private": "bnVsbA=="
        }
      ]
    },
    {
      "module": "module.dns[\"19\"]",
      "mode": "managed",
      "type": "dns_a_record_set",
      "name": "srv",
      "provider": "provider[\"registry.terraform.io/hashicorp/dns\"]",
      "instances": [
        {
          "schema_version": 0,
          "attributes": {
            "addresses": [
              "172.31.49.30"
            ],
            "id": "it-1-cbf-filterm.xitg.ms.fcm.",
            "name": "it-1-cbf-filterm",
            "ttl": 300,
            "zone": "xitg.ms.fcm."
          },
          "sensitive_attributes": [],
          "private": "bnVsbA=="
        }
      ]
    },
    {
      "module": "module.dns[\"2\"]",
      "mode": "managed",
      "type": "dns_a_record_set",
      "name": "srv",
      "provider": "provider[\"registry.terraform.io/hashicorp/dns\"]",
      "instances": [
        {
          "schema_version": 0,
          "attributes": {
            "addresses": [
              "172.31.49.2"
            ],
            "id": "it-1-cbf-apisv.xitg.ms.fcm.",
            "name": "it-1-cbf-apisv",
            "ttl": 300,
            "zone": "xitg.ms.fcm."
          },
          "sensitive_attributes": [],
          "private": "bnVsbA=="
        }
      ]
    },
    {
      "module": "module.dns[\"20\"]",
      "mode": "managed",
      "type": "dns_a_record_set",
      "name": "srv",
      "provider": "provider[\"registry.terraform.io/hashicorp/dns\"]",
      "instances": [
        {
          "schema_version": 0,
          "attributes": {
            "addresses": [
              "172.31.49.38"
            ],
            "id": "it-1-cbf-mdbm.xitg.ms.fcm.",
            "name": "it-1-cbf-mdbm",
            "ttl": 300,
            "zone": "xitg.ms.fcm."
          },
          "sensitive_attributes": [],
          "private": "bnVsbA=="
        }
      ]
    },
    {
      "module": "module.dns[\"21\"]",
      "mode": "managed",
      "type": "dns_a_record_set",
      "name": "srv",
      "provider": "provider[\"registry.terraform.io/hashicorp/dns\"]",
      "instances": [
        {
          "schema_version": 0,
          "attributes": {
            "addresses": [
              "172.31.49.39"
            ],
            "id": "it-2-cbf-mdbm.xitg.ms.fcm.",
            "name": "it-2-cbf-mdbm",
            "ttl": 300,
            "zone": "xitg.ms.fcm."
          },
          "sensitive_attributes": [],
          "private": "bnVsbA=="
        }
      ]
    },
    {
      "module": "module.dns[\"22\"]",
      "mode": "managed",
      "type": "dns_a_record_set",
      "name": "srv",
      "provider": "provider[\"registry.terraform.io/hashicorp/dns\"]",
      "instances": [
        {
          "schema_version": 0,
          "attributes": {
            "addresses": [
              "172.31.49.40"
            ],
            "id": "it-1-cbf-dd.xitg.ms.fcm.",
            "name": "it-1-cbf-dd",
            "ttl": 300,
            "zone": "xitg.ms.fcm."
          },
          "sensitive_attributes": [],
          "private": "bnVsbA=="
        }
      ]
    },
    {
      "module": "module.dns[\"23\"]",
      "mode": "managed",
      "type": "dns_a_record_set",
      "name": "srv",
      "provider": "provider[\"registry.terraform.io/hashicorp/dns\"]",
      "instances": [
        {
          "schema_version": 0,
          "attributes": {
            "addresses": [
              "172.31.49.44"
            ],
            "id": "it-1-cbf-sp.xitg.ms.fcm.",
            "name": "it-1-cbf-sp",
            "ttl": 300,
            "zone": "xitg.ms.fcm."
          },
          "sensitive_attributes": [],
          "private": "bnVsbA=="
        }
      ]
    },
    {
      "module": "module.dns[\"24\"]",
      "mode": "managed",
      "type": "dns_a_record_set",
      "name": "srv",
      "provider": "provider[\"registry.terraform.io/hashicorp/dns\"]",
      "instances": [
        {
          "schema_version": 0,
          "attributes": {
            "addresses": [
              "172.31.49.46"
            ],
            "id": "it-2-cbf-db.xitg.ms.fcm.",
            "name": "it-2-cbf-db",
            "ttl": 300,
            "zone": "xitg.ms.fcm."
          },
          "sensitive_attributes": [],
          "private": "bnVsbA=="
        }
      ]
    },
    {
      "module": "module.dns[\"25\"]",
      "mode": "managed",
      "type": "dns_a_record_set",
      "name": "srv",
      "provider": "provider[\"registry.terraform.io/hashicorp/dns\"]",
      "instances": [
        {
          "schema_version": 0,
          "attributes": {
            "addresses": [
              "172.31.49.47"
            ],
            "id": "it-1-cbf-dbquorum.xitg.ms.fcm.",
            "name": "it-1-cbf-dbquorum",
            "ttl": 300,
            "zone": "xitg.ms.fcm."
          },
          "sensitive_attributes": [],
          "private": "bnVsbA=="
        }
      ]
    },
    {
      "module": "module.dns[\"26\"]",
      "mode": "managed",
      "type": "dns_a_record_set",
      "name": "srv",
      "provider": "provider[\"registry.terraform.io/hashicorp/dns\"]",
      "instances": [
        {
          "schema_version": 0,
          "attributes": {
            "addresses": [
              "172.31.49.48"
            ],
            "id": "it-1-cbf-str.xitg.ms.fcm.",
            "name": "it-1-cbf-str",
            "ttl": 300,
            "zone": "xitg.ms.fcm."
          },
          "sensitive_attributes": [],
          "private": "bnVsbA=="
        }
      ]
    },
    {
      "module": "module.dns[\"27\"]",
      "mode": "managed",
      "type": "dns_a_record_set",
      "name": "srv",
      "provider": "provider[\"registry.terraform.io/hashicorp/dns\"]",
      "instances": [
        {
          "schema_version": 0,
          "attributes": {
            "addresses": [
              "172.31.49.49"
            ],
            "id": "it-3-cbf-dovk.xitg.ms.fcm.",
            "name": "it-3-cbf-dovk",
            "ttl": 300,
            "zone": "xitg.ms.fcm."
          },
          "sensitive_attributes": [],
          "private": "bnVsbA=="
        }
      ]
    },
    {
      "module": "module.dns[\"28\"]",
      "mode": "managed",
      "type": "dns_a_record_set",
      "name": "srv",
      "provider": "provider[\"registry.terraform.io/hashicorp/dns\"]",
      "instances": [
        {
          "schema_version": 0,
          "attributes": {
            "addresses": [
              "172.31.49.50"
            ],
            "id": "it-1-cbf-mapr.xitg.ms.fcm.",
            "name": "it-1-cbf-mapr",
            "ttl": 300,
            "zone": "xitg.ms.fcm."
          },
          "sensitive_attributes": [],
          "private": "bnVsbA=="
        }
      ]
    },
    {
      "module": "module.dns[\"29\"]",
      "mode": "managed",
      "type": "dns_a_record_set",
      "name": "srv",
      "provider": "provider[\"registry.terraform.io/hashicorp/dns\"]",
      "instances": [
        {
          "schema_version": 0,
          "attributes": {
            "addresses": [
              "172.31.49.51"
            ],
            "id": "it-2-cbf-mapr.xitg.ms.fcm.",
            "name": "it-2-cbf-mapr",
            "ttl": 300,
            "zone": "xitg.ms.fcm."
          },
          "sensitive_attributes": [],
          "private": "bnVsbA=="
        }
      ]
    },
    {
      "module": "module.dns[\"3\"]",
      "mode": "managed",
      "type": "dns_a_record_set",
      "name": "srv",
      "provider": "provider[\"registry.terraform.io/hashicorp/dns\"]",
      "instances": [
        {
          "schema_version": 0,
          "attributes": {
            "addresses": [
              "172.31.49.4"
            ],
            "id": "it-1-cbf-pws.xitg.ms.fcm.",
            "name": "it-1-cbf-pws",
            "ttl": 300,
            "zone": "xitg.ms.fcm."
          },
          "sensitive_attributes": [],
          "private": "bnVsbA=="
        }
      ]
    },
    {
      "module": "module.dns[\"30\"]",
      "mode": "managed",
      "type": "dns_a_record_set",
      "name": "srv",
      "provider": "provider[\"registry.terraform.io/hashicorp/dns\"]",
      "instances": [
        {
          "schema_version": 0,
          "attributes": {
            "addresses": [
              "172.31.49.52"
            ],
            "id": "it-1-cbf-jump.xitg.ms.fcm.",
            "name": "it-1-cbf-jump",
            "ttl": 300,
            "zone": "xitg.ms.fcm."
          },
          "sensitive_attributes": [],
          "private": "bnVsbA=="
        }
      ]
    },
    {
      "module": "module.dns[\"4\"]",
      "mode": "managed",
      "type": "dns_a_record_set",
      "name": "srv",
      "provider": "provider[\"registry.terraform.io/hashicorp/dns\"]",
      "instances": [
        {
          "schema_version": 0,
          "attributes": {
            "addresses": [
              "172.31.49.6"
            ],
            "id": "it-1-cbf-inf.xitg.ms.fcm.",
            "name": "it-1-cbf-inf",
            "ttl": 300,
            "zone": "xitg.ms.fcm."
          },
          "sensitive_attributes": [],
          "private": "bnVsbA=="
        }
      ]
    },
    {
      "module": "module.dns[\"5\"]",
      "mode": "managed",
      "type": "dns_a_record_set",
      "name": "srv",
      "provider": "provider[\"registry.terraform.io/hashicorp/dns\"]",
      "instances": [
        {
          "schema_version": 0,
          "attributes": {
            "addresses": [
              "172.31.49.7"
            ],
            "id": "it-1-cbf-swf.xitg.ms.fcm.",
            "name": "it-1-cbf-swf",
            "ttl": 300,
            "zone": "xitg.ms.fcm."
          },
          "sensitive_attributes": [],
          "private": "bnVsbA=="
        }
      ]
    },
    {
      "module": "module.dns[\"6\"]",
      "mode": "managed",
      "type": "dns_a_record_set",
      "name": "srv",
      "provider": "provider[\"registry.terraform.io/hashicorp/dns\"]",
      "instances": [
        {
          "schema_version": 0,
          "attributes": {
            "addresses": [
              "172.31.49.9"
            ],
            "id": "it-1-cbf-prov.xitg.ms.fcm.",
            "name": "it-1-cbf-prov",
            "ttl": 300,
            "zone": "xitg.ms.fcm."
          },
          "sensitive_attributes": [],
          "private": "bnVsbA=="
        }
      ]
    },
    {
      "module": "module.dns[\"7\"]",
      "mode": "managed",
      "type": "dns_a_record_set",
      "name": "srv",
      "provider": "provider[\"registry.terraform.io/hashicorp/dns\"]",
      "instances": [
        {
          "schema_version": 0,
          "attributes": {
            "addresses": [
              "172.31.49.11"
            ],
            "id": "it-1-cbf-dovm.xitg.ms.fcm.",
            "name": "it-1-cbf-dovm",
            "ttl": 300,
            "zone": "xitg.ms.fcm."
          },
          "sensitive_attributes": [],
          "private": "bnVsbA=="
        }
      ]
    },
    {
      "module": "module.dns[\"8\"]",
      "mode": "managed",
      "type": "dns_a_record_set",
      "name": "srv",
      "provider": "provider[\"registry.terraform.io/hashicorp/dns\"]",
      "instances": [
        {
          "schema_version": 0,
          "attributes": {
            "addresses": [
              "172.31.49.12"
            ],
            "id": "it-1-cbf-dovk.xitg.ms.fcm.",
            "name": "it-1-cbf-dovk",
            "ttl": 300,
            "zone": "xitg.ms.fcm."
          },
          "sensitive_attributes": [],
          "private": "bnVsbA=="
        }
      ]
    },
    {
      "module": "module.dns[\"9\"]",
      "mode": "managed",
      "type": "dns_a_record_set",
      "name": "srv",
      "provider": "provider[\"registry.terraform.io/hashicorp/dns\"]",
      "instances": [
        {
          "schema_version": 0,
          "attributes": {
            "addresses": [
              "172.31.49.13"
            ],
            "id": "it-2-cbf-dovk.xitg.ms.fcm.",
            "name": "it-2-cbf-dovk",
            "ttl": 300,
            "zone": "xitg.ms.fcm."
          },
          "sensitive_attributes": [],
          "private": "bnVsbA=="
        }
      ]
    },
    {
      "module": "module.vm[\"1\"]",
      "mode": "data",
      "type": "vsphere_compute_cluster",
      "name": "cluster",
      "provider": "provider[\"registry.terraform.io/hashicorp/vsphere\"]",
      "instances": [
        {
          "schema_version": 0,
          "attributes": {
            "datacenter_id": "datacenter-3",
            "id": "domain-c39",
            "name": "cyberfiltre",
            "resource_pool_id": "resgroup-40"
          },
          "sensitive_attributes": []
        }
      ]
    },
    {
      "module": "module.vm[\"1\"]",
      "mode": "data",
      "type": "vsphere_datacenter",
      "name": "dc",
      "provider": "provider[\"registry.terraform.io/hashicorp/vsphere\"]",
      "instances": [
        {
          "schema_version": 0,
          "attributes": {
            "id": "datacenter-3",
            "name": "cyberfiltre"
          },
          "sensitive_attributes": []
        }
      ]
    },
    {
      "module": "module.vm[\"1\"]",
      "mode": "data",
      "type": "vsphere_datastore",
      "name": "datastore",
      "provider": "provider[\"registry.terraform.io/hashicorp/vsphere\"]",
      "instances": [
        {
          "schema_version": 0,
          "attributes": {
            "datacenter_id": "datacenter-3",
            "id": "datastore-53",
            "name": "vsanDatastore",
            "stats": {
              "capacity": "13442652045312",
              "free": "12742531355772"
            }
          },
          "sensitive_attributes": []
        }
      ]
    },
    {
      "module": "module.vm[\"1\"]",
      "mode": "data",
      "type": "vsphere_network",
      "name": "network1",
      "provider": "provider[\"registry.terraform.io/hashicorp/vsphere\"]",
      "instances": [
        {
          "schema_version": 0,
          "attributes": {
            "datacenter_id": "datacenter-3",
            "distributed_virtual_switch_uuid": null,
            "id": "dvportgroup-69",
            "name": "580",
            "type": "DistributedVirtualPortgroup"
          },
          "sensitive_attributes": []
        }
      ]
    },
    {
      "module": "module.vm[\"1\"]",
      "mode": "data",
      "type": "vsphere_network",
      "name": "network2",
      "provider": "provider[\"registry.terraform.io/hashicorp/vsphere\"]",
      "instances": [
        {
          "schema_version": 0,
          "attributes": {
            "datacenter_id": "datacenter-3",
            "distributed_virtual_switch_uuid": null,
            "id": "dvportgroup-68",
            "name": "585",
            "type": "DistributedVirtualPortgroup"
          },
          "sensitive_attributes": []
        }
      ]
    },
    {
      "module": "module.vm[\"1\"]",
      "mode": "data",
      "type": "vsphere_network",
      "name": "network3",
      "provider": "provider[\"registry.terraform.io/hashicorp/vsphere\"]",
      "instances": [
        {
          "schema_version": 0,
          "attributes": {
            "datacenter_id": "datacenter-3",
            "distributed_virtual_switch_uuid": null,
            "id": "network-80",
            "name": "none",
            "type": "Network"
          },
          "sensitive_attributes": []
        }
      ]
    },
    {
      "module": "module.vm[\"1\"]",
      "mode": "data",
      "type": "vsphere_network",
      "name": "network4",
      "provider": "provider[\"registry.terraform.io/hashicorp/vsphere\"]",
      "instances": [
        {
          "schema_version": 0,
          "attributes": {
            "datacenter_id": "datacenter-3",
            "distributed_virtual_switch_uuid": null,
            "id": "network-80",
            "name": "none",
            "type": "Network"
          },
          "sensitive_attributes": []
        }
      ]
    },
    {
      "module": "module.vm[\"1\"]",
      "mode": "data",
      "type": "vsphere_resource_pool",
      "name": "rpool",
      "provider": "provider[\"registry.terraform.io/hashicorp/vsphere\"]",
      "instances": [
        {
          "schema_version": 0,
          "attributes": {
            "datacenter_id": "datacenter-3",
            "id": "resgroup-73",
            "name": "/cyberfiltre/host/cyberfiltre/Resources/xitg"
          },
          "sensitive_attributes": []
        }
      ]
    },
    {
      "module": "module.vm[\"1\"]",
      "mode": "data",
      "type": "vsphere_virtual_machine",
      "name": "template",
      "provider": "provider[\"registry.terraform.io/hashicorp/vsphere\"]",
      "instances": [
        {
          "schema_version": 0,
          "attributes": {
            "alternate_guest_name": "",
            "annotation": "",
            "boot_delay": 0,
            "boot_retry_delay": 10000,
            "boot_retry_enabled": false,
            "change_version": "2024-09-05T18:45:01.872822Z",
            "cpu_hot_add_enabled": false,
            "cpu_hot_remove_enabled": false,
            "cpu_limit": -1,
            "cpu_performance_counters_enabled": false,
            "cpu_reservation": 0,
            "cpu_share_count": 2000,
            "cpu_share_level": "normal",
            "datacenter_id": "datacenter-3",
            "default_ip_address": null,
            "disks": [
              {
                "eagerly_scrub": false,
                "label": "Hard disk 1",
                "size": 52,
                "thin_provisioned": true,
                "unit_number": 0
              }
            ],
            "efi_secure_boot_enabled": true,
            "enable_disk_uuid": false,
            "enable_logging": true,
            "ept_rvi_mode": "",
            "extra_config": {},
            "extra_config_reboot_required": true,
            "firmware": "efi",
            "folder": null,
            "guest_id": "rhel8_64Guest",
            "guest_ip_addresses": [],
            "hardware_version": 19,
            "hv_mode": "",
            "id": "423e5a05-501a-d312-1605-9e4dcb02aaae",
            "ide_controller_scan_count": 2,
            "instance_uuid": "503efa85-f341-2098-0b00-d9b65250d877",
            "latency_sensitivity": "normal",
            "memory": 1024,
            "memory_hot_add_enabled": false,
            "memory_limit": -1,
            "memory_reservation": 0,
            "memory_reservation_locked_to_max": false,
            "memory_share_count": 10240,
            "memory_share_level": "normal",
            "moid": "vm-78",
            "name": "linux-rhel-8.7-socle",
            "nested_hv_enabled": false,
            "network_interface_types": [
              "vmxnet3"
            ],
            "network_interfaces": [
              {
                "adapter_type": "vmxnet3",
                "bandwidth_limit": -1,
                "bandwidth_reservation": 0,
                "bandwidth_share_count": 50,
                "bandwidth_share_level": "normal",
                "mac_address": "00:50:56:be:68:9a",
                "network_id": "network-79",
                "physical_function": ""
              }
            ],
            "num_cores_per_socket": 1,
            "num_cpus": 2,
            "replace_trigger": null,
            "run_tools_scripts_after_power_on": true,
            "run_tools_scripts_after_resume": true,
            "run_tools_scripts_before_guest_reboot": false,
            "run_tools_scripts_before_guest_shutdown": true,
            "run_tools_scripts_before_guest_standby": true,
            "sata_controller_scan_count": 0,
            "scsi_bus_sharing": "noSharing",
            "scsi_controller_scan_count": 1,
            "scsi_type": "pvscsi",
            "storage_policy_id": null,
            "swap_placement_policy": "inherit",
            "sync_time_with_host": true,
            "sync_time_with_host_periodically": false,
            "tools_upgrade_policy": "upgradeAtPowerCycle",
            "uuid": "423e5a05-501a-d312-1605-9e4dcb02aaae",
            "vapp": null,
            "vapp_transport": [],
            "vbs_enabled": false,
            "vvtd_enabled": false
          },
          "sensitive_attributes": []
        }
      ]
    },
    {
      "module": "module.vm[\"1\"]",
      "mode": "managed",
      "type": "vsphere_virtual_machine",
      "name": "vm",
      "provider": "provider[\"registry.terraform.io/hashicorp/vsphere\"]",
      "instances": [
        {
          "schema_version": 3,
          "attributes": {
            "alternate_guest_name": "",
            "annotation": "",
            "boot_delay": 0,
            "boot_retry_delay": 10000,
            "boot_retry_enabled": false,
            "cdrom": [],
            "change_version": "2024-09-05T19:11:46.84507Z",
            "clone": [
              {
                "customization_spec": [],
                "customize": [
                  {
                    "dns_server_list": [],
                    "dns_suffix_list": [],
                    "ipv4_gateway": "172.31.49.254",
                    "ipv6_gateway": "",
                    "linux_options": [
                      {
                        "domain": "ms.fcm",
                        "host_name": "it-1-cbf-db",
                        "hw_clock_utc": true,
                        "script_text": "",
                        "time_zone": ""
                      }
                    ],
                    "network_interface": [
                      {
                        "dns_domain": "ms.fcm",
                        "dns_server_list": [
                          "172.16.1.240, 172.17.1.240"
                        ],
                        "ipv4_address": "172.31.49.1",
                        "ipv4_netmask": 24,
                        "ipv6_address": "",
                        "ipv6_netmask": 0
                      },
                      {
                        "dns_domain": "",
                        "dns_server_list": [],
                        "ipv4_address": "192.168.102.1",
                        "ipv4_netmask": 24,
                        "ipv6_address": "",
                        "ipv6_netmask": 0
                      }
                    ],
                    "timeout": 0,
                    "windows_options": [],
                    "windows_sysprep_text": ""
                  }
                ],
                "linked_clone": false,
                "ovf_network_map": {},
                "ovf_storage_map": {},
                "template_uuid": "423e5a05-501a-d312-1605-9e4dcb02aaae",
                "timeout": 30
              }
            ],
            "cpu_hot_add_enabled": true,
            "cpu_hot_remove_enabled": true,
            "cpu_limit": -1,
            "cpu_performance_counters_enabled": false,
            "cpu_reservation": 0,
            "cpu_share_count": 1000,
            "cpu_share_level": "normal",
            "custom_attributes": {},
            "datacenter_id": null,
            "datastore_cluster_id": null,
            "datastore_id": "datastore-53",
            "default_ip_address": "172.31.49.1",
            "disk": [
              {
                "attach": false,
                "controller_type": "scsi",
                "datastore_id": "datastore-53",
                "device_address": "scsi:0:0",
                "disk_mode": "persistent",
                "disk_sharing": "sharingNone",
                "eagerly_scrub": false,
                "io_limit": -1,
                "io_reservation": 0,
                "io_share_count": 1000,
                "io_share_level": "normal",
                "keep_on_remove": false,
                "key": 2000,
                "label": "disk0",
                "path": "2400da66-7a4e-1a11-4f58-043201de0940/it-cbf-db-1.vmdk",
                "size": 52,
                "storage_policy_id": "aa6d5a82-1c88-45da-85d3-3d74b91a5bad",
                "thin_provisioned": true,
                "unit_number": 0,
                "uuid": "6000C299-e839-975d-4ae1-ff0f1e970ac0",
                "write_through": false
              },
              {
                "attach": false,
                "controller_type": "scsi",
                "datastore_id": "datastore-53",
                "device_address": "scsi:0:15",
                "disk_mode": "persistent",
                "disk_sharing": "sharingNone",
                "eagerly_scrub": false,
                "io_limit": -1,
                "io_reservation": 0,
                "io_share_count": 1000,
                "io_share_level": "normal",
                "keep_on_remove": false,
                "key": 2015,
                "label": "disk1",
                "path": "2400da66-7a4e-1a11-4f58-043201de0940/it-cbf-db-1_1.vmdk",
                "size": 15,
                "storage_policy_id": "aa6d5a82-1c88-45da-85d3-3d74b91a5bad",
                "thin_provisioned": true,
                "unit_number": 14,
                "uuid": "6000C295-f782-15ab-808c-e0a8e48275f7",
                "write_through": false
              }
            ],
            "efi_secure_boot_enabled": false,
            "enable_disk_uuid": false,
            "enable_logging": false,
            "ept_rvi_mode": "",
            "extra_config": {},
            "extra_config_reboot_required": true,
            "firmware": "efi",
            "folder": "xitg",
            "force_power_off": true,
            "guest_id": "rhel8_64Guest",
            "guest_ip_addresses": [
              "172.31.49.1",
              "fe80::250:56ff:feb7:1ffd",
              "192.168.102.1",
              "fe80::250:56ff:feb7:eff0"
            ],
            "hardware_version": 19,
            "host_system_id": "host-15",
            "hv_mode": "",
            "id": "4237afc7-01cb-5c8d-3440-cbdba14b32ce",
            "ide_controller_count": 2,
            "ignored_guest_ips": null,
            "imported": null,
            "latency_sensitivity": "normal",
            "memory": 2048,
            "memory_hot_add_enabled": true,
            "memory_limit": -1,
            "memory_reservation": 0,
            "memory_reservation_locked_to_max": false,
            "memory_share_count": 20480,
            "memory_share_level": "normal",
            "migrate_wait_timeout": 90,
            "moid": "vm-98",
            "name": "it-cbf-db-1",
            "nested_hv_enabled": false,
            "network_interface": [
              {
                "adapter_type": "vmxnet3",
                "bandwidth_limit": -1,
                "bandwidth_reservation": 0,
                "bandwidth_share_count": 50,
                "bandwidth_share_level": "normal",
                "device_address": "pci:0:7",
                "key": 4000,
                "mac_address": "00:50:56:b7:1f:fd",
                "network_id": "dvportgroup-69",
                "ovf_mapping": "",
                "physical_function": "",
                "use_static_mac": false
              },
              {
                "adapter_type": "vmxnet3",
                "bandwidth_limit": -1,
                "bandwidth_reservation": 0,
                "bandwidth_share_count": 50,
                "bandwidth_share_level": "normal",
                "device_address": "pci:0:8",
                "key": 4001,
                "mac_address": "00:50:56:b7:ef:f0",
                "network_id": "dvportgroup-68",
                "ovf_mapping": "",
                "physical_function": "",
                "use_static_mac": false
              }
            ],
            "num_cores_per_socket": 1,
            "num_cpus": 1,
            "ovf_deploy": [],
            "pci_device_id": [],
            "power_state": "on",
            "poweron_timeout": 300,
            "reboot_required": false,
            "replace_trigger": null,
            "resource_pool_id": "resgroup-73",
            "run_tools_scripts_after_power_on": true,
            "run_tools_scripts_after_resume": true,
            "run_tools_scripts_before_guest_reboot": false,
            "run_tools_scripts_before_guest_shutdown": true,
            "run_tools_scripts_before_guest_standby": true,
            "sata_controller_count": 0,
            "scsi_bus_sharing": "noSharing",
            "scsi_controller_count": 1,
            "scsi_type": "pvscsi",
            "shutdown_wait_timeout": 3,
            "storage_policy_id": "aa6d5a82-1c88-45da-85d3-3d74b91a5bad",
            "swap_placement_policy": "inherit",
            "sync_time_with_host": true,
            "sync_time_with_host_periodically": false,
            "tags": [],
            "tools_upgrade_policy": "manual",
            "uuid": "4237afc7-01cb-5c8d-3440-cbdba14b32ce",
            "vapp": [],
            "vapp_transport": [],
            "vbs_enabled": false,
            "vmware_tools_status": "guestToolsRunning",
            "vmx_path": "2400da66-7a4e-1a11-4f58-043201de0940/it-cbf-db-1.vmx",
            "vvtd_enabled": false,
            "wait_for_guest_ip_timeout": 300,
            "wait_for_guest_net_routable": false,
            "wait_for_guest_net_timeout": 300
          },
          "sensitive_attributes": [],
          "private": "eyJzY2hlbWFfdmVyc2lvbiI6IjMifQ==",
          "dependencies": [
            "module.vm.data.vsphere_datacenter.dc",
            "module.vm.data.vsphere_datastore.datastore",
            "module.vm.data.vsphere_network.network1",
            "module.vm.data.vsphere_network.network2",
            "module.vm.data.vsphere_network.network3",
            "module.vm.data.vsphere_network.network4",
            "module.vm.data.vsphere_resource_pool.rpool",
            "module.vm.data.vsphere_virtual_machine.template"
          ]
        }
      ]
    },
    {
      "module": "module.vm[\"10\"]",
      "mode": "data",
      "type": "vsphere_compute_cluster",
      "name": "cluster",
      "provider": "provider[\"registry.terraform.io/hashicorp/vsphere\"]",
      "instances": [
        {
          "schema_version": 0,
          "attributes": {
            "datacenter_id": "datacenter-3",
            "id": "domain-c39",
            "name": "cyberfiltre",
            "resource_pool_id": "resgroup-40"
          },
          "sensitive_attributes": []
        }
      ]
    },
    {
      "module": "module.vm[\"10\"]",
      "mode": "data",
      "type": "vsphere_datacenter",
      "name": "dc",
      "provider": "provider[\"registry.terraform.io/hashicorp/vsphere\"]",
      "instances": [
        {
          "schema_version": 0,
          "attributes": {
            "id": "datacenter-3",
            "name": "cyberfiltre"
          },
          "sensitive_attributes": []
        }
      ]
    },
    {
      "module": "module.vm[\"10\"]",
      "mode": "data",
      "type": "vsphere_datastore",
      "name": "datastore",
      "provider": "provider[\"registry.terraform.io/hashicorp/vsphere\"]",
      "instances": [
        {
          "schema_version": 0,
          "attributes": {
            "datacenter_id": "datacenter-3",
            "id": "datastore-53",
            "name": "vsanDatastore",
            "stats": {
              "capacity": "13442652045312",
              "free": "12742531355772"
            }
          },
          "sensitive_attributes": []
        }
      ]
    },
    {
      "module": "module.vm[\"10\"]",
      "mode": "data",
      "type": "vsphere_network",
      "name": "network1",
      "provider": "provider[\"registry.terraform.io/hashicorp/vsphere\"]",
      "instances": [
        {
          "schema_version": 0,
          "attributes": {
            "datacenter_id": "datacenter-3",
            "distributed_virtual_switch_uuid": null,
            "id": "dvportgroup-69",
            "name": "580",
            "type": "DistributedVirtualPortgroup"
          },
          "sensitive_attributes": []
        }
      ]
    },
    {
      "module": "module.vm[\"10\"]",
      "mode": "data",
      "type": "vsphere_network",
      "name": "network2",
      "provider": "provider[\"registry.terraform.io/hashicorp/vsphere\"]",
      "instances": [
        {
          "schema_version": 0,
          "attributes": {
            "datacenter_id": "datacenter-3",
            "distributed_virtual_switch_uuid": null,
            "id": "dvportgroup-67",
            "name": "584",
            "type": "DistributedVirtualPortgroup"
          },
          "sensitive_attributes": []
        }
      ]
    },
    {
      "module": "module.vm[\"10\"]",
      "mode": "data",
      "type": "vsphere_network",
      "name": "network3",
      "provider": "provider[\"registry.terraform.io/hashicorp/vsphere\"]",
      "instances": [
        {
          "schema_version": 0,
          "attributes": {
            "datacenter_id": "datacenter-3",
            "distributed_virtual_switch_uuid": null,
            "id": "dvportgroup-64",
            "name": "586",
            "type": "DistributedVirtualPortgroup"
          },
          "sensitive_attributes": []
        }
      ]
    },
    {
      "module": "module.vm[\"10\"]",
      "mode": "data",
      "type": "vsphere_network",
      "name": "network4",
      "provider": "provider[\"registry.terraform.io/hashicorp/vsphere\"]",
      "instances": [
        {
          "schema_version": 0,
          "attributes": {
            "datacenter_id": "datacenter-3",
            "distributed_virtual_switch_uuid": null,
            "id": "dvportgroup-72",
            "name": "587",
            "type": "DistributedVirtualPortgroup"
          },
          "sensitive_attributes": []
        }
      ]
    },
    {
      "module": "module.vm[\"10\"]",
      "mode": "data",
      "type": "vsphere_resource_pool",
      "name": "rpool",
      "provider": "provider[\"registry.terraform.io/hashicorp/vsphere\"]",
      "instances": [
        {
          "schema_version": 0,
          "attributes": {
            "datacenter_id": "datacenter-3",
            "id": "resgroup-73",
            "name": "/cyberfiltre/host/cyberfiltre/Resources/xitg"
          },
          "sensitive_attributes": []
        }
      ]
    },
    {
      "module": "module.vm[\"10\"]",
      "mode": "data",
      "type": "vsphere_virtual_machine",
      "name": "template",
      "provider": "provider[\"registry.terraform.io/hashicorp/vsphere\"]",
      "instances": [
        {
          "schema_version": 0,
          "attributes": {
            "alternate_guest_name": "",
            "annotation": "",
            "boot_delay": 0,
            "boot_retry_delay": 10000,
            "boot_retry_enabled": false,
            "change_version": "2024-09-05T18:45:01.872822Z",
            "cpu_hot_add_enabled": false,
            "cpu_hot_remove_enabled": false,
            "cpu_limit": -1,
            "cpu_performance_counters_enabled": false,
            "cpu_reservation": 0,
            "cpu_share_count": 2000,
            "cpu_share_level": "normal",
            "datacenter_id": "datacenter-3",
            "default_ip_address": null,
            "disks": [
              {
                "eagerly_scrub": false,
                "label": "Hard disk 1",
                "size": 52,
                "thin_provisioned": true,
                "unit_number": 0
              }
            ],
            "efi_secure_boot_enabled": true,
            "enable_disk_uuid": false,
            "enable_logging": true,
            "ept_rvi_mode": "",
            "extra_config": {},
            "extra_config_reboot_required": true,
            "firmware": "efi",
            "folder": null,
            "guest_id": "rhel8_64Guest",
            "guest_ip_addresses": [],
            "hardware_version": 19,
            "hv_mode": "",
            "id": "423e5a05-501a-d312-1605-9e4dcb02aaae",
            "ide_controller_scan_count": 2,
            "instance_uuid": "503efa85-f341-2098-0b00-d9b65250d877",
            "latency_sensitivity": "normal",
            "memory": 1024,
            "memory_hot_add_enabled": false,
            "memory_limit": -1,
            "memory_reservation": 0,
            "memory_reservation_locked_to_max": false,
            "memory_share_count": 10240,
            "memory_share_level": "normal",
            "moid": "vm-78",
            "name": "linux-rhel-8.7-socle",
            "nested_hv_enabled": false,
            "network_interface_types": [
              "vmxnet3"
            ],
            "network_interfaces": [
              {
                "adapter_type": "vmxnet3",
                "bandwidth_limit": -1,
                "bandwidth_reservation": 0,
                "bandwidth_share_count": 50,
                "bandwidth_share_level": "normal",
                "mac_address": "00:50:56:be:68:9a",
                "network_id": "network-79",
                "physical_function": ""
              }
            ],
            "num_cores_per_socket": 1,
            "num_cpus": 2,
            "replace_trigger": null,
            "run_tools_scripts_after_power_on": true,
            "run_tools_scripts_after_resume": true,
            "run_tools_scripts_before_guest_reboot": false,
            "run_tools_scripts_before_guest_shutdown": true,
            "run_tools_scripts_before_guest_standby": true,
            "sata_controller_scan_count": 0,
            "scsi_bus_sharing": "noSharing",
            "scsi_controller_scan_count": 1,
            "scsi_type": "pvscsi",
            "storage_policy_id": null,
            "swap_placement_policy": "inherit",
            "sync_time_with_host": true,
            "sync_time_with_host_periodically": false,
            "tools_upgrade_policy": "upgradeAtPowerCycle",
            "uuid": "423e5a05-501a-d312-1605-9e4dcb02aaae",
            "vapp": null,
            "vapp_transport": [],
            "vbs_enabled": false,
            "vvtd_enabled": false
          },
          "sensitive_attributes": []
        }
      ]
    },
    {
      "module": "module.vm[\"10\"]",
      "mode": "managed",
      "type": "vsphere_virtual_machine",
      "name": "vm",
      "provider": "provider[\"registry.terraform.io/hashicorp/vsphere\"]",
      "instances": [
        {
          "schema_version": 3,
          "attributes": {
            "alternate_guest_name": "",
            "annotation": "",
            "boot_delay": 0,
            "boot_retry_delay": 10000,
            "boot_retry_enabled": false,
            "cdrom": [],
            "change_version": "2024-09-05T19:35:34.257073Z",
            "clone": [
              {
                "customization_spec": [],
                "customize": [
                  {
                    "dns_server_list": [],
                    "dns_suffix_list": [],
                    "ipv4_gateway": "172.31.49.254",
                    "ipv6_gateway": "",
                    "linux_options": [
                      {
                        "domain": "ms.fcm",
                        "host_name": "it-1-cbf-dovw",
                        "hw_clock_utc": true,
                        "script_text": "",
                        "time_zone": ""
                      }
                    ],
                    "network_interface": [
                      {
                        "dns_domain": "ms.fcm",
                        "dns_server_list": [
                          "172.16.1.240, 172.17.1.240"
                        ],
                        "ipv4_address": "172.31.49.14",
                        "ipv4_netmask": 24,
                        "ipv6_address": "",
                        "ipv6_netmask": 0
                      },
                      {
                        "dns_domain": "",
                        "dns_server_list": [],
                        "ipv4_address": "192.168.101.9",
                        "ipv4_netmask": 24,
                        "ipv6_address": "",
                        "ipv6_netmask": 0
                      },
                      {
                        "dns_domain": "",
                        "dns_server_list": [],
                        "ipv4_address": "192.168.100.9",
                        "ipv4_netmask": 24,
                        "ipv6_address": "",
                        "ipv6_netmask": 0
                      },
                      {
                        "dns_domain": "",
                        "dns_server_list": [],
                        "ipv4_address": "192.168.103.9",
                        "ipv4_netmask": 24,
                        "ipv6_address": "",
                        "ipv6_netmask": 0
                      }
                    ],
                    "timeout": 0,
                    "windows_options": [],
                    "windows_sysprep_text": ""
                  }
                ],
                "linked_clone": false,
                "ovf_network_map": {},
                "ovf_storage_map": {},
                "template_uuid": "423e5a05-501a-d312-1605-9e4dcb02aaae",
                "timeout": 30
              }
            ],
            "cpu_hot_add_enabled": true,
            "cpu_hot_remove_enabled": true,
            "cpu_limit": -1,
            "cpu_performance_counters_enabled": false,
            "cpu_reservation": 0,
            "cpu_share_count": 1000,
            "cpu_share_level": "normal",
            "custom_attributes": {},
            "datacenter_id": null,
            "datastore_cluster_id": null,
            "datastore_id": "datastore-53",
            "default_ip_address": "172.31.49.14",
            "disk": [
              {
                "attach": false,
                "controller_type": "scsi",
                "datastore_id": "datastore-53",
                "device_address": "scsi:0:0",
                "disk_mode": "persistent",
                "disk_sharing": "sharingNone",
                "eagerly_scrub": false,
                "io_limit": -1,
                "io_reservation": 0,
                "io_share_count": 1000,
                "io_share_level": "normal",
                "keep_on_remove": false,
                "key": 2000,
                "label": "disk0",
                "path": "4606da66-5e06-6261-6e5d-043201dde7f0/it-cbf-dovw-1.vmdk",
                "size": 52,
                "storage_policy_id": "aa6d5a82-1c88-45da-85d3-3d74b91a5bad",
                "thin_provisioned": true,
                "unit_number": 0,
                "uuid": "6000C296-7541-eab3-ace5-94374ffb46eb",
                "write_through": false
              },
              {
                "attach": false,
                "controller_type": "scsi",
                "datastore_id": "datastore-53",
                "device_address": "scsi:0:15",
                "disk_mode": "persistent",
                "disk_sharing": "sharingNone",
                "eagerly_scrub": false,
                "io_limit": -1,
                "io_reservation": 0,
                "io_share_count": 1000,
                "io_share_level": "normal",
                "keep_on_remove": false,
                "key": 2015,
                "label": "disk1",
                "path": "4606da66-5e06-6261-6e5d-043201dde7f0/it-cbf-dovw-1_1.vmdk",
                "size": 5,
                "storage_policy_id": "aa6d5a82-1c88-45da-85d3-3d74b91a5bad",
                "thin_provisioned": true,
                "unit_number": 14,
                "uuid": "6000C290-fc9b-d8ea-bd1e-a4b88e7afcf9",
                "write_through": false
              }
            ],
            "efi_secure_boot_enabled": false,
            "enable_disk_uuid": false,
            "enable_logging": false,
            "ept_rvi_mode": "",
            "extra_config": {},
            "extra_config_reboot_required": true,
            "firmware": "efi",
            "folder": "xitg",
            "force_power_off": true,
            "guest_id": "rhel8_64Guest",
            "guest_ip_addresses": [
              "172.31.49.14",
              "fe80::250:56ff:feb7:d63",
              "192.168.101.9",
              "fe80::250:56ff:feb7:a125",
              "192.168.100.9",
              "fe80::250:56ff:feb7:3635",
              "192.168.103.9",
              "fe80::250:56ff:feb7:734c"
            ],
            "hardware_version": 19,
            "host_system_id": "host-15",
            "hv_mode": "",
            "id": "423759f7-0688-cabc-7f17-cf9fbb2cd5fc",
            "ide_controller_count": 2,
            "ignored_guest_ips": null,
            "imported": null,
            "latency_sensitivity": "normal",
            "memory": 2048,
            "memory_hot_add_enabled": true,
            "memory_limit": -1,
            "memory_reservation": 0,
            "memory_reservation_locked_to_max": false,
            "memory_share_count": 20480,
            "memory_share_level": "normal",
            "migrate_wait_timeout": 90,
            "moid": "vm-109",
            "name": "it-cbf-dovw-1",
            "nested_hv_enabled": false,
            "network_interface": [
              {
                "adapter_type": "vmxnet3",
                "bandwidth_limit": -1,
                "bandwidth_reservation": 0,
                "bandwidth_share_count": 50,
                "bandwidth_share_level": "normal",
                "device_address": "pci:0:7",
                "key": 4000,
                "mac_address": "00:50:56:b7:0d:63",
                "network_id": "dvportgroup-69",
                "ovf_mapping": "",
                "physical_function": "",
                "use_static_mac": false
              },
              {
                "adapter_type": "vmxnet3",
                "bandwidth_limit": -1,
                "bandwidth_reservation": 0,
                "bandwidth_share_count": 50,
                "bandwidth_share_level": "normal",
                "device_address": "pci:0:8",
                "key": 4001,
                "mac_address": "00:50:56:b7:a1:25",
                "network_id": "dvportgroup-67",
                "ovf_mapping": "",
                "physical_function": "",
                "use_static_mac": false
              },
              {
                "adapter_type": "vmxnet3",
                "bandwidth_limit": -1,
                "bandwidth_reservation": 0,
                "bandwidth_share_count": 50,
                "bandwidth_share_level": "normal",
                "device_address": "pci:0:9",
                "key": 4002,
                "mac_address": "00:50:56:b7:36:35",
                "network_id": "dvportgroup-64",
                "ovf_mapping": "",
                "physical_function": "",
                "use_static_mac": false
              },
              {
                "adapter_type": "vmxnet3",
                "bandwidth_limit": -1,
                "bandwidth_reservation": 0,
                "bandwidth_share_count": 50,
                "bandwidth_share_level": "normal",
                "device_address": "pci:0:10",
                "key": 4003,
                "mac_address": "00:50:56:b7:73:4c",
                "network_id": "dvportgroup-72",
                "ovf_mapping": "",
                "physical_function": "",
                "use_static_mac": false
              }
            ],
            "num_cores_per_socket": 1,
            "num_cpus": 1,
            "ovf_deploy": [],
            "pci_device_id": [],
            "power_state": "on",
            "poweron_timeout": 300,
            "reboot_required": false,
            "replace_trigger": null,
            "resource_pool_id": "resgroup-73",
            "run_tools_scripts_after_power_on": true,
            "run_tools_scripts_after_resume": true,
            "run_tools_scripts_before_guest_reboot": false,
            "run_tools_scripts_before_guest_shutdown": true,
            "run_tools_scripts_before_guest_standby": true,
            "sata_controller_count": 0,
            "scsi_bus_sharing": "noSharing",
            "scsi_controller_count": 1,
            "scsi_type": "pvscsi",
            "shutdown_wait_timeout": 3,
            "storage_policy_id": "aa6d5a82-1c88-45da-85d3-3d74b91a5bad",
            "swap_placement_policy": "inherit",
            "sync_time_with_host": true,
            "sync_time_with_host_periodically": false,
            "tags": [],
            "tools_upgrade_policy": "manual",
            "uuid": "423759f7-0688-cabc-7f17-cf9fbb2cd5fc",
            "vapp": [],
            "vapp_transport": [],
            "vbs_enabled": false,
            "vmware_tools_status": "guestToolsRunning",
            "vmx_path": "4606da66-5e06-6261-6e5d-043201dde7f0/it-cbf-dovw-1.vmx",
            "vvtd_enabled": false,
            "wait_for_guest_ip_timeout": 300,
            "wait_for_guest_net_routable": false,
            "wait_for_guest_net_timeout": 300
          },
          "sensitive_attributes": [],
          "private": "eyJzY2hlbWFfdmVyc2lvbiI6IjMifQ==",
          "dependencies": [
            "module.vm.data.vsphere_datacenter.dc",
            "module.vm.data.vsphere_datastore.datastore",
            "module.vm.data.vsphere_network.network1",
            "module.vm.data.vsphere_network.network2",
            "module.vm.data.vsphere_network.network3",
            "module.vm.data.vsphere_network.network4",
            "module.vm.data.vsphere_resource_pool.rpool",
            "module.vm.data.vsphere_virtual_machine.template"
          ]
        }
      ]
    },
    {
      "module": "module.vm[\"11\"]",
      "mode": "data",
      "type": "vsphere_compute_cluster",
      "name": "cluster",
      "provider": "provider[\"registry.terraform.io/hashicorp/vsphere\"]",
      "instances": [
        {
          "schema_version": 0,
          "attributes": {
            "datacenter_id": "datacenter-3",
            "id": "domain-c39",
            "name": "cyberfiltre",
            "resource_pool_id": "resgroup-40"
          },
          "sensitive_attributes": []
        }
      ]
    },
    {
      "module": "module.vm[\"11\"]",
      "mode": "data",
      "type": "vsphere_datacenter",
      "name": "dc",
      "provider": "provider[\"registry.terraform.io/hashicorp/vsphere\"]",
      "instances": [
        {
          "schema_version": 0,
          "attributes": {
            "id": "datacenter-3",
            "name": "cyberfiltre"
          },
          "sensitive_attributes": []
        }
      ]
    },
    {
      "module": "module.vm[\"11\"]",
      "mode": "data",
      "type": "vsphere_datastore",
      "name": "datastore",
      "provider": "provider[\"registry.terraform.io/hashicorp/vsphere\"]",
      "instances": [
        {
          "schema_version": 0,
          "attributes": {
            "datacenter_id": "datacenter-3",
            "id": "datastore-53",
            "name": "vsanDatastore",
            "stats": {
              "capacity": "13442652045312",
              "free": "12742531355772"
            }
          },
          "sensitive_attributes": []
        }
      ]
    },
    {
      "module": "module.vm[\"11\"]",
      "mode": "data",
      "type": "vsphere_network",
      "name": "network1",
      "provider": "provider[\"registry.terraform.io/hashicorp/vsphere\"]",
      "instances": [
        {
          "schema_version": 0,
          "attributes": {
            "datacenter_id": "datacenter-3",
            "distributed_virtual_switch_uuid": null,
            "id": "dvportgroup-69",
            "name": "580",
            "type": "DistributedVirtualPortgroup"
          },
          "sensitive_attributes": []
        }
      ]
    },
    {
      "module": "module.vm[\"11\"]",
      "mode": "data",
      "type": "vsphere_network",
      "name": "network2",
      "provider": "provider[\"registry.terraform.io/hashicorp/vsphere\"]",
      "instances": [
        {
          "schema_version": 0,
          "attributes": {
            "datacenter_id": "datacenter-3",
            "distributed_virtual_switch_uuid": null,
            "id": "dvportgroup-67",
            "name": "584",
            "type": "DistributedVirtualPortgroup"
          },
          "sensitive_attributes": []
        }
      ]
    },
    {
      "module": "module.vm[\"11\"]",
      "mode": "data",
      "type": "vsphere_network",
      "name": "network3",
      "provider": "provider[\"registry.terraform.io/hashicorp/vsphere\"]",
      "instances": [
        {
          "schema_version": 0,
          "attributes": {
            "datacenter_id": "datacenter-3",
            "distributed_virtual_switch_uuid": null,
            "id": "dvportgroup-64",
            "name": "586",
            "type": "DistributedVirtualPortgroup"
          },
          "sensitive_attributes": []
        }
      ]
    },
    {
      "module": "module.vm[\"11\"]",
      "mode": "data",
      "type": "vsphere_network",
      "name": "network4",
      "provider": "provider[\"registry.terraform.io/hashicorp/vsphere\"]",
      "instances": [
        {
          "schema_version": 0,
          "attributes": {
            "datacenter_id": "datacenter-3",
            "distributed_virtual_switch_uuid": null,
            "id": "dvportgroup-72",
            "name": "587",
            "type": "DistributedVirtualPortgroup"
          },
          "sensitive_attributes": []
        }
      ]
    },
    {
      "module": "module.vm[\"11\"]",
      "mode": "data",
      "type": "vsphere_resource_pool",
      "name": "rpool",
      "provider": "provider[\"registry.terraform.io/hashicorp/vsphere\"]",
      "instances": [
        {
          "schema_version": 0,
          "attributes": {
            "datacenter_id": "datacenter-3",
            "id": "resgroup-73",
            "name": "/cyberfiltre/host/cyberfiltre/Resources/xitg"
          },
          "sensitive_attributes": []
        }
      ]
    },
    {
      "module": "module.vm[\"11\"]",
      "mode": "data",
      "type": "vsphere_virtual_machine",
      "name": "template",
      "provider": "provider[\"registry.terraform.io/hashicorp/vsphere\"]",
      "instances": [
        {
          "schema_version": 0,
          "attributes": {
            "alternate_guest_name": "",
            "annotation": "",
            "boot_delay": 0,
            "boot_retry_delay": 10000,
            "boot_retry_enabled": false,
            "change_version": "2024-09-05T18:45:01.872822Z",
            "cpu_hot_add_enabled": false,
            "cpu_hot_remove_enabled": false,
            "cpu_limit": -1,
            "cpu_performance_counters_enabled": false,
            "cpu_reservation": 0,
            "cpu_share_count": 2000,
            "cpu_share_level": "normal",
            "datacenter_id": "datacenter-3",
            "default_ip_address": null,
            "disks": [
              {
                "eagerly_scrub": false,
                "label": "Hard disk 1",
                "size": 52,
                "thin_provisioned": true,
                "unit_number": 0
              }
            ],
            "efi_secure_boot_enabled": true,
            "enable_disk_uuid": false,
            "enable_logging": true,
            "ept_rvi_mode": "",
            "extra_config": {},
            "extra_config_reboot_required": true,
            "firmware": "efi",
            "folder": null,
            "guest_id": "rhel8_64Guest",
            "guest_ip_addresses": [],
            "hardware_version": 19,
            "hv_mode": "",
            "id": "423e5a05-501a-d312-1605-9e4dcb02aaae",
            "ide_controller_scan_count": 2,
            "instance_uuid": "503efa85-f341-2098-0b00-d9b65250d877",
            "latency_sensitivity": "normal",
            "memory": 1024,
            "memory_hot_add_enabled": false,
            "memory_limit": -1,
            "memory_reservation": 0,
            "memory_reservation_locked_to_max": false,
            "memory_share_count": 10240,
            "memory_share_level": "normal",
            "moid": "vm-78",
            "name": "linux-rhel-8.7-socle",
            "nested_hv_enabled": false,
            "network_interface_types": [
              "vmxnet3"
            ],
            "network_interfaces": [
              {
                "adapter_type": "vmxnet3",
                "bandwidth_limit": -1,
                "bandwidth_reservation": 0,
                "bandwidth_share_count": 50,
                "bandwidth_share_level": "normal",
                "mac_address": "00:50:56:be:68:9a",
                "network_id": "network-79",
                "physical_function": ""
              }
            ],
            "num_cores_per_socket": 1,
            "num_cpus": 2,
            "replace_trigger": null,
            "run_tools_scripts_after_power_on": true,
            "run_tools_scripts_after_resume": true,
            "run_tools_scripts_before_guest_reboot": false,
            "run_tools_scripts_before_guest_shutdown": true,
            "run_tools_scripts_before_guest_standby": true,
            "sata_controller_scan_count": 0,
            "scsi_bus_sharing": "noSharing",
            "scsi_controller_scan_count": 1,
            "scsi_type": "pvscsi",
            "storage_policy_id": null,
            "swap_placement_policy": "inherit",
            "sync_time_with_host": true,
            "sync_time_with_host_periodically": false,
            "tools_upgrade_policy": "upgradeAtPowerCycle",
            "uuid": "423e5a05-501a-d312-1605-9e4dcb02aaae",
            "vapp": null,
            "vapp_transport": [],
            "vbs_enabled": false,
            "vvtd_enabled": false
          },
          "sensitive_attributes": []
        }
      ]
    },
    {
      "module": "module.vm[\"11\"]",
      "mode": "managed",
      "type": "vsphere_virtual_machine",
      "name": "vm",
      "provider": "provider[\"registry.terraform.io/hashicorp/vsphere\"]",
      "instances": [
        {
          "schema_version": 3,
          "attributes": {
            "alternate_guest_name": "",
            "annotation": "",
            "boot_delay": 0,
            "boot_retry_delay": 10000,
            "boot_retry_enabled": false,
            "cdrom": [],
            "change_version": "2024-09-05T19:01:25.103824Z",
            "clone": [
              {
                "customization_spec": [],
                "customize": [
                  {
                    "dns_server_list": [],
                    "dns_suffix_list": [],
                    "ipv4_gateway": "172.31.49.254",
                    "ipv6_gateway": "",
                    "linux_options": [
                      {
                        "domain": "ms.fcm",
                        "host_name": "it-2-cbf-dovw",
                        "hw_clock_utc": true,
                        "script_text": "",
                        "time_zone": ""
                      }
                    ],
                    "network_interface": [
                      {
                        "dns_domain": "ms.fcm",
                        "dns_server_list": [
                          "172.16.1.240, 172.17.1.240"
                        ],
                        "ipv4_address": "172.31.49.15",
                        "ipv4_netmask": 24,
                        "ipv6_address": "",
                        "ipv6_netmask": 0
                      },
                      {
                        "dns_domain": "",
                        "dns_server_list": [],
                        "ipv4_address": "192.168.101.10",
                        "ipv4_netmask": 24,
                        "ipv6_address": "",
                        "ipv6_netmask": 0
                      },
                      {
                        "dns_domain": "",
                        "dns_server_list": [],
                        "ipv4_address": "192.168.100.10",
                        "ipv4_netmask": 24,
                        "ipv6_address": "",
                        "ipv6_netmask": 0
                      },
                      {
                        "dns_domain": "",
                        "dns_server_list": [],
                        "ipv4_address": "192.168.103.10",
                        "ipv4_netmask": 24,
                        "ipv6_address": "",
                        "ipv6_netmask": 0
                      }
                    ],
                    "timeout": 0,
                    "windows_options": [],
                    "windows_sysprep_text": ""
                  }
                ],
                "linked_clone": false,
                "ovf_network_map": {},
                "ovf_storage_map": {},
                "template_uuid": "423e5a05-501a-d312-1605-9e4dcb02aaae",
                "timeout": 30
              }
            ],
            "cpu_hot_add_enabled": true,
            "cpu_hot_remove_enabled": true,
            "cpu_limit": -1,
            "cpu_performance_counters_enabled": false,
            "cpu_reservation": 0,
            "cpu_share_count": 1000,
            "cpu_share_level": "normal",
            "custom_attributes": {},
            "datacenter_id": null,
            "datastore_cluster_id": null,
            "datastore_id": "datastore-53",
            "default_ip_address": "172.31.49.15",
            "disk": [
              {
                "attach": false,
                "controller_type": "scsi",
                "datastore_id": "datastore-53",
                "device_address": "scsi:0:0",
                "disk_mode": "persistent",
                "disk_sharing": "sharingNone",
                "eagerly_scrub": false,
                "io_limit": -1,
                "io_reservation": 0,
                "io_share_count": 1000,
                "io_share_level": "normal",
                "keep_on_remove": false,
                "key": 2000,
                "label": "disk0",
                "path": "93fcd966-9a09-94c3-c562-043201de0940/it-cbf-dovw-2.vmdk",
                "size": 52,
                "storage_policy_id": "aa6d5a82-1c88-45da-85d3-3d74b91a5bad",
                "thin_provisioned": true,
                "unit_number": 0,
                "uuid": "6000C29a-3838-520e-3a85-f830dc7e167a",
                "write_through": false
              },
              {
                "attach": false,
                "controller_type": "scsi",
                "datastore_id": "datastore-53",
                "device_address": "scsi:0:15",
                "disk_mode": "persistent",
                "disk_sharing": "sharingNone",
                "eagerly_scrub": false,
                "io_limit": -1,
                "io_reservation": 0,
                "io_share_count": 1000,
                "io_share_level": "normal",
                "keep_on_remove": false,
                "key": 2015,
                "label": "disk1",
                "path": "93fcd966-9a09-94c3-c562-043201de0940/it-cbf-dovw-2_1.vmdk",
                "size": 5,
                "storage_policy_id": "aa6d5a82-1c88-45da-85d3-3d74b91a5bad",
                "thin_provisioned": true,
                "unit_number": 14,
                "uuid": "6000C298-70ae-b9fc-fbb3-11b20689df41",
                "write_through": false
              }
            ],
            "efi_secure_boot_enabled": false,
            "enable_disk_uuid": false,
            "enable_logging": false,
            "ept_rvi_mode": "",
            "extra_config": {},
            "extra_config_reboot_required": true,
            "firmware": "efi",
            "folder": "xitg",
            "force_power_off": true,
            "guest_id": "rhel8_64Guest",
            "guest_ip_addresses": [
              "172.31.49.15",
              "fe80::250:56ff:feb7:f305",
              "192.168.101.10",
              "fe80::250:56ff:feb7:70cb",
              "192.168.100.10",
              "fe80::250:56ff:feb7:8e6f",
              "192.168.103.10",
              "fe80::250:56ff:feb7:79b2"
            ],
            "hardware_version": 19,
            "host_system_id": "host-15",
            "hv_mode": "",
            "id": "4237db92-3856-f905-1afd-2e28c25e17fb",
            "ide_controller_count": 2,
            "ignored_guest_ips": null,
            "imported": null,
            "latency_sensitivity": "normal",
            "memory": 2048,
            "memory_hot_add_enabled": true,
            "memory_limit": -1,
            "memory_reservation": 0,
            "memory_reservation_locked_to_max": false,
            "memory_share_count": 20480,
            "memory_share_level": "normal",
            "migrate_wait_timeout": 90,
            "moid": "vm-89",
            "name": "it-cbf-dovw-2",
            "nested_hv_enabled": false,
            "network_interface": [
              {
                "adapter_type": "vmxnet3",
                "bandwidth_limit": -1,
                "bandwidth_reservation": 0,
                "bandwidth_share_count": 50,
                "bandwidth_share_level": "normal",
                "device_address": "pci:0:7",
                "key": 4000,
                "mac_address": "00:50:56:b7:f3:05",
                "network_id": "dvportgroup-69",
                "ovf_mapping": "",
                "physical_function": "",
                "use_static_mac": false
              },
              {
                "adapter_type": "vmxnet3",
                "bandwidth_limit": -1,
                "bandwidth_reservation": 0,
                "bandwidth_share_count": 50,
                "bandwidth_share_level": "normal",
                "device_address": "pci:0:8",
                "key": 4001,
                "mac_address": "00:50:56:b7:70:cb",
                "network_id": "dvportgroup-67",
                "ovf_mapping": "",
                "physical_function": "",
                "use_static_mac": false
              },
              {
                "adapter_type": "vmxnet3",
                "bandwidth_limit": -1,
                "bandwidth_reservation": 0,
                "bandwidth_share_count": 50,
                "bandwidth_share_level": "normal",
                "device_address": "pci:0:9",
                "key": 4002,
                "mac_address": "00:50:56:b7:8e:6f",
                "network_id": "dvportgroup-64",
                "ovf_mapping": "",
                "physical_function": "",
                "use_static_mac": false
              },
              {
                "adapter_type": "vmxnet3",
                "bandwidth_limit": -1,
                "bandwidth_reservation": 0,
                "bandwidth_share_count": 50,
                "bandwidth_share_level": "normal",
                "device_address": "pci:0:10",
                "key": 4003,
                "mac_address": "00:50:56:b7:79:b2",
                "network_id": "dvportgroup-72",
                "ovf_mapping": "",
                "physical_function": "",
                "use_static_mac": false
              }
            ],
            "num_cores_per_socket": 1,
            "num_cpus": 1,
            "ovf_deploy": [],
            "pci_device_id": [],
            "power_state": "on",
            "poweron_timeout": 300,
            "reboot_required": false,
            "replace_trigger": null,
            "resource_pool_id": "resgroup-73",
            "run_tools_scripts_after_power_on": true,
            "run_tools_scripts_after_resume": true,
            "run_tools_scripts_before_guest_reboot": false,
            "run_tools_scripts_before_guest_shutdown": true,
            "run_tools_scripts_before_guest_standby": true,
            "sata_controller_count": 0,
            "scsi_bus_sharing": "noSharing",
            "scsi_controller_count": 1,
            "scsi_type": "pvscsi",
            "shutdown_wait_timeout": 3,
            "storage_policy_id": "aa6d5a82-1c88-45da-85d3-3d74b91a5bad",
            "swap_placement_policy": "inherit",
            "sync_time_with_host": true,
            "sync_time_with_host_periodically": false,
            "tags": [],
            "tools_upgrade_policy": "manual",
            "uuid": "4237db92-3856-f905-1afd-2e28c25e17fb",
            "vapp": [],
            "vapp_transport": [],
            "vbs_enabled": false,
            "vmware_tools_status": "guestToolsRunning",
            "vmx_path": "93fcd966-9a09-94c3-c562-043201de0940/it-cbf-dovw-2.vmx",
            "vvtd_enabled": false,
            "wait_for_guest_ip_timeout": 300,
            "wait_for_guest_net_routable": false,
            "wait_for_guest_net_timeout": 300
          },
          "sensitive_attributes": [],
          "private": "eyJzY2hlbWFfdmVyc2lvbiI6IjMifQ==",
          "dependencies": [
            "module.vm.data.vsphere_datacenter.dc",
            "module.vm.data.vsphere_datastore.datastore",
            "module.vm.data.vsphere_network.network1",
            "module.vm.data.vsphere_network.network2",
            "module.vm.data.vsphere_network.network3",
            "module.vm.data.vsphere_network.network4",
            "module.vm.data.vsphere_resource_pool.rpool",
            "module.vm.data.vsphere_virtual_machine.template"
          ]
        }
      ]
    },
    {
      "module": "module.vm[\"12\"]",
      "mode": "data",
      "type": "vsphere_compute_cluster",
      "name": "cluster",
      "provider": "provider[\"registry.terraform.io/hashicorp/vsphere\"]",
      "instances": [
        {
          "schema_version": 0,
          "attributes": {
            "datacenter_id": "datacenter-3",
            "id": "domain-c39",
            "name": "cyberfiltre",
            "resource_pool_id": "resgroup-40"
          },
          "sensitive_attributes": []
        }
      ]
    },
    {
      "module": "module.vm[\"12\"]",
      "mode": "data",
      "type": "vsphere_datacenter",
      "name": "dc",
      "provider": "provider[\"registry.terraform.io/hashicorp/vsphere\"]",
      "instances": [
        {
          "schema_version": 0,
          "attributes": {
            "id": "datacenter-3",
            "name": "cyberfiltre"
          },
          "sensitive_attributes": []
        }
      ]
    },
    {
      "module": "module.vm[\"12\"]",
      "mode": "data",
      "type": "vsphere_datastore",
      "name": "datastore",
      "provider": "provider[\"registry.terraform.io/hashicorp/vsphere\"]",
      "instances": [
        {
          "schema_version": 0,
          "attributes": {
            "datacenter_id": "datacenter-3",
            "id": "datastore-53",
            "name": "vsanDatastore",
            "stats": {
              "capacity": "13442652045312",
              "free": "12742531355772"
            }
          },
          "sensitive_attributes": []
        }
      ]
    },
    {
      "module": "module.vm[\"12\"]",
      "mode": "data",
      "type": "vsphere_network",
      "name": "network1",
      "provider": "provider[\"registry.terraform.io/hashicorp/vsphere\"]",
      "instances": [
        {
          "schema_version": 0,
          "attributes": {
            "datacenter_id": "datacenter-3",
            "distributed_virtual_switch_uuid": null,
            "id": "dvportgroup-69",
            "name": "580",
            "type": "DistributedVirtualPortgroup"
          },
          "sensitive_attributes": []
        }
      ]
    },
    {
      "module": "module.vm[\"12\"]",
      "mode": "data",
      "type": "vsphere_network",
      "name": "network2",
      "provider": "provider[\"registry.terraform.io/hashicorp/vsphere\"]",
      "instances": [
        {
          "schema_version": 0,
          "attributes": {
            "datacenter_id": "datacenter-3",
            "distributed_virtual_switch_uuid": null,
            "id": "dvportgroup-67",
            "name": "584",
            "type": "DistributedVirtualPortgroup"
          },
          "sensitive_attributes": []
        }
      ]
    },
    {
      "module": "module.vm[\"12\"]",
      "mode": "data",
      "type": "vsphere_network",
      "name": "network3",
      "provider": "provider[\"registry.terraform.io/hashicorp/vsphere\"]",
      "instances": [
        {
          "schema_version": 0,
          "attributes": {
            "datacenter_id": "datacenter-3",
            "distributed_virtual_switch_uuid": null,
            "id": "network-80",
            "name": "none",
            "type": "Network"
          },
          "sensitive_attributes": []
        }
      ]
    },
    {
      "module": "module.vm[\"12\"]",
      "mode": "data",
      "type": "vsphere_network",
      "name": "network4",
      "provider": "provider[\"registry.terraform.io/hashicorp/vsphere\"]",
      "instances": [
        {
          "schema_version": 0,
          "attributes": {
            "datacenter_id": "datacenter-3",
            "distributed_virtual_switch_uuid": null,
            "id": "network-80",
            "name": "none",
            "type": "Network"
          },
          "sensitive_attributes": []
        }
      ]
    },
    {
      "module": "module.vm[\"12\"]",
      "mode": "data",
      "type": "vsphere_resource_pool",
      "name": "rpool",
      "provider": "provider[\"registry.terraform.io/hashicorp/vsphere\"]",
      "instances": [
        {
          "schema_version": 0,
          "attributes": {
            "datacenter_id": "datacenter-3",
            "id": "resgroup-73",
            "name": "/cyberfiltre/host/cyberfiltre/Resources/xitg"
          },
          "sensitive_attributes": []
        }
      ]
    },
    {
      "module": "module.vm[\"12\"]",
      "mode": "data",
      "type": "vsphere_virtual_machine",
      "name": "template",
      "provider": "provider[\"registry.terraform.io/hashicorp/vsphere\"]",
      "instances": [
        {
          "schema_version": 0,
          "attributes": {
            "alternate_guest_name": "",
            "annotation": "",
            "boot_delay": 0,
            "boot_retry_delay": 10000,
            "boot_retry_enabled": false,
            "change_version": "2024-09-05T18:45:01.872822Z",
            "cpu_hot_add_enabled": false,
            "cpu_hot_remove_enabled": false,
            "cpu_limit": -1,
            "cpu_performance_counters_enabled": false,
            "cpu_reservation": 0,
            "cpu_share_count": 2000,
            "cpu_share_level": "normal",
            "datacenter_id": "datacenter-3",
            "default_ip_address": null,
            "disks": [
              {
                "eagerly_scrub": false,
                "label": "Hard disk 1",
                "size": 52,
                "thin_provisioned": true,
                "unit_number": 0
              }
            ],
            "efi_secure_boot_enabled": true,
            "enable_disk_uuid": false,
            "enable_logging": true,
            "ept_rvi_mode": "",
            "extra_config": {},
            "extra_config_reboot_required": true,
            "firmware": "efi",
            "folder": null,
            "guest_id": "rhel8_64Guest",
            "guest_ip_addresses": [],
            "hardware_version": 19,
            "hv_mode": "",
            "id": "423e5a05-501a-d312-1605-9e4dcb02aaae",
            "ide_controller_scan_count": 2,
            "instance_uuid": "503efa85-f341-2098-0b00-d9b65250d877",
            "latency_sensitivity": "normal",
            "memory": 1024,
            "memory_hot_add_enabled": false,
            "memory_limit": -1,
            "memory_reservation": 0,
            "memory_reservation_locked_to_max": false,
            "memory_share_count": 10240,
            "memory_share_level": "normal",
            "moid": "vm-78",
            "name": "linux-rhel-8.7-socle",
            "nested_hv_enabled": false,
            "network_interface_types": [
              "vmxnet3"
            ],
            "network_interfaces": [
              {
                "adapter_type": "vmxnet3",
                "bandwidth_limit": -1,
                "bandwidth_reservation": 0,
                "bandwidth_share_count": 50,
                "bandwidth_share_level": "normal",
                "mac_address": "00:50:56:be:68:9a",
                "network_id": "network-79",
                "physical_function": ""
              }
            ],
            "num_cores_per_socket": 1,
            "num_cpus": 2,
            "replace_trigger": null,
            "run_tools_scripts_after_power_on": true,
            "run_tools_scripts_after_resume": true,
            "run_tools_scripts_before_guest_reboot": false,
            "run_tools_scripts_before_guest_shutdown": true,
            "run_tools_scripts_before_guest_standby": true,
            "sata_controller_scan_count": 0,
            "scsi_bus_sharing": "noSharing",
            "scsi_controller_scan_count": 1,
            "scsi_type": "pvscsi",
            "storage_policy_id": null,
            "swap_placement_policy": "inherit",
            "sync_time_with_host": true,
            "sync_time_with_host_periodically": false,
            "tools_upgrade_policy": "upgradeAtPowerCycle",
            "uuid": "423e5a05-501a-d312-1605-9e4dcb02aaae",
            "vapp": null,
            "vapp_transport": [],
            "vbs_enabled": false,
            "vvtd_enabled": false
          },
          "sensitive_attributes": []
        }
      ]
    },
    {
      "module": "module.vm[\"12\"]",
      "mode": "managed",
      "type": "vsphere_virtual_machine",
      "name": "vm",
      "provider": "provider[\"registry.terraform.io/hashicorp/vsphere\"]",
      "instances": [
        {
          "schema_version": 3,
          "attributes": {
            "alternate_guest_name": "",
            "annotation": "",
            "boot_delay": 0,
            "boot_retry_delay": 10000,
            "boot_retry_enabled": false,
            "cdrom": [],
            "change_version": "2024-09-05T19:26:59.401293Z",
            "clone": [
              {
                "customization_spec": [],
                "customize": [
                  {
                    "dns_server_list": [],
                    "dns_suffix_list": [],
                    "ipv4_gateway": "172.31.49.254",
                    "ipv6_gateway": "",
                    "linux_options": [
                      {
                        "domain": "ms.fcm",
                        "host_name": "it-1-cbf-mdbdov",
                        "hw_clock_utc": true,
                        "script_text": "",
                        "time_zone": ""
                      }
                    ],
                    "network_interface": [
                      {
                        "dns_domain": "ms.fcm",
                        "dns_server_list": [
                          "172.16.1.240, 172.17.1.240"
                        ],
                        "ipv4_address": "172.31.49.16",
                        "ipv4_netmask": 24,
                        "ipv6_address": "",
                        "ipv6_netmask": 0
                      },
                      {
                        "dns_domain": "",
                        "dns_server_list": [],
                        "ipv4_address": "192.168.101.11",
                        "ipv4_netmask": 24,
                        "ipv6_address": "",
                        "ipv6_netmask": 0
                      }
                    ],
                    "timeout": 0,
                    "windows_options": [],
                    "windows_sysprep_text": ""
                  }
                ],
                "linked_clone": false,
                "ovf_network_map": {},
                "ovf_storage_map": {},
                "template_uuid": "423e5a05-501a-d312-1605-9e4dcb02aaae",
                "timeout": 30
              }
            ],
            "cpu_hot_add_enabled": true,
            "cpu_hot_remove_enabled": true,
            "cpu_limit": -1,
            "cpu_performance_counters_enabled": false,
            "cpu_reservation": 0,
            "cpu_share_count": 1000,
            "cpu_share_level": "normal",
            "custom_attributes": {},
            "datacenter_id": null,
            "datastore_cluster_id": null,
            "datastore_id": "datastore-53",
            "default_ip_address": "172.31.49.16",
            "disk": [
              {
                "attach": false,
                "controller_type": "scsi",
                "datastore_id": "datastore-53",
                "device_address": "scsi:0:0",
                "disk_mode": "persistent",
                "disk_sharing": "sharingNone",
                "eagerly_scrub": false,
                "io_limit": -1,
                "io_reservation": 0,
                "io_share_count": 1000,
                "io_share_level": "normal",
                "keep_on_remove": false,
                "key": 2000,
                "label": "disk0",
                "path": "a802da66-e6fe-52a9-6e49-043201de0940/it-cbf-mdbdov-1.vmdk",
                "size": 52,
                "storage_policy_id": "aa6d5a82-1c88-45da-85d3-3d74b91a5bad",
                "thin_provisioned": true,
                "unit_number": 0,
                "uuid": "6000C293-6d7f-6c68-30e7-588db30e0480",
                "write_through": false
              },
              {
                "attach": false,
                "controller_type": "scsi",
                "datastore_id": "datastore-53",
                "device_address": "scsi:0:15",
                "disk_mode": "persistent",
                "disk_sharing": "sharingNone",
                "eagerly_scrub": false,
                "io_limit": -1,
                "io_reservation": 0,
                "io_share_count": 1000,
                "io_share_level": "normal",
                "keep_on_remove": false,
                "key": 2015,
                "label": "disk1",
                "path": "a802da66-e6fe-52a9-6e49-043201de0940/it-cbf-mdbdov-1_1.vmdk",
                "size": 5,
                "storage_policy_id": "aa6d5a82-1c88-45da-85d3-3d74b91a5bad",
                "thin_provisioned": true,
                "unit_number": 14,
                "uuid": "6000C293-618d-a9fa-e7be-34252ce3b2bc",
                "write_through": false
              }
            ],
            "efi_secure_boot_enabled": false,
            "enable_disk_uuid": false,
            "enable_logging": false,
            "ept_rvi_mode": "",
            "extra_config": {},
            "extra_config_reboot_required": true,
            "firmware": "efi",
            "folder": "xitg",
            "force_power_off": true,
            "guest_id": "rhel8_64Guest",
            "guest_ip_addresses": [
              "172.31.49.16",
              "fe80::250:56ff:feb7:f1da",
              "192.168.101.11",
              "fe80::250:56ff:feb7:e2cf"
            ],
            "hardware_version": 19,
            "host_system_id": "host-41",
            "hv_mode": "",
            "id": "4237f6a2-a94b-31a9-9336-b1757d9279ca",
            "ide_controller_count": 2,
            "ignored_guest_ips": null,
            "imported": null,
            "latency_sensitivity": "normal",
            "memory": 2048,
            "memory_hot_add_enabled": true,
            "memory_limit": -1,
            "memory_reservation": 0,
            "memory_reservation_locked_to_max": false,
            "memory_share_count": 20480,
            "memory_share_level": "normal",
            "migrate_wait_timeout": 90,
            "moid": "vm-102",
            "name": "it-cbf-mdbdov-1",
            "nested_hv_enabled": false,
            "network_interface": [
              {
                "adapter_type": "vmxnet3",
                "bandwidth_limit": -1,
                "bandwidth_reservation": 0,
                "bandwidth_share_count": 50,
                "bandwidth_share_level": "normal",
                "device_address": "pci:0:7",
                "key": 4000,
                "mac_address": "00:50:56:b7:f1:da",
                "network_id": "dvportgroup-69",
                "ovf_mapping": "",
                "physical_function": "",
                "use_static_mac": false
              },
              {
                "adapter_type": "vmxnet3",
                "bandwidth_limit": -1,
                "bandwidth_reservation": 0,
                "bandwidth_share_count": 50,
                "bandwidth_share_level": "normal",
                "device_address": "pci:0:8",
                "key": 4001,
                "mac_address": "00:50:56:b7:e2:cf",
                "network_id": "dvportgroup-67",
                "ovf_mapping": "",
                "physical_function": "",
                "use_static_mac": false
              }
            ],
            "num_cores_per_socket": 1,
            "num_cpus": 1,
            "ovf_deploy": [],
            "pci_device_id": [],
            "power_state": "on",
            "poweron_timeout": 300,
            "reboot_required": false,
            "replace_trigger": null,
            "resource_pool_id": "resgroup-73",
            "run_tools_scripts_after_power_on": true,
            "run_tools_scripts_after_resume": true,
            "run_tools_scripts_before_guest_reboot": false,
            "run_tools_scripts_before_guest_shutdown": true,
            "run_tools_scripts_before_guest_standby": true,
            "sata_controller_count": 0,
            "scsi_bus_sharing": "noSharing",
            "scsi_controller_count": 1,
            "scsi_type": "pvscsi",
            "shutdown_wait_timeout": 3,
            "storage_policy_id": "aa6d5a82-1c88-45da-85d3-3d74b91a5bad",
            "swap_placement_policy": "inherit",
            "sync_time_with_host": true,
            "sync_time_with_host_periodically": false,
            "tags": [],
            "tools_upgrade_policy": "manual",
            "uuid": "4237f6a2-a94b-31a9-9336-b1757d9279ca",
            "vapp": [],
            "vapp_transport": [],
            "vbs_enabled": false,
            "vmware_tools_status": "guestToolsRunning",
            "vmx_path": "a802da66-e6fe-52a9-6e49-043201de0940/it-cbf-mdbdov-1.vmx",
            "vvtd_enabled": false,
            "wait_for_guest_ip_timeout": 300,
            "wait_for_guest_net_routable": false,
            "wait_for_guest_net_timeout": 300
          },
          "sensitive_attributes": [],
          "private": "eyJzY2hlbWFfdmVyc2lvbiI6IjMifQ==",
          "dependencies": [
            "module.vm.data.vsphere_datacenter.dc",
            "module.vm.data.vsphere_datastore.datastore",
            "module.vm.data.vsphere_network.network1",
            "module.vm.data.vsphere_network.network2",
            "module.vm.data.vsphere_network.network3",
            "module.vm.data.vsphere_network.network4",
            "module.vm.data.vsphere_resource_pool.rpool",
            "module.vm.data.vsphere_virtual_machine.template"
          ]
        }
      ]
    },
    {
      "module": "module.vm[\"13\"]",
      "mode": "data",
      "type": "vsphere_compute_cluster",
      "name": "cluster",
      "provider": "provider[\"registry.terraform.io/hashicorp/vsphere\"]",
      "instances": [
        {
          "schema_version": 0,
          "attributes": {
            "datacenter_id": "datacenter-3",
            "id": "domain-c39",
            "name": "cyberfiltre",
            "resource_pool_id": "resgroup-40"
          },
          "sensitive_attributes": []
        }
      ]
    },
    {
      "module": "module.vm[\"13\"]",
      "mode": "data",
      "type": "vsphere_datacenter",
      "name": "dc",
      "provider": "provider[\"registry.terraform.io/hashicorp/vsphere\"]",
      "instances": [
        {
          "schema_version": 0,
          "attributes": {
            "id": "datacenter-3",
            "name": "cyberfiltre"
          },
          "sensitive_attributes": []
        }
      ]
    },
    {
      "module": "module.vm[\"13\"]",
      "mode": "data",
      "type": "vsphere_datastore",
      "name": "datastore",
      "provider": "provider[\"registry.terraform.io/hashicorp/vsphere\"]",
      "instances": [
        {
          "schema_version": 0,
          "attributes": {
            "datacenter_id": "datacenter-3",
            "id": "datastore-53",
            "name": "vsanDatastore",
            "stats": {
              "capacity": "13442652045312",
              "free": "12742531355772"
            }
          },
          "sensitive_attributes": []
        }
      ]
    },
    {
      "module": "module.vm[\"13\"]",
      "mode": "data",
      "type": "vsphere_network",
      "name": "network1",
      "provider": "provider[\"registry.terraform.io/hashicorp/vsphere\"]",
      "instances": [
        {
          "schema_version": 0,
          "attributes": {
            "datacenter_id": "datacenter-3",
            "distributed_virtual_switch_uuid": null,
            "id": "dvportgroup-69",
            "name": "580",
            "type": "DistributedVirtualPortgroup"
          },
          "sensitive_attributes": []
        }
      ]
    },
    {
      "module": "module.vm[\"13\"]",
      "mode": "data",
      "type": "vsphere_network",
      "name": "network2",
      "provider": "provider[\"registry.terraform.io/hashicorp/vsphere\"]",
      "instances": [
        {
          "schema_version": 0,
          "attributes": {
            "datacenter_id": "datacenter-3",
            "distributed_virtual_switch_uuid": null,
            "id": "dvportgroup-67",
            "name": "584",
            "type": "DistributedVirtualPortgroup"
          },
          "sensitive_attributes": []
        }
      ]
    },
    {
      "module": "module.vm[\"13\"]",
      "mode": "data",
      "type": "vsphere_network",
      "name": "network3",
      "provider": "provider[\"registry.terraform.io/hashicorp/vsphere\"]",
      "instances": [
        {
          "schema_version": 0,
          "attributes": {
            "datacenter_id": "datacenter-3",
            "distributed_virtual_switch_uuid": null,
            "id": "dvportgroup-64",
            "name": "586",
            "type": "DistributedVirtualPortgroup"
          },
          "sensitive_attributes": []
        }
      ]
    },
    {
      "module": "module.vm[\"13\"]",
      "mode": "data",
      "type": "vsphere_network",
      "name": "network4",
      "provider": "provider[\"registry.terraform.io/hashicorp/vsphere\"]",
      "instances": [
        {
          "schema_version": 0,
          "attributes": {
            "datacenter_id": "datacenter-3",
            "distributed_virtual_switch_uuid": null,
            "id": "dvportgroup-63",
            "name": "881",
            "type": "DistributedVirtualPortgroup"
          },
          "sensitive_attributes": []
        }
      ]
    },
    {
      "module": "module.vm[\"13\"]",
      "mode": "data",
      "type": "vsphere_resource_pool",
      "name": "rpool",
      "provider": "provider[\"registry.terraform.io/hashicorp/vsphere\"]",
      "instances": [
        {
          "schema_version": 0,
          "attributes": {
            "datacenter_id": "datacenter-3",
            "id": "resgroup-73",
            "name": "/cyberfiltre/host/cyberfiltre/Resources/xitg"
          },
          "sensitive_attributes": []
        }
      ]
    },
    {
      "module": "module.vm[\"13\"]",
      "mode": "data",
      "type": "vsphere_virtual_machine",
      "name": "template",
      "provider": "provider[\"registry.terraform.io/hashicorp/vsphere\"]",
      "instances": [
        {
          "schema_version": 0,
          "attributes": {
            "alternate_guest_name": "",
            "annotation": "",
            "boot_delay": 0,
            "boot_retry_delay": 10000,
            "boot_retry_enabled": false,
            "change_version": "2024-09-05T18:45:01.872822Z",
            "cpu_hot_add_enabled": false,
            "cpu_hot_remove_enabled": false,
            "cpu_limit": -1,
            "cpu_performance_counters_enabled": false,
            "cpu_reservation": 0,
            "cpu_share_count": 2000,
            "cpu_share_level": "normal",
            "datacenter_id": "datacenter-3",
            "default_ip_address": null,
            "disks": [
              {
                "eagerly_scrub": false,
                "label": "Hard disk 1",
                "size": 52,
                "thin_provisioned": true,
                "unit_number": 0
              }
            ],
            "efi_secure_boot_enabled": true,
            "enable_disk_uuid": false,
            "enable_logging": true,
            "ept_rvi_mode": "",
            "extra_config": {},
            "extra_config_reboot_required": true,
            "firmware": "efi",
            "folder": null,
            "guest_id": "rhel8_64Guest",
            "guest_ip_addresses": [],
            "hardware_version": 19,
            "hv_mode": "",
            "id": "423e5a05-501a-d312-1605-9e4dcb02aaae",
            "ide_controller_scan_count": 2,
            "instance_uuid": "503efa85-f341-2098-0b00-d9b65250d877",
            "latency_sensitivity": "normal",
            "memory": 1024,
            "memory_hot_add_enabled": false,
            "memory_limit": -1,
            "memory_reservation": 0,
            "memory_reservation_locked_to_max": false,
            "memory_share_count": 10240,
            "memory_share_level": "normal",
            "moid": "vm-78",
            "name": "linux-rhel-8.7-socle",
            "nested_hv_enabled": false,
            "network_interface_types": [
              "vmxnet3"
            ],
            "network_interfaces": [
              {
                "adapter_type": "vmxnet3",
                "bandwidth_limit": -1,
                "bandwidth_reservation": 0,
                "bandwidth_share_count": 50,
                "bandwidth_share_level": "normal",
                "mac_address": "00:50:56:be:68:9a",
                "network_id": "network-79",
                "physical_function": ""
              }
            ],
            "num_cores_per_socket": 1,
            "num_cpus": 2,
            "replace_trigger": null,
            "run_tools_scripts_after_power_on": true,
            "run_tools_scripts_after_resume": true,
            "run_tools_scripts_before_guest_reboot": false,
            "run_tools_scripts_before_guest_shutdown": true,
            "run_tools_scripts_before_guest_standby": true,
            "sata_controller_scan_count": 0,
            "scsi_bus_sharing": "noSharing",
            "scsi_controller_scan_count": 1,
            "scsi_type": "pvscsi",
            "storage_policy_id": null,
            "swap_placement_policy": "inherit",
            "sync_time_with_host": true,
            "sync_time_with_host_periodically": false,
            "tools_upgrade_policy": "upgradeAtPowerCycle",
            "uuid": "423e5a05-501a-d312-1605-9e4dcb02aaae",
            "vapp": null,
            "vapp_transport": [],
            "vbs_enabled": false,
            "vvtd_enabled": false
          },
          "sensitive_attributes": []
        }
      ]
    },
    {
      "module": "module.vm[\"13\"]",
      "mode": "managed",
      "type": "vsphere_virtual_machine",
      "name": "vm",
      "provider": "provider[\"registry.terraform.io/hashicorp/vsphere\"]",
      "instances": [
        {
          "schema_version": 3,
          "attributes": {
            "alternate_guest_name": "",
            "annotation": "",
            "boot_delay": 0,
            "boot_retry_delay": 10000,
            "boot_retry_enabled": false,
            "cdrom": [],
            "change_version": "2024-09-05T19:11:44.964796Z",
            "clone": [
              {
                "customization_spec": [],
                "customize": [
                  {
                    "dns_server_list": [],
                    "dns_suffix_list": [],
                    "ipv4_gateway": "172.31.49.254",
                    "ipv6_gateway": "",
                    "linux_options": [
                      {
                        "domain": "ms.fcm",
                        "host_name": "it-1-cbf-spdov",
                        "hw_clock_utc": true,
                        "script_text": "",
                        "time_zone": ""
                      }
                    ],
                    "network_interface": [
                      {
                        "dns_domain": "ms.fcm",
                        "dns_server_list": [
                          "172.16.1.240, 172.17.1.240"
                        ],
                        "ipv4_address": "172.31.49.18",
                        "ipv4_netmask": 24,
                        "ipv6_address": "",
                        "ipv6_netmask": 0
                      },
                      {
                        "dns_domain": "",
                        "dns_server_list": [],
                        "ipv4_address": "192.168.101.13",
                        "ipv4_netmask": 24,
                        "ipv6_address": "",
                        "ipv6_netmask": 0
                      },
                      {
                        "dns_domain": "",
                        "dns_server_list": [],
                        "ipv4_address": "192.168.100.13",
                        "ipv4_netmask": 24,
                        "ipv6_address": "",
                        "ipv6_netmask": 0
                      },
                      {
                        "dns_domain": "",
                        "dns_server_list": [],
                        "ipv4_address": "172.25.109.13",
                        "ipv4_netmask": 24,
                        "ipv6_address": "",
                        "ipv6_netmask": 0
                      }
                    ],
                    "timeout": 0,
                    "windows_options": [],
                    "windows_sysprep_text": ""
                  }
                ],
                "linked_clone": false,
                "ovf_network_map": {},
                "ovf_storage_map": {},
                "template_uuid": "423e5a05-501a-d312-1605-9e4dcb02aaae",
                "timeout": 30
              }
            ],
            "cpu_hot_add_enabled": true,
            "cpu_hot_remove_enabled": true,
            "cpu_limit": -1,
            "cpu_performance_counters_enabled": false,
            "cpu_reservation": 0,
            "cpu_share_count": 1000,
            "cpu_share_level": "normal",
            "custom_attributes": {},
            "datacenter_id": null,
            "datastore_cluster_id": null,
            "datastore_id": "datastore-53",
            "default_ip_address": "172.31.49.18",
            "disk": [
              {
                "attach": false,
                "controller_type": "scsi",
                "datastore_id": "datastore-53",
                "device_address": "scsi:0:0",
                "disk_mode": "persistent",
                "disk_sharing": "sharingNone",
                "eagerly_scrub": false,
                "io_limit": -1,
                "io_reservation": 0,
                "io_share_count": 1000,
                "io_share_level": "normal",
                "keep_on_remove": false,
                "key": 2000,
                "label": "disk0",
                "path": "1300da66-fc19-a60f-5f09-043201dde7f0/it-cbf-spdov-1.vmdk",
                "size": 52,
                "storage_policy_id": "aa6d5a82-1c88-45da-85d3-3d74b91a5bad",
                "thin_provisioned": true,
                "unit_number": 0,
                "uuid": "6000C296-377e-4c5e-4ce9-6597c1bbc0a1",
                "write_through": false
              },
              {
                "attach": false,
                "controller_type": "scsi",
                "datastore_id": "datastore-53",
                "device_address": "scsi:0:15",
                "disk_mode": "persistent",
                "disk_sharing": "sharingNone",
                "eagerly_scrub": false,
                "io_limit": -1,
                "io_reservation": 0,
                "io_share_count": 1000,
                "io_share_level": "normal",
                "keep_on_remove": false,
                "key": 2015,
                "label": "disk1",
                "path": "1300da66-fc19-a60f-5f09-043201dde7f0/it-cbf-spdov-1_1.vmdk",
                "size": 5,
                "storage_policy_id": "aa6d5a82-1c88-45da-85d3-3d74b91a5bad",
                "thin_provisioned": true,
                "unit_number": 14,
                "uuid": "6000C295-8c44-4774-0701-373f1630df02",
                "write_through": false
              }
            ],
            "efi_secure_boot_enabled": false,
            "enable_disk_uuid": false,
            "enable_logging": false,
            "ept_rvi_mode": "",
            "extra_config": {},
            "extra_config_reboot_required": true,
            "firmware": "efi",
            "folder": "xitg",
            "force_power_off": true,
            "guest_id": "rhel8_64Guest",
            "guest_ip_addresses": [
              "172.31.49.18",
              "fe80::250:56ff:feb7:ed2e",
              "192.168.101.13",
              "fe80::250:56ff:feb7:e076",
              "192.168.100.13",
              "fe80::250:56ff:feb7:9060",
              "172.25.109.13",
              "fe80::250:56ff:feb7:52b5"
            ],
            "hardware_version": 19,
            "host_system_id": "host-41",
            "hv_mode": "",
            "id": "423753f1-1f50-dc78-4efc-84ecf0f049fa",
            "ide_controller_count": 2,
            "ignored_guest_ips": null,
            "imported": null,
            "latency_sensitivity": "normal",
            "memory": 1024,
            "memory_hot_add_enabled": true,
            "memory_limit": -1,
            "memory_reservation": 0,
            "memory_reservation_locked_to_max": false,
            "memory_share_count": 10240,
            "memory_share_level": "normal",
            "migrate_wait_timeout": 90,
            "moid": "vm-93",
            "name": "it-cbf-spdov-1",
            "nested_hv_enabled": false,
            "network_interface": [
              {
                "adapter_type": "vmxnet3",
                "bandwidth_limit": -1,
                "bandwidth_reservation": 0,
                "bandwidth_share_count": 50,
                "bandwidth_share_level": "normal",
                "device_address": "pci:0:7",
                "key": 4000,
                "mac_address": "00:50:56:b7:ed:2e",
                "network_id": "dvportgroup-69",
                "ovf_mapping": "",
                "physical_function": "",
                "use_static_mac": false
              },
              {
                "adapter_type": "vmxnet3",
                "bandwidth_limit": -1,
                "bandwidth_reservation": 0,
                "bandwidth_share_count": 50,
                "bandwidth_share_level": "normal",
                "device_address": "pci:0:8",
                "key": 4001,
                "mac_address": "00:50:56:b7:e0:76",
                "network_id": "dvportgroup-67",
                "ovf_mapping": "",
                "physical_function": "",
                "use_static_mac": false
              },
              {
                "adapter_type": "vmxnet3",
                "bandwidth_limit": -1,
                "bandwidth_reservation": 0,
                "bandwidth_share_count": 50,
                "bandwidth_share_level": "normal",
                "device_address": "pci:0:9",
                "key": 4002,
                "mac_address": "00:50:56:b7:90:60",
                "network_id": "dvportgroup-64",
                "ovf_mapping": "",
                "physical_function": "",
                "use_static_mac": false
              },
              {
                "adapter_type": "vmxnet3",
                "bandwidth_limit": -1,
                "bandwidth_reservation": 0,
                "bandwidth_share_count": 50,
                "bandwidth_share_level": "normal",
                "device_address": "pci:0:10",
                "key": 4003,
                "mac_address": "00:50:56:b7:52:b5",
                "network_id": "dvportgroup-63",
                "ovf_mapping": "",
                "physical_function": "",
                "use_static_mac": false
              }
            ],
            "num_cores_per_socket": 1,
            "num_cpus": 1,
            "ovf_deploy": [],
            "pci_device_id": [],
            "power_state": "on",
            "poweron_timeout": 300,
            "reboot_required": false,
            "replace_trigger": null,
            "resource_pool_id": "resgroup-73",
            "run_tools_scripts_after_power_on": true,
            "run_tools_scripts_after_resume": true,
            "run_tools_scripts_before_guest_reboot": false,
            "run_tools_scripts_before_guest_shutdown": true,
            "run_tools_scripts_before_guest_standby": true,
            "sata_controller_count": 0,
            "scsi_bus_sharing": "noSharing",
            "scsi_controller_count": 1,
            "scsi_type": "pvscsi",
            "shutdown_wait_timeout": 3,
            "storage_policy_id": "aa6d5a82-1c88-45da-85d3-3d74b91a5bad",
            "swap_placement_policy": "inherit",
            "sync_time_with_host": true,
            "sync_time_with_host_periodically": false,
            "tags": [],
            "tools_upgrade_policy": "manual",
            "uuid": "423753f1-1f50-dc78-4efc-84ecf0f049fa",
            "vapp": [],
            "vapp_transport": [],
            "vbs_enabled": false,
            "vmware_tools_status": "guestToolsRunning",
            "vmx_path": "1300da66-fc19-a60f-5f09-043201dde7f0/it-cbf-spdov-1.vmx",
            "vvtd_enabled": false,
            "wait_for_guest_ip_timeout": 300,
            "wait_for_guest_net_routable": false,
            "wait_for_guest_net_timeout": 300
          },
          "sensitive_attributes": [],
          "private": "eyJzY2hlbWFfdmVyc2lvbiI6IjMifQ==",
          "dependencies": [
            "module.vm.data.vsphere_datacenter.dc",
            "module.vm.data.vsphere_datastore.datastore",
            "module.vm.data.vsphere_network.network1",
            "module.vm.data.vsphere_network.network2",
            "module.vm.data.vsphere_network.network3",
            "module.vm.data.vsphere_network.network4",
            "module.vm.data.vsphere_resource_pool.rpool",
            "module.vm.data.vsphere_virtual_machine.template"
          ]
        }
      ]
    },
    {
      "module": "module.vm[\"14\"]",
      "mode": "data",
      "type": "vsphere_compute_cluster",
      "name": "cluster",
      "provider": "provider[\"registry.terraform.io/hashicorp/vsphere\"]",
      "instances": [
        {
          "schema_version": 0,
          "attributes": {
            "datacenter_id": "datacenter-3",
            "id": "domain-c39",
            "name": "cyberfiltre",
            "resource_pool_id": "resgroup-40"
          },
          "sensitive_attributes": []
        }
      ]
    },
    {
      "module": "module.vm[\"14\"]",
      "mode": "data",
      "type": "vsphere_datacenter",
      "name": "dc",
      "provider": "provider[\"registry.terraform.io/hashicorp/vsphere\"]",
      "instances": [
        {
          "schema_version": 0,
          "attributes": {
            "id": "datacenter-3",
            "name": "cyberfiltre"
          },
          "sensitive_attributes": []
        }
      ]
    },
    {
      "module": "module.vm[\"14\"]",
      "mode": "data",
      "type": "vsphere_datastore",
      "name": "datastore",
      "provider": "provider[\"registry.terraform.io/hashicorp/vsphere\"]",
      "instances": [
        {
          "schema_version": 0,
          "attributes": {
            "datacenter_id": "datacenter-3",
            "id": "datastore-53",
            "name": "vsanDatastore",
            "stats": {
              "capacity": "13442652045312",
              "free": "12742531355772"
            }
          },
          "sensitive_attributes": []
        }
      ]
    },
    {
      "module": "module.vm[\"14\"]",
      "mode": "data",
      "type": "vsphere_network",
      "name": "network1",
      "provider": "provider[\"registry.terraform.io/hashicorp/vsphere\"]",
      "instances": [
        {
          "schema_version": 0,
          "attributes": {
            "datacenter_id": "datacenter-3",
            "distributed_virtual_switch_uuid": null,
            "id": "dvportgroup-69",
            "name": "580",
            "type": "DistributedVirtualPortgroup"
          },
          "sensitive_attributes": []
        }
      ]
    },
    {
      "module": "module.vm[\"14\"]",
      "mode": "data",
      "type": "vsphere_network",
      "name": "network2",
      "provider": "provider[\"registry.terraform.io/hashicorp/vsphere\"]",
      "instances": [
        {
          "schema_version": 0,
          "attributes": {
            "datacenter_id": "datacenter-3",
            "distributed_virtual_switch_uuid": null,
            "id": "dvportgroup-67",
            "name": "584",
            "type": "DistributedVirtualPortgroup"
          },
          "sensitive_attributes": []
        }
      ]
    },
    {
      "module": "module.vm[\"14\"]",
      "mode": "data",
      "type": "vsphere_network",
      "name": "network3",
      "provider": "provider[\"registry.terraform.io/hashicorp/vsphere\"]",
      "instances": [
        {
          "schema_version": 0,
          "attributes": {
            "datacenter_id": "datacenter-3",
            "distributed_virtual_switch_uuid": null,
            "id": "dvportgroup-64",
            "name": "586",
            "type": "DistributedVirtualPortgroup"
          },
          "sensitive_attributes": []
        }
      ]
    },
    {
      "module": "module.vm[\"14\"]",
      "mode": "data",
      "type": "vsphere_network",
      "name": "network4",
      "provider": "provider[\"registry.terraform.io/hashicorp/vsphere\"]",
      "instances": [
        {
          "schema_version": 0,
          "attributes": {
            "datacenter_id": "datacenter-3",
            "distributed_virtual_switch_uuid": null,
            "id": "dvportgroup-63",
            "name": "881",
            "type": "DistributedVirtualPortgroup"
          },
          "sensitive_attributes": []
        }
      ]
    },
    {
      "module": "module.vm[\"14\"]",
      "mode": "data",
      "type": "vsphere_resource_pool",
      "name": "rpool",
      "provider": "provider[\"registry.terraform.io/hashicorp/vsphere\"]",
      "instances": [
        {
          "schema_version": 0,
          "attributes": {
            "datacenter_id": "datacenter-3",
            "id": "resgroup-73",
            "name": "/cyberfiltre/host/cyberfiltre/Resources/xitg"
          },
          "sensitive_attributes": []
        }
      ]
    },
    {
      "module": "module.vm[\"14\"]",
      "mode": "data",
      "type": "vsphere_virtual_machine",
      "name": "template",
      "provider": "provider[\"registry.terraform.io/hashicorp/vsphere\"]",
      "instances": [
        {
          "schema_version": 0,
          "attributes": {
            "alternate_guest_name": "",
            "annotation": "",
            "boot_delay": 0,
            "boot_retry_delay": 10000,
            "boot_retry_enabled": false,
            "change_version": "2024-09-05T18:45:01.872822Z",
            "cpu_hot_add_enabled": false,
            "cpu_hot_remove_enabled": false,
            "cpu_limit": -1,
            "cpu_performance_counters_enabled": false,
            "cpu_reservation": 0,
            "cpu_share_count": 2000,
            "cpu_share_level": "normal",
            "datacenter_id": "datacenter-3",
            "default_ip_address": null,
            "disks": [
              {
                "eagerly_scrub": false,
                "label": "Hard disk 1",
                "size": 52,
                "thin_provisioned": true,
                "unit_number": 0
              }
            ],
            "efi_secure_boot_enabled": true,
            "enable_disk_uuid": false,
            "enable_logging": true,
            "ept_rvi_mode": "",
            "extra_config": {},
            "extra_config_reboot_required": true,
            "firmware": "efi",
            "folder": null,
            "guest_id": "rhel8_64Guest",
            "guest_ip_addresses": [],
            "hardware_version": 19,
            "hv_mode": "",
            "id": "423e5a05-501a-d312-1605-9e4dcb02aaae",
            "ide_controller_scan_count": 2,
            "instance_uuid": "503efa85-f341-2098-0b00-d9b65250d877",
            "latency_sensitivity": "normal",
            "memory": 1024,
            "memory_hot_add_enabled": false,
            "memory_limit": -1,
            "memory_reservation": 0,
            "memory_reservation_locked_to_max": false,
            "memory_share_count": 10240,
            "memory_share_level": "normal",
            "moid": "vm-78",
            "name": "linux-rhel-8.7-socle",
            "nested_hv_enabled": false,
            "network_interface_types": [
              "vmxnet3"
            ],
            "network_interfaces": [
              {
                "adapter_type": "vmxnet3",
                "bandwidth_limit": -1,
                "bandwidth_reservation": 0,
                "bandwidth_share_count": 50,
                "bandwidth_share_level": "normal",
                "mac_address": "00:50:56:be:68:9a",
                "network_id": "network-79",
                "physical_function": ""
              }
            ],
            "num_cores_per_socket": 1,
            "num_cpus": 2,
            "replace_trigger": null,
            "run_tools_scripts_after_power_on": true,
            "run_tools_scripts_after_resume": true,
            "run_tools_scripts_before_guest_reboot": false,
            "run_tools_scripts_before_guest_shutdown": true,
            "run_tools_scripts_before_guest_standby": true,
            "sata_controller_scan_count": 0,
            "scsi_bus_sharing": "noSharing",
            "scsi_controller_scan_count": 1,
            "scsi_type": "pvscsi",
            "storage_policy_id": null,
            "swap_placement_policy": "inherit",
            "sync_time_with_host": true,
            "sync_time_with_host_periodically": false,
            "tools_upgrade_policy": "upgradeAtPowerCycle",
            "uuid": "423e5a05-501a-d312-1605-9e4dcb02aaae",
            "vapp": null,
            "vapp_transport": [],
            "vbs_enabled": false,
            "vvtd_enabled": false
          },
          "sensitive_attributes": []
        }
      ]
    },
    {
      "module": "module.vm[\"14\"]",
      "mode": "managed",
      "type": "vsphere_virtual_machine",
      "name": "vm",
      "provider": "provider[\"registry.terraform.io/hashicorp/vsphere\"]",
      "instances": [
        {
          "schema_version": 3,
          "attributes": {
            "alternate_guest_name": "",
            "annotation": "",
            "boot_delay": 0,
            "boot_retry_delay": 10000,
            "boot_retry_enabled": false,
            "cdrom": [],
            "change_version": "2024-09-05T19:11:49.503454Z",
            "clone": [
              {
                "customization_spec": [],
                "customize": [
                  {
                    "dns_server_list": [],
                    "dns_suffix_list": [],
                    "ipv4_gateway": "172.31.49.254",
                    "ipv6_gateway": "",
                    "linux_options": [
                      {
                        "domain": "ms.fcm",
                        "host_name": "it-1-cbf-dovdd",
                        "hw_clock_utc": true,
                        "script_text": "",
                        "time_zone": ""
                      }
                    ],
                    "network_interface": [
                      {
                        "dns_domain": "ms.fcm",
                        "dns_server_list": [
                          "172.16.1.240, 172.17.1.240"
                        ],
                        "ipv4_address": "172.31.49.20",
                        "ipv4_netmask": 24,
                        "ipv6_address": "",
                        "ipv6_netmask": 0
                      },
                      {
                        "dns_domain": "",
                        "dns_server_list": [],
                        "ipv4_address": "192.168.101.15",
                        "ipv4_netmask": 24,
                        "ipv6_address": "",
                        "ipv6_netmask": 0
                      },
                      {
                        "dns_domain": "",
                        "dns_server_list": [],
                        "ipv4_address": "192.168.100.15",
                        "ipv4_netmask": 24,
                        "ipv6_address": "",
                        "ipv6_netmask": 0
                      },
                      {
                        "dns_domain": "",
                        "dns_server_list": [],
                        "ipv4_address": "172.25.109.15",
                        "ipv4_netmask": 24,
                        "ipv6_address": "",
                        "ipv6_netmask": 0
                      }
                    ],
                    "timeout": 0,
                    "windows_options": [],
                    "windows_sysprep_text": ""
                  }
                ],
                "linked_clone": false,
                "ovf_network_map": {},
                "ovf_storage_map": {},
                "template_uuid": "423e5a05-501a-d312-1605-9e4dcb02aaae",
                "timeout": 30
              }
            ],
            "cpu_hot_add_enabled": true,
            "cpu_hot_remove_enabled": true,
            "cpu_limit": -1,
            "cpu_performance_counters_enabled": false,
            "cpu_reservation": 0,
            "cpu_share_count": 1000,
            "cpu_share_level": "normal",
            "custom_attributes": {},
            "datacenter_id": null,
            "datastore_cluster_id": null,
            "datastore_id": "datastore-53",
            "default_ip_address": "172.31.49.20",
            "disk": [
              {
                "attach": false,
                "controller_type": "scsi",
                "datastore_id": "datastore-53",
                "device_address": "scsi:0:0",
                "disk_mode": "persistent",
                "disk_sharing": "sharingNone",
                "eagerly_scrub": false,
                "io_limit": -1,
                "io_reservation": 0,
                "io_share_count": 1000,
                "io_share_level": "normal",
                "keep_on_remove": false,
                "key": 2000,
                "label": "disk0",
                "path": "2400da66-0cdb-7a5d-7426-043201dde7f0/it-cbf-dovdd-1.vmdk",
                "size": 52,
                "storage_policy_id": "aa6d5a82-1c88-45da-85d3-3d74b91a5bad",
                "thin_provisioned": true,
                "unit_number": 0,
                "uuid": "6000C296-7a6f-59d0-56fa-928e7524b585",
                "write_through": false
              },
              {
                "attach": false,
                "controller_type": "scsi",
                "datastore_id": "datastore-53",
                "device_address": "scsi:0:15",
                "disk_mode": "persistent",
                "disk_sharing": "sharingNone",
                "eagerly_scrub": false,
                "io_limit": -1,
                "io_reservation": 0,
                "io_share_count": 1000,
                "io_share_level": "normal",
                "keep_on_remove": false,
                "key": 2015,
                "label": "disk1",
                "path": "2400da66-0cdb-7a5d-7426-043201dde7f0/it-cbf-dovdd-1_1.vmdk",
                "size": 5,
                "storage_policy_id": "aa6d5a82-1c88-45da-85d3-3d74b91a5bad",
                "thin_provisioned": true,
                "unit_number": 14,
                "uuid": "6000C291-fa21-a6e7-ecc5-9bebfef25e35",
                "write_through": false
              }
            ],
            "efi_secure_boot_enabled": false,
            "enable_disk_uuid": false,
            "enable_logging": false,
            "ept_rvi_mode": "",
            "extra_config": {},
            "extra_config_reboot_required": true,
            "firmware": "efi",
            "folder": "xitg",
            "force_power_off": true,
            "guest_id": "rhel8_64Guest",
            "guest_ip_addresses": [
              "172.31.49.20",
              "fe80::250:56ff:feb7:12e4",
              "192.168.101.15",
              "fe80::250:56ff:feb7:a2fc",
              "192.168.100.15",
              "fe80::250:56ff:feb7:6a10",
              "172.25.109.15",
              "fe80::250:56ff:feb7:985d"
            ],
            "hardware_version": 19,
            "host_system_id": "host-15",
            "hv_mode": "",
            "id": "42376687-d22c-450f-22a5-a60fbdc84e16",
            "ide_controller_count": 2,
            "ignored_guest_ips": null,
            "imported": null,
            "latency_sensitivity": "normal",
            "memory": 1024,
            "memory_hot_add_enabled": true,
            "memory_limit": -1,
            "memory_reservation": 0,
            "memory_reservation_locked_to_max": false,
            "memory_share_count": 10240,
            "memory_share_level": "normal",
            "migrate_wait_timeout": 90,
            "moid": "vm-97",
            "name": "it-cbf-dovdd-1",
            "nested_hv_enabled": false,
            "network_interface": [
              {
                "adapter_type": "vmxnet3",
                "bandwidth_limit": -1,
                "bandwidth_reservation": 0,
                "bandwidth_share_count": 50,
                "bandwidth_share_level": "normal",
                "device_address": "pci:0:7",
                "key": 4000,
                "mac_address": "00:50:56:b7:12:e4",
                "network_id": "dvportgroup-69",
                "ovf_mapping": "",
                "physical_function": "",
                "use_static_mac": false
              },
              {
                "adapter_type": "vmxnet3",
                "bandwidth_limit": -1,
                "bandwidth_reservation": 0,
                "bandwidth_share_count": 50,
                "bandwidth_share_level": "normal",
                "device_address": "pci:0:8",
                "key": 4001,
                "mac_address": "00:50:56:b7:a2:fc",
                "network_id": "dvportgroup-67",
                "ovf_mapping": "",
                "physical_function": "",
                "use_static_mac": false
              },
              {
                "adapter_type": "vmxnet3",
                "bandwidth_limit": -1,
                "bandwidth_reservation": 0,
                "bandwidth_share_count": 50,
                "bandwidth_share_level": "normal",
                "device_address": "pci:0:9",
                "key": 4002,
                "mac_address": "00:50:56:b7:6a:10",
                "network_id": "dvportgroup-64",
                "ovf_mapping": "",
                "physical_function": "",
                "use_static_mac": false
              },
              {
                "adapter_type": "vmxnet3",
                "bandwidth_limit": -1,
                "bandwidth_reservation": 0,
                "bandwidth_share_count": 50,
                "bandwidth_share_level": "normal",
                "device_address": "pci:0:10",
                "key": 4003,
                "mac_address": "00:50:56:b7:98:5d",
                "network_id": "dvportgroup-63",
                "ovf_mapping": "",
                "physical_function": "",
                "use_static_mac": false
              }
            ],
            "num_cores_per_socket": 1,
            "num_cpus": 1,
            "ovf_deploy": [],
            "pci_device_id": [],
            "power_state": "on",
            "poweron_timeout": 300,
            "reboot_required": false,
            "replace_trigger": null,
            "resource_pool_id": "resgroup-73",
            "run_tools_scripts_after_power_on": true,
            "run_tools_scripts_after_resume": true,
            "run_tools_scripts_before_guest_reboot": false,
            "run_tools_scripts_before_guest_shutdown": true,
            "run_tools_scripts_before_guest_standby": true,
            "sata_controller_count": 0,
            "scsi_bus_sharing": "noSharing",
            "scsi_controller_count": 1,
            "scsi_type": "pvscsi",
            "shutdown_wait_timeout": 3,
            "storage_policy_id": "aa6d5a82-1c88-45da-85d3-3d74b91a5bad",
            "swap_placement_policy": "inherit",
            "sync_time_with_host": true,
            "sync_time_with_host_periodically": false,
            "tags": [],
            "tools_upgrade_policy": "manual",
            "uuid": "42376687-d22c-450f-22a5-a60fbdc84e16",
            "vapp": [],
            "vapp_transport": [],
            "vbs_enabled": false,
            "vmware_tools_status": "guestToolsRunning",
            "vmx_path": "2400da66-0cdb-7a5d-7426-043201dde7f0/it-cbf-dovdd-1.vmx",
            "vvtd_enabled": false,
            "wait_for_guest_ip_timeout": 300,
            "wait_for_guest_net_routable": false,
            "wait_for_guest_net_timeout": 300
          },
          "sensitive_attributes": [],
          "private": "eyJzY2hlbWFfdmVyc2lvbiI6IjMifQ==",
          "dependencies": [
            "module.vm.data.vsphere_datacenter.dc",
            "module.vm.data.vsphere_datastore.datastore",
            "module.vm.data.vsphere_network.network1",
            "module.vm.data.vsphere_network.network2",
            "module.vm.data.vsphere_network.network3",
            "module.vm.data.vsphere_network.network4",
            "module.vm.data.vsphere_resource_pool.rpool",
            "module.vm.data.vsphere_virtual_machine.template"
          ]
        }
      ]
    },
    {
      "module": "module.vm[\"15\"]",
      "mode": "data",
      "type": "vsphere_compute_cluster",
      "name": "cluster",
      "provider": "provider[\"registry.terraform.io/hashicorp/vsphere\"]",
      "instances": [
        {
          "schema_version": 0,
          "attributes": {
            "datacenter_id": "datacenter-3",
            "id": "domain-c39",
            "name": "cyberfiltre",
            "resource_pool_id": "resgroup-40"
          },
          "sensitive_attributes": []
        }
      ]
    },
    {
      "module": "module.vm[\"15\"]",
      "mode": "data",
      "type": "vsphere_datacenter",
      "name": "dc",
      "provider": "provider[\"registry.terraform.io/hashicorp/vsphere\"]",
      "instances": [
        {
          "schema_version": 0,
          "attributes": {
            "id": "datacenter-3",
            "name": "cyberfiltre"
          },
          "sensitive_attributes": []
        }
      ]
    },
    {
      "module": "module.vm[\"15\"]",
      "mode": "data",
      "type": "vsphere_datastore",
      "name": "datastore",
      "provider": "provider[\"registry.terraform.io/hashicorp/vsphere\"]",
      "instances": [
        {
          "schema_version": 0,
          "attributes": {
            "datacenter_id": "datacenter-3",
            "id": "datastore-53",
            "name": "vsanDatastore",
            "stats": {
              "capacity": "13442652045312",
              "free": "12742531355772"
            }
          },
          "sensitive_attributes": []
        }
      ]
    },
    {
      "module": "module.vm[\"15\"]",
      "mode": "data",
      "type": "vsphere_network",
      "name": "network1",
      "provider": "provider[\"registry.terraform.io/hashicorp/vsphere\"]",
      "instances": [
        {
          "schema_version": 0,
          "attributes": {
            "datacenter_id": "datacenter-3",
            "distributed_virtual_switch_uuid": null,
            "id": "dvportgroup-69",
            "name": "580",
            "type": "DistributedVirtualPortgroup"
          },
          "sensitive_attributes": []
        }
      ]
    },
    {
      "module": "module.vm[\"15\"]",
      "mode": "data",
      "type": "vsphere_network",
      "name": "network2",
      "provider": "provider[\"registry.terraform.io/hashicorp/vsphere\"]",
      "instances": [
        {
          "schema_version": 0,
          "attributes": {
            "datacenter_id": "datacenter-3",
            "distributed_virtual_switch_uuid": null,
            "id": "dvportgroup-68",
            "name": "585",
            "type": "DistributedVirtualPortgroup"
          },
          "sensitive_attributes": []
        }
      ]
    },
    {
      "module": "module.vm[\"15\"]",
      "mode": "data",
      "type": "vsphere_network",
      "name": "network3",
      "provider": "provider[\"registry.terraform.io/hashicorp/vsphere\"]",
      "instances": [
        {
          "schema_version": 0,
          "attributes": {
            "datacenter_id": "datacenter-3",
            "distributed_virtual_switch_uuid": null,
            "id": "network-80",
            "name": "none",
            "type": "Network"
          },
          "sensitive_attributes": []
        }
      ]
    },
    {
      "module": "module.vm[\"15\"]",
      "mode": "data",
      "type": "vsphere_network",
      "name": "network4",
      "provider": "provider[\"registry.terraform.io/hashicorp/vsphere\"]",
      "instances": [
        {
          "schema_version": 0,
          "attributes": {
            "datacenter_id": "datacenter-3",
            "distributed_virtual_switch_uuid": null,
            "id": "network-80",
            "name": "none",
            "type": "Network"
          },
          "sensitive_attributes": []
        }
      ]
    },
    {
      "module": "module.vm[\"15\"]",
      "mode": "data",
      "type": "vsphere_resource_pool",
      "name": "rpool",
      "provider": "provider[\"registry.terraform.io/hashicorp/vsphere\"]",
      "instances": [
        {
          "schema_version": 0,
          "attributes": {
            "datacenter_id": "datacenter-3",
            "id": "resgroup-73",
            "name": "/cyberfiltre/host/cyberfiltre/Resources/xitg"
          },
          "sensitive_attributes": []
        }
      ]
    },
    {
      "module": "module.vm[\"15\"]",
      "mode": "data",
      "type": "vsphere_virtual_machine",
      "name": "template",
      "provider": "provider[\"registry.terraform.io/hashicorp/vsphere\"]",
      "instances": [
        {
          "schema_version": 0,
          "attributes": {
            "alternate_guest_name": "",
            "annotation": "",
            "boot_delay": 0,
            "boot_retry_delay": 10000,
            "boot_retry_enabled": false,
            "change_version": "2024-09-05T18:45:01.872822Z",
            "cpu_hot_add_enabled": false,
            "cpu_hot_remove_enabled": false,
            "cpu_limit": -1,
            "cpu_performance_counters_enabled": false,
            "cpu_reservation": 0,
            "cpu_share_count": 2000,
            "cpu_share_level": "normal",
            "datacenter_id": "datacenter-3",
            "default_ip_address": null,
            "disks": [
              {
                "eagerly_scrub": false,
                "label": "Hard disk 1",
                "size": 52,
                "thin_provisioned": true,
                "unit_number": 0
              }
            ],
            "efi_secure_boot_enabled": true,
            "enable_disk_uuid": false,
            "enable_logging": true,
            "ept_rvi_mode": "",
            "extra_config": {},
            "extra_config_reboot_required": true,
            "firmware": "efi",
            "folder": null,
            "guest_id": "rhel8_64Guest",
            "guest_ip_addresses": [],
            "hardware_version": 19,
            "hv_mode": "",
            "id": "423e5a05-501a-d312-1605-9e4dcb02aaae",
            "ide_controller_scan_count": 2,
            "instance_uuid": "503efa85-f341-2098-0b00-d9b65250d877",
            "latency_sensitivity": "normal",
            "memory": 1024,
            "memory_hot_add_enabled": false,
            "memory_limit": -1,
            "memory_reservation": 0,
            "memory_reservation_locked_to_max": false,
            "memory_share_count": 10240,
            "memory_share_level": "normal",
            "moid": "vm-78",
            "name": "linux-rhel-8.7-socle",
            "nested_hv_enabled": false,
            "network_interface_types": [
              "vmxnet3"
            ],
            "network_interfaces": [
              {
                "adapter_type": "vmxnet3",
                "bandwidth_limit": -1,
                "bandwidth_reservation": 0,
                "bandwidth_share_count": 50,
                "bandwidth_share_level": "normal",
                "mac_address": "00:50:56:be:68:9a",
                "network_id": "network-79",
                "physical_function": ""
              }
            ],
            "num_cores_per_socket": 1,
            "num_cpus": 2,
            "replace_trigger": null,
            "run_tools_scripts_after_power_on": true,
            "run_tools_scripts_after_resume": true,
            "run_tools_scripts_before_guest_reboot": false,
            "run_tools_scripts_before_guest_shutdown": true,
            "run_tools_scripts_before_guest_standby": true,
            "sata_controller_scan_count": 0,
            "scsi_bus_sharing": "noSharing",
            "scsi_controller_scan_count": 1,
            "scsi_type": "pvscsi",
            "storage_policy_id": null,
            "swap_placement_policy": "inherit",
            "sync_time_with_host": true,
            "sync_time_with_host_periodically": false,
            "tools_upgrade_policy": "upgradeAtPowerCycle",
            "uuid": "423e5a05-501a-d312-1605-9e4dcb02aaae",
            "vapp": null,
            "vapp_transport": [],
            "vbs_enabled": false,
            "vvtd_enabled": false
          },
          "sensitive_attributes": []
        }
      ]
    },
    {
      "module": "module.vm[\"15\"]",
      "mode": "managed",
      "type": "vsphere_virtual_machine",
      "name": "vm",
      "provider": "provider[\"registry.terraform.io/hashicorp/vsphere\"]",
      "instances": [
        {
          "schema_version": 3,
          "attributes": {
            "alternate_guest_name": "",
            "annotation": "",
            "boot_delay": 0,
            "boot_retry_delay": 10000,
            "boot_retry_enabled": false,
            "cdrom": [],
            "change_version": "2024-09-05T19:01:04.593196Z",
            "clone": [
              {
                "customization_spec": [],
                "customize": [
                  {
                    "dns_server_list": [],
                    "dns_suffix_list": [],
                    "ipv4_gateway": "172.31.49.254",
                    "ipv6_gateway": "",
                    "linux_options": [
                      {
                        "domain": "ms.fcm",
                        "host_name": "it-1-cbf-repdb",
                        "hw_clock_utc": true,
                        "script_text": "",
                        "time_zone": ""
                      }
                    ],
                    "network_interface": [
                      {
                        "dns_domain": "ms.fcm",
                        "dns_server_list": [
                          "172.16.1.240, 172.17.1.240"
                        ],
                        "ipv4_address": "172.31.49.26",
                        "ipv4_netmask": 24,
                        "ipv6_address": "",
                        "ipv6_netmask": 0
                      },
                      {
                        "dns_domain": "",
                        "dns_server_list": [],
                        "ipv4_address": "192.168.102.21",
                        "ipv4_netmask": 24,
                        "ipv6_address": "",
                        "ipv6_netmask": 0
                      }
                    ],
                    "timeout": 0,
                    "windows_options": [],
                    "windows_sysprep_text": ""
                  }
                ],
                "linked_clone": false,
                "ovf_network_map": {},
                "ovf_storage_map": {},
                "template_uuid": "423e5a05-501a-d312-1605-9e4dcb02aaae",
                "timeout": 30
              }
            ],
            "cpu_hot_add_enabled": true,
            "cpu_hot_remove_enabled": true,
            "cpu_limit": -1,
            "cpu_performance_counters_enabled": false,
            "cpu_reservation": 0,
            "cpu_share_count": 1000,
            "cpu_share_level": "normal",
            "custom_attributes": {},
            "datacenter_id": null,
            "datastore_cluster_id": null,
            "datastore_id": "datastore-53",
            "default_ip_address": "172.31.49.26",
            "disk": [
              {
                "attach": false,
                "controller_type": "scsi",
                "datastore_id": "datastore-53",
                "device_address": "scsi:0:0",
                "disk_mode": "persistent",
                "disk_sharing": "sharingNone",
                "eagerly_scrub": false,
                "io_limit": -1,
                "io_reservation": 0,
                "io_share_count": 1000,
                "io_share_level": "normal",
                "keep_on_remove": false,
                "key": 2000,
                "label": "disk0",
                "path": "92fcd966-8e1a-6c02-d897-043201de0940/it-cbf-repdb-1.vmdk",
                "size": 52,
                "storage_policy_id": "aa6d5a82-1c88-45da-85d3-3d74b91a5bad",
                "thin_provisioned": true,
                "unit_number": 0,
                "uuid": "6000C290-ed98-8ef5-98d5-6ffbe81d3097",
                "write_through": false
              },
              {
                "attach": false,
                "controller_type": "scsi",
                "datastore_id": "datastore-53",
                "device_address": "scsi:0:15",
                "disk_mode": "persistent",
                "disk_sharing": "sharingNone",
                "eagerly_scrub": false,
                "io_limit": -1,
                "io_reservation": 0,
                "io_share_count": 1000,
                "io_share_level": "normal",
                "keep_on_remove": false,
                "key": 2015,
                "label": "disk1",
                "path": "92fcd966-8e1a-6c02-d897-043201de0940/it-cbf-repdb-1_1.vmdk",
                "size": 15,
                "storage_policy_id": "aa6d5a82-1c88-45da-85d3-3d74b91a5bad",
                "thin_provisioned": true,
                "unit_number": 14,
                "uuid": "6000C29d-ec54-18bb-00f5-be48c024bc8c",
                "write_through": false
              }
            ],
            "efi_secure_boot_enabled": false,
            "enable_disk_uuid": false,
            "enable_logging": false,
            "ept_rvi_mode": "",
            "extra_config": {},
            "extra_config_reboot_required": true,
            "firmware": "efi",
            "folder": "xitg",
            "force_power_off": true,
            "guest_id": "rhel8_64Guest",
            "guest_ip_addresses": [
              "172.31.49.26",
              "fe80::250:56ff:feb7:8dda",
              "192.168.102.21",
              "fe80::250:56ff:feb7:6b26"
            ],
            "hardware_version": 19,
            "host_system_id": "host-15",
            "hv_mode": "",
            "id": "42370c45-54c2-6d2e-0125-cc24b396044e",
            "ide_controller_count": 2,
            "ignored_guest_ips": null,
            "imported": null,
            "latency_sensitivity": "normal",
            "memory": 2048,
            "memory_hot_add_enabled": true,
            "memory_limit": -1,
            "memory_reservation": 0,
            "memory_reservation_locked_to_max": false,
            "memory_share_count": 20480,
            "memory_share_level": "normal",
            "migrate_wait_timeout": 90,
            "moid": "vm-81",
            "name": "it-cbf-repdb-1",
            "nested_hv_enabled": false,
            "network_interface": [
              {
                "adapter_type": "vmxnet3",
                "bandwidth_limit": -1,
                "bandwidth_reservation": 0,
                "bandwidth_share_count": 50,
                "bandwidth_share_level": "normal",
                "device_address": "pci:0:7",
                "key": 4000,
                "mac_address": "00:50:56:b7:8d:da",
                "network_id": "dvportgroup-69",
                "ovf_mapping": "",
                "physical_function": "",
                "use_static_mac": false
              },
              {
                "adapter_type": "vmxnet3",
                "bandwidth_limit": -1,
                "bandwidth_reservation": 0,
                "bandwidth_share_count": 50,
                "bandwidth_share_level": "normal",
                "device_address": "pci:0:8",
                "key": 4001,
                "mac_address": "00:50:56:b7:6b:26",
                "network_id": "dvportgroup-68",
                "ovf_mapping": "",
                "physical_function": "",
                "use_static_mac": false
              }
            ],
            "num_cores_per_socket": 1,
            "num_cpus": 1,
            "ovf_deploy": [],
            "pci_device_id": [],
            "power_state": "on",
            "poweron_timeout": 300,
            "reboot_required": false,
            "replace_trigger": null,
            "resource_pool_id": "resgroup-73",
            "run_tools_scripts_after_power_on": true,
            "run_tools_scripts_after_resume": true,
            "run_tools_scripts_before_guest_reboot": false,
            "run_tools_scripts_before_guest_shutdown": true,
            "run_tools_scripts_before_guest_standby": true,
            "sata_controller_count": 0,
            "scsi_bus_sharing": "noSharing",
            "scsi_controller_count": 1,
            "scsi_type": "pvscsi",
            "shutdown_wait_timeout": 3,
            "storage_policy_id": "aa6d5a82-1c88-45da-85d3-3d74b91a5bad",
            "swap_placement_policy": "inherit",
            "sync_time_with_host": true,
            "sync_time_with_host_periodically": false,
            "tags": [],
            "tools_upgrade_policy": "manual",
            "uuid": "42370c45-54c2-6d2e-0125-cc24b396044e",
            "vapp": [],
            "vapp_transport": [],
            "vbs_enabled": false,
            "vmware_tools_status": "guestToolsRunning",
            "vmx_path": "92fcd966-8e1a-6c02-d897-043201de0940/it-cbf-repdb-1.vmx",
            "vvtd_enabled": false,
            "wait_for_guest_ip_timeout": 300,
            "wait_for_guest_net_routable": false,
            "wait_for_guest_net_timeout": 300
          },
          "sensitive_attributes": [],
          "private": "eyJzY2hlbWFfdmVyc2lvbiI6IjMifQ==",
          "dependencies": [
            "module.vm.data.vsphere_datacenter.dc",
            "module.vm.data.vsphere_datastore.datastore",
            "module.vm.data.vsphere_network.network1",
            "module.vm.data.vsphere_network.network2",
            "module.vm.data.vsphere_network.network3",
            "module.vm.data.vsphere_network.network4",
            "module.vm.data.vsphere_resource_pool.rpool",
            "module.vm.data.vsphere_virtual_machine.template"
          ]
        }
      ]
    },
    {
      "module": "module.vm[\"16\"]",
      "mode": "data",
      "type": "vsphere_compute_cluster",
      "name": "cluster",
      "provider": "provider[\"registry.terraform.io/hashicorp/vsphere\"]",
      "instances": [
        {
          "schema_version": 0,
          "attributes": {
            "datacenter_id": "datacenter-3",
            "id": "domain-c39",
            "name": "cyberfiltre",
            "resource_pool_id": "resgroup-40"
          },
          "sensitive_attributes": []
        }
      ]
    },
    {
      "module": "module.vm[\"16\"]",
      "mode": "data",
      "type": "vsphere_datacenter",
      "name": "dc",
      "provider": "provider[\"registry.terraform.io/hashicorp/vsphere\"]",
      "instances": [
        {
          "schema_version": 0,
          "attributes": {
            "id": "datacenter-3",
            "name": "cyberfiltre"
          },
          "sensitive_attributes": []
        }
      ]
    },
    {
      "module": "module.vm[\"16\"]",
      "mode": "data",
      "type": "vsphere_datastore",
      "name": "datastore",
      "provider": "provider[\"registry.terraform.io/hashicorp/vsphere\"]",
      "instances": [
        {
          "schema_version": 0,
          "attributes": {
            "datacenter_id": "datacenter-3",
            "id": "datastore-53",
            "name": "vsanDatastore",
            "stats": {
              "capacity": "13442652045312",
              "free": "12742531355772"
            }
          },
          "sensitive_attributes": []
        }
      ]
    },
    {
      "module": "module.vm[\"16\"]",
      "mode": "data",
      "type": "vsphere_network",
      "name": "network1",
      "provider": "provider[\"registry.terraform.io/hashicorp/vsphere\"]",
      "instances": [
        {
          "schema_version": 0,
          "attributes": {
            "datacenter_id": "datacenter-3",
            "distributed_virtual_switch_uuid": null,
            "id": "dvportgroup-69",
            "name": "580",
            "type": "DistributedVirtualPortgroup"
          },
          "sensitive_attributes": []
        }
      ]
    },
    {
      "module": "module.vm[\"16\"]",
      "mode": "data",
      "type": "vsphere_network",
      "name": "network2",
      "provider": "provider[\"registry.terraform.io/hashicorp/vsphere\"]",
      "instances": [
        {
          "schema_version": 0,
          "attributes": {
            "datacenter_id": "datacenter-3",
            "distributed_virtual_switch_uuid": null,
            "id": "dvportgroup-68",
            "name": "585",
            "type": "DistributedVirtualPortgroup"
          },
          "sensitive_attributes": []
        }
      ]
    },
    {
      "module": "module.vm[\"16\"]",
      "mode": "data",
      "type": "vsphere_network",
      "name": "network3",
      "provider": "provider[\"registry.terraform.io/hashicorp/vsphere\"]",
      "instances": [
        {
          "schema_version": 0,
          "attributes": {
            "datacenter_id": "datacenter-3",
            "distributed_virtual_switch_uuid": null,
            "id": "network-80",
            "name": "none",
            "type": "Network"
          },
          "sensitive_attributes": []
        }
      ]
    },
    {
      "module": "module.vm[\"16\"]",
      "mode": "data",
      "type": "vsphere_network",
      "name": "network4",
      "provider": "provider[\"registry.terraform.io/hashicorp/vsphere\"]",
      "instances": [
        {
          "schema_version": 0,
          "attributes": {
            "datacenter_id": "datacenter-3",
            "distributed_virtual_switch_uuid": null,
            "id": "network-80",
            "name": "none",
            "type": "Network"
          },
          "sensitive_attributes": []
        }
      ]
    },
    {
      "module": "module.vm[\"16\"]",
      "mode": "data",
      "type": "vsphere_resource_pool",
      "name": "rpool",
      "provider": "provider[\"registry.terraform.io/hashicorp/vsphere\"]",
      "instances": [
        {
          "schema_version": 0,
          "attributes": {
            "datacenter_id": "datacenter-3",
            "id": "resgroup-73",
            "name": "/cyberfiltre/host/cyberfiltre/Resources/xitg"
          },
          "sensitive_attributes": []
        }
      ]
    },
    {
      "module": "module.vm[\"16\"]",
      "mode": "data",
      "type": "vsphere_virtual_machine",
      "name": "template",
      "provider": "provider[\"registry.terraform.io/hashicorp/vsphere\"]",
      "instances": [
        {
          "schema_version": 0,
          "attributes": {
            "alternate_guest_name": "",
            "annotation": "",
            "boot_delay": 0,
            "boot_retry_delay": 10000,
            "boot_retry_enabled": false,
            "change_version": "2024-09-05T18:45:01.872822Z",
            "cpu_hot_add_enabled": false,
            "cpu_hot_remove_enabled": false,
            "cpu_limit": -1,
            "cpu_performance_counters_enabled": false,
            "cpu_reservation": 0,
            "cpu_share_count": 2000,
            "cpu_share_level": "normal",
            "datacenter_id": "datacenter-3",
            "default_ip_address": null,
            "disks": [
              {
                "eagerly_scrub": false,
                "label": "Hard disk 1",
                "size": 52,
                "thin_provisioned": true,
                "unit_number": 0
              }
            ],
            "efi_secure_boot_enabled": true,
            "enable_disk_uuid": false,
            "enable_logging": true,
            "ept_rvi_mode": "",
            "extra_config": {},
            "extra_config_reboot_required": true,
            "firmware": "efi",
            "folder": null,
            "guest_id": "rhel8_64Guest",
            "guest_ip_addresses": [],
            "hardware_version": 19,
            "hv_mode": "",
            "id": "423e5a05-501a-d312-1605-9e4dcb02aaae",
            "ide_controller_scan_count": 2,
            "instance_uuid": "503efa85-f341-2098-0b00-d9b65250d877",
            "latency_sensitivity": "normal",
            "memory": 1024,
            "memory_hot_add_enabled": false,
            "memory_limit": -1,
            "memory_reservation": 0,
            "memory_reservation_locked_to_max": false,
            "memory_share_count": 10240,
            "memory_share_level": "normal",
            "moid": "vm-78",
            "name": "linux-rhel-8.7-socle",
            "nested_hv_enabled": false,
            "network_interface_types": [
              "vmxnet3"
            ],
            "network_interfaces": [
              {
                "adapter_type": "vmxnet3",
                "bandwidth_limit": -1,
                "bandwidth_reservation": 0,
                "bandwidth_share_count": 50,
                "bandwidth_share_level": "normal",
                "mac_address": "00:50:56:be:68:9a",
                "network_id": "network-79",
                "physical_function": ""
              }
            ],
            "num_cores_per_socket": 1,
            "num_cpus": 2,
            "replace_trigger": null,
            "run_tools_scripts_after_power_on": true,
            "run_tools_scripts_after_resume": true,
            "run_tools_scripts_before_guest_reboot": false,
            "run_tools_scripts_before_guest_shutdown": true,
            "run_tools_scripts_before_guest_standby": true,
            "sata_controller_scan_count": 0,
            "scsi_bus_sharing": "noSharing",
            "scsi_controller_scan_count": 1,
            "scsi_type": "pvscsi",
            "storage_policy_id": null,
            "swap_placement_policy": "inherit",
            "sync_time_with_host": true,
            "sync_time_with_host_periodically": false,
            "tools_upgrade_policy": "upgradeAtPowerCycle",
            "uuid": "423e5a05-501a-d312-1605-9e4dcb02aaae",
            "vapp": null,
            "vapp_transport": [],
            "vbs_enabled": false,
            "vvtd_enabled": false
          },
          "sensitive_attributes": []
        }
      ]
    },
    {
      "module": "module.vm[\"16\"]",
      "mode": "managed",
      "type": "vsphere_virtual_machine",
      "name": "vm",
      "provider": "provider[\"registry.terraform.io/hashicorp/vsphere\"]",
      "instances": [
        {
          "schema_version": 3,
          "attributes": {
            "alternate_guest_name": "",
            "annotation": "",
            "boot_delay": 0,
            "boot_retry_delay": 10000,
            "boot_retry_enabled": false,
            "cdrom": [],
            "change_version": "2024-09-05T19:35:31.917306Z",
            "clone": [
              {
                "customization_spec": [],
                "customize": [
                  {
                    "dns_server_list": [],
                    "dns_suffix_list": [],
                    "ipv4_gateway": "172.31.49.254",
                    "ipv6_gateway": "",
                    "linux_options": [
                      {
                        "domain": "ms.fcm",
                        "host_name": "it-2-cbf-repdb",
                        "hw_clock_utc": true,
                        "script_text": "",
                        "time_zone": ""
                      }
                    ],
                    "network_interface": [
                      {
                        "dns_domain": "ms.fcm",
                        "dns_server_list": [
                          "172.16.1.240, 172.17.1.240"
                        ],
                        "ipv4_address": "172.31.49.27",
                        "ipv4_netmask": 24,
                        "ipv6_address": "",
                        "ipv6_netmask": 0
                      },
                      {
                        "dns_domain": "",
                        "dns_server_list": [],
                        "ipv4_address": "192.168.102.22",
                        "ipv4_netmask": 24,
                        "ipv6_address": "",
                        "ipv6_netmask": 0
                      }
                    ],
                    "timeout": 0,
                    "windows_options": [],
                    "windows_sysprep_text": ""
                  }
                ],
                "linked_clone": false,
                "ovf_network_map": {},
                "ovf_storage_map": {},
                "template_uuid": "423e5a05-501a-d312-1605-9e4dcb02aaae",
                "timeout": 30
              }
            ],
            "cpu_hot_add_enabled": true,
            "cpu_hot_remove_enabled": true,
            "cpu_limit": -1,
            "cpu_performance_counters_enabled": false,
            "cpu_reservation": 0,
            "cpu_share_count": 1000,
            "cpu_share_level": "normal",
            "custom_attributes": {},
            "datacenter_id": null,
            "datastore_cluster_id": null,
            "datastore_id": "datastore-53",
            "default_ip_address": "172.31.49.27",
            "disk": [
              {
                "attach": false,
                "controller_type": "scsi",
                "datastore_id": "datastore-53",
                "device_address": "scsi:0:0",
                "disk_mode": "persistent",
                "disk_sharing": "sharingNone",
                "eagerly_scrub": false,
                "io_limit": -1,
                "io_reservation": 0,
                "io_share_count": 1000,
                "io_share_level": "normal",
                "keep_on_remove": false,
                "key": 2000,
                "label": "disk0",
                "path": "4906da66-b41a-8da9-a02b-043201dde7f0/it-cbf-repdb-2.vmdk",
                "size": 52,
                "storage_policy_id": "aa6d5a82-1c88-45da-85d3-3d74b91a5bad",
                "thin_provisioned": true,
                "unit_number": 0,
                "uuid": "6000C29d-b0be-ca71-fa86-a1dcdbb3d0e8",
                "write_through": false
              },
              {
                "attach": false,
                "controller_type": "scsi",
                "datastore_id": "datastore-53",
                "device_address": "scsi:0:15",
                "disk_mode": "persistent",
                "disk_sharing": "sharingNone",
                "eagerly_scrub": false,
                "io_limit": -1,
                "io_reservation": 0,
                "io_share_count": 1000,
                "io_share_level": "normal",
                "keep_on_remove": false,
                "key": 2015,
                "label": "disk1",
                "path": "4906da66-b41a-8da9-a02b-043201dde7f0/it-cbf-repdb-2_1.vmdk",
                "size": 15,
                "storage_policy_id": "aa6d5a82-1c88-45da-85d3-3d74b91a5bad",
                "thin_provisioned": true,
                "unit_number": 14,
                "uuid": "6000C295-43f7-6ea6-cbea-33d33c3ed60d",
                "write_through": false
              }
            ],
            "efi_secure_boot_enabled": false,
            "enable_disk_uuid": false,
            "enable_logging": false,
            "ept_rvi_mode": "",
            "extra_config": {},
            "extra_config_reboot_required": true,
            "firmware": "efi",
            "folder": "xitg",
            "force_power_off": true,
            "guest_id": "rhel8_64Guest",
            "guest_ip_addresses": [
              "172.31.49.27",
              "fe80::250:56ff:feb7:c441",
              "192.168.102.22",
              "fe80::250:56ff:feb7:44d1"
            ],
            "hardware_version": 19,
            "host_system_id": "host-41",
            "hv_mode": "",
            "id": "42375dfd-e3d1-7112-672a-8be027de8ab8",
            "ide_controller_count": 2,
            "ignored_guest_ips": null,
            "imported": null,
            "latency_sensitivity": "normal",
            "memory": 2048,
            "memory_hot_add_enabled": true,
            "memory_limit": -1,
            "memory_reservation": 0,
            "memory_reservation_locked_to_max": false,
            "memory_share_count": 20480,
            "memory_share_level": "normal",
            "migrate_wait_timeout": 90,
            "moid": "vm-110",
            "name": "it-cbf-repdb-2",
            "nested_hv_enabled": false,
            "network_interface": [
              {
                "adapter_type": "vmxnet3",
                "bandwidth_limit": -1,
                "bandwidth_reservation": 0,
                "bandwidth_share_count": 50,
                "bandwidth_share_level": "normal",
                "device_address": "pci:0:7",
                "key": 4000,
                "mac_address": "00:50:56:b7:c4:41",
                "network_id": "dvportgroup-69",
                "ovf_mapping": "",
                "physical_function": "",
                "use_static_mac": false
              },
              {
                "adapter_type": "vmxnet3",
                "bandwidth_limit": -1,
                "bandwidth_reservation": 0,
                "bandwidth_share_count": 50,
                "bandwidth_share_level": "normal",
                "device_address": "pci:0:8",
                "key": 4001,
                "mac_address": "00:50:56:b7:44:d1",
                "network_id": "dvportgroup-68",
                "ovf_mapping": "",
                "physical_function": "",
                "use_static_mac": false
              }
            ],
            "num_cores_per_socket": 1,
            "num_cpus": 1,
            "ovf_deploy": [],
            "pci_device_id": [],
            "power_state": "on",
            "poweron_timeout": 300,
            "reboot_required": false,
            "replace_trigger": null,
            "resource_pool_id": "resgroup-73",
            "run_tools_scripts_after_power_on": true,
            "run_tools_scripts_after_resume": true,
            "run_tools_scripts_before_guest_reboot": false,
            "run_tools_scripts_before_guest_shutdown": true,
            "run_tools_scripts_before_guest_standby": true,
            "sata_controller_count": 0,
            "scsi_bus_sharing": "noSharing",
            "scsi_controller_count": 1,
            "scsi_type": "pvscsi",
            "shutdown_wait_timeout": 3,
            "storage_policy_id": "aa6d5a82-1c88-45da-85d3-3d74b91a5bad",
            "swap_placement_policy": "inherit",
            "sync_time_with_host": true,
            "sync_time_with_host_periodically": false,
            "tags": [],
            "tools_upgrade_policy": "manual",
            "uuid": "42375dfd-e3d1-7112-672a-8be027de8ab8",
            "vapp": [],
            "vapp_transport": [],
            "vbs_enabled": false,
            "vmware_tools_status": "guestToolsRunning",
            "vmx_path": "4906da66-b41a-8da9-a02b-043201dde7f0/it-cbf-repdb-2.vmx",
            "vvtd_enabled": false,
            "wait_for_guest_ip_timeout": 300,
            "wait_for_guest_net_routable": false,
            "wait_for_guest_net_timeout": 300
          },
          "sensitive_attributes": [],
          "private": "eyJzY2hlbWFfdmVyc2lvbiI6IjMifQ==",
          "dependencies": [
            "module.vm.data.vsphere_datacenter.dc",
            "module.vm.data.vsphere_datastore.datastore",
            "module.vm.data.vsphere_network.network1",
            "module.vm.data.vsphere_network.network2",
            "module.vm.data.vsphere_network.network3",
            "module.vm.data.vsphere_network.network4",
            "module.vm.data.vsphere_resource_pool.rpool",
            "module.vm.data.vsphere_virtual_machine.template"
          ]
        }
      ]
    },
    {
      "module": "module.vm[\"17\"]",
      "mode": "data",
      "type": "vsphere_compute_cluster",
      "name": "cluster",
      "provider": "provider[\"registry.terraform.io/hashicorp/vsphere\"]",
      "instances": [
        {
          "schema_version": 0,
          "attributes": {
            "datacenter_id": "datacenter-3",
            "id": "domain-c39",
            "name": "cyberfiltre",
            "resource_pool_id": "resgroup-40"
          },
          "sensitive_attributes": []
        }
      ]
    },
    {
      "module": "module.vm[\"17\"]",
      "mode": "data",
      "type": "vsphere_datacenter",
      "name": "dc",
      "provider": "provider[\"registry.terraform.io/hashicorp/vsphere\"]",
      "instances": [
        {
          "schema_version": 0,
          "attributes": {
            "id": "datacenter-3",
            "name": "cyberfiltre"
          },
          "sensitive_attributes": []
        }
      ]
    },
    {
      "module": "module.vm[\"17\"]",
      "mode": "data",
      "type": "vsphere_datastore",
      "name": "datastore",
      "provider": "provider[\"registry.terraform.io/hashicorp/vsphere\"]",
      "instances": [
        {
          "schema_version": 0,
          "attributes": {
            "datacenter_id": "datacenter-3",
            "id": "datastore-53",
            "name": "vsanDatastore",
            "stats": {
              "capacity": "13442652045312",
              "free": "12742531355772"
            }
          },
          "sensitive_attributes": []
        }
      ]
    },
    {
      "module": "module.vm[\"17\"]",
      "mode": "data",
      "type": "vsphere_network",
      "name": "network1",
      "provider": "provider[\"registry.terraform.io/hashicorp/vsphere\"]",
      "instances": [
        {
          "schema_version": 0,
          "attributes": {
            "datacenter_id": "datacenter-3",
            "distributed_virtual_switch_uuid": null,
            "id": "dvportgroup-69",
            "name": "580",
            "type": "DistributedVirtualPortgroup"
          },
          "sensitive_attributes": []
        }
      ]
    },
    {
      "module": "module.vm[\"17\"]",
      "mode": "data",
      "type": "vsphere_network",
      "name": "network2",
      "provider": "provider[\"registry.terraform.io/hashicorp/vsphere\"]",
      "instances": [
        {
          "schema_version": 0,
          "attributes": {
            "datacenter_id": "datacenter-3",
            "distributed_virtual_switch_uuid": null,
            "id": "dvportgroup-68",
            "name": "585",
            "type": "DistributedVirtualPortgroup"
          },
          "sensitive_attributes": []
        }
      ]
    },
    {
      "module": "module.vm[\"17\"]",
      "mode": "data",
      "type": "vsphere_network",
      "name": "network3",
      "provider": "provider[\"registry.terraform.io/hashicorp/vsphere\"]",
      "instances": [
        {
          "schema_version": 0,
          "attributes": {
            "datacenter_id": "datacenter-3",
            "distributed_virtual_switch_uuid": null,
            "id": "network-80",
            "name": "none",
            "type": "Network"
          },
          "sensitive_attributes": []
        }
      ]
    },
    {
      "module": "module.vm[\"17\"]",
      "mode": "data",
      "type": "vsphere_network",
      "name": "network4",
      "provider": "provider[\"registry.terraform.io/hashicorp/vsphere\"]",
      "instances": [
        {
          "schema_version": 0,
          "attributes": {
            "datacenter_id": "datacenter-3",
            "distributed_virtual_switch_uuid": null,
            "id": "network-80",
            "name": "none",
            "type": "Network"
          },
          "sensitive_attributes": []
        }
      ]
    },
    {
      "module": "module.vm[\"17\"]",
      "mode": "data",
      "type": "vsphere_resource_pool",
      "name": "rpool",
      "provider": "provider[\"registry.terraform.io/hashicorp/vsphere\"]",
      "instances": [
        {
          "schema_version": 0,
          "attributes": {
            "datacenter_id": "datacenter-3",
            "id": "resgroup-73",
            "name": "/cyberfiltre/host/cyberfiltre/Resources/xitg"
          },
          "sensitive_attributes": []
        }
      ]
    },
    {
      "module": "module.vm[\"17\"]",
      "mode": "data",
      "type": "vsphere_virtual_machine",
      "name": "template",
      "provider": "provider[\"registry.terraform.io/hashicorp/vsphere\"]",
      "instances": [
        {
          "schema_version": 0,
          "attributes": {
            "alternate_guest_name": "",
            "annotation": "",
            "boot_delay": 0,
            "boot_retry_delay": 10000,
            "boot_retry_enabled": false,
            "change_version": "2024-09-05T18:45:01.872822Z",
            "cpu_hot_add_enabled": false,
            "cpu_hot_remove_enabled": false,
            "cpu_limit": -1,
            "cpu_performance_counters_enabled": false,
            "cpu_reservation": 0,
            "cpu_share_count": 2000,
            "cpu_share_level": "normal",
            "datacenter_id": "datacenter-3",
            "default_ip_address": null,
            "disks": [
              {
                "eagerly_scrub": false,
                "label": "Hard disk 1",
                "size": 52,
                "thin_provisioned": true,
                "unit_number": 0
              }
            ],
            "efi_secure_boot_enabled": true,
            "enable_disk_uuid": false,
            "enable_logging": true,
            "ept_rvi_mode": "",
            "extra_config": {},
            "extra_config_reboot_required": true,
            "firmware": "efi",
            "folder": null,
            "guest_id": "rhel8_64Guest",
            "guest_ip_addresses": [],
            "hardware_version": 19,
            "hv_mode": "",
            "id": "423e5a05-501a-d312-1605-9e4dcb02aaae",
            "ide_controller_scan_count": 2,
            "instance_uuid": "503efa85-f341-2098-0b00-d9b65250d877",
            "latency_sensitivity": "normal",
            "memory": 1024,
            "memory_hot_add_enabled": false,
            "memory_limit": -1,
            "memory_reservation": 0,
            "memory_reservation_locked_to_max": false,
            "memory_share_count": 10240,
            "memory_share_level": "normal",
            "moid": "vm-78",
            "name": "linux-rhel-8.7-socle",
            "nested_hv_enabled": false,
            "network_interface_types": [
              "vmxnet3"
            ],
            "network_interfaces": [
              {
                "adapter_type": "vmxnet3",
                "bandwidth_limit": -1,
                "bandwidth_reservation": 0,
                "bandwidth_share_count": 50,
                "bandwidth_share_level": "normal",
                "mac_address": "00:50:56:be:68:9a",
                "network_id": "network-79",
                "physical_function": ""
              }
            ],
            "num_cores_per_socket": 1,
            "num_cpus": 2,
            "replace_trigger": null,
            "run_tools_scripts_after_power_on": true,
            "run_tools_scripts_after_resume": true,
            "run_tools_scripts_before_guest_reboot": false,
            "run_tools_scripts_before_guest_shutdown": true,
            "run_tools_scripts_before_guest_standby": true,
            "sata_controller_scan_count": 0,
            "scsi_bus_sharing": "noSharing",
            "scsi_controller_scan_count": 1,
            "scsi_type": "pvscsi",
            "storage_policy_id": null,
            "swap_placement_policy": "inherit",
            "sync_time_with_host": true,
            "sync_time_with_host_periodically": false,
            "tools_upgrade_policy": "upgradeAtPowerCycle",
            "uuid": "423e5a05-501a-d312-1605-9e4dcb02aaae",
            "vapp": null,
            "vapp_transport": [],
            "vbs_enabled": false,
            "vvtd_enabled": false
          },
          "sensitive_attributes": []
        }
      ]
    },
    {
      "module": "module.vm[\"17\"]",
      "mode": "managed",
      "type": "vsphere_virtual_machine",
      "name": "vm",
      "provider": "provider[\"registry.terraform.io/hashicorp/vsphere\"]",
      "instances": [
        {
          "schema_version": 3,
          "attributes": {
            "alternate_guest_name": "",
            "annotation": "",
            "boot_delay": 0,
            "boot_retry_delay": 10000,
            "boot_retry_enabled": false,
            "cdrom": [],
            "change_version": "2024-09-05T19:27:16.646714Z",
            "clone": [
              {
                "customization_spec": [],
                "customize": [
                  {
                    "dns_server_list": [],
                    "dns_suffix_list": [],
                    "ipv4_gateway": "172.31.49.254",
                    "ipv6_gateway": "",
                    "linux_options": [
                      {
                        "domain": "ms.fcm",
                        "host_name": "it-3-cbf-repdb",
                        "hw_clock_utc": true,
                        "script_text": "",
                        "time_zone": ""
                      }
                    ],
                    "network_interface": [
                      {
                        "dns_domain": "ms.fcm",
                        "dns_server_list": [
                          "172.16.1.240, 172.17.1.240"
                        ],
                        "ipv4_address": "172.31.49.28",
                        "ipv4_netmask": 24,
                        "ipv6_address": "",
                        "ipv6_netmask": 0
                      },
                      {
                        "dns_domain": "",
                        "dns_server_list": [],
                        "ipv4_address": "192.168.102.23",
                        "ipv4_netmask": 24,
                        "ipv6_address": "",
                        "ipv6_netmask": 0
                      }
                    ],
                    "timeout": 0,
                    "windows_options": [],
                    "windows_sysprep_text": ""
                  }
                ],
                "linked_clone": false,
                "ovf_network_map": {},
                "ovf_storage_map": {},
                "template_uuid": "423e5a05-501a-d312-1605-9e4dcb02aaae",
                "timeout": 30
              }
            ],
            "cpu_hot_add_enabled": true,
            "cpu_hot_remove_enabled": true,
            "cpu_limit": -1,
            "cpu_performance_counters_enabled": false,
            "cpu_reservation": 0,
            "cpu_share_count": 1000,
            "cpu_share_level": "normal",
            "custom_attributes": {},
            "datacenter_id": null,
            "datastore_cluster_id": null,
            "datastore_id": "datastore-53",
            "default_ip_address": "172.31.49.28",
            "disk": [
              {
                "attach": false,
                "controller_type": "scsi",
                "datastore_id": "datastore-53",
                "device_address": "scsi:0:0",
                "disk_mode": "persistent",
                "disk_sharing": "sharingNone",
                "eagerly_scrub": false,
                "io_limit": -1,
                "io_reservation": 0,
                "io_share_count": 1000,
                "io_share_level": "normal",
                "keep_on_remove": false,
                "key": 2000,
                "label": "disk0",
                "path": "a402da66-9c9d-b75a-70d6-043201dde7f0/it-cbf-repdb-3.vmdk",
                "size": 52,
                "storage_policy_id": "aa6d5a82-1c88-45da-85d3-3d74b91a5bad",
                "thin_provisioned": true,
                "unit_number": 0,
                "uuid": "6000C293-a61f-a273-5864-e62e0d75b62a",
                "write_through": false
              },
              {
                "attach": false,
                "controller_type": "scsi",
                "datastore_id": "datastore-53",
                "device_address": "scsi:0:15",
                "disk_mode": "persistent",
                "disk_sharing": "sharingNone",
                "eagerly_scrub": false,
                "io_limit": -1,
                "io_reservation": 0,
                "io_share_count": 1000,
                "io_share_level": "normal",
                "keep_on_remove": false,
                "key": 2015,
                "label": "disk1",
                "path": "a402da66-9c9d-b75a-70d6-043201dde7f0/it-cbf-repdb-3_1.vmdk",
                "size": 15,
                "storage_policy_id": "aa6d5a82-1c88-45da-85d3-3d74b91a5bad",
                "thin_provisioned": true,
                "unit_number": 14,
                "uuid": "6000C292-5672-5bd7-b8f0-968a44222631",
                "write_through": false
              }
            ],
            "efi_secure_boot_enabled": false,
            "enable_disk_uuid": false,
            "enable_logging": false,
            "ept_rvi_mode": "",
            "extra_config": {},
            "extra_config_reboot_required": true,
            "firmware": "efi",
            "folder": "xitg",
            "force_power_off": true,
            "guest_id": "rhel8_64Guest",
            "guest_ip_addresses": [
              "172.31.49.28",
              "fe80::250:56ff:feb7:47c6",
              "192.168.102.23",
              "fe80::250:56ff:feb7:2b2"
            ],
            "hardware_version": 19,
            "host_system_id": "host-15",
            "hv_mode": "",
            "id": "423722fc-cd6a-1907-ea2d-1c78777a68c2",
            "ide_controller_count": 2,
            "ignored_guest_ips": null,
            "imported": null,
            "latency_sensitivity": "normal",
            "memory": 2048,
            "memory_hot_add_enabled": true,
            "memory_limit": -1,
            "memory_reservation": 0,
            "memory_reservation_locked_to_max": false,
            "memory_share_count": 20480,
            "memory_share_level": "normal",
            "migrate_wait_timeout": 90,
            "moid": "vm-101",
            "name": "it-cbf-repdb-3",
            "nested_hv_enabled": false,
            "network_interface": [
              {
                "adapter_type": "vmxnet3",
                "bandwidth_limit": -1,
                "bandwidth_reservation": 0,
                "bandwidth_share_count": 50,
                "bandwidth_share_level": "normal",
                "device_address": "pci:0:7",
                "key": 4000,
                "mac_address": "00:50:56:b7:47:c6",
                "network_id": "dvportgroup-69",
                "ovf_mapping": "",
                "physical_function": "",
                "use_static_mac": false
              },
              {
                "adapter_type": "vmxnet3",
                "bandwidth_limit": -1,
                "bandwidth_reservation": 0,
                "bandwidth_share_count": 50,
                "bandwidth_share_level": "normal",
                "device_address": "pci:0:8",
                "key": 4001,
                "mac_address": "00:50:56:b7:02:b2",
                "network_id": "dvportgroup-68",
                "ovf_mapping": "",
                "physical_function": "",
                "use_static_mac": false
              }
            ],
            "num_cores_per_socket": 1,
            "num_cpus": 1,
            "ovf_deploy": [],
            "pci_device_id": [],
            "power_state": "on",
            "poweron_timeout": 300,
            "reboot_required": false,
            "replace_trigger": null,
            "resource_pool_id": "resgroup-73",
            "run_tools_scripts_after_power_on": true,
            "run_tools_scripts_after_resume": true,
            "run_tools_scripts_before_guest_reboot": false,
            "run_tools_scripts_before_guest_shutdown": true,
            "run_tools_scripts_before_guest_standby": true,
            "sata_controller_count": 0,
            "scsi_bus_sharing": "noSharing",
            "scsi_controller_count": 1,
            "scsi_type": "pvscsi",
            "shutdown_wait_timeout": 3,
            "storage_policy_id": "aa6d5a82-1c88-45da-85d3-3d74b91a5bad",
            "swap_placement_policy": "inherit",
            "sync_time_with_host": true,
            "sync_time_with_host_periodically": false,
            "tags": [],
            "tools_upgrade_policy": "manual",
            "uuid": "423722fc-cd6a-1907-ea2d-1c78777a68c2",
            "vapp": [],
            "vapp_transport": [],
            "vbs_enabled": false,
            "vmware_tools_status": "guestToolsRunning",
            "vmx_path": "a402da66-9c9d-b75a-70d6-043201dde7f0/it-cbf-repdb-3.vmx",
            "vvtd_enabled": false,
            "wait_for_guest_ip_timeout": 300,
            "wait_for_guest_net_routable": false,
            "wait_for_guest_net_timeout": 300
          },
          "sensitive_attributes": [],
          "private": "eyJzY2hlbWFfdmVyc2lvbiI6IjMifQ==",
          "dependencies": [
            "module.vm.data.vsphere_datacenter.dc",
            "module.vm.data.vsphere_datastore.datastore",
            "module.vm.data.vsphere_network.network1",
            "module.vm.data.vsphere_network.network2",
            "module.vm.data.vsphere_network.network3",
            "module.vm.data.vsphere_network.network4",
            "module.vm.data.vsphere_resource_pool.rpool",
            "module.vm.data.vsphere_virtual_machine.template"
          ]
        }
      ]
    },
    {
      "module": "module.vm[\"18\"]",
      "mode": "data",
      "type": "vsphere_compute_cluster",
      "name": "cluster",
      "provider": "provider[\"registry.terraform.io/hashicorp/vsphere\"]",
      "instances": [
        {
          "schema_version": 0,
          "attributes": {
            "datacenter_id": "datacenter-3",
            "id": "domain-c39",
            "name": "cyberfiltre",
            "resource_pool_id": "resgroup-40"
          },
          "sensitive_attributes": []
        }
      ]
    },
    {
      "module": "module.vm[\"18\"]",
      "mode": "data",
      "type": "vsphere_datacenter",
      "name": "dc",
      "provider": "provider[\"registry.terraform.io/hashicorp/vsphere\"]",
      "instances": [
        {
          "schema_version": 0,
          "attributes": {
            "id": "datacenter-3",
            "name": "cyberfiltre"
          },
          "sensitive_attributes": []
        }
      ]
    },
    {
      "module": "module.vm[\"18\"]",
      "mode": "data",
      "type": "vsphere_datastore",
      "name": "datastore",
      "provider": "provider[\"registry.terraform.io/hashicorp/vsphere\"]",
      "instances": [
        {
          "schema_version": 0,
          "attributes": {
            "datacenter_id": "datacenter-3",
            "id": "datastore-53",
            "name": "vsanDatastore",
            "stats": {
              "capacity": "13442652045312",
              "free": "12742531355772"
            }
          },
          "sensitive_attributes": []
        }
      ]
    },
    {
      "module": "module.vm[\"18\"]",
      "mode": "data",
      "type": "vsphere_network",
      "name": "network1",
      "provider": "provider[\"registry.terraform.io/hashicorp/vsphere\"]",
      "instances": [
        {
          "schema_version": 0,
          "attributes": {
            "datacenter_id": "datacenter-3",
            "distributed_virtual_switch_uuid": null,
            "id": "dvportgroup-69",
            "name": "580",
            "type": "DistributedVirtualPortgroup"
          },
          "sensitive_attributes": []
        }
      ]
    },
    {
      "module": "module.vm[\"18\"]",
      "mode": "data",
      "type": "vsphere_network",
      "name": "network2",
      "provider": "provider[\"registry.terraform.io/hashicorp/vsphere\"]",
      "instances": [
        {
          "schema_version": 0,
          "attributes": {
            "datacenter_id": "datacenter-3",
            "distributed_virtual_switch_uuid": null,
            "id": "dvportgroup-68",
            "name": "585",
            "type": "DistributedVirtualPortgroup"
          },
          "sensitive_attributes": []
        }
      ]
    },
    {
      "module": "module.vm[\"18\"]",
      "mode": "data",
      "type": "vsphere_network",
      "name": "network3",
      "provider": "provider[\"registry.terraform.io/hashicorp/vsphere\"]",
      "instances": [
        {
          "schema_version": 0,
          "attributes": {
            "datacenter_id": "datacenter-3",
            "distributed_virtual_switch_uuid": null,
            "id": "dvportgroup-67",
            "name": "584",
            "type": "DistributedVirtualPortgroup"
          },
          "sensitive_attributes": []
        }
      ]
    },
    {
      "module": "module.vm[\"18\"]",
      "mode": "data",
      "type": "vsphere_network",
      "name": "network4",
      "provider": "provider[\"registry.terraform.io/hashicorp/vsphere\"]",
      "instances": [
        {
          "schema_version": 0,
          "attributes": {
            "datacenter_id": "datacenter-3",
            "distributed_virtual_switch_uuid": null,
            "id": "network-80",
            "name": "none",
            "type": "Network"
          },
          "sensitive_attributes": []
        }
      ]
    },
    {
      "module": "module.vm[\"18\"]",
      "mode": "data",
      "type": "vsphere_resource_pool",
      "name": "rpool",
      "provider": "provider[\"registry.terraform.io/hashicorp/vsphere\"]",
      "instances": [
        {
          "schema_version": 0,
          "attributes": {
            "datacenter_id": "datacenter-3",
            "id": "resgroup-73",
            "name": "/cyberfiltre/host/cyberfiltre/Resources/xitg"
          },
          "sensitive_attributes": []
        }
      ]
    },
    {
      "module": "module.vm[\"18\"]",
      "mode": "data",
      "type": "vsphere_virtual_machine",
      "name": "template",
      "provider": "provider[\"registry.terraform.io/hashicorp/vsphere\"]",
      "instances": [
        {
          "schema_version": 0,
          "attributes": {
            "alternate_guest_name": "",
            "annotation": "",
            "boot_delay": 0,
            "boot_retry_delay": 10000,
            "boot_retry_enabled": false,
            "change_version": "2024-09-05T18:45:01.872822Z",
            "cpu_hot_add_enabled": false,
            "cpu_hot_remove_enabled": false,
            "cpu_limit": -1,
            "cpu_performance_counters_enabled": false,
            "cpu_reservation": 0,
            "cpu_share_count": 2000,
            "cpu_share_level": "normal",
            "datacenter_id": "datacenter-3",
            "default_ip_address": null,
            "disks": [
              {
                "eagerly_scrub": false,
                "label": "Hard disk 1",
                "size": 52,
                "thin_provisioned": true,
                "unit_number": 0
              }
            ],
            "efi_secure_boot_enabled": true,
            "enable_disk_uuid": false,
            "enable_logging": true,
            "ept_rvi_mode": "",
            "extra_config": {},
            "extra_config_reboot_required": true,
            "firmware": "efi",
            "folder": null,
            "guest_id": "rhel8_64Guest",
            "guest_ip_addresses": [],
            "hardware_version": 19,
            "hv_mode": "",
            "id": "423e5a05-501a-d312-1605-9e4dcb02aaae",
            "ide_controller_scan_count": 2,
            "instance_uuid": "503efa85-f341-2098-0b00-d9b65250d877",
            "latency_sensitivity": "normal",
            "memory": 1024,
            "memory_hot_add_enabled": false,
            "memory_limit": -1,
            "memory_reservation": 0,
            "memory_reservation_locked_to_max": false,
            "memory_share_count": 10240,
            "memory_share_level": "normal",
            "moid": "vm-78",
            "name": "linux-rhel-8.7-socle",
            "nested_hv_enabled": false,
            "network_interface_types": [
              "vmxnet3"
            ],
            "network_interfaces": [
              {
                "adapter_type": "vmxnet3",
                "bandwidth_limit": -1,
                "bandwidth_reservation": 0,
                "bandwidth_share_count": 50,
                "bandwidth_share_level": "normal",
                "mac_address": "00:50:56:be:68:9a",
                "network_id": "network-79",
                "physical_function": ""
              }
            ],
            "num_cores_per_socket": 1,
            "num_cpus": 2,
            "replace_trigger": null,
            "run_tools_scripts_after_power_on": true,
            "run_tools_scripts_after_resume": true,
            "run_tools_scripts_before_guest_reboot": false,
            "run_tools_scripts_before_guest_shutdown": true,
            "run_tools_scripts_before_guest_standby": true,
            "sata_controller_scan_count": 0,
            "scsi_bus_sharing": "noSharing",
            "scsi_controller_scan_count": 1,
            "scsi_type": "pvscsi",
            "storage_policy_id": null,
            "swap_placement_policy": "inherit",
            "sync_time_with_host": true,
            "sync_time_with_host_periodically": false,
            "tools_upgrade_policy": "upgradeAtPowerCycle",
            "uuid": "423e5a05-501a-d312-1605-9e4dcb02aaae",
            "vapp": null,
            "vapp_transport": [],
            "vbs_enabled": false,
            "vvtd_enabled": false
          },
          "sensitive_attributes": []
        }
      ]
    },
    {
      "module": "module.vm[\"18\"]",
      "mode": "managed",
      "type": "vsphere_virtual_machine",
      "name": "vm",
      "provider": "provider[\"registry.terraform.io/hashicorp/vsphere\"]",
      "instances": [
        {
          "schema_version": 3,
          "attributes": {
            "alternate_guest_name": "",
            "annotation": "",
            "boot_delay": 0,
            "boot_retry_delay": 10000,
            "boot_retry_enabled": false,
            "cdrom": [],
            "change_version": "2024-09-05T19:01:04.058049Z",
            "clone": [
              {
                "customization_spec": [],
                "customize": [
                  {
                    "dns_server_list": [],
                    "dns_suffix_list": [],
                    "ipv4_gateway": "172.31.49.254",
                    "ipv6_gateway": "",
                    "linux_options": [
                      {
                        "domain": "ms.fcm",
                        "host_name": "it-1-cbf-mon",
                        "hw_clock_utc": true,
                        "script_text": "",
                        "time_zone": ""
                      }
                    ],
                    "network_interface": [
                      {
                        "dns_domain": "ms.fcm",
                        "dns_server_list": [
                          "172.16.1.240, 172.17.1.240"
                        ],
                        "ipv4_address": "172.31.49.29",
                        "ipv4_netmask": 24,
                        "ipv6_address": "",
                        "ipv6_netmask": 0
                      },
                      {
                        "dns_domain": "",
                        "dns_server_list": [],
                        "ipv4_address": "192.168.102.24",
                        "ipv4_netmask": 24,
                        "ipv6_address": "",
                        "ipv6_netmask": 0
                      },
                      {
                        "dns_domain": "",
                        "dns_server_list": [],
                        "ipv4_address": "192.168.101.24",
                        "ipv4_netmask": 24,
                        "ipv6_address": "",
                        "ipv6_netmask": 0
                      }
                    ],
                    "timeout": 0,
                    "windows_options": [],
                    "windows_sysprep_text": ""
                  }
                ],
                "linked_clone": false,
                "ovf_network_map": {},
                "ovf_storage_map": {},
                "template_uuid": "423e5a05-501a-d312-1605-9e4dcb02aaae",
                "timeout": 30
              }
            ],
            "cpu_hot_add_enabled": true,
            "cpu_hot_remove_enabled": true,
            "cpu_limit": -1,
            "cpu_performance_counters_enabled": false,
            "cpu_reservation": 0,
            "cpu_share_count": 1000,
            "cpu_share_level": "normal",
            "custom_attributes": {},
            "datacenter_id": null,
            "datastore_cluster_id": null,
            "datastore_id": "datastore-53",
            "default_ip_address": "172.31.49.29",
            "disk": [
              {
                "attach": false,
                "controller_type": "scsi",
                "datastore_id": "datastore-53",
                "device_address": "scsi:0:0",
                "disk_mode": "persistent",
                "disk_sharing": "sharingNone",
                "eagerly_scrub": false,
                "io_limit": -1,
                "io_reservation": 0,
                "io_share_count": 1000,
                "io_share_level": "normal",
                "keep_on_remove": false,
                "key": 2000,
                "label": "disk0",
                "path": "92fcd966-5a83-925d-91e8-043201dde7f0/it-cbf-mon-1.vmdk",
                "size": 52,
                "storage_policy_id": "aa6d5a82-1c88-45da-85d3-3d74b91a5bad",
                "thin_provisioned": true,
                "unit_number": 0,
                "uuid": "6000C292-a7c6-3a8f-5f91-78b8d4dce56c",
                "write_through": false
              },
              {
                "attach": false,
                "controller_type": "scsi",
                "datastore_id": "datastore-53",
                "device_address": "scsi:0:15",
                "disk_mode": "persistent",
                "disk_sharing": "sharingNone",
                "eagerly_scrub": false,
                "io_limit": -1,
                "io_reservation": 0,
                "io_share_count": 1000,
                "io_share_level": "normal",
                "keep_on_remove": false,
                "key": 2015,
                "label": "disk1",
                "path": "92fcd966-5a83-925d-91e8-043201dde7f0/it-cbf-mon-1_1.vmdk",
                "size": 5,
                "storage_policy_id": "aa6d5a82-1c88-45da-85d3-3d74b91a5bad",
                "thin_provisioned": true,
                "unit_number": 14,
                "uuid": "6000C29b-141a-8aec-aed9-f05bcfd7b8d1",
                "write_through": false
              }
            ],
            "efi_secure_boot_enabled": false,
            "enable_disk_uuid": false,
            "enable_logging": false,
            "ept_rvi_mode": "",
            "extra_config": {},
            "extra_config_reboot_required": true,
            "firmware": "efi",
            "folder": "xitg",
            "force_power_off": true,
            "guest_id": "rhel8_64Guest",
            "guest_ip_addresses": [
              "172.31.49.29",
              "fe80::250:56ff:feb7:176b",
              "192.168.102.24",
              "fe80::250:56ff:feb7:3cc3",
              "192.168.101.24",
              "fe80::250:56ff:feb7:921"
            ],
            "hardware_version": 19,
            "host_system_id": "host-15",
            "hv_mode": "",
            "id": "42371853-f724-dfba-3af3-b68d3f563b60",
            "ide_controller_count": 2,
            "ignored_guest_ips": null,
            "imported": null,
            "latency_sensitivity": "normal",
            "memory": 2048,
            "memory_hot_add_enabled": true,
            "memory_limit": -1,
            "memory_reservation": 0,
            "memory_reservation_locked_to_max": false,
            "memory_share_count": 20480,
            "memory_share_level": "normal",
            "migrate_wait_timeout": 90,
            "moid": "vm-84",
            "name": "it-cbf-mon-1",
            "nested_hv_enabled": false,
            "network_interface": [
              {
                "adapter_type": "vmxnet3",
                "bandwidth_limit": -1,
                "bandwidth_reservation": 0,
                "bandwidth_share_count": 50,
                "bandwidth_share_level": "normal",
                "device_address": "pci:0:7",
                "key": 4000,
                "mac_address": "00:50:56:b7:17:6b",
                "network_id": "dvportgroup-69",
                "ovf_mapping": "",
                "physical_function": "",
                "use_static_mac": false
              },
              {
                "adapter_type": "vmxnet3",
                "bandwidth_limit": -1,
                "bandwidth_reservation": 0,
                "bandwidth_share_count": 50,
                "bandwidth_share_level": "normal",
                "device_address": "pci:0:8",
                "key": 4001,
                "mac_address": "00:50:56:b7:3c:c3",
                "network_id": "dvportgroup-68",
                "ovf_mapping": "",
                "physical_function": "",
                "use_static_mac": false
              },
              {
                "adapter_type": "vmxnet3",
                "bandwidth_limit": -1,
                "bandwidth_reservation": 0,
                "bandwidth_share_count": 50,
                "bandwidth_share_level": "normal",
                "device_address": "pci:0:9",
                "key": 4002,
                "mac_address": "00:50:56:b7:09:21",
                "network_id": "dvportgroup-67",
                "ovf_mapping": "",
                "physical_function": "",
                "use_static_mac": false
              }
            ],
            "num_cores_per_socket": 1,
            "num_cpus": 1,
            "ovf_deploy": [],
            "pci_device_id": [],
            "power_state": "on",
            "poweron_timeout": 300,
            "reboot_required": false,
            "replace_trigger": null,
            "resource_pool_id": "resgroup-73",
            "run_tools_scripts_after_power_on": true,
            "run_tools_scripts_after_resume": true,
            "run_tools_scripts_before_guest_reboot": false,
            "run_tools_scripts_before_guest_shutdown": true,
            "run_tools_scripts_before_guest_standby": true,
            "sata_controller_count": 0,
            "scsi_bus_sharing": "noSharing",
            "scsi_controller_count": 1,
            "scsi_type": "pvscsi",
            "shutdown_wait_timeout": 3,
            "storage_policy_id": "aa6d5a82-1c88-45da-85d3-3d74b91a5bad",
            "swap_placement_policy": "inherit",
            "sync_time_with_host": true,
            "sync_time_with_host_periodically": false,
            "tags": [],
            "tools_upgrade_policy": "manual",
            "uuid": "42371853-f724-dfba-3af3-b68d3f563b60",
            "vapp": [],
            "vapp_transport": [],
            "vbs_enabled": false,
            "vmware_tools_status": "guestToolsRunning",
            "vmx_path": "92fcd966-5a83-925d-91e8-043201dde7f0/it-cbf-mon-1.vmx",
            "vvtd_enabled": false,
            "wait_for_guest_ip_timeout": 300,
            "wait_for_guest_net_routable": false,
            "wait_for_guest_net_timeout": 300
          },
          "sensitive_attributes": [],
          "private": "eyJzY2hlbWFfdmVyc2lvbiI6IjMifQ==",
          "dependencies": [
            "module.vm.data.vsphere_datacenter.dc",
            "module.vm.data.vsphere_datastore.datastore",
            "module.vm.data.vsphere_network.network1",
            "module.vm.data.vsphere_network.network2",
            "module.vm.data.vsphere_network.network3",
            "module.vm.data.vsphere_network.network4",
            "module.vm.data.vsphere_resource_pool.rpool",
            "module.vm.data.vsphere_virtual_machine.template"
          ]
        }
      ]
    },
    {
      "module": "module.vm[\"19\"]",
      "mode": "data",
      "type": "vsphere_compute_cluster",
      "name": "cluster",
      "provider": "provider[\"registry.terraform.io/hashicorp/vsphere\"]",
      "instances": [
        {
          "schema_version": 0,
          "attributes": {
            "datacenter_id": "datacenter-3",
            "id": "domain-c39",
            "name": "cyberfiltre",
            "resource_pool_id": "resgroup-40"
          },
          "sensitive_attributes": []
        }
      ]
    },
    {
      "module": "module.vm[\"19\"]",
      "mode": "data",
      "type": "vsphere_datacenter",
      "name": "dc",
      "provider": "provider[\"registry.terraform.io/hashicorp/vsphere\"]",
      "instances": [
        {
          "schema_version": 0,
          "attributes": {
            "id": "datacenter-3",
            "name": "cyberfiltre"
          },
          "sensitive_attributes": []
        }
      ]
    },
    {
      "module": "module.vm[\"19\"]",
      "mode": "data",
      "type": "vsphere_datastore",
      "name": "datastore",
      "provider": "provider[\"registry.terraform.io/hashicorp/vsphere\"]",
      "instances": [
        {
          "schema_version": 0,
          "attributes": {
            "datacenter_id": "datacenter-3",
            "id": "datastore-53",
            "name": "vsanDatastore",
            "stats": {
              "capacity": "13442652045312",
              "free": "12742531355772"
            }
          },
          "sensitive_attributes": []
        }
      ]
    },
    {
      "module": "module.vm[\"19\"]",
      "mode": "data",
      "type": "vsphere_network",
      "name": "network1",
      "provider": "provider[\"registry.terraform.io/hashicorp/vsphere\"]",
      "instances": [
        {
          "schema_version": 0,
          "attributes": {
            "datacenter_id": "datacenter-3",
            "distributed_virtual_switch_uuid": null,
            "id": "dvportgroup-69",
            "name": "580",
            "type": "DistributedVirtualPortgroup"
          },
          "sensitive_attributes": []
        }
      ]
    },
    {
      "module": "module.vm[\"19\"]",
      "mode": "data",
      "type": "vsphere_network",
      "name": "network2",
      "provider": "provider[\"registry.terraform.io/hashicorp/vsphere\"]",
      "instances": [
        {
          "schema_version": 0,
          "attributes": {
            "datacenter_id": "datacenter-3",
            "distributed_virtual_switch_uuid": null,
            "id": "network-80",
            "name": "none",
            "type": "Network"
          },
          "sensitive_attributes": []
        }
      ]
    },
    {
      "module": "module.vm[\"19\"]",
      "mode": "data",
      "type": "vsphere_network",
      "name": "network3",
      "provider": "provider[\"registry.terraform.io/hashicorp/vsphere\"]",
      "instances": [
        {
          "schema_version": 0,
          "attributes": {
            "datacenter_id": "datacenter-3",
            "distributed_virtual_switch_uuid": null,
            "id": "dvportgroup-67",
            "name": "584",
            "type": "DistributedVirtualPortgroup"
          },
          "sensitive_attributes": []
        }
      ]
    },
    {
      "module": "module.vm[\"19\"]",
      "mode": "data",
      "type": "vsphere_network",
      "name": "network4",
      "provider": "provider[\"registry.terraform.io/hashicorp/vsphere\"]",
      "instances": [
        {
          "schema_version": 0,
          "attributes": {
            "datacenter_id": "datacenter-3",
            "distributed_virtual_switch_uuid": null,
            "id": "dvportgroup-63",
            "name": "881",
            "type": "DistributedVirtualPortgroup"
          },
          "sensitive_attributes": []
        }
      ]
    },
    {
      "module": "module.vm[\"19\"]",
      "mode": "data",
      "type": "vsphere_resource_pool",
      "name": "rpool",
      "provider": "provider[\"registry.terraform.io/hashicorp/vsphere\"]",
      "instances": [
        {
          "schema_version": 0,
          "attributes": {
            "datacenter_id": "datacenter-3",
            "id": "resgroup-73",
            "name": "/cyberfiltre/host/cyberfiltre/Resources/xitg"
          },
          "sensitive_attributes": []
        }
      ]
    },
    {
      "module": "module.vm[\"19\"]",
      "mode": "data",
      "type": "vsphere_virtual_machine",
      "name": "template",
      "provider": "provider[\"registry.terraform.io/hashicorp/vsphere\"]",
      "instances": [
        {
          "schema_version": 0,
          "attributes": {
            "alternate_guest_name": "",
            "annotation": "",
            "boot_delay": 0,
            "boot_retry_delay": 10000,
            "boot_retry_enabled": false,
            "change_version": "2024-09-05T18:45:01.872822Z",
            "cpu_hot_add_enabled": false,
            "cpu_hot_remove_enabled": false,
            "cpu_limit": -1,
            "cpu_performance_counters_enabled": false,
            "cpu_reservation": 0,
            "cpu_share_count": 2000,
            "cpu_share_level": "normal",
            "datacenter_id": "datacenter-3",
            "default_ip_address": null,
            "disks": [
              {
                "eagerly_scrub": false,
                "label": "Hard disk 1",
                "size": 52,
                "thin_provisioned": true,
                "unit_number": 0
              }
            ],
            "efi_secure_boot_enabled": true,
            "enable_disk_uuid": false,
            "enable_logging": true,
            "ept_rvi_mode": "",
            "extra_config": {},
            "extra_config_reboot_required": true,
            "firmware": "efi",
            "folder": null,
            "guest_id": "rhel8_64Guest",
            "guest_ip_addresses": [],
            "hardware_version": 19,
            "hv_mode": "",
            "id": "423e5a05-501a-d312-1605-9e4dcb02aaae",
            "ide_controller_scan_count": 2,
            "instance_uuid": "503efa85-f341-2098-0b00-d9b65250d877",
            "latency_sensitivity": "normal",
            "memory": 1024,
            "memory_hot_add_enabled": false,
            "memory_limit": -1,
            "memory_reservation": 0,
            "memory_reservation_locked_to_max": false,
            "memory_share_count": 10240,
            "memory_share_level": "normal",
            "moid": "vm-78",
            "name": "linux-rhel-8.7-socle",
            "nested_hv_enabled": false,
            "network_interface_types": [
              "vmxnet3"
            ],
            "network_interfaces": [
              {
                "adapter_type": "vmxnet3",
                "bandwidth_limit": -1,
                "bandwidth_reservation": 0,
                "bandwidth_share_count": 50,
                "bandwidth_share_level": "normal",
                "mac_address": "00:50:56:be:68:9a",
                "network_id": "network-79",
                "physical_function": ""
              }
            ],
            "num_cores_per_socket": 1,
            "num_cpus": 2,
            "replace_trigger": null,
            "run_tools_scripts_after_power_on": true,
            "run_tools_scripts_after_resume": true,
            "run_tools_scripts_before_guest_reboot": false,
            "run_tools_scripts_before_guest_shutdown": true,
            "run_tools_scripts_before_guest_standby": true,
            "sata_controller_scan_count": 0,
            "scsi_bus_sharing": "noSharing",
            "scsi_controller_scan_count": 1,
            "scsi_type": "pvscsi",
            "storage_policy_id": null,
            "swap_placement_policy": "inherit",
            "sync_time_with_host": true,
            "sync_time_with_host_periodically": false,
            "tools_upgrade_policy": "upgradeAtPowerCycle",
            "uuid": "423e5a05-501a-d312-1605-9e4dcb02aaae",
            "vapp": null,
            "vapp_transport": [],
            "vbs_enabled": false,
            "vvtd_enabled": false
          },
          "sensitive_attributes": []
        }
      ]
    },
    {
      "module": "module.vm[\"19\"]",
      "mode": "managed",
      "type": "vsphere_virtual_machine",
      "name": "vm",
      "provider": "provider[\"registry.terraform.io/hashicorp/vsphere\"]",
      "instances": [
        {
          "schema_version": 3,
          "attributes": {
            "alternate_guest_name": "",
            "annotation": "",
            "boot_delay": 0,
            "boot_retry_delay": 10000,
            "boot_retry_enabled": false,
            "cdrom": [],
            "change_version": "2024-09-05T19:00:43.764191Z",
            "clone": [
              {
                "customization_spec": [],
                "customize": [
                  {
                    "dns_server_list": [],
                    "dns_suffix_list": [],
                    "ipv4_gateway": "172.31.49.254",
                    "ipv6_gateway": "",
                    "linux_options": [
                      {
                        "domain": "ms.fcm",
                        "host_name": "it-1-cbf-filterm",
                        "hw_clock_utc": true,
                        "script_text": "",
                        "time_zone": ""
                      }
                    ],
                    "network_interface": [
                      {
                        "dns_domain": "ms.fcm",
                        "dns_server_list": [
                          "172.16.1.240, 172.17.1.240"
                        ],
                        "ipv4_address": "172.31.49.30",
                        "ipv4_netmask": 24,
                        "ipv6_address": "",
                        "ipv6_netmask": 0
                      },
                      {
                        "dns_domain": "",
                        "dns_server_list": [],
                        "ipv4_address": "192.168.101.25",
                        "ipv4_netmask": 24,
                        "ipv6_address": "",
                        "ipv6_netmask": 0
                      },
                      {
                        "dns_domain": "",
                        "dns_server_list": [],
                        "ipv4_address": "172.25.109.25",
                        "ipv4_netmask": 24,
                        "ipv6_address": "",
                        "ipv6_netmask": 0
                      }
                    ],
                    "timeout": 0,
                    "windows_options": [],
                    "windows_sysprep_text": ""
                  }
                ],
                "linked_clone": false,
                "ovf_network_map": {},
                "ovf_storage_map": {},
                "template_uuid": "423e5a05-501a-d312-1605-9e4dcb02aaae",
                "timeout": 30
              }
            ],
            "cpu_hot_add_enabled": true,
            "cpu_hot_remove_enabled": true,
            "cpu_limit": -1,
            "cpu_performance_counters_enabled": false,
            "cpu_reservation": 0,
            "cpu_share_count": 4000,
            "cpu_share_level": "normal",
            "custom_attributes": {},
            "datacenter_id": null,
            "datastore_cluster_id": null,
            "datastore_id": "datastore-53",
            "default_ip_address": "172.31.49.30",
            "disk": [
              {
                "attach": false,
                "controller_type": "scsi",
                "datastore_id": "datastore-53",
                "device_address": "scsi:0:0",
                "disk_mode": "persistent",
                "disk_sharing": "sharingNone",
                "eagerly_scrub": false,
                "io_limit": -1,
                "io_reservation": 0,
                "io_share_count": 1000,
                "io_share_level": "normal",
                "keep_on_remove": false,
                "key": 2000,
                "label": "disk0",
                "path": "92fcd966-e445-6426-5aab-043201de0940/it-cbf-filterm-1.vmdk",
                "size": 52,
                "storage_policy_id": "aa6d5a82-1c88-45da-85d3-3d74b91a5bad",
                "thin_provisioned": true,
                "unit_number": 0,
                "uuid": "6000C29b-242a-ec10-d420-0fdee3292002",
                "write_through": false
              },
              {
                "attach": false,
                "controller_type": "scsi",
                "datastore_id": "datastore-53",
                "device_address": "scsi:0:15",
                "disk_mode": "persistent",
                "disk_sharing": "sharingNone",
                "eagerly_scrub": false,
                "io_limit": -1,
                "io_reservation": 0,
                "io_share_count": 1000,
                "io_share_level": "normal",
                "keep_on_remove": false,
                "key": 2015,
                "label": "disk1",
                "path": "92fcd966-e445-6426-5aab-043201de0940/it-cbf-filterm-1_1.vmdk",
                "size": 5,
                "storage_policy_id": "aa6d5a82-1c88-45da-85d3-3d74b91a5bad",
                "thin_provisioned": true,
                "unit_number": 14,
                "uuid": "6000C299-bc06-39a4-4789-4253cec2cd6d",
                "write_through": false
              }
            ],
            "efi_secure_boot_enabled": false,
            "enable_disk_uuid": false,
            "enable_logging": false,
            "ept_rvi_mode": "",
            "extra_config": {},
            "extra_config_reboot_required": true,
            "firmware": "efi",
            "folder": "xitg",
            "force_power_off": true,
            "guest_id": "rhel8_64Guest",
            "guest_ip_addresses": [
              "172.31.49.30",
              "fe80::250:56ff:feb7:352e",
              "192.168.101.25",
              "fe80::250:56ff:feb7:a8dd",
              "172.25.109.25",
              "fe80::250:56ff:feb7:ebba"
            ],
            "hardware_version": 19,
            "host_system_id": "host-41",
            "hv_mode": "",
            "id": "42376b69-581b-6310-002f-ed6ced20abd2",
            "ide_controller_count": 2,
            "ignored_guest_ips": null,
            "imported": null,
            "latency_sensitivity": "normal",
            "memory": 8192,
            "memory_hot_add_enabled": true,
            "memory_limit": -1,
            "memory_reservation": 0,
            "memory_reservation_locked_to_max": false,
            "memory_share_count": 81920,
            "memory_share_level": "normal",
            "migrate_wait_timeout": 90,
            "moid": "vm-87",
            "name": "it-cbf-filterm-1",
            "nested_hv_enabled": false,
            "network_interface": [
              {
                "adapter_type": "vmxnet3",
                "bandwidth_limit": -1,
                "bandwidth_reservation": 0,
                "bandwidth_share_count": 50,
                "bandwidth_share_level": "normal",
                "device_address": "pci:0:7",
                "key": 4000,
                "mac_address": "00:50:56:b7:35:2e",
                "network_id": "dvportgroup-69",
                "ovf_mapping": "",
                "physical_function": "",
                "use_static_mac": false
              },
              {
                "adapter_type": "vmxnet3",
                "bandwidth_limit": -1,
                "bandwidth_reservation": 0,
                "bandwidth_share_count": 50,
                "bandwidth_share_level": "normal",
                "device_address": "pci:0:8",
                "key": 4001,
                "mac_address": "00:50:56:b7:a8:dd",
                "network_id": "dvportgroup-67",
                "ovf_mapping": "",
                "physical_function": "",
                "use_static_mac": false
              },
              {
                "adapter_type": "vmxnet3",
                "bandwidth_limit": -1,
                "bandwidth_reservation": 0,
                "bandwidth_share_count": 50,
                "bandwidth_share_level": "normal",
                "device_address": "pci:0:9",
                "key": 4002,
                "mac_address": "00:50:56:b7:eb:ba",
                "network_id": "dvportgroup-63",
                "ovf_mapping": "",
                "physical_function": "",
                "use_static_mac": false
              }
            ],
            "num_cores_per_socket": 1,
            "num_cpus": 4,
            "ovf_deploy": [],
            "pci_device_id": [],
            "power_state": "on",
            "poweron_timeout": 300,
            "reboot_required": false,
            "replace_trigger": null,
            "resource_pool_id": "resgroup-73",
            "run_tools_scripts_after_power_on": true,
            "run_tools_scripts_after_resume": true,
            "run_tools_scripts_before_guest_reboot": false,
            "run_tools_scripts_before_guest_shutdown": true,
            "run_tools_scripts_before_guest_standby": true,
            "sata_controller_count": 0,
            "scsi_bus_sharing": "noSharing",
            "scsi_controller_count": 1,
            "scsi_type": "pvscsi",
            "shutdown_wait_timeout": 3,
            "storage_policy_id": "aa6d5a82-1c88-45da-85d3-3d74b91a5bad",
            "swap_placement_policy": "inherit",
            "sync_time_with_host": true,
            "sync_time_with_host_periodically": false,
            "tags": [],
            "tools_upgrade_policy": "manual",
            "uuid": "42376b69-581b-6310-002f-ed6ced20abd2",
            "vapp": [],
            "vapp_transport": [],
            "vbs_enabled": false,
            "vmware_tools_status": "guestToolsRunning",
            "vmx_path": "92fcd966-e445-6426-5aab-043201de0940/it-cbf-filterm-1.vmx",
            "vvtd_enabled": false,
            "wait_for_guest_ip_timeout": 300,
            "wait_for_guest_net_routable": false,
            "wait_for_guest_net_timeout": 300
          },
          "sensitive_attributes": [],
          "private": "eyJzY2hlbWFfdmVyc2lvbiI6IjMifQ==",
          "dependencies": [
            "module.vm.data.vsphere_datacenter.dc",
            "module.vm.data.vsphere_datastore.datastore",
            "module.vm.data.vsphere_network.network1",
            "module.vm.data.vsphere_network.network2",
            "module.vm.data.vsphere_network.network3",
            "module.vm.data.vsphere_network.network4",
            "module.vm.data.vsphere_resource_pool.rpool",
            "module.vm.data.vsphere_virtual_machine.template"
          ]
        }
      ]
    },
    {
      "module": "module.vm[\"2\"]",
      "mode": "data",
      "type": "vsphere_compute_cluster",
      "name": "cluster",
      "provider": "provider[\"registry.terraform.io/hashicorp/vsphere\"]",
      "instances": [
        {
          "schema_version": 0,
          "attributes": {
            "datacenter_id": "datacenter-3",
            "id": "domain-c39",
            "name": "cyberfiltre",
            "resource_pool_id": "resgroup-40"
          },
          "sensitive_attributes": []
        }
      ]
    },
    {
      "module": "module.vm[\"2\"]",
      "mode": "data",
      "type": "vsphere_datacenter",
      "name": "dc",
      "provider": "provider[\"registry.terraform.io/hashicorp/vsphere\"]",
      "instances": [
        {
          "schema_version": 0,
          "attributes": {
            "id": "datacenter-3",
            "name": "cyberfiltre"
          },
          "sensitive_attributes": []
        }
      ]
    },
    {
      "module": "module.vm[\"2\"]",
      "mode": "data",
      "type": "vsphere_datastore",
      "name": "datastore",
      "provider": "provider[\"registry.terraform.io/hashicorp/vsphere\"]",
      "instances": [
        {
          "schema_version": 0,
          "attributes": {
            "datacenter_id": "datacenter-3",
            "id": "datastore-53",
            "name": "vsanDatastore",
            "stats": {
              "capacity": "13442652045312",
              "free": "12742531355772"
            }
          },
          "sensitive_attributes": []
        }
      ]
    },
    {
      "module": "module.vm[\"2\"]",
      "mode": "data",
      "type": "vsphere_network",
      "name": "network1",
      "provider": "provider[\"registry.terraform.io/hashicorp/vsphere\"]",
      "instances": [
        {
          "schema_version": 0,
          "attributes": {
            "datacenter_id": "datacenter-3",
            "distributed_virtual_switch_uuid": null,
            "id": "dvportgroup-69",
            "name": "580",
            "type": "DistributedVirtualPortgroup"
          },
          "sensitive_attributes": []
        }
      ]
    },
    {
      "module": "module.vm[\"2\"]",
      "mode": "data",
      "type": "vsphere_network",
      "name": "network2",
      "provider": "provider[\"registry.terraform.io/hashicorp/vsphere\"]",
      "instances": [
        {
          "schema_version": 0,
          "attributes": {
            "datacenter_id": "datacenter-3",
            "distributed_virtual_switch_uuid": null,
            "id": "dvportgroup-68",
            "name": "585",
            "type": "DistributedVirtualPortgroup"
          },
          "sensitive_attributes": []
        }
      ]
    },
    {
      "module": "module.vm[\"2\"]",
      "mode": "data",
      "type": "vsphere_network",
      "name": "network3",
      "provider": "provider[\"registry.terraform.io/hashicorp/vsphere\"]",
      "instances": [
        {
          "schema_version": 0,
          "attributes": {
            "datacenter_id": "datacenter-3",
            "distributed_virtual_switch_uuid": null,
            "id": "network-80",
            "name": "none",
            "type": "Network"
          },
          "sensitive_attributes": []
        }
      ]
    },
    {
      "module": "module.vm[\"2\"]",
      "mode": "data",
      "type": "vsphere_network",
      "name": "network4",
      "provider": "provider[\"registry.terraform.io/hashicorp/vsphere\"]",
      "instances": [
        {
          "schema_version": 0,
          "attributes": {
            "datacenter_id": "datacenter-3",
            "distributed_virtual_switch_uuid": null,
            "id": "network-80",
            "name": "none",
            "type": "Network"
          },
          "sensitive_attributes": []
        }
      ]
    },
    {
      "module": "module.vm[\"2\"]",
      "mode": "data",
      "type": "vsphere_resource_pool",
      "name": "rpool",
      "provider": "provider[\"registry.terraform.io/hashicorp/vsphere\"]",
      "instances": [
        {
          "schema_version": 0,
          "attributes": {
            "datacenter_id": "datacenter-3",
            "id": "resgroup-73",
            "name": "/cyberfiltre/host/cyberfiltre/Resources/xitg"
          },
          "sensitive_attributes": []
        }
      ]
    },
    {
      "module": "module.vm[\"2\"]",
      "mode": "data",
      "type": "vsphere_virtual_machine",
      "name": "template",
      "provider": "provider[\"registry.terraform.io/hashicorp/vsphere\"]",
      "instances": [
        {
          "schema_version": 0,
          "attributes": {
            "alternate_guest_name": "",
            "annotation": "",
            "boot_delay": 0,
            "boot_retry_delay": 10000,
            "boot_retry_enabled": false,
            "change_version": "2024-09-05T18:45:01.872822Z",
            "cpu_hot_add_enabled": false,
            "cpu_hot_remove_enabled": false,
            "cpu_limit": -1,
            "cpu_performance_counters_enabled": false,
            "cpu_reservation": 0,
            "cpu_share_count": 2000,
            "cpu_share_level": "normal",
            "datacenter_id": "datacenter-3",
            "default_ip_address": null,
            "disks": [
              {
                "eagerly_scrub": false,
                "label": "Hard disk 1",
                "size": 52,
                "thin_provisioned": true,
                "unit_number": 0
              }
            ],
            "efi_secure_boot_enabled": true,
            "enable_disk_uuid": false,
            "enable_logging": true,
            "ept_rvi_mode": "",
            "extra_config": {},
            "extra_config_reboot_required": true,
            "firmware": "efi",
            "folder": null,
            "guest_id": "rhel8_64Guest",
            "guest_ip_addresses": [],
            "hardware_version": 19,
            "hv_mode": "",
            "id": "423e5a05-501a-d312-1605-9e4dcb02aaae",
            "ide_controller_scan_count": 2,
            "instance_uuid": "503efa85-f341-2098-0b00-d9b65250d877",
            "latency_sensitivity": "normal",
            "memory": 1024,
            "memory_hot_add_enabled": false,
            "memory_limit": -1,
            "memory_reservation": 0,
            "memory_reservation_locked_to_max": false,
            "memory_share_count": 10240,
            "memory_share_level": "normal",
            "moid": "vm-78",
            "name": "linux-rhel-8.7-socle",
            "nested_hv_enabled": false,
            "network_interface_types": [
              "vmxnet3"
            ],
            "network_interfaces": [
              {
                "adapter_type": "vmxnet3",
                "bandwidth_limit": -1,
                "bandwidth_reservation": 0,
                "bandwidth_share_count": 50,
                "bandwidth_share_level": "normal",
                "mac_address": "00:50:56:be:68:9a",
                "network_id": "network-79",
                "physical_function": ""
              }
            ],
            "num_cores_per_socket": 1,
            "num_cpus": 2,
            "replace_trigger": null,
            "run_tools_scripts_after_power_on": true,
            "run_tools_scripts_after_resume": true,
            "run_tools_scripts_before_guest_reboot": false,
            "run_tools_scripts_before_guest_shutdown": true,
            "run_tools_scripts_before_guest_standby": true,
            "sata_controller_scan_count": 0,
            "scsi_bus_sharing": "noSharing",
            "scsi_controller_scan_count": 1,
            "scsi_type": "pvscsi",
            "storage_policy_id": null,
            "swap_placement_policy": "inherit",
            "sync_time_with_host": true,
            "sync_time_with_host_periodically": false,
            "tools_upgrade_policy": "upgradeAtPowerCycle",
            "uuid": "423e5a05-501a-d312-1605-9e4dcb02aaae",
            "vapp": null,
            "vapp_transport": [],
            "vbs_enabled": false,
            "vvtd_enabled": false
          },
          "sensitive_attributes": []
        }
      ]
    },
    {
      "module": "module.vm[\"2\"]",
      "mode": "managed",
      "type": "vsphere_virtual_machine",
      "name": "vm",
      "provider": "provider[\"registry.terraform.io/hashicorp/vsphere\"]",
      "instances": [
        {
          "schema_version": 3,
          "attributes": {
            "alternate_guest_name": "",
            "annotation": "",
            "boot_delay": 0,
            "boot_retry_delay": 10000,
            "boot_retry_enabled": false,
            "cdrom": [],
            "change_version": "2024-09-05T19:26:59.87335Z",
            "clone": [
              {
                "customization_spec": [],
                "customize": [
                  {
                    "dns_server_list": [],
                    "dns_suffix_list": [],
                    "ipv4_gateway": "172.31.49.254",
                    "ipv6_gateway": "",
                    "linux_options": [
                      {
                        "domain": "ms.fcm",
                        "host_name": "it-1-cbf-apisv",
                        "hw_clock_utc": true,
                        "script_text": "",
                        "time_zone": ""
                      }
                    ],
                    "network_interface": [
                      {
                        "dns_domain": "ms.fcm",
                        "dns_server_list": [
                          "172.16.1.240, 172.17.1.240"
                        ],
                        "ipv4_address": "172.31.49.2",
                        "ipv4_netmask": 24,
                        "ipv6_address": "",
                        "ipv6_netmask": 0
                      },
                      {
                        "dns_domain": "",
                        "dns_server_list": [],
                        "ipv4_address": "192.168.102.2",
                        "ipv4_netmask": 24,
                        "ipv6_address": "",
                        "ipv6_netmask": 0
                      }
                    ],
                    "timeout": 0,
                    "windows_options": [],
                    "windows_sysprep_text": ""
                  }
                ],
                "linked_clone": false,
                "ovf_network_map": {},
                "ovf_storage_map": {},
                "template_uuid": "423e5a05-501a-d312-1605-9e4dcb02aaae",
                "timeout": 30
              }
            ],
            "cpu_hot_add_enabled": true,
            "cpu_hot_remove_enabled": true,
            "cpu_limit": -1,
            "cpu_performance_counters_enabled": false,
            "cpu_reservation": 0,
            "cpu_share_count": 1000,
            "cpu_share_level": "normal",
            "custom_attributes": {},
            "datacenter_id": null,
            "datastore_cluster_id": null,
            "datastore_id": "datastore-53",
            "default_ip_address": "172.31.49.2",
            "disk": [
              {
                "attach": false,
                "controller_type": "scsi",
                "datastore_id": "datastore-53",
                "device_address": "scsi:0:0",
                "disk_mode": "persistent",
                "disk_sharing": "sharingNone",
                "eagerly_scrub": false,
                "io_limit": -1,
                "io_reservation": 0,
                "io_share_count": 1000,
                "io_share_level": "normal",
                "keep_on_remove": false,
                "key": 2000,
                "label": "disk0",
                "path": "9d02da66-b248-1fb2-8d29-043201de0940/it-cbf-apisv-1.vmdk",
                "size": 52,
                "storage_policy_id": "aa6d5a82-1c88-45da-85d3-3d74b91a5bad",
                "thin_provisioned": true,
                "unit_number": 0,
                "uuid": "6000C297-1bae-8723-a7d8-4d8c1b6b487f",
                "write_through": false
              },
              {
                "attach": false,
                "controller_type": "scsi",
                "datastore_id": "datastore-53",
                "device_address": "scsi:0:15",
                "disk_mode": "persistent",
                "disk_sharing": "sharingNone",
                "eagerly_scrub": false,
                "io_limit": -1,
                "io_reservation": 0,
                "io_share_count": 1000,
                "io_share_level": "normal",
                "keep_on_remove": false,
                "key": 2015,
                "label": "disk1",
                "path": "9d02da66-b248-1fb2-8d29-043201de0940/it-cbf-apisv-1_1.vmdk",
                "size": 5,
                "storage_policy_id": "aa6d5a82-1c88-45da-85d3-3d74b91a5bad",
                "thin_provisioned": true,
                "unit_number": 14,
                "uuid": "6000C29a-beb2-5cad-ae62-2982e04c28c9",
                "write_through": false
              }
            ],
            "efi_secure_boot_enabled": false,
            "enable_disk_uuid": false,
            "enable_logging": false,
            "ept_rvi_mode": "",
            "extra_config": {},
            "extra_config_reboot_required": true,
            "firmware": "efi",
            "folder": "xitg",
            "force_power_off": true,
            "guest_id": "rhel8_64Guest",
            "guest_ip_addresses": [
              "172.31.49.2",
              "fe80::250:56ff:feb7:eb1f",
              "192.168.102.2",
              "fe80::250:56ff:feb7:471a"
            ],
            "hardware_version": 19,
            "host_system_id": "host-15",
            "hv_mode": "",
            "id": "42370205-cd09-d1f1-9411-713c1d250992",
            "ide_controller_count": 2,
            "ignored_guest_ips": null,
            "imported": null,
            "latency_sensitivity": "normal",
            "memory": 2048,
            "memory_hot_add_enabled": true,
            "memory_limit": -1,
            "memory_reservation": 0,
            "memory_reservation_locked_to_max": false,
            "memory_share_count": 20480,
            "memory_share_level": "normal",
            "migrate_wait_timeout": 90,
            "moid": "vm-99",
            "name": "it-cbf-apisv-1",
            "nested_hv_enabled": false,
            "network_interface": [
              {
                "adapter_type": "vmxnet3",
                "bandwidth_limit": -1,
                "bandwidth_reservation": 0,
                "bandwidth_share_count": 50,
                "bandwidth_share_level": "normal",
                "device_address": "pci:0:7",
                "key": 4000,
                "mac_address": "00:50:56:b7:eb:1f",
                "network_id": "dvportgroup-69",
                "ovf_mapping": "",
                "physical_function": "",
                "use_static_mac": false
              },
              {
                "adapter_type": "vmxnet3",
                "bandwidth_limit": -1,
                "bandwidth_reservation": 0,
                "bandwidth_share_count": 50,
                "bandwidth_share_level": "normal",
                "device_address": "pci:0:8",
                "key": 4001,
                "mac_address": "00:50:56:b7:47:1a",
                "network_id": "dvportgroup-68",
                "ovf_mapping": "",
                "physical_function": "",
                "use_static_mac": false
              }
            ],
            "num_cores_per_socket": 1,
            "num_cpus": 1,
            "ovf_deploy": [],
            "pci_device_id": [],
            "power_state": "on",
            "poweron_timeout": 300,
            "reboot_required": false,
            "replace_trigger": null,
            "resource_pool_id": "resgroup-73",
            "run_tools_scripts_after_power_on": true,
            "run_tools_scripts_after_resume": true,
            "run_tools_scripts_before_guest_reboot": false,
            "run_tools_scripts_before_guest_shutdown": true,
            "run_tools_scripts_before_guest_standby": true,
            "sata_controller_count": 0,
            "scsi_bus_sharing": "noSharing",
            "scsi_controller_count": 1,
            "scsi_type": "pvscsi",
            "shutdown_wait_timeout": 3,
            "storage_policy_id": "aa6d5a82-1c88-45da-85d3-3d74b91a5bad",
            "swap_placement_policy": "inherit",
            "sync_time_with_host": true,
            "sync_time_with_host_periodically": false,
            "tags": [],
            "tools_upgrade_policy": "manual",
            "uuid": "42370205-cd09-d1f1-9411-713c1d250992",
            "vapp": [],
            "vapp_transport": [],
            "vbs_enabled": false,
            "vmware_tools_status": "guestToolsRunning",
            "vmx_path": "9d02da66-b248-1fb2-8d29-043201de0940/it-cbf-apisv-1.vmx",
            "vvtd_enabled": false,
            "wait_for_guest_ip_timeout": 300,
            "wait_for_guest_net_routable": false,
            "wait_for_guest_net_timeout": 300
          },
          "sensitive_attributes": [],
          "private": "eyJzY2hlbWFfdmVyc2lvbiI6IjMifQ==",
          "dependencies": [
            "module.vm.data.vsphere_datacenter.dc",
            "module.vm.data.vsphere_datastore.datastore",
            "module.vm.data.vsphere_network.network1",
            "module.vm.data.vsphere_network.network2",
            "module.vm.data.vsphere_network.network3",
            "module.vm.data.vsphere_network.network4",
            "module.vm.data.vsphere_resource_pool.rpool",
            "module.vm.data.vsphere_virtual_machine.template"
          ]
        }
      ]
    },
    {
      "module": "module.vm[\"20\"]",
      "mode": "data",
      "type": "vsphere_compute_cluster",
      "name": "cluster",
      "provider": "provider[\"registry.terraform.io/hashicorp/vsphere\"]",
      "instances": [
        {
          "schema_version": 0,
          "attributes": {
            "datacenter_id": "datacenter-3",
            "id": "domain-c39",
            "name": "cyberfiltre",
            "resource_pool_id": "resgroup-40"
          },
          "sensitive_attributes": []
        }
      ]
    },
    {
      "module": "module.vm[\"20\"]",
      "mode": "data",
      "type": "vsphere_datacenter",
      "name": "dc",
      "provider": "provider[\"registry.terraform.io/hashicorp/vsphere\"]",
      "instances": [
        {
          "schema_version": 0,
          "attributes": {
            "id": "datacenter-3",
            "name": "cyberfiltre"
          },
          "sensitive_attributes": []
        }
      ]
    },
    {
      "module": "module.vm[\"20\"]",
      "mode": "data",
      "type": "vsphere_datastore",
      "name": "datastore",
      "provider": "provider[\"registry.terraform.io/hashicorp/vsphere\"]",
      "instances": [
        {
          "schema_version": 0,
          "attributes": {
            "datacenter_id": "datacenter-3",
            "id": "datastore-53",
            "name": "vsanDatastore",
            "stats": {
              "capacity": "13442652045312",
              "free": "12742531355772"
            }
          },
          "sensitive_attributes": []
        }
      ]
    },
    {
      "module": "module.vm[\"20\"]",
      "mode": "data",
      "type": "vsphere_network",
      "name": "network1",
      "provider": "provider[\"registry.terraform.io/hashicorp/vsphere\"]",
      "instances": [
        {
          "schema_version": 0,
          "attributes": {
            "datacenter_id": "datacenter-3",
            "distributed_virtual_switch_uuid": null,
            "id": "dvportgroup-69",
            "name": "580",
            "type": "DistributedVirtualPortgroup"
          },
          "sensitive_attributes": []
        }
      ]
    },
    {
      "module": "module.vm[\"20\"]",
      "mode": "data",
      "type": "vsphere_network",
      "name": "network2",
      "provider": "provider[\"registry.terraform.io/hashicorp/vsphere\"]",
      "instances": [
        {
          "schema_version": 0,
          "attributes": {
            "datacenter_id": "datacenter-3",
            "distributed_virtual_switch_uuid": null,
            "id": "network-80",
            "name": "none",
            "type": "Network"
          },
          "sensitive_attributes": []
        }
      ]
    },
    {
      "module": "module.vm[\"20\"]",
      "mode": "data",
      "type": "vsphere_network",
      "name": "network3",
      "provider": "provider[\"registry.terraform.io/hashicorp/vsphere\"]",
      "instances": [
        {
          "schema_version": 0,
          "attributes": {
            "datacenter_id": "datacenter-3",
            "distributed_virtual_switch_uuid": null,
            "id": "dvportgroup-67",
            "name": "584",
            "type": "DistributedVirtualPortgroup"
          },
          "sensitive_attributes": []
        }
      ]
    },
    {
      "module": "module.vm[\"20\"]",
      "mode": "data",
      "type": "vsphere_network",
      "name": "network4",
      "provider": "provider[\"registry.terraform.io/hashicorp/vsphere\"]",
      "instances": [
        {
          "schema_version": 0,
          "attributes": {
            "datacenter_id": "datacenter-3",
            "distributed_virtual_switch_uuid": null,
            "id": "network-80",
            "name": "none",
            "type": "Network"
          },
          "sensitive_attributes": []
        }
      ]
    },
    {
      "module": "module.vm[\"20\"]",
      "mode": "data",
      "type": "vsphere_resource_pool",
      "name": "rpool",
      "provider": "provider[\"registry.terraform.io/hashicorp/vsphere\"]",
      "instances": [
        {
          "schema_version": 0,
          "attributes": {
            "datacenter_id": "datacenter-3",
            "id": "resgroup-73",
            "name": "/cyberfiltre/host/cyberfiltre/Resources/xitg"
          },
          "sensitive_attributes": []
        }
      ]
    },
    {
      "module": "module.vm[\"20\"]",
      "mode": "data",
      "type": "vsphere_virtual_machine",
      "name": "template",
      "provider": "provider[\"registry.terraform.io/hashicorp/vsphere\"]",
      "instances": [
        {
          "schema_version": 0,
          "attributes": {
            "alternate_guest_name": "",
            "annotation": "",
            "boot_delay": 0,
            "boot_retry_delay": 10000,
            "boot_retry_enabled": false,
            "change_version": "2024-09-05T18:45:01.872822Z",
            "cpu_hot_add_enabled": false,
            "cpu_hot_remove_enabled": false,
            "cpu_limit": -1,
            "cpu_performance_counters_enabled": false,
            "cpu_reservation": 0,
            "cpu_share_count": 2000,
            "cpu_share_level": "normal",
            "datacenter_id": "datacenter-3",
            "default_ip_address": null,
            "disks": [
              {
                "eagerly_scrub": false,
                "label": "Hard disk 1",
                "size": 52,
                "thin_provisioned": true,
                "unit_number": 0
              }
            ],
            "efi_secure_boot_enabled": true,
            "enable_disk_uuid": false,
            "enable_logging": true,
            "ept_rvi_mode": "",
            "extra_config": {},
            "extra_config_reboot_required": true,
            "firmware": "efi",
            "folder": null,
            "guest_id": "rhel8_64Guest",
            "guest_ip_addresses": [],
            "hardware_version": 19,
            "hv_mode": "",
            "id": "423e5a05-501a-d312-1605-9e4dcb02aaae",
            "ide_controller_scan_count": 2,
            "instance_uuid": "503efa85-f341-2098-0b00-d9b65250d877",
            "latency_sensitivity": "normal",
            "memory": 1024,
            "memory_hot_add_enabled": false,
            "memory_limit": -1,
            "memory_reservation": 0,
            "memory_reservation_locked_to_max": false,
            "memory_share_count": 10240,
            "memory_share_level": "normal",
            "moid": "vm-78",
            "name": "linux-rhel-8.7-socle",
            "nested_hv_enabled": false,
            "network_interface_types": [
              "vmxnet3"
            ],
            "network_interfaces": [
              {
                "adapter_type": "vmxnet3",
                "bandwidth_limit": -1,
                "bandwidth_reservation": 0,
                "bandwidth_share_count": 50,
                "bandwidth_share_level": "normal",
                "mac_address": "00:50:56:be:68:9a",
                "network_id": "network-79",
                "physical_function": ""
              }
            ],
            "num_cores_per_socket": 1,
            "num_cpus": 2,
            "replace_trigger": null,
            "run_tools_scripts_after_power_on": true,
            "run_tools_scripts_after_resume": true,
            "run_tools_scripts_before_guest_reboot": false,
            "run_tools_scripts_before_guest_shutdown": true,
            "run_tools_scripts_before_guest_standby": true,
            "sata_controller_scan_count": 0,
            "scsi_bus_sharing": "noSharing",
            "scsi_controller_scan_count": 1,
            "scsi_type": "pvscsi",
            "storage_policy_id": null,
            "swap_placement_policy": "inherit",
            "sync_time_with_host": true,
            "sync_time_with_host_periodically": false,
            "tools_upgrade_policy": "upgradeAtPowerCycle",
            "uuid": "423e5a05-501a-d312-1605-9e4dcb02aaae",
            "vapp": null,
            "vapp_transport": [],
            "vbs_enabled": false,
            "vvtd_enabled": false
          },
          "sensitive_attributes": []
        }
      ]
    },
    {
      "module": "module.vm[\"20\"]",
      "mode": "managed",
      "type": "vsphere_virtual_machine",
      "name": "vm",
      "provider": "provider[\"registry.terraform.io/hashicorp/vsphere\"]",
      "instances": [
        {
          "schema_version": 3,
          "attributes": {
            "alternate_guest_name": "",
            "annotation": "",
            "boot_delay": 0,
            "boot_retry_delay": 10000,
            "boot_retry_enabled": false,
            "cdrom": [],
            "change_version": "2024-09-05T19:27:22.518807Z",
            "clone": [
              {
                "customization_spec": [],
                "customize": [
                  {
                    "dns_server_list": [],
                    "dns_suffix_list": [],
                    "ipv4_gateway": "172.31.49.254",
                    "ipv6_gateway": "",
                    "linux_options": [
                      {
                        "domain": "ms.fcm",
                        "host_name": "it-1-cbf-mdbm",
                        "hw_clock_utc": true,
                        "script_text": "",
                        "time_zone": ""
                      }
                    ],
                    "network_interface": [
                      {
                        "dns_domain": "ms.fcm",
                        "dns_server_list": [
                          "172.16.1.240, 172.17.1.240"
                        ],
                        "ipv4_address": "172.31.49.38",
                        "ipv4_netmask": 24,
                        "ipv6_address": "",
                        "ipv6_netmask": 0
                      },
                      {
                        "dns_domain": "",
                        "dns_server_list": [],
                        "ipv4_address": "192.168.101.33",
                        "ipv4_netmask": 24,
                        "ipv6_address": "",
                        "ipv6_netmask": 0
                      }
                    ],
                    "timeout": 0,
                    "windows_options": [],
                    "windows_sysprep_text": ""
                  }
                ],
                "linked_clone": false,
                "ovf_network_map": {},
                "ovf_storage_map": {},
                "template_uuid": "423e5a05-501a-d312-1605-9e4dcb02aaae",
                "timeout": 30
              }
            ],
            "cpu_hot_add_enabled": true,
            "cpu_hot_remove_enabled": true,
            "cpu_limit": -1,
            "cpu_performance_counters_enabled": false,
            "cpu_reservation": 0,
            "cpu_share_count": 1000,
            "cpu_share_level": "normal",
            "custom_attributes": {},
            "datacenter_id": null,
            "datastore_cluster_id": null,
            "datastore_id": "datastore-53",
            "default_ip_address": "172.31.49.38",
            "disk": [
              {
                "attach": false,
                "controller_type": "scsi",
                "datastore_id": "datastore-53",
                "device_address": "scsi:0:0",
                "disk_mode": "persistent",
                "disk_sharing": "sharingNone",
                "eagerly_scrub": false,
                "io_limit": -1,
                "io_reservation": 0,
                "io_share_count": 1000,
                "io_share_level": "normal",
                "keep_on_remove": false,
                "key": 2000,
                "label": "disk0",
                "path": "a802da66-e6de-ae01-8236-043201dde7f0/it-cbf-mdbm-1.vmdk",
                "size": 52,
                "storage_policy_id": "aa6d5a82-1c88-45da-85d3-3d74b91a5bad",
                "thin_provisioned": true,
                "unit_number": 0,
                "uuid": "6000C29e-8f3a-48e9-0b04-fdfa565af972",
                "write_through": false
              },
              {
                "attach": false,
                "controller_type": "scsi",
                "datastore_id": "datastore-53",
                "device_address": "scsi:0:15",
                "disk_mode": "persistent",
                "disk_sharing": "sharingNone",
                "eagerly_scrub": false,
                "io_limit": -1,
                "io_reservation": 0,
                "io_share_count": 1000,
                "io_share_level": "normal",
                "keep_on_remove": false,
                "key": 2015,
                "label": "disk1",
                "path": "a802da66-e6de-ae01-8236-043201dde7f0/it-cbf-mdbm-1_1.vmdk",
                "size": 5,
                "storage_policy_id": "aa6d5a82-1c88-45da-85d3-3d74b91a5bad",
                "thin_provisioned": true,
                "unit_number": 14,
                "uuid": "6000C29f-c49d-e989-4526-4a91a5250686",
                "write_through": false
              }
            ],
            "efi_secure_boot_enabled": false,
            "enable_disk_uuid": false,
            "enable_logging": false,
            "ept_rvi_mode": "",
            "extra_config": {},
            "extra_config_reboot_required": true,
            "firmware": "efi",
            "folder": "xitg",
            "force_power_off": true,
            "guest_id": "rhel8_64Guest",
            "guest_ip_addresses": [
              "172.31.49.38",
              "fe80::250:56ff:feb7:5836",
              "192.168.101.33",
              "fe80::250:56ff:feb7:c4de"
            ],
            "hardware_version": 19,
            "host_system_id": "host-15",
            "hv_mode": "",
            "id": "4237b0b3-1331-6a18-6965-1164aebd4df3",
            "ide_controller_count": 2,
            "ignored_guest_ips": null,
            "imported": null,
            "latency_sensitivity": "normal",
            "memory": 2048,
            "memory_hot_add_enabled": true,
            "memory_limit": -1,
            "memory_reservation": 0,
            "memory_reservation_locked_to_max": false,
            "memory_share_count": 20480,
            "memory_share_level": "normal",
            "migrate_wait_timeout": 90,
            "moid": "vm-104",
            "name": "it-cbf-mdbm-1",
            "nested_hv_enabled": false,
            "network_interface": [
              {
                "adapter_type": "vmxnet3",
                "bandwidth_limit": -1,
                "bandwidth_reservation": 0,
                "bandwidth_share_count": 50,
                "bandwidth_share_level": "normal",
                "device_address": "pci:0:7",
                "key": 4000,
                "mac_address": "00:50:56:b7:58:36",
                "network_id": "dvportgroup-69",
                "ovf_mapping": "",
                "physical_function": "",
                "use_static_mac": false
              },
              {
                "adapter_type": "vmxnet3",
                "bandwidth_limit": -1,
                "bandwidth_reservation": 0,
                "bandwidth_share_count": 50,
                "bandwidth_share_level": "normal",
                "device_address": "pci:0:8",
                "key": 4001,
                "mac_address": "00:50:56:b7:c4:de",
                "network_id": "dvportgroup-67",
                "ovf_mapping": "",
                "physical_function": "",
                "use_static_mac": false
              }
            ],
            "num_cores_per_socket": 1,
            "num_cpus": 1,
            "ovf_deploy": [],
            "pci_device_id": [],
            "power_state": "on",
            "poweron_timeout": 300,
            "reboot_required": false,
            "replace_trigger": null,
            "resource_pool_id": "resgroup-73",
            "run_tools_scripts_after_power_on": true,
            "run_tools_scripts_after_resume": true,
            "run_tools_scripts_before_guest_reboot": false,
            "run_tools_scripts_before_guest_shutdown": true,
            "run_tools_scripts_before_guest_standby": true,
            "sata_controller_count": 0,
            "scsi_bus_sharing": "noSharing",
            "scsi_controller_count": 1,
            "scsi_type": "pvscsi",
            "shutdown_wait_timeout": 3,
            "storage_policy_id": "aa6d5a82-1c88-45da-85d3-3d74b91a5bad",
            "swap_placement_policy": "inherit",
            "sync_time_with_host": true,
            "sync_time_with_host_periodically": false,
            "tags": [],
            "tools_upgrade_policy": "manual",
            "uuid": "4237b0b3-1331-6a18-6965-1164aebd4df3",
            "vapp": [],
            "vapp_transport": [],
            "vbs_enabled": false,
            "vmware_tools_status": "guestToolsRunning",
            "vmx_path": "a802da66-e6de-ae01-8236-043201dde7f0/it-cbf-mdbm-1.vmx",
            "vvtd_enabled": false,
            "wait_for_guest_ip_timeout": 300,
            "wait_for_guest_net_routable": false,
            "wait_for_guest_net_timeout": 300
          },
          "sensitive_attributes": [],
          "private": "eyJzY2hlbWFfdmVyc2lvbiI6IjMifQ==",
          "dependencies": [
            "module.vm.data.vsphere_datacenter.dc",
            "module.vm.data.vsphere_datastore.datastore",
            "module.vm.data.vsphere_network.network1",
            "module.vm.data.vsphere_network.network2",
            "module.vm.data.vsphere_network.network3",
            "module.vm.data.vsphere_network.network4",
            "module.vm.data.vsphere_resource_pool.rpool",
            "module.vm.data.vsphere_virtual_machine.template"
          ]
        }
      ]
    },
    {
      "module": "module.vm[\"21\"]",
      "mode": "data",
      "type": "vsphere_compute_cluster",
      "name": "cluster",
      "provider": "provider[\"registry.terraform.io/hashicorp/vsphere\"]",
      "instances": [
        {
          "schema_version": 0,
          "attributes": {
            "datacenter_id": "datacenter-3",
            "id": "domain-c39",
            "name": "cyberfiltre",
            "resource_pool_id": "resgroup-40"
          },
          "sensitive_attributes": []
        }
      ]
    },
    {
      "module": "module.vm[\"21\"]",
      "mode": "data",
      "type": "vsphere_datacenter",
      "name": "dc",
      "provider": "provider[\"registry.terraform.io/hashicorp/vsphere\"]",
      "instances": [
        {
          "schema_version": 0,
          "attributes": {
            "id": "datacenter-3",
            "name": "cyberfiltre"
          },
          "sensitive_attributes": []
        }
      ]
    },
    {
      "module": "module.vm[\"21\"]",
      "mode": "data",
      "type": "vsphere_datastore",
      "name": "datastore",
      "provider": "provider[\"registry.terraform.io/hashicorp/vsphere\"]",
      "instances": [
        {
          "schema_version": 0,
          "attributes": {
            "datacenter_id": "datacenter-3",
            "id": "datastore-53",
            "name": "vsanDatastore",
            "stats": {
              "capacity": "13442652045312",
              "free": "12742531355772"
            }
          },
          "sensitive_attributes": []
        }
      ]
    },
    {
      "module": "module.vm[\"21\"]",
      "mode": "data",
      "type": "vsphere_network",
      "name": "network1",
      "provider": "provider[\"registry.terraform.io/hashicorp/vsphere\"]",
      "instances": [
        {
          "schema_version": 0,
          "attributes": {
            "datacenter_id": "datacenter-3",
            "distributed_virtual_switch_uuid": null,
            "id": "dvportgroup-69",
            "name": "580",
            "type": "DistributedVirtualPortgroup"
          },
          "sensitive_attributes": []
        }
      ]
    },
    {
      "module": "module.vm[\"21\"]",
      "mode": "data",
      "type": "vsphere_network",
      "name": "network2",
      "provider": "provider[\"registry.terraform.io/hashicorp/vsphere\"]",
      "instances": [
        {
          "schema_version": 0,
          "attributes": {
            "datacenter_id": "datacenter-3",
            "distributed_virtual_switch_uuid": null,
            "id": "network-80",
            "name": "none",
            "type": "Network"
          },
          "sensitive_attributes": []
        }
      ]
    },
    {
      "module": "module.vm[\"21\"]",
      "mode": "data",
      "type": "vsphere_network",
      "name": "network3",
      "provider": "provider[\"registry.terraform.io/hashicorp/vsphere\"]",
      "instances": [
        {
          "schema_version": 0,
          "attributes": {
            "datacenter_id": "datacenter-3",
            "distributed_virtual_switch_uuid": null,
            "id": "dvportgroup-67",
            "name": "584",
            "type": "DistributedVirtualPortgroup"
          },
          "sensitive_attributes": []
        }
      ]
    },
    {
      "module": "module.vm[\"21\"]",
      "mode": "data",
      "type": "vsphere_network",
      "name": "network4",
      "provider": "provider[\"registry.terraform.io/hashicorp/vsphere\"]",
      "instances": [
        {
          "schema_version": 0,
          "attributes": {
            "datacenter_id": "datacenter-3",
            "distributed_virtual_switch_uuid": null,
            "id": "network-80",
            "name": "none",
            "type": "Network"
          },
          "sensitive_attributes": []
        }
      ]
    },
    {
      "module": "module.vm[\"21\"]",
      "mode": "data",
      "type": "vsphere_resource_pool",
      "name": "rpool",
      "provider": "provider[\"registry.terraform.io/hashicorp/vsphere\"]",
      "instances": [
        {
          "schema_version": 0,
          "attributes": {
            "datacenter_id": "datacenter-3",
            "id": "resgroup-73",
            "name": "/cyberfiltre/host/cyberfiltre/Resources/xitg"
          },
          "sensitive_attributes": []
        }
      ]
    },
    {
      "module": "module.vm[\"21\"]",
      "mode": "data",
      "type": "vsphere_virtual_machine",
      "name": "template",
      "provider": "provider[\"registry.terraform.io/hashicorp/vsphere\"]",
      "instances": [
        {
          "schema_version": 0,
          "attributes": {
            "alternate_guest_name": "",
            "annotation": "",
            "boot_delay": 0,
            "boot_retry_delay": 10000,
            "boot_retry_enabled": false,
            "change_version": "2024-09-05T18:45:01.872822Z",
            "cpu_hot_add_enabled": false,
            "cpu_hot_remove_enabled": false,
            "cpu_limit": -1,
            "cpu_performance_counters_enabled": false,
            "cpu_reservation": 0,
            "cpu_share_count": 2000,
            "cpu_share_level": "normal",
            "datacenter_id": "datacenter-3",
            "default_ip_address": null,
            "disks": [
              {
                "eagerly_scrub": false,
                "label": "Hard disk 1",
                "size": 52,
                "thin_provisioned": true,
                "unit_number": 0
              }
            ],
            "efi_secure_boot_enabled": true,
            "enable_disk_uuid": false,
            "enable_logging": true,
            "ept_rvi_mode": "",
            "extra_config": {},
            "extra_config_reboot_required": true,
            "firmware": "efi",
            "folder": null,
            "guest_id": "rhel8_64Guest",
            "guest_ip_addresses": [],
            "hardware_version": 19,
            "hv_mode": "",
            "id": "423e5a05-501a-d312-1605-9e4dcb02aaae",
            "ide_controller_scan_count": 2,
            "instance_uuid": "503efa85-f341-2098-0b00-d9b65250d877",
            "latency_sensitivity": "normal",
            "memory": 1024,
            "memory_hot_add_enabled": false,
            "memory_limit": -1,
            "memory_reservation": 0,
            "memory_reservation_locked_to_max": false,
            "memory_share_count": 10240,
            "memory_share_level": "normal",
            "moid": "vm-78",
            "name": "linux-rhel-8.7-socle",
            "nested_hv_enabled": false,
            "network_interface_types": [
              "vmxnet3"
            ],
            "network_interfaces": [
              {
                "adapter_type": "vmxnet3",
                "bandwidth_limit": -1,
                "bandwidth_reservation": 0,
                "bandwidth_share_count": 50,
                "bandwidth_share_level": "normal",
                "mac_address": "00:50:56:be:68:9a",
                "network_id": "network-79",
                "physical_function": ""
              }
            ],
            "num_cores_per_socket": 1,
            "num_cpus": 2,
            "replace_trigger": null,
            "run_tools_scripts_after_power_on": true,
            "run_tools_scripts_after_resume": true,
            "run_tools_scripts_before_guest_reboot": false,
            "run_tools_scripts_before_guest_shutdown": true,
            "run_tools_scripts_before_guest_standby": true,
            "sata_controller_scan_count": 0,
            "scsi_bus_sharing": "noSharing",
            "scsi_controller_scan_count": 1,
            "scsi_type": "pvscsi",
            "storage_policy_id": null,
            "swap_placement_policy": "inherit",
            "sync_time_with_host": true,
            "sync_time_with_host_periodically": false,
            "tools_upgrade_policy": "upgradeAtPowerCycle",
            "uuid": "423e5a05-501a-d312-1605-9e4dcb02aaae",
            "vapp": null,
            "vapp_transport": [],
            "vbs_enabled": false,
            "vvtd_enabled": false
          },
          "sensitive_attributes": []
        }
      ]
    },
    {
      "module": "module.vm[\"21\"]",
      "mode": "managed",
      "type": "vsphere_virtual_machine",
      "name": "vm",
      "provider": "provider[\"registry.terraform.io/hashicorp/vsphere\"]",
      "instances": [
        {
          "schema_version": 3,
          "attributes": {
            "alternate_guest_name": "",
            "annotation": "",
            "boot_delay": 0,
            "boot_retry_delay": 10000,
            "boot_retry_enabled": false,
            "cdrom": [],
            "change_version": "2024-09-05T19:00:56.093613Z",
            "clone": [
              {
                "customization_spec": [],
                "customize": [
                  {
                    "dns_server_list": [],
                    "dns_suffix_list": [],
                    "ipv4_gateway": "172.31.49.254",
                    "ipv6_gateway": "",
                    "linux_options": [
                      {
                        "domain": "ms.fcm",
                        "host_name": "it-2-cbf-mdbm",
                        "hw_clock_utc": true,
                        "script_text": "",
                        "time_zone": ""
                      }
                    ],
                    "network_interface": [
                      {
                        "dns_domain": "ms.fcm",
                        "dns_server_list": [
                          "172.16.1.240, 172.17.1.240"
                        ],
                        "ipv4_address": "172.31.49.39",
                        "ipv4_netmask": 24,
                        "ipv6_address": "",
                        "ipv6_netmask": 0
                      },
                      {
                        "dns_domain": "",
                        "dns_server_list": [],
                        "ipv4_address": "192.168.101.34",
                        "ipv4_netmask": 24,
                        "ipv6_address": "",
                        "ipv6_netmask": 0
                      }
                    ],
                    "timeout": 0,
                    "windows_options": [],
                    "windows_sysprep_text": ""
                  }
                ],
                "linked_clone": false,
                "ovf_network_map": {},
                "ovf_storage_map": {},
                "template_uuid": "423e5a05-501a-d312-1605-9e4dcb02aaae",
                "timeout": 30
              }
            ],
            "cpu_hot_add_enabled": true,
            "cpu_hot_remove_enabled": true,
            "cpu_limit": -1,
            "cpu_performance_counters_enabled": false,
            "cpu_reservation": 0,
            "cpu_share_count": 1000,
            "cpu_share_level": "normal",
            "custom_attributes": {},
            "datacenter_id": null,
            "datastore_cluster_id": null,
            "datastore_id": "datastore-53",
            "default_ip_address": "172.31.49.39",
            "disk": [
              {
                "attach": false,
                "controller_type": "scsi",
                "datastore_id": "datastore-53",
                "device_address": "scsi:0:0",
                "disk_mode": "persistent",
                "disk_sharing": "sharingNone",
                "eagerly_scrub": false,
                "io_limit": -1,
                "io_reservation": 0,
                "io_share_count": 1000,
                "io_share_level": "normal",
                "keep_on_remove": false,
                "key": 2000,
                "label": "disk0",
                "path": "92fcd966-b27d-0d0d-57c0-043201de0940/it-cbf-mdbm-2.vmdk",
                "size": 52,
                "storage_policy_id": "aa6d5a82-1c88-45da-85d3-3d74b91a5bad",
                "thin_provisioned": true,
                "unit_number": 0,
                "uuid": "6000C29e-b6bd-f517-bdf2-045c57336c06",
                "write_through": false
              },
              {
                "attach": false,
                "controller_type": "scsi",
                "datastore_id": "datastore-53",
                "device_address": "scsi:0:15",
                "disk_mode": "persistent",
                "disk_sharing": "sharingNone",
                "eagerly_scrub": false,
                "io_limit": -1,
                "io_reservation": 0,
                "io_share_count": 1000,
                "io_share_level": "normal",
                "keep_on_remove": false,
                "key": 2015,
                "label": "disk1",
                "path": "92fcd966-b27d-0d0d-57c0-043201de0940/it-cbf-mdbm-2_1.vmdk",
                "size": 5,
                "storage_policy_id": "aa6d5a82-1c88-45da-85d3-3d74b91a5bad",
                "thin_provisioned": true,
                "unit_number": 14,
                "uuid": "6000C294-9755-f9f2-3208-2bcd4cf82ef0",
                "write_through": false
              }
            ],
            "efi_secure_boot_enabled": false,
            "enable_disk_uuid": false,
            "enable_logging": false,
            "ept_rvi_mode": "",
            "extra_config": {},
            "extra_config_reboot_required": true,
            "firmware": "efi",
            "folder": "xitg",
            "force_power_off": true,
            "guest_id": "rhel8_64Guest",
            "guest_ip_addresses": [
              "172.31.49.39",
              "fe80::250:56ff:feb7:49f",
              "192.168.101.34",
              "fe80::250:56ff:feb7:35e3"
            ],
            "hardware_version": 19,
            "host_system_id": "host-15",
            "hv_mode": "",
            "id": "42371533-8185-d1fb-4646-9406359c6962",
            "ide_controller_count": 2,
            "ignored_guest_ips": null,
            "imported": null,
            "latency_sensitivity": "normal",
            "memory": 2048,
            "memory_hot_add_enabled": true,
            "memory_limit": -1,
            "memory_reservation": 0,
            "memory_reservation_locked_to_max": false,
            "memory_share_count": 20480,
            "memory_share_level": "normal",
            "migrate_wait_timeout": 90,
            "moid": "vm-82",
            "name": "it-cbf-mdbm-2",
            "nested_hv_enabled": false,
            "network_interface": [
              {
                "adapter_type": "vmxnet3",
                "bandwidth_limit": -1,
                "bandwidth_reservation": 0,
                "bandwidth_share_count": 50,
                "bandwidth_share_level": "normal",
                "device_address": "pci:0:7",
                "key": 4000,
                "mac_address": "00:50:56:b7:04:9f",
                "network_id": "dvportgroup-69",
                "ovf_mapping": "",
                "physical_function": "",
                "use_static_mac": false
              },
              {
                "adapter_type": "vmxnet3",
                "bandwidth_limit": -1,
                "bandwidth_reservation": 0,
                "bandwidth_share_count": 50,
                "bandwidth_share_level": "normal",
                "device_address": "pci:0:8",
                "key": 4001,
                "mac_address": "00:50:56:b7:35:e3",
                "network_id": "dvportgroup-67",
                "ovf_mapping": "",
                "physical_function": "",
                "use_static_mac": false
              }
            ],
            "num_cores_per_socket": 1,
            "num_cpus": 1,
            "ovf_deploy": [],
            "pci_device_id": [],
            "power_state": "on",
            "poweron_timeout": 300,
            "reboot_required": false,
            "replace_trigger": null,
            "resource_pool_id": "resgroup-73",
            "run_tools_scripts_after_power_on": true,
            "run_tools_scripts_after_resume": true,
            "run_tools_scripts_before_guest_reboot": false,
            "run_tools_scripts_before_guest_shutdown": true,
            "run_tools_scripts_before_guest_standby": true,
            "sata_controller_count": 0,
            "scsi_bus_sharing": "noSharing",
            "scsi_controller_count": 1,
            "scsi_type": "pvscsi",
            "shutdown_wait_timeout": 3,
            "storage_policy_id": "aa6d5a82-1c88-45da-85d3-3d74b91a5bad",
            "swap_placement_policy": "inherit",
            "sync_time_with_host": true,
            "sync_time_with_host_periodically": false,
            "tags": [],
            "tools_upgrade_policy": "manual",
            "uuid": "42371533-8185-d1fb-4646-9406359c6962",
            "vapp": [],
            "vapp_transport": [],
            "vbs_enabled": false,
            "vmware_tools_status": "guestToolsRunning",
            "vmx_path": "92fcd966-b27d-0d0d-57c0-043201de0940/it-cbf-mdbm-2.vmx",
            "vvtd_enabled": false,
            "wait_for_guest_ip_timeout": 300,
            "wait_for_guest_net_routable": false,
            "wait_for_guest_net_timeout": 300
          },
          "sensitive_attributes": [],
          "private": "eyJzY2hlbWFfdmVyc2lvbiI6IjMifQ==",
          "dependencies": [
            "module.vm.data.vsphere_datacenter.dc",
            "module.vm.data.vsphere_datastore.datastore",
            "module.vm.data.vsphere_network.network1",
            "module.vm.data.vsphere_network.network2",
            "module.vm.data.vsphere_network.network3",
            "module.vm.data.vsphere_network.network4",
            "module.vm.data.vsphere_resource_pool.rpool",
            "module.vm.data.vsphere_virtual_machine.template"
          ]
        }
      ]
    },
    {
      "module": "module.vm[\"22\"]",
      "mode": "data",
      "type": "vsphere_compute_cluster",
      "name": "cluster",
      "provider": "provider[\"registry.terraform.io/hashicorp/vsphere\"]",
      "instances": [
        {
          "schema_version": 0,
          "attributes": {
            "datacenter_id": "datacenter-3",
            "id": "domain-c39",
            "name": "cyberfiltre",
            "resource_pool_id": "resgroup-40"
          },
          "sensitive_attributes": []
        }
      ]
    },
    {
      "module": "module.vm[\"22\"]",
      "mode": "data",
      "type": "vsphere_datacenter",
      "name": "dc",
      "provider": "provider[\"registry.terraform.io/hashicorp/vsphere\"]",
      "instances": [
        {
          "schema_version": 0,
          "attributes": {
            "id": "datacenter-3",
            "name": "cyberfiltre"
          },
          "sensitive_attributes": []
        }
      ]
    },
    {
      "module": "module.vm[\"22\"]",
      "mode": "data",
      "type": "vsphere_datastore",
      "name": "datastore",
      "provider": "provider[\"registry.terraform.io/hashicorp/vsphere\"]",
      "instances": [
        {
          "schema_version": 0,
          "attributes": {
            "datacenter_id": "datacenter-3",
            "id": "datastore-53",
            "name": "vsanDatastore",
            "stats": {
              "capacity": "13442652045312",
              "free": "12742531355772"
            }
          },
          "sensitive_attributes": []
        }
      ]
    },
    {
      "module": "module.vm[\"22\"]",
      "mode": "data",
      "type": "vsphere_network",
      "name": "network1",
      "provider": "provider[\"registry.terraform.io/hashicorp/vsphere\"]",
      "instances": [
        {
          "schema_version": 0,
          "attributes": {
            "datacenter_id": "datacenter-3",
            "distributed_virtual_switch_uuid": null,
            "id": "dvportgroup-69",
            "name": "580",
            "type": "DistributedVirtualPortgroup"
          },
          "sensitive_attributes": []
        }
      ]
    },
    {
      "module": "module.vm[\"22\"]",
      "mode": "data",
      "type": "vsphere_network",
      "name": "network2",
      "provider": "provider[\"registry.terraform.io/hashicorp/vsphere\"]",
      "instances": [
        {
          "schema_version": 0,
          "attributes": {
            "datacenter_id": "datacenter-3",
            "distributed_virtual_switch_uuid": null,
            "id": "dvportgroup-62",
            "name": "581",
            "type": "DistributedVirtualPortgroup"
          },
          "sensitive_attributes": []
        }
      ]
    },
    {
      "module": "module.vm[\"22\"]",
      "mode": "data",
      "type": "vsphere_network",
      "name": "network3",
      "provider": "provider[\"registry.terraform.io/hashicorp/vsphere\"]",
      "instances": [
        {
          "schema_version": 0,
          "attributes": {
            "datacenter_id": "datacenter-3",
            "distributed_virtual_switch_uuid": null,
            "id": "dvportgroup-67",
            "name": "584",
            "type": "DistributedVirtualPortgroup"
          },
          "sensitive_attributes": []
        }
      ]
    },
    {
      "module": "module.vm[\"22\"]",
      "mode": "data",
      "type": "vsphere_network",
      "name": "network4",
      "provider": "provider[\"registry.terraform.io/hashicorp/vsphere\"]",
      "instances": [
        {
          "schema_version": 0,
          "attributes": {
            "datacenter_id": "datacenter-3",
            "distributed_virtual_switch_uuid": null,
            "id": "dvportgroup-63",
            "name": "881",
            "type": "DistributedVirtualPortgroup"
          },
          "sensitive_attributes": []
        }
      ]
    },
    {
      "module": "module.vm[\"22\"]",
      "mode": "data",
      "type": "vsphere_resource_pool",
      "name": "rpool",
      "provider": "provider[\"registry.terraform.io/hashicorp/vsphere\"]",
      "instances": [
        {
          "schema_version": 0,
          "attributes": {
            "datacenter_id": "datacenter-3",
            "id": "resgroup-73",
            "name": "/cyberfiltre/host/cyberfiltre/Resources/xitg"
          },
          "sensitive_attributes": []
        }
      ]
    },
    {
      "module": "module.vm[\"22\"]",
      "mode": "data",
      "type": "vsphere_virtual_machine",
      "name": "template",
      "provider": "provider[\"registry.terraform.io/hashicorp/vsphere\"]",
      "instances": [
        {
          "schema_version": 0,
          "attributes": {
            "alternate_guest_name": "",
            "annotation": "",
            "boot_delay": 0,
            "boot_retry_delay": 10000,
            "boot_retry_enabled": false,
            "change_version": "2024-09-05T18:45:01.872822Z",
            "cpu_hot_add_enabled": false,
            "cpu_hot_remove_enabled": false,
            "cpu_limit": -1,
            "cpu_performance_counters_enabled": false,
            "cpu_reservation": 0,
            "cpu_share_count": 2000,
            "cpu_share_level": "normal",
            "datacenter_id": "datacenter-3",
            "default_ip_address": null,
            "disks": [
              {
                "eagerly_scrub": false,
                "label": "Hard disk 1",
                "size": 52,
                "thin_provisioned": true,
                "unit_number": 0
              }
            ],
            "efi_secure_boot_enabled": true,
            "enable_disk_uuid": false,
            "enable_logging": true,
            "ept_rvi_mode": "",
            "extra_config": {},
            "extra_config_reboot_required": true,
            "firmware": "efi",
            "folder": null,
            "guest_id": "rhel8_64Guest",
            "guest_ip_addresses": [],
            "hardware_version": 19,
            "hv_mode": "",
            "id": "423e5a05-501a-d312-1605-9e4dcb02aaae",
            "ide_controller_scan_count": 2,
            "instance_uuid": "503efa85-f341-2098-0b00-d9b65250d877",
            "latency_sensitivity": "normal",
            "memory": 1024,
            "memory_hot_add_enabled": false,
            "memory_limit": -1,
            "memory_reservation": 0,
            "memory_reservation_locked_to_max": false,
            "memory_share_count": 10240,
            "memory_share_level": "normal",
            "moid": "vm-78",
            "name": "linux-rhel-8.7-socle",
            "nested_hv_enabled": false,
            "network_interface_types": [
              "vmxnet3"
            ],
            "network_interfaces": [
              {
                "adapter_type": "vmxnet3",
                "bandwidth_limit": -1,
                "bandwidth_reservation": 0,
                "bandwidth_share_count": 50,
                "bandwidth_share_level": "normal",
                "mac_address": "00:50:56:be:68:9a",
                "network_id": "network-79",
                "physical_function": ""
              }
            ],
            "num_cores_per_socket": 1,
            "num_cpus": 2,
            "replace_trigger": null,
            "run_tools_scripts_after_power_on": true,
            "run_tools_scripts_after_resume": true,
            "run_tools_scripts_before_guest_reboot": false,
            "run_tools_scripts_before_guest_shutdown": true,
            "run_tools_scripts_before_guest_standby": true,
            "sata_controller_scan_count": 0,
            "scsi_bus_sharing": "noSharing",
            "scsi_controller_scan_count": 1,
            "scsi_type": "pvscsi",
            "storage_policy_id": null,
            "swap_placement_policy": "inherit",
            "sync_time_with_host": true,
            "sync_time_with_host_periodically": false,
            "tools_upgrade_policy": "upgradeAtPowerCycle",
            "uuid": "423e5a05-501a-d312-1605-9e4dcb02aaae",
            "vapp": null,
            "vapp_transport": [],
            "vbs_enabled": false,
            "vvtd_enabled": false
          },
          "sensitive_attributes": []
        }
      ]
    },
    {
      "module": "module.vm[\"22\"]",
      "mode": "managed",
      "type": "vsphere_virtual_machine",
      "name": "vm",
      "provider": "provider[\"registry.terraform.io/hashicorp/vsphere\"]",
      "instances": [
        {
          "schema_version": 3,
          "attributes": {
            "alternate_guest_name": "",
            "annotation": "",
            "boot_delay": 0,
            "boot_retry_delay": 10000,
            "boot_retry_enabled": false,
            "cdrom": [],
            "change_version": "2024-09-05T19:01:00.627065Z",
            "clone": [
              {
                "customization_spec": [],
                "customize": [
                  {
                    "dns_server_list": [],
                    "dns_suffix_list": [],
                    "ipv4_gateway": "172.31.49.254",
                    "ipv6_gateway": "",
                    "linux_options": [
                      {
                        "domain": "ms.fcm",
                        "host_name": "it-1-cbf-dd",
                        "hw_clock_utc": true,
                        "script_text": "",
                        "time_zone": ""
                      }
                    ],
                    "network_interface": [
                      {
                        "dns_domain": "ms.fcm",
                        "dns_server_list": [
                          "172.16.1.240, 172.17.1.240"
                        ],
                        "ipv4_address": "172.31.49.40",
                        "ipv4_netmask": 24,
                        "ipv6_address": "",
                        "ipv6_netmask": 0
                      },
                      {
                        "dns_domain": "",
                        "dns_server_list": [],
                        "ipv4_address": "172.25.90.35",
                        "ipv4_netmask": 25,
                        "ipv6_address": "",
                        "ipv6_netmask": 0
                      },
                      {
                        "dns_domain": "",
                        "dns_server_list": [],
                        "ipv4_address": "192.168.101.35",
                        "ipv4_netmask": 24,
                        "ipv6_address": "",
                        "ipv6_netmask": 0
                      },
                      {
                        "dns_domain": "",
                        "dns_server_list": [],
                        "ipv4_address": "172.25.109.35",
                        "ipv4_netmask": 24,
                        "ipv6_address": "",
                        "ipv6_netmask": 0
                      }
                    ],
                    "timeout": 0,
                    "windows_options": [],
                    "windows_sysprep_text": ""
                  }
                ],
                "linked_clone": false,
                "ovf_network_map": {},
                "ovf_storage_map": {},
                "template_uuid": "423e5a05-501a-d312-1605-9e4dcb02aaae",
                "timeout": 30
              }
            ],
            "cpu_hot_add_enabled": true,
            "cpu_hot_remove_enabled": true,
            "cpu_limit": -1,
            "cpu_performance_counters_enabled": false,
            "cpu_reservation": 0,
            "cpu_share_count": 1000,
            "cpu_share_level": "normal",
            "custom_attributes": {},
            "datacenter_id": null,
            "datastore_cluster_id": null,
            "datastore_id": "datastore-53",
            "default_ip_address": "172.31.49.40",
            "disk": [
              {
                "attach": false,
                "controller_type": "scsi",
                "datastore_id": "datastore-53",
                "device_address": "scsi:0:0",
                "disk_mode": "persistent",
                "disk_sharing": "sharingNone",
                "eagerly_scrub": false,
                "io_limit": -1,
                "io_reservation": 0,
                "io_share_count": 1000,
                "io_share_level": "normal",
                "keep_on_remove": false,
                "key": 2000,
                "label": "disk0",
                "path": "92fcd966-cad6-9824-ffa7-043201de0940/it-cbf-dd-1.vmdk",
                "size": 52,
                "storage_policy_id": "aa6d5a82-1c88-45da-85d3-3d74b91a5bad",
                "thin_provisioned": true,
                "unit_number": 0,
                "uuid": "6000C29b-408a-5da5-2d24-2bb7eab302af",
                "write_through": false
              },
              {
                "attach": false,
                "controller_type": "scsi",
                "datastore_id": "datastore-53",
                "device_address": "scsi:0:15",
                "disk_mode": "persistent",
                "disk_sharing": "sharingNone",
                "eagerly_scrub": false,
                "io_limit": -1,
                "io_reservation": 0,
                "io_share_count": 1000,
                "io_share_level": "normal",
                "keep_on_remove": false,
                "key": 2015,
                "label": "disk1",
                "path": "92fcd966-cad6-9824-ffa7-043201de0940/it-cbf-dd-1_1.vmdk",
                "size": 5,
                "storage_policy_id": "aa6d5a82-1c88-45da-85d3-3d74b91a5bad",
                "thin_provisioned": true,
                "unit_number": 14,
                "uuid": "6000C292-62d8-6eac-516a-ce0d47a5d5d2",
                "write_through": false
              }
            ],
            "efi_secure_boot_enabled": false,
            "enable_disk_uuid": false,
            "enable_logging": false,
            "ept_rvi_mode": "",
            "extra_config": {},
            "extra_config_reboot_required": true,
            "firmware": "efi",
            "folder": "xitg",
            "force_power_off": true,
            "guest_id": "rhel8_64Guest",
            "guest_ip_addresses": [
              "172.31.49.40",
              "fe80::250:56ff:feb7:59a2",
              "172.25.90.35",
              "fe80::250:56ff:feb7:83f7",
              "192.168.101.35",
              "fe80::250:56ff:feb7:4e3f",
              "172.25.109.35",
              "fe80::250:56ff:feb7:b19"
            ],
            "hardware_version": 19,
            "host_system_id": "host-15",
            "hv_mode": "",
            "id": "42375fa5-2c76-0450-eb14-b553bb15cc9d",
            "ide_controller_count": 2,
            "ignored_guest_ips": null,
            "imported": null,
            "latency_sensitivity": "normal",
            "memory": 1024,
            "memory_hot_add_enabled": true,
            "memory_limit": -1,
            "memory_reservation": 0,
            "memory_reservation_locked_to_max": false,
            "memory_share_count": 10240,
            "memory_share_level": "normal",
            "migrate_wait_timeout": 90,
            "moid": "vm-88",
            "name": "it-cbf-dd-1",
            "nested_hv_enabled": false,
            "network_interface": [
              {
                "adapter_type": "vmxnet3",
                "bandwidth_limit": -1,
                "bandwidth_reservation": 0,
                "bandwidth_share_count": 50,
                "bandwidth_share_level": "normal",
                "device_address": "pci:0:7",
                "key": 4000,
                "mac_address": "00:50:56:b7:59:a2",
                "network_id": "dvportgroup-69",
                "ovf_mapping": "",
                "physical_function": "",
                "use_static_mac": false
              },
              {
                "adapter_type": "vmxnet3",
                "bandwidth_limit": -1,
                "bandwidth_reservation": 0,
                "bandwidth_share_count": 50,
                "bandwidth_share_level": "normal",
                "device_address": "pci:0:8",
                "key": 4001,
                "mac_address": "00:50:56:b7:83:f7",
                "network_id": "dvportgroup-62",
                "ovf_mapping": "",
                "physical_function": "",
                "use_static_mac": false
              },
              {
                "adapter_type": "vmxnet3",
                "bandwidth_limit": -1,
                "bandwidth_reservation": 0,
                "bandwidth_share_count": 50,
                "bandwidth_share_level": "normal",
                "device_address": "pci:0:9",
                "key": 4002,
                "mac_address": "00:50:56:b7:4e:3f",
                "network_id": "dvportgroup-67",
                "ovf_mapping": "",
                "physical_function": "",
                "use_static_mac": false
              },
              {
                "adapter_type": "vmxnet3",
                "bandwidth_limit": -1,
                "bandwidth_reservation": 0,
                "bandwidth_share_count": 50,
                "bandwidth_share_level": "normal",
                "device_address": "pci:0:10",
                "key": 4003,
                "mac_address": "00:50:56:b7:0b:19",
                "network_id": "dvportgroup-63",
                "ovf_mapping": "",
                "physical_function": "",
                "use_static_mac": false
              }
            ],
            "num_cores_per_socket": 1,
            "num_cpus": 1,
            "ovf_deploy": [],
            "pci_device_id": [],
            "power_state": "on",
            "poweron_timeout": 300,
            "reboot_required": false,
            "replace_trigger": null,
            "resource_pool_id": "resgroup-73",
            "run_tools_scripts_after_power_on": true,
            "run_tools_scripts_after_resume": true,
            "run_tools_scripts_before_guest_reboot": false,
            "run_tools_scripts_before_guest_shutdown": true,
            "run_tools_scripts_before_guest_standby": true,
            "sata_controller_count": 0,
            "scsi_bus_sharing": "noSharing",
            "scsi_controller_count": 1,
            "scsi_type": "pvscsi",
            "shutdown_wait_timeout": 3,
            "storage_policy_id": "aa6d5a82-1c88-45da-85d3-3d74b91a5bad",
            "swap_placement_policy": "inherit",
            "sync_time_with_host": true,
            "sync_time_with_host_periodically": false,
            "tags": [],
            "tools_upgrade_policy": "manual",
            "uuid": "42375fa5-2c76-0450-eb14-b553bb15cc9d",
            "vapp": [],
            "vapp_transport": [],
            "vbs_enabled": false,
            "vmware_tools_status": "guestToolsRunning",
            "vmx_path": "92fcd966-cad6-9824-ffa7-043201de0940/it-cbf-dd-1.vmx",
            "vvtd_enabled": false,
            "wait_for_guest_ip_timeout": 300,
            "wait_for_guest_net_routable": false,
            "wait_for_guest_net_timeout": 300
          },
          "sensitive_attributes": [],
          "private": "eyJzY2hlbWFfdmVyc2lvbiI6IjMifQ==",
          "dependencies": [
            "module.vm.data.vsphere_datacenter.dc",
            "module.vm.data.vsphere_datastore.datastore",
            "module.vm.data.vsphere_network.network1",
            "module.vm.data.vsphere_network.network2",
            "module.vm.data.vsphere_network.network3",
            "module.vm.data.vsphere_network.network4",
            "module.vm.data.vsphere_resource_pool.rpool",
            "module.vm.data.vsphere_virtual_machine.template"
          ]
        }
      ]
    },
    {
      "module": "module.vm[\"23\"]",
      "mode": "data",
      "type": "vsphere_compute_cluster",
      "name": "cluster",
      "provider": "provider[\"registry.terraform.io/hashicorp/vsphere\"]",
      "instances": [
        {
          "schema_version": 0,
          "attributes": {
            "datacenter_id": "datacenter-3",
            "id": "domain-c39",
            "name": "cyberfiltre",
            "resource_pool_id": "resgroup-40"
          },
          "sensitive_attributes": []
        }
      ]
    },
    {
      "module": "module.vm[\"23\"]",
      "mode": "data",
      "type": "vsphere_datacenter",
      "name": "dc",
      "provider": "provider[\"registry.terraform.io/hashicorp/vsphere\"]",
      "instances": [
        {
          "schema_version": 0,
          "attributes": {
            "id": "datacenter-3",
            "name": "cyberfiltre"
          },
          "sensitive_attributes": []
        }
      ]
    },
    {
      "module": "module.vm[\"23\"]",
      "mode": "data",
      "type": "vsphere_datastore",
      "name": "datastore",
      "provider": "provider[\"registry.terraform.io/hashicorp/vsphere\"]",
      "instances": [
        {
          "schema_version": 0,
          "attributes": {
            "datacenter_id": "datacenter-3",
            "id": "datastore-53",
            "name": "vsanDatastore",
            "stats": {
              "capacity": "13442652045312",
              "free": "12742531355772"
            }
          },
          "sensitive_attributes": []
        }
      ]
    },
    {
      "module": "module.vm[\"23\"]",
      "mode": "data",
      "type": "vsphere_network",
      "name": "network1",
      "provider": "provider[\"registry.terraform.io/hashicorp/vsphere\"]",
      "instances": [
        {
          "schema_version": 0,
          "attributes": {
            "datacenter_id": "datacenter-3",
            "distributed_virtual_switch_uuid": null,
            "id": "dvportgroup-69",
            "name": "580",
            "type": "DistributedVirtualPortgroup"
          },
          "sensitive_attributes": []
        }
      ]
    },
    {
      "module": "module.vm[\"23\"]",
      "mode": "data",
      "type": "vsphere_network",
      "name": "network2",
      "provider": "provider[\"registry.terraform.io/hashicorp/vsphere\"]",
      "instances": [
        {
          "schema_version": 0,
          "attributes": {
            "datacenter_id": "datacenter-3",
            "distributed_virtual_switch_uuid": null,
            "id": "dvportgroup-62",
            "name": "581",
            "type": "DistributedVirtualPortgroup"
          },
          "sensitive_attributes": []
        }
      ]
    },
    {
      "module": "module.vm[\"23\"]",
      "mode": "data",
      "type": "vsphere_network",
      "name": "network3",
      "provider": "provider[\"registry.terraform.io/hashicorp/vsphere\"]",
      "instances": [
        {
          "schema_version": 0,
          "attributes": {
            "datacenter_id": "datacenter-3",
            "distributed_virtual_switch_uuid": null,
            "id": "dvportgroup-67",
            "name": "584",
            "type": "DistributedVirtualPortgroup"
          },
          "sensitive_attributes": []
        }
      ]
    },
    {
      "module": "module.vm[\"23\"]",
      "mode": "data",
      "type": "vsphere_network",
      "name": "network4",
      "provider": "provider[\"registry.terraform.io/hashicorp/vsphere\"]",
      "instances": [
        {
          "schema_version": 0,
          "attributes": {
            "datacenter_id": "datacenter-3",
            "distributed_virtual_switch_uuid": null,
            "id": "dvportgroup-63",
            "name": "881",
            "type": "DistributedVirtualPortgroup"
          },
          "sensitive_attributes": []
        }
      ]
    },
    {
      "module": "module.vm[\"23\"]",
      "mode": "data",
      "type": "vsphere_resource_pool",
      "name": "rpool",
      "provider": "provider[\"registry.terraform.io/hashicorp/vsphere\"]",
      "instances": [
        {
          "schema_version": 0,
          "attributes": {
            "datacenter_id": "datacenter-3",
            "id": "resgroup-73",
            "name": "/cyberfiltre/host/cyberfiltre/Resources/xitg"
          },
          "sensitive_attributes": []
        }
      ]
    },
    {
      "module": "module.vm[\"23\"]",
      "mode": "data",
      "type": "vsphere_virtual_machine",
      "name": "template",
      "provider": "provider[\"registry.terraform.io/hashicorp/vsphere\"]",
      "instances": [
        {
          "schema_version": 0,
          "attributes": {
            "alternate_guest_name": "",
            "annotation": "",
            "boot_delay": 0,
            "boot_retry_delay": 10000,
            "boot_retry_enabled": false,
            "change_version": "2024-09-05T18:45:01.872822Z",
            "cpu_hot_add_enabled": false,
            "cpu_hot_remove_enabled": false,
            "cpu_limit": -1,
            "cpu_performance_counters_enabled": false,
            "cpu_reservation": 0,
            "cpu_share_count": 2000,
            "cpu_share_level": "normal",
            "datacenter_id": "datacenter-3",
            "default_ip_address": null,
            "disks": [
              {
                "eagerly_scrub": false,
                "label": "Hard disk 1",
                "size": 52,
                "thin_provisioned": true,
                "unit_number": 0
              }
            ],
            "efi_secure_boot_enabled": true,
            "enable_disk_uuid": false,
            "enable_logging": true,
            "ept_rvi_mode": "",
            "extra_config": {},
            "extra_config_reboot_required": true,
            "firmware": "efi",
            "folder": null,
            "guest_id": "rhel8_64Guest",
            "guest_ip_addresses": [],
            "hardware_version": 19,
            "hv_mode": "",
            "id": "423e5a05-501a-d312-1605-9e4dcb02aaae",
            "ide_controller_scan_count": 2,
            "instance_uuid": "503efa85-f341-2098-0b00-d9b65250d877",
            "latency_sensitivity": "normal",
            "memory": 1024,
            "memory_hot_add_enabled": false,
            "memory_limit": -1,
            "memory_reservation": 0,
            "memory_reservation_locked_to_max": false,
            "memory_share_count": 10240,
            "memory_share_level": "normal",
            "moid": "vm-78",
            "name": "linux-rhel-8.7-socle",
            "nested_hv_enabled": false,
            "network_interface_types": [
              "vmxnet3"
            ],
            "network_interfaces": [
              {
                "adapter_type": "vmxnet3",
                "bandwidth_limit": -1,
                "bandwidth_reservation": 0,
                "bandwidth_share_count": 50,
                "bandwidth_share_level": "normal",
                "mac_address": "00:50:56:be:68:9a",
                "network_id": "network-79",
                "physical_function": ""
              }
            ],
            "num_cores_per_socket": 1,
            "num_cpus": 2,
            "replace_trigger": null,
            "run_tools_scripts_after_power_on": true,
            "run_tools_scripts_after_resume": true,
            "run_tools_scripts_before_guest_reboot": false,
            "run_tools_scripts_before_guest_shutdown": true,
            "run_tools_scripts_before_guest_standby": true,
            "sata_controller_scan_count": 0,
            "scsi_bus_sharing": "noSharing",
            "scsi_controller_scan_count": 1,
            "scsi_type": "pvscsi",
            "storage_policy_id": null,
            "swap_placement_policy": "inherit",
            "sync_time_with_host": true,
            "sync_time_with_host_periodically": false,
            "tools_upgrade_policy": "upgradeAtPowerCycle",
            "uuid": "423e5a05-501a-d312-1605-9e4dcb02aaae",
            "vapp": null,
            "vapp_transport": [],
            "vbs_enabled": false,
            "vvtd_enabled": false
          },
          "sensitive_attributes": []
        }
      ]
    },
    {
      "module": "module.vm[\"23\"]",
      "mode": "managed",
      "type": "vsphere_virtual_machine",
      "name": "vm",
      "provider": "provider[\"registry.terraform.io/hashicorp/vsphere\"]",
      "instances": [
        {
          "schema_version": 3,
          "attributes": {
            "alternate_guest_name": "",
            "annotation": "",
            "boot_delay": 0,
            "boot_retry_delay": 10000,
            "boot_retry_enabled": false,
            "cdrom": [],
            "change_version": "2024-09-05T19:27:24.074496Z",
            "clone": [
              {
                "customization_spec": [],
                "customize": [
                  {
                    "dns_server_list": [],
                    "dns_suffix_list": [],
                    "ipv4_gateway": "172.31.49.254",
                    "ipv6_gateway": "",
                    "linux_options": [
                      {
                        "domain": "ms.fcm",
                        "host_name": "it-1-cbf-sp",
                        "hw_clock_utc": true,
                        "script_text": "",
                        "time_zone": ""
                      }
                    ],
                    "network_interface": [
                      {
                        "dns_domain": "ms.fcm",
                        "dns_server_list": [
                          "172.16.1.240, 172.17.1.240"
                        ],
                        "ipv4_address": "172.31.49.44",
                        "ipv4_netmask": 24,
                        "ipv6_address": "",
                        "ipv6_netmask": 0
                      },
                      {
                        "dns_domain": "",
                        "dns_server_list": [],
                        "ipv4_address": "172.25.90.39",
                        "ipv4_netmask": 25,
                        "ipv6_address": "",
                        "ipv6_netmask": 0
                      },
                      {
                        "dns_domain": "",
                        "dns_server_list": [],
                        "ipv4_address": "192.168.101.39",
                        "ipv4_netmask": 24,
                        "ipv6_address": "",
                        "ipv6_netmask": 0
                      },
                      {
                        "dns_domain": "",
                        "dns_server_list": [],
                        "ipv4_address": "172.25.109.39",
                        "ipv4_netmask": 24,
                        "ipv6_address": "",
                        "ipv6_netmask": 0
                      }
                    ],
                    "timeout": 0,
                    "windows_options": [],
                    "windows_sysprep_text": ""
                  }
                ],
                "linked_clone": false,
                "ovf_network_map": {},
                "ovf_storage_map": {},
                "template_uuid": "423e5a05-501a-d312-1605-9e4dcb02aaae",
                "timeout": 30
              }
            ],
            "cpu_hot_add_enabled": true,
            "cpu_hot_remove_enabled": true,
            "cpu_limit": -1,
            "cpu_performance_counters_enabled": false,
            "cpu_reservation": 0,
            "cpu_share_count": 1000,
            "cpu_share_level": "normal",
            "custom_attributes": {},
            "datacenter_id": null,
            "datastore_cluster_id": null,
            "datastore_id": "datastore-53",
            "default_ip_address": "172.31.49.44",
            "disk": [
              {
                "attach": false,
                "controller_type": "scsi",
                "datastore_id": "datastore-53",
                "device_address": "scsi:0:0",
                "disk_mode": "persistent",
                "disk_sharing": "sharingNone",
                "eagerly_scrub": false,
                "io_limit": -1,
                "io_reservation": 0,
                "io_share_count": 1000,
                "io_share_level": "normal",
                "keep_on_remove": false,
                "key": 2000,
                "label": "disk0",
                "path": "ae02da66-78ab-822c-6be4-043201dde7f0/it-cbf-sp-1.vmdk",
                "size": 52,
                "storage_policy_id": "aa6d5a82-1c88-45da-85d3-3d74b91a5bad",
                "thin_provisioned": true,
                "unit_number": 0,
                "uuid": "6000C292-9315-de6c-65c3-28014f7b30f6",
                "write_through": false
              },
              {
                "attach": false,
                "controller_type": "scsi",
                "datastore_id": "datastore-53",
                "device_address": "scsi:0:15",
                "disk_mode": "persistent",
                "disk_sharing": "sharingNone",
                "eagerly_scrub": false,
                "io_limit": -1,
                "io_reservation": 0,
                "io_share_count": 1000,
                "io_share_level": "normal",
                "keep_on_remove": false,
                "key": 2015,
                "label": "disk1",
                "path": "ae02da66-78ab-822c-6be4-043201dde7f0/it-cbf-sp-1_1.vmdk",
                "size": 5,
                "storage_policy_id": "aa6d5a82-1c88-45da-85d3-3d74b91a5bad",
                "thin_provisioned": true,
                "unit_number": 14,
                "uuid": "6000C292-38e6-0e6c-3e93-222babc4796e",
                "write_through": false
              }
            ],
            "efi_secure_boot_enabled": false,
            "enable_disk_uuid": false,
            "enable_logging": false,
            "ept_rvi_mode": "",
            "extra_config": {},
            "extra_config_reboot_required": true,
            "firmware": "efi",
            "folder": "xitg",
            "force_power_off": true,
            "guest_id": "rhel8_64Guest",
            "guest_ip_addresses": [
              "172.31.49.44",
              "fe80::250:56ff:feb7:f590",
              "172.25.90.39",
              "fe80::250:56ff:feb7:dac7",
              "192.168.101.39",
              "fe80::250:56ff:feb7:ebfe",
              "172.25.109.39",
              "fe80::250:56ff:feb7:976a"
            ],
            "hardware_version": 19,
            "host_system_id": "host-15",
            "hv_mode": "",
            "id": "4237588c-1022-1925-7cbf-cb34a5f704c5",
            "ide_controller_count": 2,
            "ignored_guest_ips": null,
            "imported": null,
            "latency_sensitivity": "normal",
            "memory": 1024,
            "memory_hot_add_enabled": true,
            "memory_limit": -1,
            "memory_reservation": 0,
            "memory_reservation_locked_to_max": false,
            "memory_share_count": 10240,
            "memory_share_level": "normal",
            "migrate_wait_timeout": 90,
            "moid": "vm-106",
            "name": "it-cbf-sp-1",
            "nested_hv_enabled": false,
            "network_interface": [
              {
                "adapter_type": "vmxnet3",
                "bandwidth_limit": -1,
                "bandwidth_reservation": 0,
                "bandwidth_share_count": 50,
                "bandwidth_share_level": "normal",
                "device_address": "pci:0:7",
                "key": 4000,
                "mac_address": "00:50:56:b7:f5:90",
                "network_id": "dvportgroup-69",
                "ovf_mapping": "",
                "physical_function": "",
                "use_static_mac": false
              },
              {
                "adapter_type": "vmxnet3",
                "bandwidth_limit": -1,
                "bandwidth_reservation": 0,
                "bandwidth_share_count": 50,
                "bandwidth_share_level": "normal",
                "device_address": "pci:0:8",
                "key": 4001,
                "mac_address": "00:50:56:b7:da:c7",
                "network_id": "dvportgroup-62",
                "ovf_mapping": "",
                "physical_function": "",
                "use_static_mac": false
              },
              {
                "adapter_type": "vmxnet3",
                "bandwidth_limit": -1,
                "bandwidth_reservation": 0,
                "bandwidth_share_count": 50,
                "bandwidth_share_level": "normal",
                "device_address": "pci:0:9",
                "key": 4002,
                "mac_address": "00:50:56:b7:eb:fe",
                "network_id": "dvportgroup-67",
                "ovf_mapping": "",
                "physical_function": "",
                "use_static_mac": false
              },
              {
                "adapter_type": "vmxnet3",
                "bandwidth_limit": -1,
                "bandwidth_reservation": 0,
                "bandwidth_share_count": 50,
                "bandwidth_share_level": "normal",
                "device_address": "pci:0:10",
                "key": 4003,
                "mac_address": "00:50:56:b7:97:6a",
                "network_id": "dvportgroup-63",
                "ovf_mapping": "",
                "physical_function": "",
                "use_static_mac": false
              }
            ],
            "num_cores_per_socket": 1,
            "num_cpus": 1,
            "ovf_deploy": [],
            "pci_device_id": [],
            "power_state": "on",
            "poweron_timeout": 300,
            "reboot_required": false,
            "replace_trigger": null,
            "resource_pool_id": "resgroup-73",
            "run_tools_scripts_after_power_on": true,
            "run_tools_scripts_after_resume": true,
            "run_tools_scripts_before_guest_reboot": false,
            "run_tools_scripts_before_guest_shutdown": true,
            "run_tools_scripts_before_guest_standby": true,
            "sata_controller_count": 0,
            "scsi_bus_sharing": "noSharing",
            "scsi_controller_count": 1,
            "scsi_type": "pvscsi",
            "shutdown_wait_timeout": 3,
            "storage_policy_id": "aa6d5a82-1c88-45da-85d3-3d74b91a5bad",
            "swap_placement_policy": "inherit",
            "sync_time_with_host": true,
            "sync_time_with_host_periodically": false,
            "tags": [],
            "tools_upgrade_policy": "manual",
            "uuid": "4237588c-1022-1925-7cbf-cb34a5f704c5",
            "vapp": [],
            "vapp_transport": [],
            "vbs_enabled": false,
            "vmware_tools_status": "guestToolsRunning",
            "vmx_path": "ae02da66-78ab-822c-6be4-043201dde7f0/it-cbf-sp-1.vmx",
            "vvtd_enabled": false,
            "wait_for_guest_ip_timeout": 300,
            "wait_for_guest_net_routable": false,
            "wait_for_guest_net_timeout": 300
          },
          "sensitive_attributes": [],
          "private": "eyJzY2hlbWFfdmVyc2lvbiI6IjMifQ==",
          "dependencies": [
            "module.vm.data.vsphere_datacenter.dc",
            "module.vm.data.vsphere_datastore.datastore",
            "module.vm.data.vsphere_network.network1",
            "module.vm.data.vsphere_network.network2",
            "module.vm.data.vsphere_network.network3",
            "module.vm.data.vsphere_network.network4",
            "module.vm.data.vsphere_resource_pool.rpool",
            "module.vm.data.vsphere_virtual_machine.template"
          ]
        }
      ]
    },
    {
      "module": "module.vm[\"24\"]",
      "mode": "data",
      "type": "vsphere_compute_cluster",
      "name": "cluster",
      "provider": "provider[\"registry.terraform.io/hashicorp/vsphere\"]",
      "instances": [
        {
          "schema_version": 0,
          "attributes": {
            "datacenter_id": "datacenter-3",
            "id": "domain-c39",
            "name": "cyberfiltre",
            "resource_pool_id": "resgroup-40"
          },
          "sensitive_attributes": []
        }
      ]
    },
    {
      "module": "module.vm[\"24\"]",
      "mode": "data",
      "type": "vsphere_datacenter",
      "name": "dc",
      "provider": "provider[\"registry.terraform.io/hashicorp/vsphere\"]",
      "instances": [
        {
          "schema_version": 0,
          "attributes": {
            "id": "datacenter-3",
            "name": "cyberfiltre"
          },
          "sensitive_attributes": []
        }
      ]
    },
    {
      "module": "module.vm[\"24\"]",
      "mode": "data",
      "type": "vsphere_datastore",
      "name": "datastore",
      "provider": "provider[\"registry.terraform.io/hashicorp/vsphere\"]",
      "instances": [
        {
          "schema_version": 0,
          "attributes": {
            "datacenter_id": "datacenter-3",
            "id": "datastore-53",
            "name": "vsanDatastore",
            "stats": {
              "capacity": "13442652045312",
              "free": "12742531355772"
            }
          },
          "sensitive_attributes": []
        }
      ]
    },
    {
      "module": "module.vm[\"24\"]",
      "mode": "data",
      "type": "vsphere_network",
      "name": "network1",
      "provider": "provider[\"registry.terraform.io/hashicorp/vsphere\"]",
      "instances": [
        {
          "schema_version": 0,
          "attributes": {
            "datacenter_id": "datacenter-3",
            "distributed_virtual_switch_uuid": null,
            "id": "dvportgroup-69",
            "name": "580",
            "type": "DistributedVirtualPortgroup"
          },
          "sensitive_attributes": []
        }
      ]
    },
    {
      "module": "module.vm[\"24\"]",
      "mode": "data",
      "type": "vsphere_network",
      "name": "network2",
      "provider": "provider[\"registry.terraform.io/hashicorp/vsphere\"]",
      "instances": [
        {
          "schema_version": 0,
          "attributes": {
            "datacenter_id": "datacenter-3",
            "distributed_virtual_switch_uuid": null,
            "id": "network-80",
            "name": "none",
            "type": "Network"
          },
          "sensitive_attributes": []
        }
      ]
    },
    {
      "module": "module.vm[\"24\"]",
      "mode": "data",
      "type": "vsphere_network",
      "name": "network3",
      "provider": "provider[\"registry.terraform.io/hashicorp/vsphere\"]",
      "instances": [
        {
          "schema_version": 0,
          "attributes": {
            "datacenter_id": "datacenter-3",
            "distributed_virtual_switch_uuid": null,
            "id": "dvportgroup-68",
            "name": "585",
            "type": "DistributedVirtualPortgroup"
          },
          "sensitive_attributes": []
        }
      ]
    },
    {
      "module": "module.vm[\"24\"]",
      "mode": "data",
      "type": "vsphere_network",
      "name": "network4",
      "provider": "provider[\"registry.terraform.io/hashicorp/vsphere\"]",
      "instances": [
        {
          "schema_version": 0,
          "attributes": {
            "datacenter_id": "datacenter-3",
            "distributed_virtual_switch_uuid": null,
            "id": "network-80",
            "name": "none",
            "type": "Network"
          },
          "sensitive_attributes": []
        }
      ]
    },
    {
      "module": "module.vm[\"24\"]",
      "mode": "data",
      "type": "vsphere_resource_pool",
      "name": "rpool",
      "provider": "provider[\"registry.terraform.io/hashicorp/vsphere\"]",
      "instances": [
        {
          "schema_version": 0,
          "attributes": {
            "datacenter_id": "datacenter-3",
            "id": "resgroup-73",
            "name": "/cyberfiltre/host/cyberfiltre/Resources/xitg"
          },
          "sensitive_attributes": []
        }
      ]
    },
    {
      "module": "module.vm[\"24\"]",
      "mode": "data",
      "type": "vsphere_virtual_machine",
      "name": "template",
      "provider": "provider[\"registry.terraform.io/hashicorp/vsphere\"]",
      "instances": [
        {
          "schema_version": 0,
          "attributes": {
            "alternate_guest_name": "",
            "annotation": "",
            "boot_delay": 0,
            "boot_retry_delay": 10000,
            "boot_retry_enabled": false,
            "change_version": "2024-09-05T18:45:01.872822Z",
            "cpu_hot_add_enabled": false,
            "cpu_hot_remove_enabled": false,
            "cpu_limit": -1,
            "cpu_performance_counters_enabled": false,
            "cpu_reservation": 0,
            "cpu_share_count": 2000,
            "cpu_share_level": "normal",
            "datacenter_id": "datacenter-3",
            "default_ip_address": null,
            "disks": [
              {
                "eagerly_scrub": false,
                "label": "Hard disk 1",
                "size": 52,
                "thin_provisioned": true,
                "unit_number": 0
              }
            ],
            "efi_secure_boot_enabled": true,
            "enable_disk_uuid": false,
            "enable_logging": true,
            "ept_rvi_mode": "",
            "extra_config": {},
            "extra_config_reboot_required": true,
            "firmware": "efi",
            "folder": null,
            "guest_id": "rhel8_64Guest",
            "guest_ip_addresses": [],
            "hardware_version": 19,
            "hv_mode": "",
            "id": "423e5a05-501a-d312-1605-9e4dcb02aaae",
            "ide_controller_scan_count": 2,
            "instance_uuid": "503efa85-f341-2098-0b00-d9b65250d877",
            "latency_sensitivity": "normal",
            "memory": 1024,
            "memory_hot_add_enabled": false,
            "memory_limit": -1,
            "memory_reservation": 0,
            "memory_reservation_locked_to_max": false,
            "memory_share_count": 10240,
            "memory_share_level": "normal",
            "moid": "vm-78",
            "name": "linux-rhel-8.7-socle",
            "nested_hv_enabled": false,
            "network_interface_types": [
              "vmxnet3"
            ],
            "network_interfaces": [
              {
                "adapter_type": "vmxnet3",
                "bandwidth_limit": -1,
                "bandwidth_reservation": 0,
                "bandwidth_share_count": 50,
                "bandwidth_share_level": "normal",
                "mac_address": "00:50:56:be:68:9a",
                "network_id": "network-79",
                "physical_function": ""
              }
            ],
            "num_cores_per_socket": 1,
            "num_cpus": 2,
            "replace_trigger": null,
            "run_tools_scripts_after_power_on": true,
            "run_tools_scripts_after_resume": true,
            "run_tools_scripts_before_guest_reboot": false,
            "run_tools_scripts_before_guest_shutdown": true,
            "run_tools_scripts_before_guest_standby": true,
            "sata_controller_scan_count": 0,
            "scsi_bus_sharing": "noSharing",
            "scsi_controller_scan_count": 1,
            "scsi_type": "pvscsi",
            "storage_policy_id": null,
            "swap_placement_policy": "inherit",
            "sync_time_with_host": true,
            "sync_time_with_host_periodically": false,
            "tools_upgrade_policy": "upgradeAtPowerCycle",
            "uuid": "423e5a05-501a-d312-1605-9e4dcb02aaae",
            "vapp": null,
            "vapp_transport": [],
            "vbs_enabled": false,
            "vvtd_enabled": false
          },
          "sensitive_attributes": []
        }
      ]
    },
    {
      "module": "module.vm[\"24\"]",
      "mode": "managed",
      "type": "vsphere_virtual_machine",
      "name": "vm",
      "provider": "provider[\"registry.terraform.io/hashicorp/vsphere\"]",
      "instances": [
        {
          "schema_version": 3,
          "attributes": {
            "alternate_guest_name": "",
            "annotation": "",
            "boot_delay": 0,
            "boot_retry_delay": 10000,
            "boot_retry_enabled": false,
            "cdrom": [],
            "change_version": "2024-09-05T19:00:12.695257Z",
            "clone": [
              {
                "customization_spec": [],
                "customize": [
                  {
                    "dns_server_list": [],
                    "dns_suffix_list": [],
                    "ipv4_gateway": "172.31.49.254",
                    "ipv6_gateway": "",
                    "linux_options": [
                      {
                        "domain": "ms.fcm",
                        "host_name": "it-2-cbf-db",
                        "hw_clock_utc": true,
                        "script_text": "",
                        "time_zone": ""
                      }
                    ],
                    "network_interface": [
                      {
                        "dns_domain": "ms.fcm",
                        "dns_server_list": [
                          "172.16.1.240, 172.17.1.240"
                        ],
                        "ipv4_address": "172.31.49.46",
                        "ipv4_netmask": 24,
                        "ipv6_address": "",
                        "ipv6_netmask": 0
                      },
                      {
                        "dns_domain": "",
                        "dns_server_list": [],
                        "ipv4_address": "192.168.102.41",
                        "ipv4_netmask": 24,
                        "ipv6_address": "",
                        "ipv6_netmask": 0
                      }
                    ],
                    "timeout": 0,
                    "windows_options": [],
                    "windows_sysprep_text": ""
                  }
                ],
                "linked_clone": false,
                "ovf_network_map": {},
                "ovf_storage_map": {},
                "template_uuid": "423e5a05-501a-d312-1605-9e4dcb02aaae",
                "timeout": 30
              }
            ],
            "cpu_hot_add_enabled": true,
            "cpu_hot_remove_enabled": true,
            "cpu_limit": -1,
            "cpu_performance_counters_enabled": false,
            "cpu_reservation": 0,
            "cpu_share_count": 1000,
            "cpu_share_level": "normal",
            "custom_attributes": {},
            "datacenter_id": null,
            "datastore_cluster_id": null,
            "datastore_id": "datastore-53",
            "default_ip_address": "172.31.49.46",
            "disk": [
              {
                "attach": false,
                "controller_type": "scsi",
                "datastore_id": "datastore-53",
                "device_address": "scsi:0:0",
                "disk_mode": "persistent",
                "disk_sharing": "sharingNone",
                "eagerly_scrub": false,
                "io_limit": -1,
                "io_reservation": 0,
                "io_share_count": 1000,
                "io_share_level": "normal",
                "keep_on_remove": false,
                "key": 2000,
                "label": "disk0",
                "path": "92fcd966-5c0c-c881-27d2-043201dde7f0/it-cbf-db-2.vmdk",
                "size": 52,
                "storage_policy_id": "aa6d5a82-1c88-45da-85d3-3d74b91a5bad",
                "thin_provisioned": true,
                "unit_number": 0,
                "uuid": "6000C293-346b-6192-83c9-bf6df5409fc1",
                "write_through": false
              },
              {
                "attach": false,
                "controller_type": "scsi",
                "datastore_id": "datastore-53",
                "device_address": "scsi:0:15",
                "disk_mode": "persistent",
                "disk_sharing": "sharingNone",
                "eagerly_scrub": false,
                "io_limit": -1,
                "io_reservation": 0,
                "io_share_count": 1000,
                "io_share_level": "normal",
                "keep_on_remove": false,
                "key": 2015,
                "label": "disk1",
                "path": "92fcd966-5c0c-c881-27d2-043201dde7f0/it-cbf-db-2_1.vmdk",
                "size": 15,
                "storage_policy_id": "aa6d5a82-1c88-45da-85d3-3d74b91a5bad",
                "thin_provisioned": true,
                "unit_number": 14,
                "uuid": "6000C292-6f1c-5cb5-24ed-034153d5cd8a",
                "write_through": false
              }
            ],
            "efi_secure_boot_enabled": false,
            "enable_disk_uuid": false,
            "enable_logging": false,
            "ept_rvi_mode": "",
            "extra_config": {},
            "extra_config_reboot_required": true,
            "firmware": "efi",
            "folder": "xitg",
            "force_power_off": true,
            "guest_id": "rhel8_64Guest",
            "guest_ip_addresses": [
              "172.31.49.46",
              "fe80::250:56ff:feb7:f262",
              "192.168.102.41",
              "fe80::250:56ff:feb7:c4c2"
            ],
            "hardware_version": 19,
            "host_system_id": "host-41",
            "hv_mode": "",
            "id": "4237fb33-e8c1-abab-2b8f-3b4fe1b1bcb0",
            "ide_controller_count": 2,
            "ignored_guest_ips": null,
            "imported": null,
            "latency_sensitivity": "normal",
            "memory": 2048,
            "memory_hot_add_enabled": true,
            "memory_limit": -1,
            "memory_reservation": 0,
            "memory_reservation_locked_to_max": false,
            "memory_share_count": 20480,
            "memory_share_level": "normal",
            "migrate_wait_timeout": 90,
            "moid": "vm-85",
            "name": "it-cbf-db-2",
            "nested_hv_enabled": false,
            "network_interface": [
              {
                "adapter_type": "vmxnet3",
                "bandwidth_limit": -1,
                "bandwidth_reservation": 0,
                "bandwidth_share_count": 50,
                "bandwidth_share_level": "normal",
                "device_address": "pci:0:7",
                "key": 4000,
                "mac_address": "00:50:56:b7:f2:62",
                "network_id": "dvportgroup-69",
                "ovf_mapping": "",
                "physical_function": "",
                "use_static_mac": false
              },
              {
                "adapter_type": "vmxnet3",
                "bandwidth_limit": -1,
                "bandwidth_reservation": 0,
                "bandwidth_share_count": 50,
                "bandwidth_share_level": "normal",
                "device_address": "pci:0:8",
                "key": 4001,
                "mac_address": "00:50:56:b7:c4:c2",
                "network_id": "dvportgroup-68",
                "ovf_mapping": "",
                "physical_function": "",
                "use_static_mac": false
              }
            ],
            "num_cores_per_socket": 1,
            "num_cpus": 1,
            "ovf_deploy": [],
            "pci_device_id": [],
            "power_state": "on",
            "poweron_timeout": 300,
            "reboot_required": false,
            "replace_trigger": null,
            "resource_pool_id": "resgroup-73",
            "run_tools_scripts_after_power_on": true,
            "run_tools_scripts_after_resume": true,
            "run_tools_scripts_before_guest_reboot": false,
            "run_tools_scripts_before_guest_shutdown": true,
            "run_tools_scripts_before_guest_standby": true,
            "sata_controller_count": 0,
            "scsi_bus_sharing": "noSharing",
            "scsi_controller_count": 1,
            "scsi_type": "pvscsi",
            "shutdown_wait_timeout": 3,
            "storage_policy_id": "aa6d5a82-1c88-45da-85d3-3d74b91a5bad",
            "swap_placement_policy": "inherit",
            "sync_time_with_host": true,
            "sync_time_with_host_periodically": false,
            "tags": [],
            "tools_upgrade_policy": "manual",
            "uuid": "4237fb33-e8c1-abab-2b8f-3b4fe1b1bcb0",
            "vapp": [],
            "vapp_transport": [],
            "vbs_enabled": false,
            "vmware_tools_status": "guestToolsRunning",
            "vmx_path": "92fcd966-5c0c-c881-27d2-043201dde7f0/it-cbf-db-2.vmx",
            "vvtd_enabled": false,
            "wait_for_guest_ip_timeout": 300,
            "wait_for_guest_net_routable": false,
            "wait_for_guest_net_timeout": 300
          },
          "sensitive_attributes": [],
          "private": "eyJzY2hlbWFfdmVyc2lvbiI6IjMifQ==",
          "dependencies": [
            "module.vm.data.vsphere_datacenter.dc",
            "module.vm.data.vsphere_datastore.datastore",
            "module.vm.data.vsphere_network.network1",
            "module.vm.data.vsphere_network.network2",
            "module.vm.data.vsphere_network.network3",
            "module.vm.data.vsphere_network.network4",
            "module.vm.data.vsphere_resource_pool.rpool",
            "module.vm.data.vsphere_virtual_machine.template"
          ]
        }
      ]
    },
    {
      "module": "module.vm[\"25\"]",
      "mode": "data",
      "type": "vsphere_compute_cluster",
      "name": "cluster",
      "provider": "provider[\"registry.terraform.io/hashicorp/vsphere\"]",
      "instances": [
        {
          "schema_version": 0,
          "attributes": {
            "datacenter_id": "datacenter-3",
            "id": "domain-c39",
            "name": "cyberfiltre",
            "resource_pool_id": "resgroup-40"
          },
          "sensitive_attributes": []
        }
      ]
    },
    {
      "module": "module.vm[\"25\"]",
      "mode": "data",
      "type": "vsphere_datacenter",
      "name": "dc",
      "provider": "provider[\"registry.terraform.io/hashicorp/vsphere\"]",
      "instances": [
        {
          "schema_version": 0,
          "attributes": {
            "id": "datacenter-3",
            "name": "cyberfiltre"
          },
          "sensitive_attributes": []
        }
      ]
    },
    {
      "module": "module.vm[\"25\"]",
      "mode": "data",
      "type": "vsphere_datastore",
      "name": "datastore",
      "provider": "provider[\"registry.terraform.io/hashicorp/vsphere\"]",
      "instances": [
        {
          "schema_version": 0,
          "attributes": {
            "datacenter_id": "datacenter-3",
            "id": "datastore-53",
            "name": "vsanDatastore",
            "stats": {
              "capacity": "13442652045312",
              "free": "12742531355772"
            }
          },
          "sensitive_attributes": []
        }
      ]
    },
    {
      "module": "module.vm[\"25\"]",
      "mode": "data",
      "type": "vsphere_network",
      "name": "network1",
      "provider": "provider[\"registry.terraform.io/hashicorp/vsphere\"]",
      "instances": [
        {
          "schema_version": 0,
          "attributes": {
            "datacenter_id": "datacenter-3",
            "distributed_virtual_switch_uuid": null,
            "id": "dvportgroup-69",
            "name": "580",
            "type": "DistributedVirtualPortgroup"
          },
          "sensitive_attributes": []
        }
      ]
    },
    {
      "module": "module.vm[\"25\"]",
      "mode": "data",
      "type": "vsphere_network",
      "name": "network2",
      "provider": "provider[\"registry.terraform.io/hashicorp/vsphere\"]",
      "instances": [
        {
          "schema_version": 0,
          "attributes": {
            "datacenter_id": "datacenter-3",
            "distributed_virtual_switch_uuid": null,
            "id": "network-80",
            "name": "none",
            "type": "Network"
          },
          "sensitive_attributes": []
        }
      ]
    },
    {
      "module": "module.vm[\"25\"]",
      "mode": "data",
      "type": "vsphere_network",
      "name": "network3",
      "provider": "provider[\"registry.terraform.io/hashicorp/vsphere\"]",
      "instances": [
        {
          "schema_version": 0,
          "attributes": {
            "datacenter_id": "datacenter-3",
            "distributed_virtual_switch_uuid": null,
            "id": "dvportgroup-68",
            "name": "585",
            "type": "DistributedVirtualPortgroup"
          },
          "sensitive_attributes": []
        }
      ]
    },
    {
      "module": "module.vm[\"25\"]",
      "mode": "data",
      "type": "vsphere_network",
      "name": "network4",
      "provider": "provider[\"registry.terraform.io/hashicorp/vsphere\"]",
      "instances": [
        {
          "schema_version": 0,
          "attributes": {
            "datacenter_id": "datacenter-3",
            "distributed_virtual_switch_uuid": null,
            "id": "network-80",
            "name": "none",
            "type": "Network"
          },
          "sensitive_attributes": []
        }
      ]
    },
    {
      "module": "module.vm[\"25\"]",
      "mode": "data",
      "type": "vsphere_resource_pool",
      "name": "rpool",
      "provider": "provider[\"registry.terraform.io/hashicorp/vsphere\"]",
      "instances": [
        {
          "schema_version": 0,
          "attributes": {
            "datacenter_id": "datacenter-3",
            "id": "resgroup-73",
            "name": "/cyberfiltre/host/cyberfiltre/Resources/xitg"
          },
          "sensitive_attributes": []
        }
      ]
    },
    {
      "module": "module.vm[\"25\"]",
      "mode": "data",
      "type": "vsphere_virtual_machine",
      "name": "template",
      "provider": "provider[\"registry.terraform.io/hashicorp/vsphere\"]",
      "instances": [
        {
          "schema_version": 0,
          "attributes": {
            "alternate_guest_name": "",
            "annotation": "",
            "boot_delay": 0,
            "boot_retry_delay": 10000,
            "boot_retry_enabled": false,
            "change_version": "2024-09-05T18:45:01.872822Z",
            "cpu_hot_add_enabled": false,
            "cpu_hot_remove_enabled": false,
            "cpu_limit": -1,
            "cpu_performance_counters_enabled": false,
            "cpu_reservation": 0,
            "cpu_share_count": 2000,
            "cpu_share_level": "normal",
            "datacenter_id": "datacenter-3",
            "default_ip_address": null,
            "disks": [
              {
                "eagerly_scrub": false,
                "label": "Hard disk 1",
                "size": 52,
                "thin_provisioned": true,
                "unit_number": 0
              }
            ],
            "efi_secure_boot_enabled": true,
            "enable_disk_uuid": false,
            "enable_logging": true,
            "ept_rvi_mode": "",
            "extra_config": {},
            "extra_config_reboot_required": true,
            "firmware": "efi",
            "folder": null,
            "guest_id": "rhel8_64Guest",
            "guest_ip_addresses": [],
            "hardware_version": 19,
            "hv_mode": "",
            "id": "423e5a05-501a-d312-1605-9e4dcb02aaae",
            "ide_controller_scan_count": 2,
            "instance_uuid": "503efa85-f341-2098-0b00-d9b65250d877",
            "latency_sensitivity": "normal",
            "memory": 1024,
            "memory_hot_add_enabled": false,
            "memory_limit": -1,
            "memory_reservation": 0,
            "memory_reservation_locked_to_max": false,
            "memory_share_count": 10240,
            "memory_share_level": "normal",
            "moid": "vm-78",
            "name": "linux-rhel-8.7-socle",
            "nested_hv_enabled": false,
            "network_interface_types": [
              "vmxnet3"
            ],
            "network_interfaces": [
              {
                "adapter_type": "vmxnet3",
                "bandwidth_limit": -1,
                "bandwidth_reservation": 0,
                "bandwidth_share_count": 50,
                "bandwidth_share_level": "normal",
                "mac_address": "00:50:56:be:68:9a",
                "network_id": "network-79",
                "physical_function": ""
              }
            ],
            "num_cores_per_socket": 1,
            "num_cpus": 2,
            "replace_trigger": null,
            "run_tools_scripts_after_power_on": true,
            "run_tools_scripts_after_resume": true,
            "run_tools_scripts_before_guest_reboot": false,
            "run_tools_scripts_before_guest_shutdown": true,
            "run_tools_scripts_before_guest_standby": true,
            "sata_controller_scan_count": 0,
            "scsi_bus_sharing": "noSharing",
            "scsi_controller_scan_count": 1,
            "scsi_type": "pvscsi",
            "storage_policy_id": null,
            "swap_placement_policy": "inherit",
            "sync_time_with_host": true,
            "sync_time_with_host_periodically": false,
            "tools_upgrade_policy": "upgradeAtPowerCycle",
            "uuid": "423e5a05-501a-d312-1605-9e4dcb02aaae",
            "vapp": null,
            "vapp_transport": [],
            "vbs_enabled": false,
            "vvtd_enabled": false
          },
          "sensitive_attributes": []
        }
      ]
    },
    {
      "module": "module.vm[\"25\"]",
      "mode": "managed",
      "type": "vsphere_virtual_machine",
      "name": "vm",
      "provider": "provider[\"registry.terraform.io/hashicorp/vsphere\"]",
      "instances": [
        {
          "schema_version": 3,
          "attributes": {
            "alternate_guest_name": "",
            "annotation": "",
            "boot_delay": 0,
            "boot_retry_delay": 10000,
            "boot_retry_enabled": false,
            "cdrom": [],
            "change_version": "2024-09-05T19:27:22.136148Z",
            "clone": [
              {
                "customization_spec": [],
                "customize": [
                  {
                    "dns_server_list": [],
                    "dns_suffix_list": [],
                    "ipv4_gateway": "172.31.49.254",
                    "ipv6_gateway": "",
                    "linux_options": [
                      {
                        "domain": "ms.fcm",
                        "host_name": "it-1-cbf-dbquorum",
                        "hw_clock_utc": true,
                        "script_text": "",
                        "time_zone": ""
                      }
                    ],
                    "network_interface": [
                      {
                        "dns_domain": "ms.fcm",
                        "dns_server_list": [
                          "172.16.1.240, 172.17.1.240"
                        ],
                        "ipv4_address": "172.31.49.47",
                        "ipv4_netmask": 24,
                        "ipv6_address": "",
                        "ipv6_netmask": 0
                      },
                      {
                        "dns_domain": "",
                        "dns_server_list": [],
                        "ipv4_address": "192.168.102.42",
                        "ipv4_netmask": 24,
                        "ipv6_address": "",
                        "ipv6_netmask": 0
                      }
                    ],
                    "timeout": 0,
                    "windows_options": [],
                    "windows_sysprep_text": ""
                  }
                ],
                "linked_clone": false,
                "ovf_network_map": {},
                "ovf_storage_map": {},
                "template_uuid": "423e5a05-501a-d312-1605-9e4dcb02aaae",
                "timeout": 30
              }
            ],
            "cpu_hot_add_enabled": true,
            "cpu_hot_remove_enabled": true,
            "cpu_limit": -1,
            "cpu_performance_counters_enabled": false,
            "cpu_reservation": 0,
            "cpu_share_count": 1000,
            "cpu_share_level": "normal",
            "custom_attributes": {},
            "datacenter_id": null,
            "datastore_cluster_id": null,
            "datastore_id": "datastore-53",
            "default_ip_address": "172.31.49.47",
            "disk": [
              {
                "attach": false,
                "controller_type": "scsi",
                "datastore_id": "datastore-53",
                "device_address": "scsi:0:0",
                "disk_mode": "persistent",
                "disk_sharing": "sharingNone",
                "eagerly_scrub": false,
                "io_limit": -1,
                "io_reservation": 0,
                "io_share_count": 1000,
                "io_share_level": "normal",
                "keep_on_remove": false,
                "key": 2000,
                "label": "disk0",
                "path": "a802da66-2ed5-49f3-ba37-043201dde7f0/it-cbf-dbquorum-1.vmdk",
                "size": 52,
                "storage_policy_id": "aa6d5a82-1c88-45da-85d3-3d74b91a5bad",
                "thin_provisioned": true,
                "unit_number": 0,
                "uuid": "6000C291-43f5-46c4-80de-561dc6887a44",
                "write_through": false
              },
              {
                "attach": false,
                "controller_type": "scsi",
                "datastore_id": "datastore-53",
                "device_address": "scsi:0:15",
                "disk_mode": "persistent",
                "disk_sharing": "sharingNone",
                "eagerly_scrub": false,
                "io_limit": -1,
                "io_reservation": 0,
                "io_share_count": 1000,
                "io_share_level": "normal",
                "keep_on_remove": false,
                "key": 2015,
                "label": "disk1",
                "path": "a802da66-2ed5-49f3-ba37-043201dde7f0/it-cbf-dbquorum-1_1.vmdk",
                "size": 15,
                "storage_policy_id": "aa6d5a82-1c88-45da-85d3-3d74b91a5bad",
                "thin_provisioned": true,
                "unit_number": 14,
                "uuid": "6000C293-98f0-9f9a-fd56-e9d9c693e864",
                "write_through": false
              }
            ],
            "efi_secure_boot_enabled": false,
            "enable_disk_uuid": false,
            "enable_logging": false,
            "ept_rvi_mode": "",
            "extra_config": {},
            "extra_config_reboot_required": true,
            "firmware": "efi",
            "folder": "xitg",
            "force_power_off": true,
            "guest_id": "rhel8_64Guest",
            "guest_ip_addresses": [
              "172.31.49.47",
              "fe80::250:56ff:feb7:9fc1",
              "192.168.102.42",
              "fe80::250:56ff:feb7:e3ba"
            ],
            "hardware_version": 19,
            "host_system_id": "host-41",
            "hv_mode": "",
            "id": "42375bd9-ad1e-bb96-dd83-ec9cb8d43bfd",
            "ide_controller_count": 2,
            "ignored_guest_ips": null,
            "imported": null,
            "latency_sensitivity": "normal",
            "memory": 1024,
            "memory_hot_add_enabled": true,
            "memory_limit": -1,
            "memory_reservation": 0,
            "memory_reservation_locked_to_max": false,
            "memory_share_count": 10240,
            "memory_share_level": "normal",
            "migrate_wait_timeout": 90,
            "moid": "vm-103",
            "name": "it-cbf-dbquorum-1",
            "nested_hv_enabled": false,
            "network_interface": [
              {
                "adapter_type": "vmxnet3",
                "bandwidth_limit": -1,
                "bandwidth_reservation": 0,
                "bandwidth_share_count": 50,
                "bandwidth_share_level": "normal",
                "device_address": "pci:0:7",
                "key": 4000,
                "mac_address": "00:50:56:b7:9f:c1",
                "network_id": "dvportgroup-69",
                "ovf_mapping": "",
                "physical_function": "",
                "use_static_mac": false
              },
              {
                "adapter_type": "vmxnet3",
                "bandwidth_limit": -1,
                "bandwidth_reservation": 0,
                "bandwidth_share_count": 50,
                "bandwidth_share_level": "normal",
                "device_address": "pci:0:8",
                "key": 4001,
                "mac_address": "00:50:56:b7:e3:ba",
                "network_id": "dvportgroup-68",
                "ovf_mapping": "",
                "physical_function": "",
                "use_static_mac": false
              }
            ],
            "num_cores_per_socket": 1,
            "num_cpus": 1,
            "ovf_deploy": [],
            "pci_device_id": [],
            "power_state": "on",
            "poweron_timeout": 300,
            "reboot_required": false,
            "replace_trigger": null,
            "resource_pool_id": "resgroup-73",
            "run_tools_scripts_after_power_on": true,
            "run_tools_scripts_after_resume": true,
            "run_tools_scripts_before_guest_reboot": false,
            "run_tools_scripts_before_guest_shutdown": true,
            "run_tools_scripts_before_guest_standby": true,
            "sata_controller_count": 0,
            "scsi_bus_sharing": "noSharing",
            "scsi_controller_count": 1,
            "scsi_type": "pvscsi",
            "shutdown_wait_timeout": 3,
            "storage_policy_id": "aa6d5a82-1c88-45da-85d3-3d74b91a5bad",
            "swap_placement_policy": "inherit",
            "sync_time_with_host": true,
            "sync_time_with_host_periodically": false,
            "tags": [],
            "tools_upgrade_policy": "manual",
            "uuid": "42375bd9-ad1e-bb96-dd83-ec9cb8d43bfd",
            "vapp": [],
            "vapp_transport": [],
            "vbs_enabled": false,
            "vmware_tools_status": "guestToolsRunning",
            "vmx_path": "a802da66-2ed5-49f3-ba37-043201dde7f0/it-cbf-dbquorum-1.vmx",
            "vvtd_enabled": false,
            "wait_for_guest_ip_timeout": 300,
            "wait_for_guest_net_routable": false,
            "wait_for_guest_net_timeout": 300
          },
          "sensitive_attributes": [],
          "private": "eyJzY2hlbWFfdmVyc2lvbiI6IjMifQ==",
          "dependencies": [
            "module.vm.data.vsphere_datacenter.dc",
            "module.vm.data.vsphere_datastore.datastore",
            "module.vm.data.vsphere_network.network1",
            "module.vm.data.vsphere_network.network2",
            "module.vm.data.vsphere_network.network3",
            "module.vm.data.vsphere_network.network4",
            "module.vm.data.vsphere_resource_pool.rpool",
            "module.vm.data.vsphere_virtual_machine.template"
          ]
        }
      ]
    },
    {
      "module": "module.vm[\"26\"]",
      "mode": "data",
      "type": "vsphere_compute_cluster",
      "name": "cluster",
      "provider": "provider[\"registry.terraform.io/hashicorp/vsphere\"]",
      "instances": [
        {
          "schema_version": 0,
          "attributes": {
            "datacenter_id": "datacenter-3",
            "id": "domain-c39",
            "name": "cyberfiltre",
            "resource_pool_id": "resgroup-40"
          },
          "sensitive_attributes": []
        }
      ]
    },
    {
      "module": "module.vm[\"26\"]",
      "mode": "data",
      "type": "vsphere_datacenter",
      "name": "dc",
      "provider": "provider[\"registry.terraform.io/hashicorp/vsphere\"]",
      "instances": [
        {
          "schema_version": 0,
          "attributes": {
            "id": "datacenter-3",
            "name": "cyberfiltre"
          },
          "sensitive_attributes": []
        }
      ]
    },
    {
      "module": "module.vm[\"26\"]",
      "mode": "data",
      "type": "vsphere_datastore",
      "name": "datastore",
      "provider": "provider[\"registry.terraform.io/hashicorp/vsphere\"]",
      "instances": [
        {
          "schema_version": 0,
          "attributes": {
            "datacenter_id": "datacenter-3",
            "id": "datastore-53",
            "name": "vsanDatastore",
            "stats": {
              "capacity": "13442652045312",
              "free": "12742531355772"
            }
          },
          "sensitive_attributes": []
        }
      ]
    },
    {
      "module": "module.vm[\"26\"]",
      "mode": "data",
      "type": "vsphere_network",
      "name": "network1",
      "provider": "provider[\"registry.terraform.io/hashicorp/vsphere\"]",
      "instances": [
        {
          "schema_version": 0,
          "attributes": {
            "datacenter_id": "datacenter-3",
            "distributed_virtual_switch_uuid": null,
            "id": "dvportgroup-69",
            "name": "580",
            "type": "DistributedVirtualPortgroup"
          },
          "sensitive_attributes": []
        }
      ]
    },
    {
      "module": "module.vm[\"26\"]",
      "mode": "data",
      "type": "vsphere_network",
      "name": "network2",
      "provider": "provider[\"registry.terraform.io/hashicorp/vsphere\"]",
      "instances": [
        {
          "schema_version": 0,
          "attributes": {
            "datacenter_id": "datacenter-3",
            "distributed_virtual_switch_uuid": null,
            "id": "network-80",
            "name": "none",
            "type": "Network"
          },
          "sensitive_attributes": []
        }
      ]
    },
    {
      "module": "module.vm[\"26\"]",
      "mode": "data",
      "type": "vsphere_network",
      "name": "network3",
      "provider": "provider[\"registry.terraform.io/hashicorp/vsphere\"]",
      "instances": [
        {
          "schema_version": 0,
          "attributes": {
            "datacenter_id": "datacenter-3",
            "distributed_virtual_switch_uuid": null,
            "id": "dvportgroup-68",
            "name": "585",
            "type": "DistributedVirtualPortgroup"
          },
          "sensitive_attributes": []
        }
      ]
    },
    {
      "module": "module.vm[\"26\"]",
      "mode": "data",
      "type": "vsphere_network",
      "name": "network4",
      "provider": "provider[\"registry.terraform.io/hashicorp/vsphere\"]",
      "instances": [
        {
          "schema_version": 0,
          "attributes": {
            "datacenter_id": "datacenter-3",
            "distributed_virtual_switch_uuid": null,
            "id": "network-80",
            "name": "none",
            "type": "Network"
          },
          "sensitive_attributes": []
        }
      ]
    },
    {
      "module": "module.vm[\"26\"]",
      "mode": "data",
      "type": "vsphere_resource_pool",
      "name": "rpool",
      "provider": "provider[\"registry.terraform.io/hashicorp/vsphere\"]",
      "instances": [
        {
          "schema_version": 0,
          "attributes": {
            "datacenter_id": "datacenter-3",
            "id": "resgroup-73",
            "name": "/cyberfiltre/host/cyberfiltre/Resources/xitg"
          },
          "sensitive_attributes": []
        }
      ]
    },
    {
      "module": "module.vm[\"26\"]",
      "mode": "data",
      "type": "vsphere_virtual_machine",
      "name": "template",
      "provider": "provider[\"registry.terraform.io/hashicorp/vsphere\"]",
      "instances": [
        {
          "schema_version": 0,
          "attributes": {
            "alternate_guest_name": "",
            "annotation": "",
            "boot_delay": 0,
            "boot_retry_delay": 10000,
            "boot_retry_enabled": false,
            "change_version": "2024-09-05T18:45:01.872822Z",
            "cpu_hot_add_enabled": false,
            "cpu_hot_remove_enabled": false,
            "cpu_limit": -1,
            "cpu_performance_counters_enabled": false,
            "cpu_reservation": 0,
            "cpu_share_count": 2000,
            "cpu_share_level": "normal",
            "datacenter_id": "datacenter-3",
            "default_ip_address": null,
            "disks": [
              {
                "eagerly_scrub": false,
                "label": "Hard disk 1",
                "size": 52,
                "thin_provisioned": true,
                "unit_number": 0
              }
            ],
            "efi_secure_boot_enabled": true,
            "enable_disk_uuid": false,
            "enable_logging": true,
            "ept_rvi_mode": "",
            "extra_config": {},
            "extra_config_reboot_required": true,
            "firmware": "efi",
            "folder": null,
            "guest_id": "rhel8_64Guest",
            "guest_ip_addresses": [],
            "hardware_version": 19,
            "hv_mode": "",
            "id": "423e5a05-501a-d312-1605-9e4dcb02aaae",
            "ide_controller_scan_count": 2,
            "instance_uuid": "503efa85-f341-2098-0b00-d9b65250d877",
            "latency_sensitivity": "normal",
            "memory": 1024,
            "memory_hot_add_enabled": false,
            "memory_limit": -1,
            "memory_reservation": 0,
            "memory_reservation_locked_to_max": false,
            "memory_share_count": 10240,
            "memory_share_level": "normal",
            "moid": "vm-78",
            "name": "linux-rhel-8.7-socle",
            "nested_hv_enabled": false,
            "network_interface_types": [
              "vmxnet3"
            ],
            "network_interfaces": [
              {
                "adapter_type": "vmxnet3",
                "bandwidth_limit": -1,
                "bandwidth_reservation": 0,
                "bandwidth_share_count": 50,
                "bandwidth_share_level": "normal",
                "mac_address": "00:50:56:be:68:9a",
                "network_id": "network-79",
                "physical_function": ""
              }
            ],
            "num_cores_per_socket": 1,
            "num_cpus": 2,
            "replace_trigger": null,
            "run_tools_scripts_after_power_on": true,
            "run_tools_scripts_after_resume": true,
            "run_tools_scripts_before_guest_reboot": false,
            "run_tools_scripts_before_guest_shutdown": true,
            "run_tools_scripts_before_guest_standby": true,
            "sata_controller_scan_count": 0,
            "scsi_bus_sharing": "noSharing",
            "scsi_controller_scan_count": 1,
            "scsi_type": "pvscsi",
            "storage_policy_id": null,
            "swap_placement_policy": "inherit",
            "sync_time_with_host": true,
            "sync_time_with_host_periodically": false,
            "tools_upgrade_policy": "upgradeAtPowerCycle",
            "uuid": "423e5a05-501a-d312-1605-9e4dcb02aaae",
            "vapp": null,
            "vapp_transport": [],
            "vbs_enabled": false,
            "vvtd_enabled": false
          },
          "sensitive_attributes": []
        }
      ]
    },
    {
      "module": "module.vm[\"26\"]",
      "mode": "managed",
      "type": "vsphere_virtual_machine",
      "name": "vm",
      "provider": "provider[\"registry.terraform.io/hashicorp/vsphere\"]",
      "instances": [
        {
          "schema_version": 3,
          "attributes": {
            "alternate_guest_name": "",
            "annotation": "",
            "boot_delay": 0,
            "boot_retry_delay": 10000,
            "boot_retry_enabled": false,
            "cdrom": [],
            "change_version": "2024-09-05T19:27:17.905775Z",
            "clone": [
              {
                "customization_spec": [],
                "customize": [
                  {
                    "dns_server_list": [],
                    "dns_suffix_list": [],
                    "ipv4_gateway": "172.31.49.254",
                    "ipv6_gateway": "",
                    "linux_options": [
                      {
                        "domain": "ms.fcm",
                        "host_name": "it-1-cbf-str",
                        "hw_clock_utc": true,
                        "script_text": "",
                        "time_zone": ""
                      }
                    ],
                    "network_interface": [
                      {
                        "dns_domain": "ms.fcm",
                        "dns_server_list": [
                          "172.16.1.240, 172.17.1.240"
                        ],
                        "ipv4_address": "172.31.49.48",
                        "ipv4_netmask": 24,
                        "ipv6_address": "",
                        "ipv6_netmask": 0
                      },
                      {
                        "dns_domain": "",
                        "dns_server_list": [],
                        "ipv4_address": "192.168.102.43",
                        "ipv4_netmask": 24,
                        "ipv6_address": "",
                        "ipv6_netmask": 0
                      }
                    ],
                    "timeout": 0,
                    "windows_options": [],
                    "windows_sysprep_text": ""
                  }
                ],
                "linked_clone": false,
                "ovf_network_map": {},
                "ovf_storage_map": {},
                "template_uuid": "423e5a05-501a-d312-1605-9e4dcb02aaae",
                "timeout": 30
              }
            ],
            "cpu_hot_add_enabled": true,
            "cpu_hot_remove_enabled": true,
            "cpu_limit": -1,
            "cpu_performance_counters_enabled": false,
            "cpu_reservation": 0,
            "cpu_share_count": 1000,
            "cpu_share_level": "normal",
            "custom_attributes": {},
            "datacenter_id": null,
            "datastore_cluster_id": null,
            "datastore_id": "datastore-53",
            "default_ip_address": "172.31.49.48",
            "disk": [
              {
                "attach": false,
                "controller_type": "scsi",
                "datastore_id": "datastore-53",
                "device_address": "scsi:0:0",
                "disk_mode": "persistent",
                "disk_sharing": "sharingNone",
                "eagerly_scrub": false,
                "io_limit": -1,
                "io_reservation": 0,
                "io_share_count": 1000,
                "io_share_level": "normal",
                "keep_on_remove": false,
                "key": 2000,
                "label": "disk0",
                "path": "a402da66-16e8-3d59-96d3-043201dde7f0/it-cbf-str-1.vmdk",
                "size": 52,
                "storage_policy_id": "aa6d5a82-1c88-45da-85d3-3d74b91a5bad",
                "thin_provisioned": true,
                "unit_number": 0,
                "uuid": "6000C29c-0d89-af96-da20-a883cb4e256f",
                "write_through": false
              },
              {
                "attach": false,
                "controller_type": "scsi",
                "datastore_id": "datastore-53",
                "device_address": "scsi:0:15",
                "disk_mode": "persistent",
                "disk_sharing": "sharingNone",
                "eagerly_scrub": false,
                "io_limit": -1,
                "io_reservation": 0,
                "io_share_count": 1000,
                "io_share_level": "normal",
                "keep_on_remove": false,
                "key": 2015,
                "label": "disk1",
                "path": "a402da66-16e8-3d59-96d3-043201dde7f0/it-cbf-str-1_1.vmdk",
                "size": 100,
                "storage_policy_id": "aa6d5a82-1c88-45da-85d3-3d74b91a5bad",
                "thin_provisioned": true,
                "unit_number": 14,
                "uuid": "6000C29a-577f-1484-cc06-801e09c42037",
                "write_through": false
              }
            ],
            "efi_secure_boot_enabled": false,
            "enable_disk_uuid": false,
            "enable_logging": false,
            "ept_rvi_mode": "",
            "extra_config": {},
            "extra_config_reboot_required": true,
            "firmware": "efi",
            "folder": "xitg",
            "force_power_off": true,
            "guest_id": "rhel8_64Guest",
            "guest_ip_addresses": [
              "172.31.49.48",
              "fe80::250:56ff:feb7:baf1",
              "192.168.102.43",
              "fe80::250:56ff:feb7:1f28"
            ],
            "hardware_version": 19,
            "host_system_id": "host-41",
            "hv_mode": "",
            "id": "423766c4-bc5a-f2a5-b99a-d6819af53311",
            "ide_controller_count": 2,
            "ignored_guest_ips": null,
            "imported": null,
            "latency_sensitivity": "normal",
            "memory": 2048,
            "memory_hot_add_enabled": true,
            "memory_limit": -1,
            "memory_reservation": 0,
            "memory_reservation_locked_to_max": false,
            "memory_share_count": 20480,
            "memory_share_level": "normal",
            "migrate_wait_timeout": 90,
            "moid": "vm-100",
            "name": "it-cbf-str-1",
            "nested_hv_enabled": false,
            "network_interface": [
              {
                "adapter_type": "vmxnet3",
                "bandwidth_limit": -1,
                "bandwidth_reservation": 0,
                "bandwidth_share_count": 50,
                "bandwidth_share_level": "normal",
                "device_address": "pci:0:7",
                "key": 4000,
                "mac_address": "00:50:56:b7:ba:f1",
                "network_id": "dvportgroup-69",
                "ovf_mapping": "",
                "physical_function": "",
                "use_static_mac": false
              },
              {
                "adapter_type": "vmxnet3",
                "bandwidth_limit": -1,
                "bandwidth_reservation": 0,
                "bandwidth_share_count": 50,
                "bandwidth_share_level": "normal",
                "device_address": "pci:0:8",
                "key": 4001,
                "mac_address": "00:50:56:b7:1f:28",
                "network_id": "dvportgroup-68",
                "ovf_mapping": "",
                "physical_function": "",
                "use_static_mac": false
              }
            ],
            "num_cores_per_socket": 1,
            "num_cpus": 1,
            "ovf_deploy": [],
            "pci_device_id": [],
            "power_state": "on",
            "poweron_timeout": 300,
            "reboot_required": false,
            "replace_trigger": null,
            "resource_pool_id": "resgroup-73",
            "run_tools_scripts_after_power_on": true,
            "run_tools_scripts_after_resume": true,
            "run_tools_scripts_before_guest_reboot": false,
            "run_tools_scripts_before_guest_shutdown": true,
            "run_tools_scripts_before_guest_standby": true,
            "sata_controller_count": 0,
            "scsi_bus_sharing": "noSharing",
            "scsi_controller_count": 1,
            "scsi_type": "pvscsi",
            "shutdown_wait_timeout": 3,
            "storage_policy_id": "aa6d5a82-1c88-45da-85d3-3d74b91a5bad",
            "swap_placement_policy": "inherit",
            "sync_time_with_host": true,
            "sync_time_with_host_periodically": false,
            "tags": [],
            "tools_upgrade_policy": "manual",
            "uuid": "423766c4-bc5a-f2a5-b99a-d6819af53311",
            "vapp": [],
            "vapp_transport": [],
            "vbs_enabled": false,
            "vmware_tools_status": "guestToolsRunning",
            "vmx_path": "a402da66-16e8-3d59-96d3-043201dde7f0/it-cbf-str-1.vmx",
            "vvtd_enabled": false,
            "wait_for_guest_ip_timeout": 300,
            "wait_for_guest_net_routable": false,
            "wait_for_guest_net_timeout": 300
          },
          "sensitive_attributes": [],
          "private": "eyJzY2hlbWFfdmVyc2lvbiI6IjMifQ==",
          "dependencies": [
            "module.vm.data.vsphere_datacenter.dc",
            "module.vm.data.vsphere_datastore.datastore",
            "module.vm.data.vsphere_network.network1",
            "module.vm.data.vsphere_network.network2",
            "module.vm.data.vsphere_network.network3",
            "module.vm.data.vsphere_network.network4",
            "module.vm.data.vsphere_resource_pool.rpool",
            "module.vm.data.vsphere_virtual_machine.template"
          ]
        }
      ]
    },
    {
      "module": "module.vm[\"27\"]",
      "mode": "data",
      "type": "vsphere_compute_cluster",
      "name": "cluster",
      "provider": "provider[\"registry.terraform.io/hashicorp/vsphere\"]",
      "instances": [
        {
          "schema_version": 0,
          "attributes": {
            "datacenter_id": "datacenter-3",
            "id": "domain-c39",
            "name": "cyberfiltre",
            "resource_pool_id": "resgroup-40"
          },
          "sensitive_attributes": []
        }
      ]
    },
    {
      "module": "module.vm[\"27\"]",
      "mode": "data",
      "type": "vsphere_datacenter",
      "name": "dc",
      "provider": "provider[\"registry.terraform.io/hashicorp/vsphere\"]",
      "instances": [
        {
          "schema_version": 0,
          "attributes": {
            "id": "datacenter-3",
            "name": "cyberfiltre"
          },
          "sensitive_attributes": []
        }
      ]
    },
    {
      "module": "module.vm[\"27\"]",
      "mode": "data",
      "type": "vsphere_datastore",
      "name": "datastore",
      "provider": "provider[\"registry.terraform.io/hashicorp/vsphere\"]",
      "instances": [
        {
          "schema_version": 0,
          "attributes": {
            "datacenter_id": "datacenter-3",
            "id": "datastore-53",
            "name": "vsanDatastore",
            "stats": {
              "capacity": "13442652045312",
              "free": "12742531355772"
            }
          },
          "sensitive_attributes": []
        }
      ]
    },
    {
      "module": "module.vm[\"27\"]",
      "mode": "data",
      "type": "vsphere_network",
      "name": "network1",
      "provider": "provider[\"registry.terraform.io/hashicorp/vsphere\"]",
      "instances": [
        {
          "schema_version": 0,
          "attributes": {
            "datacenter_id": "datacenter-3",
            "distributed_virtual_switch_uuid": null,
            "id": "dvportgroup-69",
            "name": "580",
            "type": "DistributedVirtualPortgroup"
          },
          "sensitive_attributes": []
        }
      ]
    },
    {
      "module": "module.vm[\"27\"]",
      "mode": "data",
      "type": "vsphere_network",
      "name": "network2",
      "provider": "provider[\"registry.terraform.io/hashicorp/vsphere\"]",
      "instances": [
        {
          "schema_version": 0,
          "attributes": {
            "datacenter_id": "datacenter-3",
            "distributed_virtual_switch_uuid": null,
            "id": "dvportgroup-67",
            "name": "584",
            "type": "DistributedVirtualPortgroup"
          },
          "sensitive_attributes": []
        }
      ]
    },
    {
      "module": "module.vm[\"27\"]",
      "mode": "data",
      "type": "vsphere_network",
      "name": "network3",
      "provider": "provider[\"registry.terraform.io/hashicorp/vsphere\"]",
      "instances": [
        {
          "schema_version": 0,
          "attributes": {
            "datacenter_id": "datacenter-3",
            "distributed_virtual_switch_uuid": null,
            "id": "dvportgroup-68",
            "name": "585",
            "type": "DistributedVirtualPortgroup"
          },
          "sensitive_attributes": []
        }
      ]
    },
    {
      "module": "module.vm[\"27\"]",
      "mode": "data",
      "type": "vsphere_network",
      "name": "network4",
      "provider": "provider[\"registry.terraform.io/hashicorp/vsphere\"]",
      "instances": [
        {
          "schema_version": 0,
          "attributes": {
            "datacenter_id": "datacenter-3",
            "distributed_virtual_switch_uuid": null,
            "id": "network-80",
            "name": "none",
            "type": "Network"
          },
          "sensitive_attributes": []
        }
      ]
    },
    {
      "module": "module.vm[\"27\"]",
      "mode": "data",
      "type": "vsphere_resource_pool",
      "name": "rpool",
      "provider": "provider[\"registry.terraform.io/hashicorp/vsphere\"]",
      "instances": [
        {
          "schema_version": 0,
          "attributes": {
            "datacenter_id": "datacenter-3",
            "id": "resgroup-73",
            "name": "/cyberfiltre/host/cyberfiltre/Resources/xitg"
          },
          "sensitive_attributes": []
        }
      ]
    },
    {
      "module": "module.vm[\"27\"]",
      "mode": "data",
      "type": "vsphere_virtual_machine",
      "name": "template",
      "provider": "provider[\"registry.terraform.io/hashicorp/vsphere\"]",
      "instances": [
        {
          "schema_version": 0,
          "attributes": {
            "alternate_guest_name": "",
            "annotation": "",
            "boot_delay": 0,
            "boot_retry_delay": 10000,
            "boot_retry_enabled": false,
            "change_version": "2024-09-05T18:45:01.872822Z",
            "cpu_hot_add_enabled": false,
            "cpu_hot_remove_enabled": false,
            "cpu_limit": -1,
            "cpu_performance_counters_enabled": false,
            "cpu_reservation": 0,
            "cpu_share_count": 2000,
            "cpu_share_level": "normal",
            "datacenter_id": "datacenter-3",
            "default_ip_address": null,
            "disks": [
              {
                "eagerly_scrub": false,
                "label": "Hard disk 1",
                "size": 52,
                "thin_provisioned": true,
                "unit_number": 0
              }
            ],
            "efi_secure_boot_enabled": true,
            "enable_disk_uuid": false,
            "enable_logging": true,
            "ept_rvi_mode": "",
            "extra_config": {},
            "extra_config_reboot_required": true,
            "firmware": "efi",
            "folder": null,
            "guest_id": "rhel8_64Guest",
            "guest_ip_addresses": [],
            "hardware_version": 19,
            "hv_mode": "",
            "id": "423e5a05-501a-d312-1605-9e4dcb02aaae",
            "ide_controller_scan_count": 2,
            "instance_uuid": "503efa85-f341-2098-0b00-d9b65250d877",
            "latency_sensitivity": "normal",
            "memory": 1024,
            "memory_hot_add_enabled": false,
            "memory_limit": -1,
            "memory_reservation": 0,
            "memory_reservation_locked_to_max": false,
            "memory_share_count": 10240,
            "memory_share_level": "normal",
            "moid": "vm-78",
            "name": "linux-rhel-8.7-socle",
            "nested_hv_enabled": false,
            "network_interface_types": [
              "vmxnet3"
            ],
            "network_interfaces": [
              {
                "adapter_type": "vmxnet3",
                "bandwidth_limit": -1,
                "bandwidth_reservation": 0,
                "bandwidth_share_count": 50,
                "bandwidth_share_level": "normal",
                "mac_address": "00:50:56:be:68:9a",
                "network_id": "network-79",
                "physical_function": ""
              }
            ],
            "num_cores_per_socket": 1,
            "num_cpus": 2,
            "replace_trigger": null,
            "run_tools_scripts_after_power_on": true,
            "run_tools_scripts_after_resume": true,
            "run_tools_scripts_before_guest_reboot": false,
            "run_tools_scripts_before_guest_shutdown": true,
            "run_tools_scripts_before_guest_standby": true,
            "sata_controller_scan_count": 0,
            "scsi_bus_sharing": "noSharing",
            "scsi_controller_scan_count": 1,
            "scsi_type": "pvscsi",
            "storage_policy_id": null,
            "swap_placement_policy": "inherit",
            "sync_time_with_host": true,
            "sync_time_with_host_periodically": false,
            "tools_upgrade_policy": "upgradeAtPowerCycle",
            "uuid": "423e5a05-501a-d312-1605-9e4dcb02aaae",
            "vapp": null,
            "vapp_transport": [],
            "vbs_enabled": false,
            "vvtd_enabled": false
          },
          "sensitive_attributes": []
        }
      ]
    },
    {
      "module": "module.vm[\"27\"]",
      "mode": "managed",
      "type": "vsphere_virtual_machine",
      "name": "vm",
      "provider": "provider[\"registry.terraform.io/hashicorp/vsphere\"]",
      "instances": [
        {
          "schema_version": 3,
          "attributes": {
            "alternate_guest_name": "",
            "annotation": "",
            "boot_delay": 0,
            "boot_retry_delay": 10000,
            "boot_retry_enabled": false,
            "cdrom": [],
            "change_version": "2024-09-05T19:27:23.661501Z",
            "clone": [
              {
                "customization_spec": [],
                "customize": [
                  {
                    "dns_server_list": [],
                    "dns_suffix_list": [],
                    "ipv4_gateway": "172.31.49.254",
                    "ipv6_gateway": "",
                    "linux_options": [
                      {
                        "domain": "ms.fcm",
                        "host_name": "it-3-cbf-dovk",
                        "hw_clock_utc": true,
                        "script_text": "",
                        "time_zone": ""
                      }
                    ],
                    "network_interface": [
                      {
                        "dns_domain": "ms.fcm",
                        "dns_server_list": [
                          "172.16.1.240, 172.17.1.240"
                        ],
                        "ipv4_address": "172.31.49.49",
                        "ipv4_netmask": 24,
                        "ipv6_address": "",
                        "ipv6_netmask": 0
                      },
                      {
                        "dns_domain": "",
                        "dns_server_list": [],
                        "ipv4_address": "192.168.101.44",
                        "ipv4_netmask": 24,
                        "ipv6_address": "",
                        "ipv6_netmask": 0
                      },
                      {
                        "dns_domain": "",
                        "dns_server_list": [],
                        "ipv4_address": "192.168.102.44",
                        "ipv4_netmask": 24,
                        "ipv6_address": "",
                        "ipv6_netmask": 0
                      }
                    ],
                    "timeout": 0,
                    "windows_options": [],
                    "windows_sysprep_text": ""
                  }
                ],
                "linked_clone": false,
                "ovf_network_map": {},
                "ovf_storage_map": {},
                "template_uuid": "423e5a05-501a-d312-1605-9e4dcb02aaae",
                "timeout": 30
              }
            ],
            "cpu_hot_add_enabled": true,
            "cpu_hot_remove_enabled": true,
            "cpu_limit": -1,
            "cpu_performance_counters_enabled": false,
            "cpu_reservation": 0,
            "cpu_share_count": 1000,
            "cpu_share_level": "normal",
            "custom_attributes": {},
            "datacenter_id": null,
            "datastore_cluster_id": null,
            "datastore_id": "datastore-53",
            "default_ip_address": "172.31.49.49",
            "disk": [
              {
                "attach": false,
                "controller_type": "scsi",
                "datastore_id": "datastore-53",
                "device_address": "scsi:0:0",
                "disk_mode": "persistent",
                "disk_sharing": "sharingNone",
                "eagerly_scrub": false,
                "io_limit": -1,
                "io_reservation": 0,
                "io_share_count": 1000,
                "io_share_level": "normal",
                "keep_on_remove": false,
                "key": 2000,
                "label": "disk0",
                "path": "ae02da66-82e6-d00b-fd51-043201dde7f0/it-cbf-dovk-3.vmdk",
                "size": 52,
                "storage_policy_id": "aa6d5a82-1c88-45da-85d3-3d74b91a5bad",
                "thin_provisioned": true,
                "unit_number": 0,
                "uuid": "6000C29b-32e0-e49e-80cb-e1e3d21bf7f1",
                "write_through": false
              },
              {
                "attach": false,
                "controller_type": "scsi",
                "datastore_id": "datastore-53",
                "device_address": "scsi:0:15",
                "disk_mode": "persistent",
                "disk_sharing": "sharingNone",
                "eagerly_scrub": false,
                "io_limit": -1,
                "io_reservation": 0,
                "io_share_count": 1000,
                "io_share_level": "normal",
                "keep_on_remove": false,
                "key": 2015,
                "label": "disk1",
                "path": "ae02da66-82e6-d00b-fd51-043201dde7f0/it-cbf-dovk-3_1.vmdk",
                "size": 15,
                "storage_policy_id": "aa6d5a82-1c88-45da-85d3-3d74b91a5bad",
                "thin_provisioned": true,
                "unit_number": 14,
                "uuid": "6000C292-c999-aa3a-a428-b11e960ccc03",
                "write_through": false
              }
            ],
            "efi_secure_boot_enabled": false,
            "enable_disk_uuid": false,
            "enable_logging": false,
            "ept_rvi_mode": "",
            "extra_config": {},
            "extra_config_reboot_required": true,
            "firmware": "efi",
            "folder": "xitg",
            "force_power_off": true,
            "guest_id": "rhel8_64Guest",
            "guest_ip_addresses": [
              "172.31.49.49",
              "fe80::250:56ff:feb7:2de4",
              "192.168.101.44",
              "fe80::250:56ff:feb7:4bfa",
              "192.168.102.44",
              "fe80::250:56ff:feb7:1474"
            ],
            "hardware_version": 19,
            "host_system_id": "host-41",
            "hv_mode": "",
            "id": "4237f3ce-1474-e333-883d-4dd46d972aa5",
            "ide_controller_count": 2,
            "ignored_guest_ips": null,
            "imported": null,
            "latency_sensitivity": "normal",
            "memory": 2048,
            "memory_hot_add_enabled": true,
            "memory_limit": -1,
            "memory_reservation": 0,
            "memory_reservation_locked_to_max": false,
            "memory_share_count": 20480,
            "memory_share_level": "normal",
            "migrate_wait_timeout": 90,
            "moid": "vm-105",
            "name": "it-cbf-dovk-3",
            "nested_hv_enabled": false,
            "network_interface": [
              {
                "adapter_type": "vmxnet3",
                "bandwidth_limit": -1,
                "bandwidth_reservation": 0,
                "bandwidth_share_count": 50,
                "bandwidth_share_level": "normal",
                "device_address": "pci:0:7",
                "key": 4000,
                "mac_address": "00:50:56:b7:2d:e4",
                "network_id": "dvportgroup-69",
                "ovf_mapping": "",
                "physical_function": "",
                "use_static_mac": false
              },
              {
                "adapter_type": "vmxnet3",
                "bandwidth_limit": -1,
                "bandwidth_reservation": 0,
                "bandwidth_share_count": 50,
                "bandwidth_share_level": "normal",
                "device_address": "pci:0:8",
                "key": 4001,
                "mac_address": "00:50:56:b7:4b:fa",
                "network_id": "dvportgroup-67",
                "ovf_mapping": "",
                "physical_function": "",
                "use_static_mac": false
              },
              {
                "adapter_type": "vmxnet3",
                "bandwidth_limit": -1,
                "bandwidth_reservation": 0,
                "bandwidth_share_count": 50,
                "bandwidth_share_level": "normal",
                "device_address": "pci:0:9",
                "key": 4002,
                "mac_address": "00:50:56:b7:14:74",
                "network_id": "dvportgroup-68",
                "ovf_mapping": "",
                "physical_function": "",
                "use_static_mac": false
              }
            ],
            "num_cores_per_socket": 1,
            "num_cpus": 1,
            "ovf_deploy": [],
            "pci_device_id": [],
            "power_state": "on",
            "poweron_timeout": 300,
            "reboot_required": false,
            "replace_trigger": null,
            "resource_pool_id": "resgroup-73",
            "run_tools_scripts_after_power_on": true,
            "run_tools_scripts_after_resume": true,
            "run_tools_scripts_before_guest_reboot": false,
            "run_tools_scripts_before_guest_shutdown": true,
            "run_tools_scripts_before_guest_standby": true,
            "sata_controller_count": 0,
            "scsi_bus_sharing": "noSharing",
            "scsi_controller_count": 1,
            "scsi_type": "pvscsi",
            "shutdown_wait_timeout": 3,
            "storage_policy_id": "aa6d5a82-1c88-45da-85d3-3d74b91a5bad",
            "swap_placement_policy": "inherit",
            "sync_time_with_host": true,
            "sync_time_with_host_periodically": false,
            "tags": [],
            "tools_upgrade_policy": "manual",
            "uuid": "4237f3ce-1474-e333-883d-4dd46d972aa5",
            "vapp": [],
            "vapp_transport": [],
            "vbs_enabled": false,
            "vmware_tools_status": "guestToolsRunning",
            "vmx_path": "ae02da66-82e6-d00b-fd51-043201dde7f0/it-cbf-dovk-3.vmx",
            "vvtd_enabled": false,
            "wait_for_guest_ip_timeout": 300,
            "wait_for_guest_net_routable": false,
            "wait_for_guest_net_timeout": 300
          },
          "sensitive_attributes": [],
          "private": "eyJzY2hlbWFfdmVyc2lvbiI6IjMifQ==",
          "dependencies": [
            "module.vm.data.vsphere_datacenter.dc",
            "module.vm.data.vsphere_datastore.datastore",
            "module.vm.data.vsphere_network.network1",
            "module.vm.data.vsphere_network.network2",
            "module.vm.data.vsphere_network.network3",
            "module.vm.data.vsphere_network.network4",
            "module.vm.data.vsphere_resource_pool.rpool",
            "module.vm.data.vsphere_virtual_machine.template"
          ]
        }
      ]
    },
    {
      "module": "module.vm[\"28\"]",
      "mode": "data",
      "type": "vsphere_compute_cluster",
      "name": "cluster",
      "provider": "provider[\"registry.terraform.io/hashicorp/vsphere\"]",
      "instances": [
        {
          "schema_version": 0,
          "attributes": {
            "datacenter_id": "datacenter-3",
            "id": "domain-c39",
            "name": "cyberfiltre",
            "resource_pool_id": "resgroup-40"
          },
          "sensitive_attributes": []
        }
      ]
    },
    {
      "module": "module.vm[\"28\"]",
      "mode": "data",
      "type": "vsphere_datacenter",
      "name": "dc",
      "provider": "provider[\"registry.terraform.io/hashicorp/vsphere\"]",
      "instances": [
        {
          "schema_version": 0,
          "attributes": {
            "id": "datacenter-3",
            "name": "cyberfiltre"
          },
          "sensitive_attributes": []
        }
      ]
    },
    {
      "module": "module.vm[\"28\"]",
      "mode": "data",
      "type": "vsphere_datastore",
      "name": "datastore",
      "provider": "provider[\"registry.terraform.io/hashicorp/vsphere\"]",
      "instances": [
        {
          "schema_version": 0,
          "attributes": {
            "datacenter_id": "datacenter-3",
            "id": "datastore-53",
            "name": "vsanDatastore",
            "stats": {
              "capacity": "13442652045312",
              "free": "12742531355772"
            }
          },
          "sensitive_attributes": []
        }
      ]
    },
    {
      "module": "module.vm[\"28\"]",
      "mode": "data",
      "type": "vsphere_network",
      "name": "network1",
      "provider": "provider[\"registry.terraform.io/hashicorp/vsphere\"]",
      "instances": [
        {
          "schema_version": 0,
          "attributes": {
            "datacenter_id": "datacenter-3",
            "distributed_virtual_switch_uuid": null,
            "id": "dvportgroup-69",
            "name": "580",
            "type": "DistributedVirtualPortgroup"
          },
          "sensitive_attributes": []
        }
      ]
    },
    {
      "module": "module.vm[\"28\"]",
      "mode": "data",
      "type": "vsphere_network",
      "name": "network2",
      "provider": "provider[\"registry.terraform.io/hashicorp/vsphere\"]",
      "instances": [
        {
          "schema_version": 0,
          "attributes": {
            "datacenter_id": "datacenter-3",
            "distributed_virtual_switch_uuid": null,
            "id": "dvportgroup-67",
            "name": "584",
            "type": "DistributedVirtualPortgroup"
          },
          "sensitive_attributes": []
        }
      ]
    },
    {
      "module": "module.vm[\"28\"]",
      "mode": "data",
      "type": "vsphere_network",
      "name": "network3",
      "provider": "provider[\"registry.terraform.io/hashicorp/vsphere\"]",
      "instances": [
        {
          "schema_version": 0,
          "attributes": {
            "datacenter_id": "datacenter-3",
            "distributed_virtual_switch_uuid": null,
            "id": "dvportgroup-66",
            "name": "582",
            "type": "DistributedVirtualPortgroup"
          },
          "sensitive_attributes": []
        }
      ]
    },
    {
      "module": "module.vm[\"28\"]",
      "mode": "data",
      "type": "vsphere_network",
      "name": "network4",
      "provider": "provider[\"registry.terraform.io/hashicorp/vsphere\"]",
      "instances": [
        {
          "schema_version": 0,
          "attributes": {
            "datacenter_id": "datacenter-3",
            "distributed_virtual_switch_uuid": null,
            "id": "network-80",
            "name": "none",
            "type": "Network"
          },
          "sensitive_attributes": []
        }
      ]
    },
    {
      "module": "module.vm[\"28\"]",
      "mode": "data",
      "type": "vsphere_resource_pool",
      "name": "rpool",
      "provider": "provider[\"registry.terraform.io/hashicorp/vsphere\"]",
      "instances": [
        {
          "schema_version": 0,
          "attributes": {
            "datacenter_id": "datacenter-3",
            "id": "resgroup-73",
            "name": "/cyberfiltre/host/cyberfiltre/Resources/xitg"
          },
          "sensitive_attributes": []
        }
      ]
    },
    {
      "module": "module.vm[\"28\"]",
      "mode": "data",
      "type": "vsphere_virtual_machine",
      "name": "template",
      "provider": "provider[\"registry.terraform.io/hashicorp/vsphere\"]",
      "instances": [
        {
          "schema_version": 0,
          "attributes": {
            "alternate_guest_name": "",
            "annotation": "",
            "boot_delay": 0,
            "boot_retry_delay": 10000,
            "boot_retry_enabled": false,
            "change_version": "2024-09-05T18:45:01.872822Z",
            "cpu_hot_add_enabled": false,
            "cpu_hot_remove_enabled": false,
            "cpu_limit": -1,
            "cpu_performance_counters_enabled": false,
            "cpu_reservation": 0,
            "cpu_share_count": 2000,
            "cpu_share_level": "normal",
            "datacenter_id": "datacenter-3",
            "default_ip_address": null,
            "disks": [
              {
                "eagerly_scrub": false,
                "label": "Hard disk 1",
                "size": 52,
                "thin_provisioned": true,
                "unit_number": 0
              }
            ],
            "efi_secure_boot_enabled": true,
            "enable_disk_uuid": false,
            "enable_logging": true,
            "ept_rvi_mode": "",
            "extra_config": {},
            "extra_config_reboot_required": true,
            "firmware": "efi",
            "folder": null,
            "guest_id": "rhel8_64Guest",
            "guest_ip_addresses": [],
            "hardware_version": 19,
            "hv_mode": "",
            "id": "423e5a05-501a-d312-1605-9e4dcb02aaae",
            "ide_controller_scan_count": 2,
            "instance_uuid": "503efa85-f341-2098-0b00-d9b65250d877",
            "latency_sensitivity": "normal",
            "memory": 1024,
            "memory_hot_add_enabled": false,
            "memory_limit": -1,
            "memory_reservation": 0,
            "memory_reservation_locked_to_max": false,
            "memory_share_count": 10240,
            "memory_share_level": "normal",
            "moid": "vm-78",
            "name": "linux-rhel-8.7-socle",
            "nested_hv_enabled": false,
            "network_interface_types": [
              "vmxnet3"
            ],
            "network_interfaces": [
              {
                "adapter_type": "vmxnet3",
                "bandwidth_limit": -1,
                "bandwidth_reservation": 0,
                "bandwidth_share_count": 50,
                "bandwidth_share_level": "normal",
                "mac_address": "00:50:56:be:68:9a",
                "network_id": "network-79",
                "physical_function": ""
              }
            ],
            "num_cores_per_socket": 1,
            "num_cpus": 2,
            "replace_trigger": null,
            "run_tools_scripts_after_power_on": true,
            "run_tools_scripts_after_resume": true,
            "run_tools_scripts_before_guest_reboot": false,
            "run_tools_scripts_before_guest_shutdown": true,
            "run_tools_scripts_before_guest_standby": true,
            "sata_controller_scan_count": 0,
            "scsi_bus_sharing": "noSharing",
            "scsi_controller_scan_count": 1,
            "scsi_type": "pvscsi",
            "storage_policy_id": null,
            "swap_placement_policy": "inherit",
            "sync_time_with_host": true,
            "sync_time_with_host_periodically": false,
            "tools_upgrade_policy": "upgradeAtPowerCycle",
            "uuid": "423e5a05-501a-d312-1605-9e4dcb02aaae",
            "vapp": null,
            "vapp_transport": [],
            "vbs_enabled": false,
            "vvtd_enabled": false
          },
          "sensitive_attributes": []
        }
      ]
    },
    {
      "module": "module.vm[\"28\"]",
      "mode": "managed",
      "type": "vsphere_virtual_machine",
      "name": "vm",
      "provider": "provider[\"registry.terraform.io/hashicorp/vsphere\"]",
      "instances": [
        {
          "schema_version": 3,
          "attributes": {
            "alternate_guest_name": "",
            "annotation": "",
            "boot_delay": 0,
            "boot_retry_delay": 10000,
            "boot_retry_enabled": false,
            "cdrom": [],
            "change_version": "2024-09-05T19:11:48.110312Z",
            "clone": [
              {
                "customization_spec": [],
                "customize": [
                  {
                    "dns_server_list": [],
                    "dns_suffix_list": [],
                    "ipv4_gateway": "172.31.49.254",
                    "ipv6_gateway": "",
                    "linux_options": [
                      {
                        "domain": "ms.fcm",
                        "host_name": "it-1-cbf-mapr",
                        "hw_clock_utc": true,
                        "script_text": "",
                        "time_zone": ""
                      }
                    ],
                    "network_interface": [
                      {
                        "dns_domain": "ms.fcm",
                        "dns_server_list": [
                          "172.16.1.240, 172.17.1.240"
                        ],
                        "ipv4_address": "172.31.49.50",
                        "ipv4_netmask": 24,
                        "ipv6_address": "",
                        "ipv6_netmask": 0
                      },
                      {
                        "dns_domain": "",
                        "dns_server_list": [],
                        "ipv4_address": "192.168.101.45",
                        "ipv4_netmask": 24,
                        "ipv6_address": "",
                        "ipv6_netmask": 0
                      },
                      {
                        "dns_domain": "",
                        "dns_server_list": [],
                        "ipv4_address": "172.25.90.45",
                        "ipv4_netmask": 29,
                        "ipv6_address": "",
                        "ipv6_netmask": 0
                      }
                    ],
                    "timeout": 0,
                    "windows_options": [],
                    "windows_sysprep_text": ""
                  }
                ],
                "linked_clone": false,
                "ovf_network_map": {},
                "ovf_storage_map": {},
                "template_uuid": "423e5a05-501a-d312-1605-9e4dcb02aaae",
                "timeout": 30
              }
            ],
            "cpu_hot_add_enabled": true,
            "cpu_hot_remove_enabled": true,
            "cpu_limit": -1,
            "cpu_performance_counters_enabled": false,
            "cpu_reservation": 0,
            "cpu_share_count": 1000,
            "cpu_share_level": "normal",
            "custom_attributes": {},
            "datacenter_id": null,
            "datastore_cluster_id": null,
            "datastore_id": "datastore-53",
            "default_ip_address": "172.31.49.50",
            "disk": [
              {
                "attach": false,
                "controller_type": "scsi",
                "datastore_id": "datastore-53",
                "device_address": "scsi:0:0",
                "disk_mode": "persistent",
                "disk_sharing": "sharingNone",
                "eagerly_scrub": false,
                "io_limit": -1,
                "io_reservation": 0,
                "io_share_count": 1000,
                "io_share_level": "normal",
                "keep_on_remove": false,
                "key": 2000,
                "label": "disk0",
                "path": "2400da66-2289-3066-0649-043201dde7f0/it-cbf-mapr-1.vmdk",
                "size": 52,
                "storage_policy_id": "aa6d5a82-1c88-45da-85d3-3d74b91a5bad",
                "thin_provisioned": true,
                "unit_number": 0,
                "uuid": "6000C298-bb72-980c-c05d-e5d11559e687",
                "write_through": false
              },
              {
                "attach": false,
                "controller_type": "scsi",
                "datastore_id": "datastore-53",
                "device_address": "scsi:0:15",
                "disk_mode": "persistent",
                "disk_sharing": "sharingNone",
                "eagerly_scrub": false,
                "io_limit": -1,
                "io_reservation": 0,
                "io_share_count": 1000,
                "io_share_level": "normal",
                "keep_on_remove": false,
                "key": 2015,
                "label": "disk1",
                "path": "2400da66-2289-3066-0649-043201dde7f0/it-cbf-mapr-1_1.vmdk",
                "size": 5,
                "storage_policy_id": "aa6d5a82-1c88-45da-85d3-3d74b91a5bad",
                "thin_provisioned": true,
                "unit_number": 14,
                "uuid": "6000C297-9435-5ea5-8873-eb50d431b3b5",
                "write_through": false
              }
            ],
            "efi_secure_boot_enabled": false,
            "enable_disk_uuid": false,
            "enable_logging": false,
            "ept_rvi_mode": "",
            "extra_config": {},
            "extra_config_reboot_required": true,
            "firmware": "efi",
            "folder": "xitg",
            "force_power_off": true,
            "guest_id": "rhel8_64Guest",
            "guest_ip_addresses": [
              "172.31.49.50",
              "fe80::250:56ff:feb7:3390",
              "192.168.101.45",
              "fe80::250:56ff:feb7:4bb8",
              "172.25.90.45",
              "fe80::250:56ff:feb7:2961"
            ],
            "hardware_version": 19,
            "host_system_id": "host-41",
            "hv_mode": "",
            "id": "42375fa0-7b4a-3c8e-dae7-d32006c13a32",
            "ide_controller_count": 2,
            "ignored_guest_ips": null,
            "imported": null,
            "latency_sensitivity": "normal",
            "memory": 2048,
            "memory_hot_add_enabled": true,
            "memory_limit": -1,
            "memory_reservation": 0,
            "memory_reservation_locked_to_max": false,
            "memory_share_count": 20480,
            "memory_share_level": "normal",
            "migrate_wait_timeout": 90,
            "moid": "vm-95",
            "name": "it-cbf-mapr-1",
            "nested_hv_enabled": false,
            "network_interface": [
              {
                "adapter_type": "vmxnet3",
                "bandwidth_limit": -1,
                "bandwidth_reservation": 0,
                "bandwidth_share_count": 50,
                "bandwidth_share_level": "normal",
                "device_address": "pci:0:7",
                "key": 4000,
                "mac_address": "00:50:56:b7:33:90",
                "network_id": "dvportgroup-69",
                "ovf_mapping": "",
                "physical_function": "",
                "use_static_mac": false
              },
              {
                "adapter_type": "vmxnet3",
                "bandwidth_limit": -1,
                "bandwidth_reservation": 0,
                "bandwidth_share_count": 50,
                "bandwidth_share_level": "normal",
                "device_address": "pci:0:8",
                "key": 4001,
                "mac_address": "00:50:56:b7:4b:b8",
                "network_id": "dvportgroup-67",
                "ovf_mapping": "",
                "physical_function": "",
                "use_static_mac": false
              },
              {
                "adapter_type": "vmxnet3",
                "bandwidth_limit": -1,
                "bandwidth_reservation": 0,
                "bandwidth_share_count": 50,
                "bandwidth_share_level": "normal",
                "device_address": "pci:0:9",
                "key": 4002,
                "mac_address": "00:50:56:b7:29:61",
                "network_id": "dvportgroup-66",
                "ovf_mapping": "",
                "physical_function": "",
                "use_static_mac": false
              }
            ],
            "num_cores_per_socket": 1,
            "num_cpus": 1,
            "ovf_deploy": [],
            "pci_device_id": [],
            "power_state": "on",
            "poweron_timeout": 300,
            "reboot_required": false,
            "replace_trigger": null,
            "resource_pool_id": "resgroup-73",
            "run_tools_scripts_after_power_on": true,
            "run_tools_scripts_after_resume": true,
            "run_tools_scripts_before_guest_reboot": false,
            "run_tools_scripts_before_guest_shutdown": true,
            "run_tools_scripts_before_guest_standby": true,
            "sata_controller_count": 0,
            "scsi_bus_sharing": "noSharing",
            "scsi_controller_count": 1,
            "scsi_type": "pvscsi",
            "shutdown_wait_timeout": 3,
            "storage_policy_id": "aa6d5a82-1c88-45da-85d3-3d74b91a5bad",
            "swap_placement_policy": "inherit",
            "sync_time_with_host": true,
            "sync_time_with_host_periodically": false,
            "tags": [],
            "tools_upgrade_policy": "manual",
            "uuid": "42375fa0-7b4a-3c8e-dae7-d32006c13a32",
            "vapp": [],
            "vapp_transport": [],
            "vbs_enabled": false,
            "vmware_tools_status": "guestToolsRunning",
            "vmx_path": "2400da66-2289-3066-0649-043201dde7f0/it-cbf-mapr-1.vmx",
            "vvtd_enabled": false,
            "wait_for_guest_ip_timeout": 300,
            "wait_for_guest_net_routable": false,
            "wait_for_guest_net_timeout": 300
          },
          "sensitive_attributes": [],
          "private": "eyJzY2hlbWFfdmVyc2lvbiI6IjMifQ==",
          "dependencies": [
            "module.vm.data.vsphere_datacenter.dc",
            "module.vm.data.vsphere_datastore.datastore",
            "module.vm.data.vsphere_network.network1",
            "module.vm.data.vsphere_network.network2",
            "module.vm.data.vsphere_network.network3",
            "module.vm.data.vsphere_network.network4",
            "module.vm.data.vsphere_resource_pool.rpool",
            "module.vm.data.vsphere_virtual_machine.template"
          ]
        }
      ]
    },
    {
      "module": "module.vm[\"29\"]",
      "mode": "data",
      "type": "vsphere_compute_cluster",
      "name": "cluster",
      "provider": "provider[\"registry.terraform.io/hashicorp/vsphere\"]",
      "instances": [
        {
          "schema_version": 0,
          "attributes": {
            "datacenter_id": "datacenter-3",
            "id": "domain-c39",
            "name": "cyberfiltre",
            "resource_pool_id": "resgroup-40"
          },
          "sensitive_attributes": []
        }
      ]
    },
    {
      "module": "module.vm[\"29\"]",
      "mode": "data",
      "type": "vsphere_datacenter",
      "name": "dc",
      "provider": "provider[\"registry.terraform.io/hashicorp/vsphere\"]",
      "instances": [
        {
          "schema_version": 0,
          "attributes": {
            "id": "datacenter-3",
            "name": "cyberfiltre"
          },
          "sensitive_attributes": []
        }
      ]
    },
    {
      "module": "module.vm[\"29\"]",
      "mode": "data",
      "type": "vsphere_datastore",
      "name": "datastore",
      "provider": "provider[\"registry.terraform.io/hashicorp/vsphere\"]",
      "instances": [
        {
          "schema_version": 0,
          "attributes": {
            "datacenter_id": "datacenter-3",
            "id": "datastore-53",
            "name": "vsanDatastore",
            "stats": {
              "capacity": "13442652045312",
              "free": "12742531355772"
            }
          },
          "sensitive_attributes": []
        }
      ]
    },
    {
      "module": "module.vm[\"29\"]",
      "mode": "data",
      "type": "vsphere_network",
      "name": "network1",
      "provider": "provider[\"registry.terraform.io/hashicorp/vsphere\"]",
      "instances": [
        {
          "schema_version": 0,
          "attributes": {
            "datacenter_id": "datacenter-3",
            "distributed_virtual_switch_uuid": null,
            "id": "dvportgroup-69",
            "name": "580",
            "type": "DistributedVirtualPortgroup"
          },
          "sensitive_attributes": []
        }
      ]
    },
    {
      "module": "module.vm[\"29\"]",
      "mode": "data",
      "type": "vsphere_network",
      "name": "network2",
      "provider": "provider[\"registry.terraform.io/hashicorp/vsphere\"]",
      "instances": [
        {
          "schema_version": 0,
          "attributes": {
            "datacenter_id": "datacenter-3",
            "distributed_virtual_switch_uuid": null,
            "id": "dvportgroup-67",
            "name": "584",
            "type": "DistributedVirtualPortgroup"
          },
          "sensitive_attributes": []
        }
      ]
    },
    {
      "module": "module.vm[\"29\"]",
      "mode": "data",
      "type": "vsphere_network",
      "name": "network3",
      "provider": "provider[\"registry.terraform.io/hashicorp/vsphere\"]",
      "instances": [
        {
          "schema_version": 0,
          "attributes": {
            "datacenter_id": "datacenter-3",
            "distributed_virtual_switch_uuid": null,
            "id": "dvportgroup-66",
            "name": "582",
            "type": "DistributedVirtualPortgroup"
          },
          "sensitive_attributes": []
        }
      ]
    },
    {
      "module": "module.vm[\"29\"]",
      "mode": "data",
      "type": "vsphere_network",
      "name": "network4",
      "provider": "provider[\"registry.terraform.io/hashicorp/vsphere\"]",
      "instances": [
        {
          "schema_version": 0,
          "attributes": {
            "datacenter_id": "datacenter-3",
            "distributed_virtual_switch_uuid": null,
            "id": "network-80",
            "name": "none",
            "type": "Network"
          },
          "sensitive_attributes": []
        }
      ]
    },
    {
      "module": "module.vm[\"29\"]",
      "mode": "data",
      "type": "vsphere_resource_pool",
      "name": "rpool",
      "provider": "provider[\"registry.terraform.io/hashicorp/vsphere\"]",
      "instances": [
        {
          "schema_version": 0,
          "attributes": {
            "datacenter_id": "datacenter-3",
            "id": "resgroup-73",
            "name": "/cyberfiltre/host/cyberfiltre/Resources/xitg"
          },
          "sensitive_attributes": []
        }
      ]
    },
    {
      "module": "module.vm[\"29\"]",
      "mode": "data",
      "type": "vsphere_virtual_machine",
      "name": "template",
      "provider": "provider[\"registry.terraform.io/hashicorp/vsphere\"]",
      "instances": [
        {
          "schema_version": 0,
          "attributes": {
            "alternate_guest_name": "",
            "annotation": "",
            "boot_delay": 0,
            "boot_retry_delay": 10000,
            "boot_retry_enabled": false,
            "change_version": "2024-09-05T18:45:01.872822Z",
            "cpu_hot_add_enabled": false,
            "cpu_hot_remove_enabled": false,
            "cpu_limit": -1,
            "cpu_performance_counters_enabled": false,
            "cpu_reservation": 0,
            "cpu_share_count": 2000,
            "cpu_share_level": "normal",
            "datacenter_id": "datacenter-3",
            "default_ip_address": null,
            "disks": [
              {
                "eagerly_scrub": false,
                "label": "Hard disk 1",
                "size": 52,
                "thin_provisioned": true,
                "unit_number": 0
              }
            ],
            "efi_secure_boot_enabled": true,
            "enable_disk_uuid": false,
            "enable_logging": true,
            "ept_rvi_mode": "",
            "extra_config": {},
            "extra_config_reboot_required": true,
            "firmware": "efi",
            "folder": null,
            "guest_id": "rhel8_64Guest",
            "guest_ip_addresses": [],
            "hardware_version": 19,
            "hv_mode": "",
            "id": "423e5a05-501a-d312-1605-9e4dcb02aaae",
            "ide_controller_scan_count": 2,
            "instance_uuid": "503efa85-f341-2098-0b00-d9b65250d877",
            "latency_sensitivity": "normal",
            "memory": 1024,
            "memory_hot_add_enabled": false,
            "memory_limit": -1,
            "memory_reservation": 0,
            "memory_reservation_locked_to_max": false,
            "memory_share_count": 10240,
            "memory_share_level": "normal",
            "moid": "vm-78",
            "name": "linux-rhel-8.7-socle",
            "nested_hv_enabled": false,
            "network_interface_types": [
              "vmxnet3"
            ],
            "network_interfaces": [
              {
                "adapter_type": "vmxnet3",
                "bandwidth_limit": -1,
                "bandwidth_reservation": 0,
                "bandwidth_share_count": 50,
                "bandwidth_share_level": "normal",
                "mac_address": "00:50:56:be:68:9a",
                "network_id": "network-79",
                "physical_function": ""
              }
            ],
            "num_cores_per_socket": 1,
            "num_cpus": 2,
            "replace_trigger": null,
            "run_tools_scripts_after_power_on": true,
            "run_tools_scripts_after_resume": true,
            "run_tools_scripts_before_guest_reboot": false,
            "run_tools_scripts_before_guest_shutdown": true,
            "run_tools_scripts_before_guest_standby": true,
            "sata_controller_scan_count": 0,
            "scsi_bus_sharing": "noSharing",
            "scsi_controller_scan_count": 1,
            "scsi_type": "pvscsi",
            "storage_policy_id": null,
            "swap_placement_policy": "inherit",
            "sync_time_with_host": true,
            "sync_time_with_host_periodically": false,
            "tools_upgrade_policy": "upgradeAtPowerCycle",
            "uuid": "423e5a05-501a-d312-1605-9e4dcb02aaae",
            "vapp": null,
            "vapp_transport": [],
            "vbs_enabled": false,
            "vvtd_enabled": false
          },
          "sensitive_attributes": []
        }
      ]
    },
    {
      "module": "module.vm[\"29\"]",
      "mode": "managed",
      "type": "vsphere_virtual_machine",
      "name": "vm",
      "provider": "provider[\"registry.terraform.io/hashicorp/vsphere\"]",
      "instances": [
        {
          "schema_version": 3,
          "attributes": {
            "alternate_guest_name": "",
            "annotation": "",
            "boot_delay": 0,
            "boot_retry_delay": 10000,
            "boot_retry_enabled": false,
            "cdrom": [],
            "change_version": "2024-09-05T19:01:04.640395Z",
            "clone": [
              {
                "customization_spec": [],
                "customize": [
                  {
                    "dns_server_list": [],
                    "dns_suffix_list": [],
                    "ipv4_gateway": "172.31.49.254",
                    "ipv6_gateway": "",
                    "linux_options": [
                      {
                        "domain": "ms.fcm",
                        "host_name": "it-2-cbf-mapr",
                        "hw_clock_utc": true,
                        "script_text": "",
                        "time_zone": ""
                      }
                    ],
                    "network_interface": [
                      {
                        "dns_domain": "ms.fcm",
                        "dns_server_list": [
                          "172.16.1.240, 172.17.1.240"
                        ],
                        "ipv4_address": "172.31.49.51",
                        "ipv4_netmask": 24,
                        "ipv6_address": "",
                        "ipv6_netmask": 0
                      },
                      {
                        "dns_domain": "",
                        "dns_server_list": [],
                        "ipv4_address": "192.168.101.46",
                        "ipv4_netmask": 24,
                        "ipv6_address": "",
                        "ipv6_netmask": 0
                      },
                      {
                        "dns_domain": "",
                        "dns_server_list": [],
                        "ipv4_address": "172.25.90.46",
                        "ipv4_netmask": 29,
                        "ipv6_address": "",
                        "ipv6_netmask": 0
                      }
                    ],
                    "timeout": 0,
                    "windows_options": [],
                    "windows_sysprep_text": ""
                  }
                ],
                "linked_clone": false,
                "ovf_network_map": {},
                "ovf_storage_map": {},
                "template_uuid": "423e5a05-501a-d312-1605-9e4dcb02aaae",
                "timeout": 30
              }
            ],
            "cpu_hot_add_enabled": true,
            "cpu_hot_remove_enabled": true,
            "cpu_limit": -1,
            "cpu_performance_counters_enabled": false,
            "cpu_reservation": 0,
            "cpu_share_count": 1000,
            "cpu_share_level": "normal",
            "custom_attributes": {},
            "datacenter_id": null,
            "datastore_cluster_id": null,
            "datastore_id": "datastore-53",
            "default_ip_address": "172.31.49.51",
            "disk": [
              {
                "attach": false,
                "controller_type": "scsi",
                "datastore_id": "datastore-53",
                "device_address": "scsi:0:0",
                "disk_mode": "persistent",
                "disk_sharing": "sharingNone",
                "eagerly_scrub": false,
                "io_limit": -1,
                "io_reservation": 0,
                "io_share_count": 1000,
                "io_share_level": "normal",
                "keep_on_remove": false,
                "key": 2000,
                "label": "disk0",
                "path": "92fcd966-30f8-986c-47a9-043201dde7f0/it-cbf-mapr-2.vmdk",
                "size": 52,
                "storage_policy_id": "aa6d5a82-1c88-45da-85d3-3d74b91a5bad",
                "thin_provisioned": true,
                "unit_number": 0,
                "uuid": "6000C29a-af44-e3df-a8ca-3e193c8240a0",
                "write_through": false
              },
              {
                "attach": false,
                "controller_type": "scsi",
                "datastore_id": "datastore-53",
                "device_address": "scsi:0:15",
                "disk_mode": "persistent",
                "disk_sharing": "sharingNone",
                "eagerly_scrub": false,
                "io_limit": -1,
                "io_reservation": 0,
                "io_share_count": 1000,
                "io_share_level": "normal",
                "keep_on_remove": false,
                "key": 2015,
                "label": "disk1",
                "path": "92fcd966-30f8-986c-47a9-043201dde7f0/it-cbf-mapr-2_1.vmdk",
                "size": 5,
                "storage_policy_id": "aa6d5a82-1c88-45da-85d3-3d74b91a5bad",
                "thin_provisioned": true,
                "unit_number": 14,
                "uuid": "6000C292-4c87-6936-58aa-d5a86ddda3ad",
                "write_through": false
              }
            ],
            "efi_secure_boot_enabled": false,
            "enable_disk_uuid": false,
            "enable_logging": false,
            "ept_rvi_mode": "",
            "extra_config": {},
            "extra_config_reboot_required": true,
            "firmware": "efi",
            "folder": "xitg",
            "force_power_off": true,
            "guest_id": "rhel8_64Guest",
            "guest_ip_addresses": [
              "172.31.49.51",
              "fe80::250:56ff:feb7:b43e",
              "192.168.101.46",
              "fe80::250:56ff:feb7:fe8e",
              "172.25.90.46",
              "fe80::250:56ff:feb7:d85c"
            ],
            "hardware_version": 19,
            "host_system_id": "host-15",
            "hv_mode": "",
            "id": "4237dc76-d693-07c8-0e1d-3c6f5b8d65ff",
            "ide_controller_count": 2,
            "ignored_guest_ips": null,
            "imported": null,
            "latency_sensitivity": "normal",
            "memory": 2048,
            "memory_hot_add_enabled": true,
            "memory_limit": -1,
            "memory_reservation": 0,
            "memory_reservation_locked_to_max": false,
            "memory_share_count": 20480,
            "memory_share_level": "normal",
            "migrate_wait_timeout": 90,
            "moid": "vm-83",
            "name": "it-cbf-mapr-2",
            "nested_hv_enabled": false,
            "network_interface": [
              {
                "adapter_type": "vmxnet3",
                "bandwidth_limit": -1,
                "bandwidth_reservation": 0,
                "bandwidth_share_count": 50,
                "bandwidth_share_level": "normal",
                "device_address": "pci:0:7",
                "key": 4000,
                "mac_address": "00:50:56:b7:b4:3e",
                "network_id": "dvportgroup-69",
                "ovf_mapping": "",
                "physical_function": "",
                "use_static_mac": false
              },
              {
                "adapter_type": "vmxnet3",
                "bandwidth_limit": -1,
                "bandwidth_reservation": 0,
                "bandwidth_share_count": 50,
                "bandwidth_share_level": "normal",
                "device_address": "pci:0:8",
                "key": 4001,
                "mac_address": "00:50:56:b7:fe:8e",
                "network_id": "dvportgroup-67",
                "ovf_mapping": "",
                "physical_function": "",
                "use_static_mac": false
              },
              {
                "adapter_type": "vmxnet3",
                "bandwidth_limit": -1,
                "bandwidth_reservation": 0,
                "bandwidth_share_count": 50,
                "bandwidth_share_level": "normal",
                "device_address": "pci:0:9",
                "key": 4002,
                "mac_address": "00:50:56:b7:d8:5c",
                "network_id": "dvportgroup-66",
                "ovf_mapping": "",
                "physical_function": "",
                "use_static_mac": false
              }
            ],
            "num_cores_per_socket": 1,
            "num_cpus": 1,
            "ovf_deploy": [],
            "pci_device_id": [],
            "power_state": "on",
            "poweron_timeout": 300,
            "reboot_required": false,
            "replace_trigger": null,
            "resource_pool_id": "resgroup-73",
            "run_tools_scripts_after_power_on": true,
            "run_tools_scripts_after_resume": true,
            "run_tools_scripts_before_guest_reboot": false,
            "run_tools_scripts_before_guest_shutdown": true,
            "run_tools_scripts_before_guest_standby": true,
            "sata_controller_count": 0,
            "scsi_bus_sharing": "noSharing",
            "scsi_controller_count": 1,
            "scsi_type": "pvscsi",
            "shutdown_wait_timeout": 3,
            "storage_policy_id": "aa6d5a82-1c88-45da-85d3-3d74b91a5bad",
            "swap_placement_policy": "inherit",
            "sync_time_with_host": true,
            "sync_time_with_host_periodically": false,
            "tags": [],
            "tools_upgrade_policy": "manual",
            "uuid": "4237dc76-d693-07c8-0e1d-3c6f5b8d65ff",
            "vapp": [],
            "vapp_transport": [],
            "vbs_enabled": false,
            "vmware_tools_status": "guestToolsRunning",
            "vmx_path": "92fcd966-30f8-986c-47a9-043201dde7f0/it-cbf-mapr-2.vmx",
            "vvtd_enabled": false,
            "wait_for_guest_ip_timeout": 300,
            "wait_for_guest_net_routable": false,
            "wait_for_guest_net_timeout": 300
          },
          "sensitive_attributes": [],
          "private": "eyJzY2hlbWFfdmVyc2lvbiI6IjMifQ==",
          "dependencies": [
            "module.vm.data.vsphere_datacenter.dc",
            "module.vm.data.vsphere_datastore.datastore",
            "module.vm.data.vsphere_network.network1",
            "module.vm.data.vsphere_network.network2",
            "module.vm.data.vsphere_network.network3",
            "module.vm.data.vsphere_network.network4",
            "module.vm.data.vsphere_resource_pool.rpool",
            "module.vm.data.vsphere_virtual_machine.template"
          ]
        }
      ]
    },
    {
      "module": "module.vm[\"3\"]",
      "mode": "data",
      "type": "vsphere_compute_cluster",
      "name": "cluster",
      "provider": "provider[\"registry.terraform.io/hashicorp/vsphere\"]",
      "instances": [
        {
          "schema_version": 0,
          "attributes": {
            "datacenter_id": "datacenter-3",
            "id": "domain-c39",
            "name": "cyberfiltre",
            "resource_pool_id": "resgroup-40"
          },
          "sensitive_attributes": []
        }
      ]
    },
    {
      "module": "module.vm[\"3\"]",
      "mode": "data",
      "type": "vsphere_datacenter",
      "name": "dc",
      "provider": "provider[\"registry.terraform.io/hashicorp/vsphere\"]",
      "instances": [
        {
          "schema_version": 0,
          "attributes": {
            "id": "datacenter-3",
            "name": "cyberfiltre"
          },
          "sensitive_attributes": []
        }
      ]
    },
    {
      "module": "module.vm[\"3\"]",
      "mode": "data",
      "type": "vsphere_datastore",
      "name": "datastore",
      "provider": "provider[\"registry.terraform.io/hashicorp/vsphere\"]",
      "instances": [
        {
          "schema_version": 0,
          "attributes": {
            "datacenter_id": "datacenter-3",
            "id": "datastore-53",
            "name": "vsanDatastore",
            "stats": {
              "capacity": "13442652045312",
              "free": "12742531355772"
            }
          },
          "sensitive_attributes": []
        }
      ]
    },
    {
      "module": "module.vm[\"3\"]",
      "mode": "data",
      "type": "vsphere_network",
      "name": "network1",
      "provider": "provider[\"registry.terraform.io/hashicorp/vsphere\"]",
      "instances": [
        {
          "schema_version": 0,
          "attributes": {
            "datacenter_id": "datacenter-3",
            "distributed_virtual_switch_uuid": null,
            "id": "dvportgroup-69",
            "name": "580",
            "type": "DistributedVirtualPortgroup"
          },
          "sensitive_attributes": []
        }
      ]
    },
    {
      "module": "module.vm[\"3\"]",
      "mode": "data",
      "type": "vsphere_network",
      "name": "network2",
      "provider": "provider[\"registry.terraform.io/hashicorp/vsphere\"]",
      "instances": [
        {
          "schema_version": 0,
          "attributes": {
            "datacenter_id": "datacenter-3",
            "distributed_virtual_switch_uuid": null,
            "id": "dvportgroup-63",
            "name": "881",
            "type": "DistributedVirtualPortgroup"
          },
          "sensitive_attributes": []
        }
      ]
    },
    {
      "module": "module.vm[\"3\"]",
      "mode": "data",
      "type": "vsphere_network",
      "name": "network3",
      "provider": "provider[\"registry.terraform.io/hashicorp/vsphere\"]",
      "instances": [
        {
          "schema_version": 0,
          "attributes": {
            "datacenter_id": "datacenter-3",
            "distributed_virtual_switch_uuid": null,
            "id": "dvportgroup-67",
            "name": "584",
            "type": "DistributedVirtualPortgroup"
          },
          "sensitive_attributes": []
        }
      ]
    },
    {
      "module": "module.vm[\"3\"]",
      "mode": "data",
      "type": "vsphere_network",
      "name": "network4",
      "provider": "provider[\"registry.terraform.io/hashicorp/vsphere\"]",
      "instances": [
        {
          "schema_version": 0,
          "attributes": {
            "datacenter_id": "datacenter-3",
            "distributed_virtual_switch_uuid": null,
            "id": "network-80",
            "name": "none",
            "type": "Network"
          },
          "sensitive_attributes": []
        }
      ]
    },
    {
      "module": "module.vm[\"3\"]",
      "mode": "data",
      "type": "vsphere_resource_pool",
      "name": "rpool",
      "provider": "provider[\"registry.terraform.io/hashicorp/vsphere\"]",
      "instances": [
        {
          "schema_version": 0,
          "attributes": {
            "datacenter_id": "datacenter-3",
            "id": "resgroup-73",
            "name": "/cyberfiltre/host/cyberfiltre/Resources/xitg"
          },
          "sensitive_attributes": []
        }
      ]
    },
    {
      "module": "module.vm[\"3\"]",
      "mode": "data",
      "type": "vsphere_virtual_machine",
      "name": "template",
      "provider": "provider[\"registry.terraform.io/hashicorp/vsphere\"]",
      "instances": [
        {
          "schema_version": 0,
          "attributes": {
            "alternate_guest_name": "",
            "annotation": "",
            "boot_delay": 0,
            "boot_retry_delay": 10000,
            "boot_retry_enabled": false,
            "change_version": "2024-09-05T18:45:01.872822Z",
            "cpu_hot_add_enabled": false,
            "cpu_hot_remove_enabled": false,
            "cpu_limit": -1,
            "cpu_performance_counters_enabled": false,
            "cpu_reservation": 0,
            "cpu_share_count": 2000,
            "cpu_share_level": "normal",
            "datacenter_id": "datacenter-3",
            "default_ip_address": null,
            "disks": [
              {
                "eagerly_scrub": false,
                "label": "Hard disk 1",
                "size": 52,
                "thin_provisioned": true,
                "unit_number": 0
              }
            ],
            "efi_secure_boot_enabled": true,
            "enable_disk_uuid": false,
            "enable_logging": true,
            "ept_rvi_mode": "",
            "extra_config": {},
            "extra_config_reboot_required": true,
            "firmware": "efi",
            "folder": null,
            "guest_id": "rhel8_64Guest",
            "guest_ip_addresses": [],
            "hardware_version": 19,
            "hv_mode": "",
            "id": "423e5a05-501a-d312-1605-9e4dcb02aaae",
            "ide_controller_scan_count": 2,
            "instance_uuid": "503efa85-f341-2098-0b00-d9b65250d877",
            "latency_sensitivity": "normal",
            "memory": 1024,
            "memory_hot_add_enabled": false,
            "memory_limit": -1,
            "memory_reservation": 0,
            "memory_reservation_locked_to_max": false,
            "memory_share_count": 10240,
            "memory_share_level": "normal",
            "moid": "vm-78",
            "name": "linux-rhel-8.7-socle",
            "nested_hv_enabled": false,
            "network_interface_types": [
              "vmxnet3"
            ],
            "network_interfaces": [
              {
                "adapter_type": "vmxnet3",
                "bandwidth_limit": -1,
                "bandwidth_reservation": 0,
                "bandwidth_share_count": 50,
                "bandwidth_share_level": "normal",
                "mac_address": "00:50:56:be:68:9a",
                "network_id": "network-79",
                "physical_function": ""
              }
            ],
            "num_cores_per_socket": 1,
            "num_cpus": 2,
            "replace_trigger": null,
            "run_tools_scripts_after_power_on": true,
            "run_tools_scripts_after_resume": true,
            "run_tools_scripts_before_guest_reboot": false,
            "run_tools_scripts_before_guest_shutdown": true,
            "run_tools_scripts_before_guest_standby": true,
            "sata_controller_scan_count": 0,
            "scsi_bus_sharing": "noSharing",
            "scsi_controller_scan_count": 1,
            "scsi_type": "pvscsi",
            "storage_policy_id": null,
            "swap_placement_policy": "inherit",
            "sync_time_with_host": true,
            "sync_time_with_host_periodically": false,
            "tools_upgrade_policy": "upgradeAtPowerCycle",
            "uuid": "423e5a05-501a-d312-1605-9e4dcb02aaae",
            "vapp": null,
            "vapp_transport": [],
            "vbs_enabled": false,
            "vvtd_enabled": false
          },
          "sensitive_attributes": []
        }
      ]
    },
    {
      "module": "module.vm[\"3\"]",
      "mode": "managed",
      "type": "vsphere_virtual_machine",
      "name": "vm",
      "provider": "provider[\"registry.terraform.io/hashicorp/vsphere\"]",
      "instances": [
        {
          "schema_version": 3,
          "attributes": {
            "alternate_guest_name": "",
            "annotation": "",
            "boot_delay": 0,
            "boot_retry_delay": 10000,
            "boot_retry_enabled": false,
            "cdrom": [],
            "change_version": "2024-09-05T19:11:46.37524Z",
            "clone": [
              {
                "customization_spec": [],
                "customize": [
                  {
                    "dns_server_list": [],
                    "dns_suffix_list": [],
                    "ipv4_gateway": "172.31.49.254",
                    "ipv6_gateway": "",
                    "linux_options": [
                      {
                        "domain": "ms.fcm",
                        "host_name": "it-1-cbf-pws",
                        "hw_clock_utc": true,
                        "script_text": "",
                        "time_zone": ""
                      }
                    ],
                    "network_interface": [
                      {
                        "dns_domain": "ms.fcm",
                        "dns_server_list": [
                          "172.16.1.240, 172.17.1.240"
                        ],
                        "ipv4_address": "172.31.49.4",
                        "ipv4_netmask": 24,
                        "ipv6_address": "",
                        "ipv6_netmask": 0
                      },
                      {
                        "dns_domain": "",
                        "dns_server_list": [],
                        "ipv4_address": "172.25.109.1",
                        "ipv4_netmask": 24,
                        "ipv6_address": "",
                        "ipv6_netmask": 0
                      },
                      {
                        "dns_domain": "",
                        "dns_server_list": [],
                        "ipv4_address": "192.168.101.1",
                        "ipv4_netmask": 24,
                        "ipv6_address": "",
                        "ipv6_netmask": 0
                      }
                    ],
                    "timeout": 0,
                    "windows_options": [],
                    "windows_sysprep_text": ""
                  }
                ],
                "linked_clone": false,
                "ovf_network_map": {},
                "ovf_storage_map": {},
                "template_uuid": "423e5a05-501a-d312-1605-9e4dcb02aaae",
                "timeout": 30
              }
            ],
            "cpu_hot_add_enabled": true,
            "cpu_hot_remove_enabled": true,
            "cpu_limit": -1,
            "cpu_performance_counters_enabled": false,
            "cpu_reservation": 0,
            "cpu_share_count": 1000,
            "cpu_share_level": "normal",
            "custom_attributes": {},
            "datacenter_id": null,
            "datastore_cluster_id": null,
            "datastore_id": "datastore-53",
            "default_ip_address": "172.31.49.4",
            "disk": [
              {
                "attach": false,
                "controller_type": "scsi",
                "datastore_id": "datastore-53",
                "device_address": "scsi:0:0",
                "disk_mode": "persistent",
                "disk_sharing": "sharingNone",
                "eagerly_scrub": false,
                "io_limit": -1,
                "io_reservation": 0,
                "io_share_count": 1000,
                "io_share_level": "normal",
                "keep_on_remove": false,
                "key": 2000,
                "label": "disk0",
                "path": "1a00da66-fa10-8808-940f-043201de0940/it-cbf-pws-1.vmdk",
                "size": 52,
                "storage_policy_id": "aa6d5a82-1c88-45da-85d3-3d74b91a5bad",
                "thin_provisioned": true,
                "unit_number": 0,
                "uuid": "6000C29f-e502-3351-e951-70fafdce2d29",
                "write_through": false
              },
              {
                "attach": false,
                "controller_type": "scsi",
                "datastore_id": "datastore-53",
                "device_address": "scsi:0:15",
                "disk_mode": "persistent",
                "disk_sharing": "sharingNone",
                "eagerly_scrub": false,
                "io_limit": -1,
                "io_reservation": 0,
                "io_share_count": 1000,
                "io_share_level": "normal",
                "keep_on_remove": false,
                "key": 2015,
                "label": "disk1",
                "path": "1a00da66-fa10-8808-940f-043201de0940/it-cbf-pws-1_1.vmdk",
                "size": 5,
                "storage_policy_id": "aa6d5a82-1c88-45da-85d3-3d74b91a5bad",
                "thin_provisioned": true,
                "unit_number": 14,
                "uuid": "6000C29e-42ae-8604-fa43-8535850b80eb",
                "write_through": false
              }
            ],
            "efi_secure_boot_enabled": false,
            "enable_disk_uuid": false,
            "enable_logging": false,
            "ept_rvi_mode": "",
            "extra_config": {},
            "extra_config_reboot_required": true,
            "firmware": "efi",
            "folder": "xitg",
            "force_power_off": true,
            "guest_id": "rhel8_64Guest",
            "guest_ip_addresses": [
              "172.31.49.4",
              "fe80::250:56ff:feb7:30e",
              "172.25.109.1",
              "fe80::250:56ff:feb7:e642",
              "192.168.101.1",
              "fe80::250:56ff:feb7:6901"
            ],
            "hardware_version": 19,
            "host_system_id": "host-15",
            "hv_mode": "",
            "id": "42370c5c-8f5f-5217-2dea-252ebbff109b",
            "ide_controller_count": 2,
            "ignored_guest_ips": null,
            "imported": null,
            "latency_sensitivity": "normal",
            "memory": 1024,
            "memory_hot_add_enabled": true,
            "memory_limit": -1,
            "memory_reservation": 0,
            "memory_reservation_locked_to_max": false,
            "memory_share_count": 10240,
            "memory_share_level": "normal",
            "migrate_wait_timeout": 90,
            "moid": "vm-94",
            "name": "it-cbf-pws-1",
            "nested_hv_enabled": false,
            "network_interface": [
              {
                "adapter_type": "vmxnet3",
                "bandwidth_limit": -1,
                "bandwidth_reservation": 0,
                "bandwidth_share_count": 50,
                "bandwidth_share_level": "normal",
                "device_address": "pci:0:7",
                "key": 4000,
                "mac_address": "00:50:56:b7:03:0e",
                "network_id": "dvportgroup-69",
                "ovf_mapping": "",
                "physical_function": "",
                "use_static_mac": false
              },
              {
                "adapter_type": "vmxnet3",
                "bandwidth_limit": -1,
                "bandwidth_reservation": 0,
                "bandwidth_share_count": 50,
                "bandwidth_share_level": "normal",
                "device_address": "pci:0:8",
                "key": 4001,
                "mac_address": "00:50:56:b7:e6:42",
                "network_id": "dvportgroup-63",
                "ovf_mapping": "",
                "physical_function": "",
                "use_static_mac": false
              },
              {
                "adapter_type": "vmxnet3",
                "bandwidth_limit": -1,
                "bandwidth_reservation": 0,
                "bandwidth_share_count": 50,
                "bandwidth_share_level": "normal",
                "device_address": "pci:0:9",
                "key": 4002,
                "mac_address": "00:50:56:b7:69:01",
                "network_id": "dvportgroup-67",
                "ovf_mapping": "",
                "physical_function": "",
                "use_static_mac": false
              }
            ],
            "num_cores_per_socket": 1,
            "num_cpus": 1,
            "ovf_deploy": [],
            "pci_device_id": [],
            "power_state": "on",
            "poweron_timeout": 300,
            "reboot_required": false,
            "replace_trigger": null,
            "resource_pool_id": "resgroup-73",
            "run_tools_scripts_after_power_on": true,
            "run_tools_scripts_after_resume": true,
            "run_tools_scripts_before_guest_reboot": false,
            "run_tools_scripts_before_guest_shutdown": true,
            "run_tools_scripts_before_guest_standby": true,
            "sata_controller_count": 0,
            "scsi_bus_sharing": "noSharing",
            "scsi_controller_count": 1,
            "scsi_type": "pvscsi",
            "shutdown_wait_timeout": 3,
            "storage_policy_id": "aa6d5a82-1c88-45da-85d3-3d74b91a5bad",
            "swap_placement_policy": "inherit",
            "sync_time_with_host": true,
            "sync_time_with_host_periodically": false,
            "tags": [],
            "tools_upgrade_policy": "manual",
            "uuid": "42370c5c-8f5f-5217-2dea-252ebbff109b",
            "vapp": [],
            "vapp_transport": [],
            "vbs_enabled": false,
            "vmware_tools_status": "guestToolsRunning",
            "vmx_path": "1a00da66-fa10-8808-940f-043201de0940/it-cbf-pws-1.vmx",
            "vvtd_enabled": false,
            "wait_for_guest_ip_timeout": 300,
            "wait_for_guest_net_routable": false,
            "wait_for_guest_net_timeout": 300
          },
          "sensitive_attributes": [],
          "private": "eyJzY2hlbWFfdmVyc2lvbiI6IjMifQ==",
          "dependencies": [
            "module.vm.data.vsphere_datacenter.dc",
            "module.vm.data.vsphere_datastore.datastore",
            "module.vm.data.vsphere_network.network1",
            "module.vm.data.vsphere_network.network2",
            "module.vm.data.vsphere_network.network3",
            "module.vm.data.vsphere_network.network4",
            "module.vm.data.vsphere_resource_pool.rpool",
            "module.vm.data.vsphere_virtual_machine.template"
          ]
        }
      ]
    },
    {
      "module": "module.vm[\"30\"]",
      "mode": "data",
      "type": "vsphere_compute_cluster",
      "name": "cluster",
      "provider": "provider[\"registry.terraform.io/hashicorp/vsphere\"]",
      "instances": [
        {
          "schema_version": 0,
          "attributes": {
            "datacenter_id": "datacenter-3",
            "id": "domain-c39",
            "name": "cyberfiltre",
            "resource_pool_id": "resgroup-40"
          },
          "sensitive_attributes": []
        }
      ]
    },
    {
      "module": "module.vm[\"30\"]",
      "mode": "data",
      "type": "vsphere_datacenter",
      "name": "dc",
      "provider": "provider[\"registry.terraform.io/hashicorp/vsphere\"]",
      "instances": [
        {
          "schema_version": 0,
          "attributes": {
            "id": "datacenter-3",
            "name": "cyberfiltre"
          },
          "sensitive_attributes": []
        }
      ]
    },
    {
      "module": "module.vm[\"30\"]",
      "mode": "data",
      "type": "vsphere_datastore",
      "name": "datastore",
      "provider": "provider[\"registry.terraform.io/hashicorp/vsphere\"]",
      "instances": [
        {
          "schema_version": 0,
          "attributes": {
            "datacenter_id": "datacenter-3",
            "id": "datastore-53",
            "name": "vsanDatastore",
            "stats": {
              "capacity": "13442652045312",
              "free": "12742531355772"
            }
          },
          "sensitive_attributes": []
        }
      ]
    },
    {
      "module": "module.vm[\"30\"]",
      "mode": "data",
      "type": "vsphere_network",
      "name": "network1",
      "provider": "provider[\"registry.terraform.io/hashicorp/vsphere\"]",
      "instances": [
        {
          "schema_version": 0,
          "attributes": {
            "datacenter_id": "datacenter-3",
            "distributed_virtual_switch_uuid": null,
            "id": "dvportgroup-69",
            "name": "580",
            "type": "DistributedVirtualPortgroup"
          },
          "sensitive_attributes": []
        }
      ]
    },
    {
      "module": "module.vm[\"30\"]",
      "mode": "data",
      "type": "vsphere_network",
      "name": "network2",
      "provider": "provider[\"registry.terraform.io/hashicorp/vsphere\"]",
      "instances": [
        {
          "schema_version": 0,
          "attributes": {
            "datacenter_id": "datacenter-3",
            "distributed_virtual_switch_uuid": null,
            "id": "network-80",
            "name": "none",
            "type": "Network"
          },
          "sensitive_attributes": []
        }
      ]
    },
    {
      "module": "module.vm[\"30\"]",
      "mode": "data",
      "type": "vsphere_network",
      "name": "network3",
      "provider": "provider[\"registry.terraform.io/hashicorp/vsphere\"]",
      "instances": [
        {
          "schema_version": 0,
          "attributes": {
            "datacenter_id": "datacenter-3",
            "distributed_virtual_switch_uuid": null,
            "id": "network-80",
            "name": "none",
            "type": "Network"
          },
          "sensitive_attributes": []
        }
      ]
    },
    {
      "module": "module.vm[\"30\"]",
      "mode": "data",
      "type": "vsphere_network",
      "name": "network4",
      "provider": "provider[\"registry.terraform.io/hashicorp/vsphere\"]",
      "instances": [
        {
          "schema_version": 0,
          "attributes": {
            "datacenter_id": "datacenter-3",
            "distributed_virtual_switch_uuid": null,
            "id": "network-80",
            "name": "none",
            "type": "Network"
          },
          "sensitive_attributes": []
        }
      ]
    },
    {
      "module": "module.vm[\"30\"]",
      "mode": "data",
      "type": "vsphere_resource_pool",
      "name": "rpool",
      "provider": "provider[\"registry.terraform.io/hashicorp/vsphere\"]",
      "instances": [
        {
          "schema_version": 0,
          "attributes": {
            "datacenter_id": "datacenter-3",
            "id": "resgroup-73",
            "name": "/cyberfiltre/host/cyberfiltre/Resources/xitg"
          },
          "sensitive_attributes": []
        }
      ]
    },
    {
      "module": "module.vm[\"30\"]",
      "mode": "data",
      "type": "vsphere_virtual_machine",
      "name": "template",
      "provider": "provider[\"registry.terraform.io/hashicorp/vsphere\"]",
      "instances": [
        {
          "schema_version": 0,
          "attributes": {
            "alternate_guest_name": "",
            "annotation": "",
            "boot_delay": 0,
            "boot_retry_delay": 10000,
            "boot_retry_enabled": false,
            "change_version": "2024-09-05T18:45:01.872822Z",
            "cpu_hot_add_enabled": false,
            "cpu_hot_remove_enabled": false,
            "cpu_limit": -1,
            "cpu_performance_counters_enabled": false,
            "cpu_reservation": 0,
            "cpu_share_count": 2000,
            "cpu_share_level": "normal",
            "datacenter_id": "datacenter-3",
            "default_ip_address": null,
            "disks": [
              {
                "eagerly_scrub": false,
                "label": "Hard disk 1",
                "size": 52,
                "thin_provisioned": true,
                "unit_number": 0
              }
            ],
            "efi_secure_boot_enabled": true,
            "enable_disk_uuid": false,
            "enable_logging": true,
            "ept_rvi_mode": "",
            "extra_config": {},
            "extra_config_reboot_required": true,
            "firmware": "efi",
            "folder": null,
            "guest_id": "rhel8_64Guest",
            "guest_ip_addresses": [],
            "hardware_version": 19,
            "hv_mode": "",
            "id": "423e5a05-501a-d312-1605-9e4dcb02aaae",
            "ide_controller_scan_count": 2,
            "instance_uuid": "503efa85-f341-2098-0b00-d9b65250d877",
            "latency_sensitivity": "normal",
            "memory": 1024,
            "memory_hot_add_enabled": false,
            "memory_limit": -1,
            "memory_reservation": 0,
            "memory_reservation_locked_to_max": false,
            "memory_share_count": 10240,
            "memory_share_level": "normal",
            "moid": "vm-78",
            "name": "linux-rhel-8.7-socle",
            "nested_hv_enabled": false,
            "network_interface_types": [
              "vmxnet3"
            ],
            "network_interfaces": [
              {
                "adapter_type": "vmxnet3",
                "bandwidth_limit": -1,
                "bandwidth_reservation": 0,
                "bandwidth_share_count": 50,
                "bandwidth_share_level": "normal",
                "mac_address": "00:50:56:be:68:9a",
                "network_id": "network-79",
                "physical_function": ""
              }
            ],
            "num_cores_per_socket": 1,
            "num_cpus": 2,
            "replace_trigger": null,
            "run_tools_scripts_after_power_on": true,
            "run_tools_scripts_after_resume": true,
            "run_tools_scripts_before_guest_reboot": false,
            "run_tools_scripts_before_guest_shutdown": true,
            "run_tools_scripts_before_guest_standby": true,
            "sata_controller_scan_count": 0,
            "scsi_bus_sharing": "noSharing",
            "scsi_controller_scan_count": 1,
            "scsi_type": "pvscsi",
            "storage_policy_id": null,
            "swap_placement_policy": "inherit",
            "sync_time_with_host": true,
            "sync_time_with_host_periodically": false,
            "tools_upgrade_policy": "upgradeAtPowerCycle",
            "uuid": "423e5a05-501a-d312-1605-9e4dcb02aaae",
            "vapp": null,
            "vapp_transport": [],
            "vbs_enabled": false,
            "vvtd_enabled": false
          },
          "sensitive_attributes": []
        }
      ]
    },
    {
      "module": "module.vm[\"30\"]",
      "mode": "managed",
      "type": "vsphere_virtual_machine",
      "name": "vm",
      "provider": "provider[\"registry.terraform.io/hashicorp/vsphere\"]",
      "instances": [
        {
          "schema_version": 3,
          "attributes": {
            "alternate_guest_name": "",
            "annotation": "",
            "boot_delay": 0,
            "boot_retry_delay": 10000,
            "boot_retry_enabled": false,
            "cdrom": [],
            "change_version": "2024-09-05T19:11:26.988391Z",
            "clone": [
              {
                "customization_spec": [],
                "customize": [
                  {
                    "dns_server_list": [],
                    "dns_suffix_list": [],
                    "ipv4_gateway": "172.31.49.254",
                    "ipv6_gateway": "",
                    "linux_options": [
                      {
                        "domain": "ms.fcm",
                        "host_name": "it-1-cbf-jump",
                        "hw_clock_utc": true,
                        "script_text": "",
                        "time_zone": ""
                      }
                    ],
                    "network_interface": [
                      {
                        "dns_domain": "ms.fcm",
                        "dns_server_list": [
                          "172.16.1.240, 172.17.1.240"
                        ],
                        "ipv4_address": "172.31.49.52",
                        "ipv4_netmask": 24,
                        "ipv6_address": "",
                        "ipv6_netmask": 0
                      }
                    ],
                    "timeout": 0,
                    "windows_options": [],
                    "windows_sysprep_text": ""
                  }
                ],
                "linked_clone": false,
                "ovf_network_map": {},
                "ovf_storage_map": {},
                "template_uuid": "423e5a05-501a-d312-1605-9e4dcb02aaae",
                "timeout": 30
              }
            ],
            "cpu_hot_add_enabled": true,
            "cpu_hot_remove_enabled": true,
            "cpu_limit": -1,
            "cpu_performance_counters_enabled": false,
            "cpu_reservation": 0,
            "cpu_share_count": 1000,
            "cpu_share_level": "normal",
            "custom_attributes": {},
            "datacenter_id": null,
            "datastore_cluster_id": null,
            "datastore_id": "datastore-53",
            "default_ip_address": "172.31.49.52",
            "disk": [
              {
                "attach": false,
                "controller_type": "scsi",
                "datastore_id": "datastore-53",
                "device_address": "scsi:0:0",
                "disk_mode": "persistent",
                "disk_sharing": "sharingNone",
                "eagerly_scrub": false,
                "io_limit": -1,
                "io_reservation": 0,
                "io_share_count": 1000,
                "io_share_level": "normal",
                "keep_on_remove": false,
                "key": 2000,
                "label": "disk0",
                "path": "0900da66-288f-1011-fc38-043201de0940/it-cbf-jump-1.vmdk",
                "size": 52,
                "storage_policy_id": "aa6d5a82-1c88-45da-85d3-3d74b91a5bad",
                "thin_provisioned": true,
                "unit_number": 0,
                "uuid": "6000C295-65b2-2243-bfe9-7a6e9d43e470",
                "write_through": false
              },
              {
                "attach": false,
                "controller_type": "scsi",
                "datastore_id": "datastore-53",
                "device_address": "scsi:0:15",
                "disk_mode": "persistent",
                "disk_sharing": "sharingNone",
                "eagerly_scrub": false,
                "io_limit": -1,
                "io_reservation": 0,
                "io_share_count": 1000,
                "io_share_level": "normal",
                "keep_on_remove": false,
                "key": 2015,
                "label": "disk1",
                "path": "0900da66-288f-1011-fc38-043201de0940/it-cbf-jump-1_1.vmdk",
                "size": 500,
                "storage_policy_id": "aa6d5a82-1c88-45da-85d3-3d74b91a5bad",
                "thin_provisioned": true,
                "unit_number": 14,
                "uuid": "6000C298-5606-130f-98dd-a3a7eb1329c0",
                "write_through": false
              }
            ],
            "efi_secure_boot_enabled": false,
            "enable_disk_uuid": false,
            "enable_logging": false,
            "ept_rvi_mode": "",
            "extra_config": {},
            "extra_config_reboot_required": true,
            "firmware": "efi",
            "folder": "xitg",
            "force_power_off": true,
            "guest_id": "rhel8_64Guest",
            "guest_ip_addresses": [
              "172.31.49.52",
              "fe80::250:56ff:feb7:65be"
            ],
            "hardware_version": 19,
            "host_system_id": "host-15",
            "hv_mode": "",
            "id": "42373729-1cf7-d8a9-d18a-b3ff2ef79b32",
            "ide_controller_count": 2,
            "ignored_guest_ips": null,
            "imported": null,
            "latency_sensitivity": "normal",
            "memory": 2048,
            "memory_hot_add_enabled": true,
            "memory_limit": -1,
            "memory_reservation": 0,
            "memory_reservation_locked_to_max": false,
            "memory_share_count": 20480,
            "memory_share_level": "normal",
            "migrate_wait_timeout": 90,
            "moid": "vm-91",
            "name": "it-cbf-jump-1",
            "nested_hv_enabled": false,
            "network_interface": [
              {
                "adapter_type": "vmxnet3",
                "bandwidth_limit": -1,
                "bandwidth_reservation": 0,
                "bandwidth_share_count": 50,
                "bandwidth_share_level": "normal",
                "device_address": "pci:0:7",
                "key": 4000,
                "mac_address": "00:50:56:b7:65:be",
                "network_id": "dvportgroup-69",
                "ovf_mapping": "",
                "physical_function": "",
                "use_static_mac": false
              }
            ],
            "num_cores_per_socket": 1,
            "num_cpus": 1,
            "ovf_deploy": [],
            "pci_device_id": [],
            "power_state": "on",
            "poweron_timeout": 300,
            "reboot_required": false,
            "replace_trigger": null,
            "resource_pool_id": "resgroup-73",
            "run_tools_scripts_after_power_on": true,
            "run_tools_scripts_after_resume": true,
            "run_tools_scripts_before_guest_reboot": false,
            "run_tools_scripts_before_guest_shutdown": true,
            "run_tools_scripts_before_guest_standby": true,
            "sata_controller_count": 0,
            "scsi_bus_sharing": "noSharing",
            "scsi_controller_count": 1,
            "scsi_type": "pvscsi",
            "shutdown_wait_timeout": 3,
            "storage_policy_id": "aa6d5a82-1c88-45da-85d3-3d74b91a5bad",
            "swap_placement_policy": "inherit",
            "sync_time_with_host": true,
            "sync_time_with_host_periodically": false,
            "tags": [],
            "tools_upgrade_policy": "manual",
            "uuid": "42373729-1cf7-d8a9-d18a-b3ff2ef79b32",
            "vapp": [],
            "vapp_transport": [],
            "vbs_enabled": false,
            "vmware_tools_status": "guestToolsRunning",
            "vmx_path": "0900da66-288f-1011-fc38-043201de0940/it-cbf-jump-1.vmx",
            "vvtd_enabled": false,
            "wait_for_guest_ip_timeout": 300,
            "wait_for_guest_net_routable": false,
            "wait_for_guest_net_timeout": 300
          },
          "sensitive_attributes": [],
          "private": "eyJzY2hlbWFfdmVyc2lvbiI6IjMifQ==",
          "dependencies": [
            "module.vm.data.vsphere_datacenter.dc",
            "module.vm.data.vsphere_datastore.datastore",
            "module.vm.data.vsphere_network.network1",
            "module.vm.data.vsphere_network.network2",
            "module.vm.data.vsphere_network.network3",
            "module.vm.data.vsphere_network.network4",
            "module.vm.data.vsphere_resource_pool.rpool",
            "module.vm.data.vsphere_virtual_machine.template"
          ]
        }
      ]
    },
    {
      "module": "module.vm[\"4\"]",
      "mode": "data",
      "type": "vsphere_compute_cluster",
      "name": "cluster",
      "provider": "provider[\"registry.terraform.io/hashicorp/vsphere\"]",
      "instances": [
        {
          "schema_version": 0,
          "attributes": {
            "datacenter_id": "datacenter-3",
            "id": "domain-c39",
            "name": "cyberfiltre",
            "resource_pool_id": "resgroup-40"
          },
          "sensitive_attributes": []
        }
      ]
    },
    {
      "module": "module.vm[\"4\"]",
      "mode": "data",
      "type": "vsphere_datacenter",
      "name": "dc",
      "provider": "provider[\"registry.terraform.io/hashicorp/vsphere\"]",
      "instances": [
        {
          "schema_version": 0,
          "attributes": {
            "id": "datacenter-3",
            "name": "cyberfiltre"
          },
          "sensitive_attributes": []
        }
      ]
    },
    {
      "module": "module.vm[\"4\"]",
      "mode": "data",
      "type": "vsphere_datastore",
      "name": "datastore",
      "provider": "provider[\"registry.terraform.io/hashicorp/vsphere\"]",
      "instances": [
        {
          "schema_version": 0,
          "attributes": {
            "datacenter_id": "datacenter-3",
            "id": "datastore-53",
            "name": "vsanDatastore",
            "stats": {
              "capacity": "13442652045312",
              "free": "12742531355772"
            }
          },
          "sensitive_attributes": []
        }
      ]
    },
    {
      "module": "module.vm[\"4\"]",
      "mode": "data",
      "type": "vsphere_network",
      "name": "network1",
      "provider": "provider[\"registry.terraform.io/hashicorp/vsphere\"]",
      "instances": [
        {
          "schema_version": 0,
          "attributes": {
            "datacenter_id": "datacenter-3",
            "distributed_virtual_switch_uuid": null,
            "id": "dvportgroup-69",
            "name": "580",
            "type": "DistributedVirtualPortgroup"
          },
          "sensitive_attributes": []
        }
      ]
    },
    {
      "module": "module.vm[\"4\"]",
      "mode": "data",
      "type": "vsphere_network",
      "name": "network2",
      "provider": "provider[\"registry.terraform.io/hashicorp/vsphere\"]",
      "instances": [
        {
          "schema_version": 0,
          "attributes": {
            "datacenter_id": "datacenter-3",
            "distributed_virtual_switch_uuid": null,
            "id": "network-80",
            "name": "none",
            "type": "Network"
          },
          "sensitive_attributes": []
        }
      ]
    },
    {
      "module": "module.vm[\"4\"]",
      "mode": "data",
      "type": "vsphere_network",
      "name": "network3",
      "provider": "provider[\"registry.terraform.io/hashicorp/vsphere\"]",
      "instances": [
        {
          "schema_version": 0,
          "attributes": {
            "datacenter_id": "datacenter-3",
            "distributed_virtual_switch_uuid": null,
            "id": "dvportgroup-67",
            "name": "584",
            "type": "DistributedVirtualPortgroup"
          },
          "sensitive_attributes": []
        }
      ]
    },
    {
      "module": "module.vm[\"4\"]",
      "mode": "data",
      "type": "vsphere_network",
      "name": "network4",
      "provider": "provider[\"registry.terraform.io/hashicorp/vsphere\"]",
      "instances": [
        {
          "schema_version": 0,
          "attributes": {
            "datacenter_id": "datacenter-3",
            "distributed_virtual_switch_uuid": null,
            "id": "network-80",
            "name": "none",
            "type": "Network"
          },
          "sensitive_attributes": []
        }
      ]
    },
    {
      "module": "module.vm[\"4\"]",
      "mode": "data",
      "type": "vsphere_resource_pool",
      "name": "rpool",
      "provider": "provider[\"registry.terraform.io/hashicorp/vsphere\"]",
      "instances": [
        {
          "schema_version": 0,
          "attributes": {
            "datacenter_id": "datacenter-3",
            "id": "resgroup-73",
            "name": "/cyberfiltre/host/cyberfiltre/Resources/xitg"
          },
          "sensitive_attributes": []
        }
      ]
    },
    {
      "module": "module.vm[\"4\"]",
      "mode": "data",
      "type": "vsphere_virtual_machine",
      "name": "template",
      "provider": "provider[\"registry.terraform.io/hashicorp/vsphere\"]",
      "instances": [
        {
          "schema_version": 0,
          "attributes": {
            "alternate_guest_name": "",
            "annotation": "",
            "boot_delay": 0,
            "boot_retry_delay": 10000,
            "boot_retry_enabled": false,
            "change_version": "2024-09-05T18:45:01.872822Z",
            "cpu_hot_add_enabled": false,
            "cpu_hot_remove_enabled": false,
            "cpu_limit": -1,
            "cpu_performance_counters_enabled": false,
            "cpu_reservation": 0,
            "cpu_share_count": 2000,
            "cpu_share_level": "normal",
            "datacenter_id": "datacenter-3",
            "default_ip_address": null,
            "disks": [
              {
                "eagerly_scrub": false,
                "label": "Hard disk 1",
                "size": 52,
                "thin_provisioned": true,
                "unit_number": 0
              }
            ],
            "efi_secure_boot_enabled": true,
            "enable_disk_uuid": false,
            "enable_logging": true,
            "ept_rvi_mode": "",
            "extra_config": {},
            "extra_config_reboot_required": true,
            "firmware": "efi",
            "folder": null,
            "guest_id": "rhel8_64Guest",
            "guest_ip_addresses": [],
            "hardware_version": 19,
            "hv_mode": "",
            "id": "423e5a05-501a-d312-1605-9e4dcb02aaae",
            "ide_controller_scan_count": 2,
            "instance_uuid": "503efa85-f341-2098-0b00-d9b65250d877",
            "latency_sensitivity": "normal",
            "memory": 1024,
            "memory_hot_add_enabled": false,
            "memory_limit": -1,
            "memory_reservation": 0,
            "memory_reservation_locked_to_max": false,
            "memory_share_count": 10240,
            "memory_share_level": "normal",
            "moid": "vm-78",
            "name": "linux-rhel-8.7-socle",
            "nested_hv_enabled": false,
            "network_interface_types": [
              "vmxnet3"
            ],
            "network_interfaces": [
              {
                "adapter_type": "vmxnet3",
                "bandwidth_limit": -1,
                "bandwidth_reservation": 0,
                "bandwidth_share_count": 50,
                "bandwidth_share_level": "normal",
                "mac_address": "00:50:56:be:68:9a",
                "network_id": "network-79",
                "physical_function": ""
              }
            ],
            "num_cores_per_socket": 1,
            "num_cpus": 2,
            "replace_trigger": null,
            "run_tools_scripts_after_power_on": true,
            "run_tools_scripts_after_resume": true,
            "run_tools_scripts_before_guest_reboot": false,
            "run_tools_scripts_before_guest_shutdown": true,
            "run_tools_scripts_before_guest_standby": true,
            "sata_controller_scan_count": 0,
            "scsi_bus_sharing": "noSharing",
            "scsi_controller_scan_count": 1,
            "scsi_type": "pvscsi",
            "storage_policy_id": null,
            "swap_placement_policy": "inherit",
            "sync_time_with_host": true,
            "sync_time_with_host_periodically": false,
            "tools_upgrade_policy": "upgradeAtPowerCycle",
            "uuid": "423e5a05-501a-d312-1605-9e4dcb02aaae",
            "vapp": null,
            "vapp_transport": [],
            "vbs_enabled": false,
            "vvtd_enabled": false
          },
          "sensitive_attributes": []
        }
      ]
    },
    {
      "module": "module.vm[\"4\"]",
      "mode": "managed",
      "type": "vsphere_virtual_machine",
      "name": "vm",
      "provider": "provider[\"registry.terraform.io/hashicorp/vsphere\"]",
      "instances": [
        {
          "schema_version": 3,
          "attributes": {
            "alternate_guest_name": "",
            "annotation": "",
            "boot_delay": 0,
            "boot_retry_delay": 10000,
            "boot_retry_enabled": false,
            "cdrom": [],
            "change_version": "2024-09-05T19:35:12.627775Z",
            "clone": [
              {
                "customization_spec": [],
                "customize": [
                  {
                    "dns_server_list": [],
                    "dns_suffix_list": [],
                    "ipv4_gateway": "172.31.49.254",
                    "ipv6_gateway": "",
                    "linux_options": [
                      {
                        "domain": "ms.fcm",
                        "host_name": "it-1-cbf-inf",
                        "hw_clock_utc": true,
                        "script_text": "",
                        "time_zone": ""
                      }
                    ],
                    "network_interface": [
                      {
                        "dns_domain": "ms.fcm",
                        "dns_server_list": [
                          "172.16.1.240, 172.17.1.240"
                        ],
                        "ipv4_address": "172.31.49.6",
                        "ipv4_netmask": 24,
                        "ipv6_address": "",
                        "ipv6_netmask": 0
                      },
                      {
                        "dns_domain": "",
                        "dns_server_list": [],
                        "ipv4_address": "192.168.101.3",
                        "ipv4_netmask": 24,
                        "ipv6_address": "",
                        "ipv6_netmask": 0
                      }
                    ],
                    "timeout": 0,
                    "windows_options": [],
                    "windows_sysprep_text": ""
                  }
                ],
                "linked_clone": false,
                "ovf_network_map": {},
                "ovf_storage_map": {},
                "template_uuid": "423e5a05-501a-d312-1605-9e4dcb02aaae",
                "timeout": 30
              }
            ],
            "cpu_hot_add_enabled": true,
            "cpu_hot_remove_enabled": true,
            "cpu_limit": -1,
            "cpu_performance_counters_enabled": false,
            "cpu_reservation": 0,
            "cpu_share_count": 1000,
            "cpu_share_level": "normal",
            "custom_attributes": {},
            "datacenter_id": null,
            "datastore_cluster_id": null,
            "datastore_id": "datastore-53",
            "default_ip_address": "172.31.49.6",
            "disk": [
              {
                "attach": false,
                "controller_type": "scsi",
                "datastore_id": "datastore-53",
                "device_address": "scsi:0:0",
                "disk_mode": "persistent",
                "disk_sharing": "sharingNone",
                "eagerly_scrub": false,
                "io_limit": -1,
                "io_reservation": 0,
                "io_share_count": 1000,
                "io_share_level": "normal",
                "keep_on_remove": false,
                "key": 2000,
                "label": "disk0",
                "path": "3606da66-f210-a912-2969-043201de0940/it-cbf-inf-1.vmdk",
                "size": 52,
                "storage_policy_id": "aa6d5a82-1c88-45da-85d3-3d74b91a5bad",
                "thin_provisioned": true,
                "unit_number": 0,
                "uuid": "6000C29f-16f1-2ee9-4dfa-4dfd86ab2bcf",
                "write_through": false
              },
              {
                "attach": false,
                "controller_type": "scsi",
                "datastore_id": "datastore-53",
                "device_address": "scsi:0:15",
                "disk_mode": "persistent",
                "disk_sharing": "sharingNone",
                "eagerly_scrub": false,
                "io_limit": -1,
                "io_reservation": 0,
                "io_share_count": 1000,
                "io_share_level": "normal",
                "keep_on_remove": false,
                "key": 2015,
                "label": "disk1",
                "path": "3606da66-f210-a912-2969-043201de0940/it-cbf-inf-1_1.vmdk",
                "size": 500,
                "storage_policy_id": "aa6d5a82-1c88-45da-85d3-3d74b91a5bad",
                "thin_provisioned": true,
                "unit_number": 14,
                "uuid": "6000C29c-ea50-e917-01c4-4092daa4493e",
                "write_through": false
              }
            ],
            "efi_secure_boot_enabled": false,
            "enable_disk_uuid": false,
            "enable_logging": false,
            "ept_rvi_mode": "",
            "extra_config": {},
            "extra_config_reboot_required": true,
            "firmware": "efi",
            "folder": "xitg",
            "force_power_off": true,
            "guest_id": "rhel8_64Guest",
            "guest_ip_addresses": [
              "172.31.49.6",
              "fe80::250:56ff:feb7:d94e",
              "192.168.101.3",
              "fe80::250:56ff:feb7:1c7b"
            ],
            "hardware_version": 19,
            "host_system_id": "host-15",
            "hv_mode": "",
            "id": "423720ba-479b-59f4-212f-d1d0efdc4a96",
            "ide_controller_count": 2,
            "ignored_guest_ips": null,
            "imported": null,
            "latency_sensitivity": "normal",
            "memory": 1024,
            "memory_hot_add_enabled": true,
            "memory_limit": -1,
            "memory_reservation": 0,
            "memory_reservation_locked_to_max": false,
            "memory_share_count": 10240,
            "memory_share_level": "normal",
            "migrate_wait_timeout": 90,
            "moid": "vm-107",
            "name": "it-cbf-inf-1",
            "nested_hv_enabled": false,
            "network_interface": [
              {
                "adapter_type": "vmxnet3",
                "bandwidth_limit": -1,
                "bandwidth_reservation": 0,
                "bandwidth_share_count": 50,
                "bandwidth_share_level": "normal",
                "device_address": "pci:0:7",
                "key": 4000,
                "mac_address": "00:50:56:b7:d9:4e",
                "network_id": "dvportgroup-69",
                "ovf_mapping": "",
                "physical_function": "",
                "use_static_mac": false
              },
              {
                "adapter_type": "vmxnet3",
                "bandwidth_limit": -1,
                "bandwidth_reservation": 0,
                "bandwidth_share_count": 50,
                "bandwidth_share_level": "normal",
                "device_address": "pci:0:8",
                "key": 4001,
                "mac_address": "00:50:56:b7:1c:7b",
                "network_id": "dvportgroup-67",
                "ovf_mapping": "",
                "physical_function": "",
                "use_static_mac": false
              }
            ],
            "num_cores_per_socket": 1,
            "num_cpus": 1,
            "ovf_deploy": [],
            "pci_device_id": [],
            "power_state": "on",
            "poweron_timeout": 300,
            "reboot_required": false,
            "replace_trigger": null,
            "resource_pool_id": "resgroup-73",
            "run_tools_scripts_after_power_on": true,
            "run_tools_scripts_after_resume": true,
            "run_tools_scripts_before_guest_reboot": false,
            "run_tools_scripts_before_guest_shutdown": true,
            "run_tools_scripts_before_guest_standby": true,
            "sata_controller_count": 0,
            "scsi_bus_sharing": "noSharing",
            "scsi_controller_count": 1,
            "scsi_type": "pvscsi",
            "shutdown_wait_timeout": 3,
            "storage_policy_id": "aa6d5a82-1c88-45da-85d3-3d74b91a5bad",
            "swap_placement_policy": "inherit",
            "sync_time_with_host": true,
            "sync_time_with_host_periodically": false,
            "tags": [],
            "tools_upgrade_policy": "manual",
            "uuid": "423720ba-479b-59f4-212f-d1d0efdc4a96",
            "vapp": [],
            "vapp_transport": [],
            "vbs_enabled": false,
            "vmware_tools_status": "guestToolsRunning",
            "vmx_path": "3606da66-f210-a912-2969-043201de0940/it-cbf-inf-1.vmx",
            "vvtd_enabled": false,
            "wait_for_guest_ip_timeout": 300,
            "wait_for_guest_net_routable": false,
            "wait_for_guest_net_timeout": 300
          },
          "sensitive_attributes": [],
          "private": "eyJzY2hlbWFfdmVyc2lvbiI6IjMifQ==",
          "dependencies": [
            "module.vm.data.vsphere_datacenter.dc",
            "module.vm.data.vsphere_datastore.datastore",
            "module.vm.data.vsphere_network.network1",
            "module.vm.data.vsphere_network.network2",
            "module.vm.data.vsphere_network.network3",
            "module.vm.data.vsphere_network.network4",
            "module.vm.data.vsphere_resource_pool.rpool",
            "module.vm.data.vsphere_virtual_machine.template"
          ]
        }
      ]
    },
    {
      "module": "module.vm[\"5\"]",
      "mode": "data",
      "type": "vsphere_compute_cluster",
      "name": "cluster",
      "provider": "provider[\"registry.terraform.io/hashicorp/vsphere\"]",
      "instances": [
        {
          "schema_version": 0,
          "attributes": {
            "datacenter_id": "datacenter-3",
            "id": "domain-c39",
            "name": "cyberfiltre",
            "resource_pool_id": "resgroup-40"
          },
          "sensitive_attributes": []
        }
      ]
    },
    {
      "module": "module.vm[\"5\"]",
      "mode": "data",
      "type": "vsphere_datacenter",
      "name": "dc",
      "provider": "provider[\"registry.terraform.io/hashicorp/vsphere\"]",
      "instances": [
        {
          "schema_version": 0,
          "attributes": {
            "id": "datacenter-3",
            "name": "cyberfiltre"
          },
          "sensitive_attributes": []
        }
      ]
    },
    {
      "module": "module.vm[\"5\"]",
      "mode": "data",
      "type": "vsphere_datastore",
      "name": "datastore",
      "provider": "provider[\"registry.terraform.io/hashicorp/vsphere\"]",
      "instances": [
        {
          "schema_version": 0,
          "attributes": {
            "datacenter_id": "datacenter-3",
            "id": "datastore-53",
            "name": "vsanDatastore",
            "stats": {
              "capacity": "13442652045312",
              "free": "12742531355772"
            }
          },
          "sensitive_attributes": []
        }
      ]
    },
    {
      "module": "module.vm[\"5\"]",
      "mode": "data",
      "type": "vsphere_network",
      "name": "network1",
      "provider": "provider[\"registry.terraform.io/hashicorp/vsphere\"]",
      "instances": [
        {
          "schema_version": 0,
          "attributes": {
            "datacenter_id": "datacenter-3",
            "distributed_virtual_switch_uuid": null,
            "id": "dvportgroup-69",
            "name": "580",
            "type": "DistributedVirtualPortgroup"
          },
          "sensitive_attributes": []
        }
      ]
    },
    {
      "module": "module.vm[\"5\"]",
      "mode": "data",
      "type": "vsphere_network",
      "name": "network2",
      "provider": "provider[\"registry.terraform.io/hashicorp/vsphere\"]",
      "instances": [
        {
          "schema_version": 0,
          "attributes": {
            "datacenter_id": "datacenter-3",
            "distributed_virtual_switch_uuid": null,
            "id": "dvportgroup-63",
            "name": "881",
            "type": "DistributedVirtualPortgroup"
          },
          "sensitive_attributes": []
        }
      ]
    },
    {
      "module": "module.vm[\"5\"]",
      "mode": "data",
      "type": "vsphere_network",
      "name": "network3",
      "provider": "provider[\"registry.terraform.io/hashicorp/vsphere\"]",
      "instances": [
        {
          "schema_version": 0,
          "attributes": {
            "datacenter_id": "datacenter-3",
            "distributed_virtual_switch_uuid": null,
            "id": "dvportgroup-67",
            "name": "584",
            "type": "DistributedVirtualPortgroup"
          },
          "sensitive_attributes": []
        }
      ]
    },
    {
      "module": "module.vm[\"5\"]",
      "mode": "data",
      "type": "vsphere_network",
      "name": "network4",
      "provider": "provider[\"registry.terraform.io/hashicorp/vsphere\"]",
      "instances": [
        {
          "schema_version": 0,
          "attributes": {
            "datacenter_id": "datacenter-3",
            "distributed_virtual_switch_uuid": null,
            "id": "network-80",
            "name": "none",
            "type": "Network"
          },
          "sensitive_attributes": []
        }
      ]
    },
    {
      "module": "module.vm[\"5\"]",
      "mode": "data",
      "type": "vsphere_resource_pool",
      "name": "rpool",
      "provider": "provider[\"registry.terraform.io/hashicorp/vsphere\"]",
      "instances": [
        {
          "schema_version": 0,
          "attributes": {
            "datacenter_id": "datacenter-3",
            "id": "resgroup-73",
            "name": "/cyberfiltre/host/cyberfiltre/Resources/xitg"
          },
          "sensitive_attributes": []
        }
      ]
    },
    {
      "module": "module.vm[\"5\"]",
      "mode": "data",
      "type": "vsphere_virtual_machine",
      "name": "template",
      "provider": "provider[\"registry.terraform.io/hashicorp/vsphere\"]",
      "instances": [
        {
          "schema_version": 0,
          "attributes": {
            "alternate_guest_name": "",
            "annotation": "",
            "boot_delay": 0,
            "boot_retry_delay": 10000,
            "boot_retry_enabled": false,
            "change_version": "2024-09-05T18:45:01.872822Z",
            "cpu_hot_add_enabled": false,
            "cpu_hot_remove_enabled": false,
            "cpu_limit": -1,
            "cpu_performance_counters_enabled": false,
            "cpu_reservation": 0,
            "cpu_share_count": 2000,
            "cpu_share_level": "normal",
            "datacenter_id": "datacenter-3",
            "default_ip_address": null,
            "disks": [
              {
                "eagerly_scrub": false,
                "label": "Hard disk 1",
                "size": 52,
                "thin_provisioned": true,
                "unit_number": 0
              }
            ],
            "efi_secure_boot_enabled": true,
            "enable_disk_uuid": false,
            "enable_logging": true,
            "ept_rvi_mode": "",
            "extra_config": {},
            "extra_config_reboot_required": true,
            "firmware": "efi",
            "folder": null,
            "guest_id": "rhel8_64Guest",
            "guest_ip_addresses": [],
            "hardware_version": 19,
            "hv_mode": "",
            "id": "423e5a05-501a-d312-1605-9e4dcb02aaae",
            "ide_controller_scan_count": 2,
            "instance_uuid": "503efa85-f341-2098-0b00-d9b65250d877",
            "latency_sensitivity": "normal",
            "memory": 1024,
            "memory_hot_add_enabled": false,
            "memory_limit": -1,
            "memory_reservation": 0,
            "memory_reservation_locked_to_max": false,
            "memory_share_count": 10240,
            "memory_share_level": "normal",
            "moid": "vm-78",
            "name": "linux-rhel-8.7-socle",
            "nested_hv_enabled": false,
            "network_interface_types": [
              "vmxnet3"
            ],
            "network_interfaces": [
              {
                "adapter_type": "vmxnet3",
                "bandwidth_limit": -1,
                "bandwidth_reservation": 0,
                "bandwidth_share_count": 50,
                "bandwidth_share_level": "normal",
                "mac_address": "00:50:56:be:68:9a",
                "network_id": "network-79",
                "physical_function": ""
              }
            ],
            "num_cores_per_socket": 1,
            "num_cpus": 2,
            "replace_trigger": null,
            "run_tools_scripts_after_power_on": true,
            "run_tools_scripts_after_resume": true,
            "run_tools_scripts_before_guest_reboot": false,
            "run_tools_scripts_before_guest_shutdown": true,
            "run_tools_scripts_before_guest_standby": true,
            "sata_controller_scan_count": 0,
            "scsi_bus_sharing": "noSharing",
            "scsi_controller_scan_count": 1,
            "scsi_type": "pvscsi",
            "storage_policy_id": null,
            "swap_placement_policy": "inherit",
            "sync_time_with_host": true,
            "sync_time_with_host_periodically": false,
            "tools_upgrade_policy": "upgradeAtPowerCycle",
            "uuid": "423e5a05-501a-d312-1605-9e4dcb02aaae",
            "vapp": null,
            "vapp_transport": [],
            "vbs_enabled": false,
            "vvtd_enabled": false
          },
          "sensitive_attributes": []
        }
      ]
    },
    {
      "module": "module.vm[\"5\"]",
      "mode": "managed",
      "type": "vsphere_virtual_machine",
      "name": "vm",
      "provider": "provider[\"registry.terraform.io/hashicorp/vsphere\"]",
      "instances": [
        {
          "schema_version": 3,
          "attributes": {
            "alternate_guest_name": "",
            "annotation": "",
            "boot_delay": 0,
            "boot_retry_delay": 10000,
            "boot_retry_enabled": false,
            "cdrom": [],
            "change_version": "2024-09-05T19:11:38.524625Z",
            "clone": [
              {
                "customization_spec": [],
                "customize": [
                  {
                    "dns_server_list": [],
                    "dns_suffix_list": [],
                    "ipv4_gateway": "172.31.49.254",
                    "ipv6_gateway": "",
                    "linux_options": [
                      {
                        "domain": "ms.fcm",
                        "host_name": "it-1-cbf-swf",
                        "hw_clock_utc": true,
                        "script_text": "",
                        "time_zone": ""
                      }
                    ],
                    "network_interface": [
                      {
                        "dns_domain": "ms.fcm",
                        "dns_server_list": [
                          "172.16.1.240, 172.17.1.240"
                        ],
                        "ipv4_address": "172.31.49.7",
                        "ipv4_netmask": 24,
                        "ipv6_address": "",
                        "ipv6_netmask": 0
                      },
                      {
                        "dns_domain": "",
                        "dns_server_list": [],
                        "ipv4_address": "172.25.109.4",
                        "ipv4_netmask": 24,
                        "ipv6_address": "",
                        "ipv6_netmask": 0
                      },
                      {
                        "dns_domain": "",
                        "dns_server_list": [],
                        "ipv4_address": "192.168.101.4",
                        "ipv4_netmask": 24,
                        "ipv6_address": "",
                        "ipv6_netmask": 0
                      }
                    ],
                    "timeout": 0,
                    "windows_options": [],
                    "windows_sysprep_text": ""
                  }
                ],
                "linked_clone": false,
                "ovf_network_map": {},
                "ovf_storage_map": {},
                "template_uuid": "423e5a05-501a-d312-1605-9e4dcb02aaae",
                "timeout": 30
              }
            ],
            "cpu_hot_add_enabled": true,
            "cpu_hot_remove_enabled": true,
            "cpu_limit": -1,
            "cpu_performance_counters_enabled": false,
            "cpu_reservation": 0,
            "cpu_share_count": 1000,
            "cpu_share_level": "normal",
            "custom_attributes": {},
            "datacenter_id": null,
            "datastore_cluster_id": null,
            "datastore_id": "datastore-53",
            "default_ip_address": "172.31.49.7",
            "disk": [
              {
                "attach": false,
                "controller_type": "scsi",
                "datastore_id": "datastore-53",
                "device_address": "scsi:0:0",
                "disk_mode": "persistent",
                "disk_sharing": "sharingNone",
                "eagerly_scrub": false,
                "io_limit": -1,
                "io_reservation": 0,
                "io_share_count": 1000,
                "io_share_level": "normal",
                "keep_on_remove": false,
                "key": 2000,
                "label": "disk0",
                "path": "0900da66-feaf-1a19-30ae-043201de0940/it-cbf-swf-1.vmdk",
                "size": 52,
                "storage_policy_id": "aa6d5a82-1c88-45da-85d3-3d74b91a5bad",
                "thin_provisioned": true,
                "unit_number": 0,
                "uuid": "6000C295-874e-39a0-0b42-8de9b5ca0fc3",
                "write_through": false
              },
              {
                "attach": false,
                "controller_type": "scsi",
                "datastore_id": "datastore-53",
                "device_address": "scsi:0:15",
                "disk_mode": "persistent",
                "disk_sharing": "sharingNone",
                "eagerly_scrub": false,
                "io_limit": -1,
                "io_reservation": 0,
                "io_share_count": 1000,
                "io_share_level": "normal",
                "keep_on_remove": false,
                "key": 2015,
                "label": "disk1",
                "path": "0900da66-feaf-1a19-30ae-043201de0940/it-cbf-swf-1_1.vmdk",
                "size": 5,
                "storage_policy_id": "aa6d5a82-1c88-45da-85d3-3d74b91a5bad",
                "thin_provisioned": true,
                "unit_number": 14,
                "uuid": "6000C293-a16d-6160-73fe-148865616f71",
                "write_through": false
              }
            ],
            "efi_secure_boot_enabled": false,
            "enable_disk_uuid": false,
            "enable_logging": false,
            "ept_rvi_mode": "",
            "extra_config": {},
            "extra_config_reboot_required": true,
            "firmware": "efi",
            "folder": "xitg",
            "force_power_off": true,
            "guest_id": "rhel8_64Guest",
            "guest_ip_addresses": [
              "172.31.49.7",
              "fe80::250:56ff:feb7:1173",
              "172.25.109.4",
              "fe80::250:56ff:feb7:d2f8",
              "192.168.101.4",
              "fe80::250:56ff:feb7:4725"
            ],
            "hardware_version": 19,
            "host_system_id": "host-41",
            "hv_mode": "",
            "id": "42372f8f-7bab-8f9a-bd1f-587e4f61990b",
            "ide_controller_count": 2,
            "ignored_guest_ips": null,
            "imported": null,
            "latency_sensitivity": "normal",
            "memory": 1024,
            "memory_hot_add_enabled": true,
            "memory_limit": -1,
            "memory_reservation": 0,
            "memory_reservation_locked_to_max": false,
            "memory_share_count": 10240,
            "memory_share_level": "normal",
            "migrate_wait_timeout": 90,
            "moid": "vm-92",
            "name": "it-cbf-swf-1",
            "nested_hv_enabled": false,
            "network_interface": [
              {
                "adapter_type": "vmxnet3",
                "bandwidth_limit": -1,
                "bandwidth_reservation": 0,
                "bandwidth_share_count": 50,
                "bandwidth_share_level": "normal",
                "device_address": "pci:0:7",
                "key": 4000,
                "mac_address": "00:50:56:b7:11:73",
                "network_id": "dvportgroup-69",
                "ovf_mapping": "",
                "physical_function": "",
                "use_static_mac": false
              },
              {
                "adapter_type": "vmxnet3",
                "bandwidth_limit": -1,
                "bandwidth_reservation": 0,
                "bandwidth_share_count": 50,
                "bandwidth_share_level": "normal",
                "device_address": "pci:0:8",
                "key": 4001,
                "mac_address": "00:50:56:b7:d2:f8",
                "network_id": "dvportgroup-63",
                "ovf_mapping": "",
                "physical_function": "",
                "use_static_mac": false
              },
              {
                "adapter_type": "vmxnet3",
                "bandwidth_limit": -1,
                "bandwidth_reservation": 0,
                "bandwidth_share_count": 50,
                "bandwidth_share_level": "normal",
                "device_address": "pci:0:9",
                "key": 4002,
                "mac_address": "00:50:56:b7:47:25",
                "network_id": "dvportgroup-67",
                "ovf_mapping": "",
                "physical_function": "",
                "use_static_mac": false
              }
            ],
            "num_cores_per_socket": 1,
            "num_cpus": 1,
            "ovf_deploy": [],
            "pci_device_id": [],
            "power_state": "on",
            "poweron_timeout": 300,
            "reboot_required": false,
            "replace_trigger": null,
            "resource_pool_id": "resgroup-73",
            "run_tools_scripts_after_power_on": true,
            "run_tools_scripts_after_resume": true,
            "run_tools_scripts_before_guest_reboot": false,
            "run_tools_scripts_before_guest_shutdown": true,
            "run_tools_scripts_before_guest_standby": true,
            "sata_controller_count": 0,
            "scsi_bus_sharing": "noSharing",
            "scsi_controller_count": 1,
            "scsi_type": "pvscsi",
            "shutdown_wait_timeout": 3,
            "storage_policy_id": "aa6d5a82-1c88-45da-85d3-3d74b91a5bad",
            "swap_placement_policy": "inherit",
            "sync_time_with_host": true,
            "sync_time_with_host_periodically": false,
            "tags": [],
            "tools_upgrade_policy": "manual",
            "uuid": "42372f8f-7bab-8f9a-bd1f-587e4f61990b",
            "vapp": [],
            "vapp_transport": [],
            "vbs_enabled": false,
            "vmware_tools_status": "guestToolsRunning",
            "vmx_path": "0900da66-feaf-1a19-30ae-043201de0940/it-cbf-swf-1.vmx",
            "vvtd_enabled": false,
            "wait_for_guest_ip_timeout": 300,
            "wait_for_guest_net_routable": false,
            "wait_for_guest_net_timeout": 300
          },
          "sensitive_attributes": [],
          "private": "eyJzY2hlbWFfdmVyc2lvbiI6IjMifQ==",
          "dependencies": [
            "module.vm.data.vsphere_datacenter.dc",
            "module.vm.data.vsphere_datastore.datastore",
            "module.vm.data.vsphere_network.network1",
            "module.vm.data.vsphere_network.network2",
            "module.vm.data.vsphere_network.network3",
            "module.vm.data.vsphere_network.network4",
            "module.vm.data.vsphere_resource_pool.rpool",
            "module.vm.data.vsphere_virtual_machine.template"
          ]
        }
      ]
    },
    {
      "module": "module.vm[\"6\"]",
      "mode": "data",
      "type": "vsphere_compute_cluster",
      "name": "cluster",
      "provider": "provider[\"registry.terraform.io/hashicorp/vsphere\"]",
      "instances": [
        {
          "schema_version": 0,
          "attributes": {
            "datacenter_id": "datacenter-3",
            "id": "domain-c39",
            "name": "cyberfiltre",
            "resource_pool_id": "resgroup-40"
          },
          "sensitive_attributes": []
        }
      ]
    },
    {
      "module": "module.vm[\"6\"]",
      "mode": "data",
      "type": "vsphere_datacenter",
      "name": "dc",
      "provider": "provider[\"registry.terraform.io/hashicorp/vsphere\"]",
      "instances": [
        {
          "schema_version": 0,
          "attributes": {
            "id": "datacenter-3",
            "name": "cyberfiltre"
          },
          "sensitive_attributes": []
        }
      ]
    },
    {
      "module": "module.vm[\"6\"]",
      "mode": "data",
      "type": "vsphere_datastore",
      "name": "datastore",
      "provider": "provider[\"registry.terraform.io/hashicorp/vsphere\"]",
      "instances": [
        {
          "schema_version": 0,
          "attributes": {
            "datacenter_id": "datacenter-3",
            "id": "datastore-53",
            "name": "vsanDatastore",
            "stats": {
              "capacity": "13442652045312",
              "free": "12742531355772"
            }
          },
          "sensitive_attributes": []
        }
      ]
    },
    {
      "module": "module.vm[\"6\"]",
      "mode": "data",
      "type": "vsphere_network",
      "name": "network1",
      "provider": "provider[\"registry.terraform.io/hashicorp/vsphere\"]",
      "instances": [
        {
          "schema_version": 0,
          "attributes": {
            "datacenter_id": "datacenter-3",
            "distributed_virtual_switch_uuid": null,
            "id": "dvportgroup-69",
            "name": "580",
            "type": "DistributedVirtualPortgroup"
          },
          "sensitive_attributes": []
        }
      ]
    },
    {
      "module": "module.vm[\"6\"]",
      "mode": "data",
      "type": "vsphere_network",
      "name": "network2",
      "provider": "provider[\"registry.terraform.io/hashicorp/vsphere\"]",
      "instances": [
        {
          "schema_version": 0,
          "attributes": {
            "datacenter_id": "datacenter-3",
            "distributed_virtual_switch_uuid": null,
            "id": "dvportgroup-71",
            "name": "583",
            "type": "DistributedVirtualPortgroup"
          },
          "sensitive_attributes": []
        }
      ]
    },
    {
      "module": "module.vm[\"6\"]",
      "mode": "data",
      "type": "vsphere_network",
      "name": "network3",
      "provider": "provider[\"registry.terraform.io/hashicorp/vsphere\"]",
      "instances": [
        {
          "schema_version": 0,
          "attributes": {
            "datacenter_id": "datacenter-3",
            "distributed_virtual_switch_uuid": null,
            "id": "dvportgroup-68",
            "name": "585",
            "type": "DistributedVirtualPortgroup"
          },
          "sensitive_attributes": []
        }
      ]
    },
    {
      "module": "module.vm[\"6\"]",
      "mode": "data",
      "type": "vsphere_network",
      "name": "network4",
      "provider": "provider[\"registry.terraform.io/hashicorp/vsphere\"]",
      "instances": [
        {
          "schema_version": 0,
          "attributes": {
            "datacenter_id": "datacenter-3",
            "distributed_virtual_switch_uuid": null,
            "id": "network-80",
            "name": "none",
            "type": "Network"
          },
          "sensitive_attributes": []
        }
      ]
    },
    {
      "module": "module.vm[\"6\"]",
      "mode": "data",
      "type": "vsphere_resource_pool",
      "name": "rpool",
      "provider": "provider[\"registry.terraform.io/hashicorp/vsphere\"]",
      "instances": [
        {
          "schema_version": 0,
          "attributes": {
            "datacenter_id": "datacenter-3",
            "id": "resgroup-73",
            "name": "/cyberfiltre/host/cyberfiltre/Resources/xitg"
          },
          "sensitive_attributes": []
        }
      ]
    },
    {
      "module": "module.vm[\"6\"]",
      "mode": "data",
      "type": "vsphere_virtual_machine",
      "name": "template",
      "provider": "provider[\"registry.terraform.io/hashicorp/vsphere\"]",
      "instances": [
        {
          "schema_version": 0,
          "attributes": {
            "alternate_guest_name": "",
            "annotation": "",
            "boot_delay": 0,
            "boot_retry_delay": 10000,
            "boot_retry_enabled": false,
            "change_version": "2024-09-05T18:45:01.872822Z",
            "cpu_hot_add_enabled": false,
            "cpu_hot_remove_enabled": false,
            "cpu_limit": -1,
            "cpu_performance_counters_enabled": false,
            "cpu_reservation": 0,
            "cpu_share_count": 2000,
            "cpu_share_level": "normal",
            "datacenter_id": "datacenter-3",
            "default_ip_address": null,
            "disks": [
              {
                "eagerly_scrub": false,
                "label": "Hard disk 1",
                "size": 52,
                "thin_provisioned": true,
                "unit_number": 0
              }
            ],
            "efi_secure_boot_enabled": true,
            "enable_disk_uuid": false,
            "enable_logging": true,
            "ept_rvi_mode": "",
            "extra_config": {},
            "extra_config_reboot_required": true,
            "firmware": "efi",
            "folder": null,
            "guest_id": "rhel8_64Guest",
            "guest_ip_addresses": [],
            "hardware_version": 19,
            "hv_mode": "",
            "id": "423e5a05-501a-d312-1605-9e4dcb02aaae",
            "ide_controller_scan_count": 2,
            "instance_uuid": "503efa85-f341-2098-0b00-d9b65250d877",
            "latency_sensitivity": "normal",
            "memory": 1024,
            "memory_hot_add_enabled": false,
            "memory_limit": -1,
            "memory_reservation": 0,
            "memory_reservation_locked_to_max": false,
            "memory_share_count": 10240,
            "memory_share_level": "normal",
            "moid": "vm-78",
            "name": "linux-rhel-8.7-socle",
            "nested_hv_enabled": false,
            "network_interface_types": [
              "vmxnet3"
            ],
            "network_interfaces": [
              {
                "adapter_type": "vmxnet3",
                "bandwidth_limit": -1,
                "bandwidth_reservation": 0,
                "bandwidth_share_count": 50,
                "bandwidth_share_level": "normal",
                "mac_address": "00:50:56:be:68:9a",
                "network_id": "network-79",
                "physical_function": ""
              }
            ],
            "num_cores_per_socket": 1,
            "num_cpus": 2,
            "replace_trigger": null,
            "run_tools_scripts_after_power_on": true,
            "run_tools_scripts_after_resume": true,
            "run_tools_scripts_before_guest_reboot": false,
            "run_tools_scripts_before_guest_shutdown": true,
            "run_tools_scripts_before_guest_standby": true,
            "sata_controller_scan_count": 0,
            "scsi_bus_sharing": "noSharing",
            "scsi_controller_scan_count": 1,
            "scsi_type": "pvscsi",
            "storage_policy_id": null,
            "swap_placement_policy": "inherit",
            "sync_time_with_host": true,
            "sync_time_with_host_periodically": false,
            "tools_upgrade_policy": "upgradeAtPowerCycle",
            "uuid": "423e5a05-501a-d312-1605-9e4dcb02aaae",
            "vapp": null,
            "vapp_transport": [],
            "vbs_enabled": false,
            "vvtd_enabled": false
          },
          "sensitive_attributes": []
        }
      ]
    },
    {
      "module": "module.vm[\"6\"]",
      "mode": "managed",
      "type": "vsphere_virtual_machine",
      "name": "vm",
      "provider": "provider[\"registry.terraform.io/hashicorp/vsphere\"]",
      "instances": [
        {
          "schema_version": 3,
          "attributes": {
            "alternate_guest_name": "",
            "annotation": "",
            "boot_delay": 0,
            "boot_retry_delay": 10000,
            "boot_retry_enabled": false,
            "cdrom": [],
            "change_version": "2024-09-05T19:01:26.207113Z",
            "clone": [
              {
                "customization_spec": [],
                "customize": [
                  {
                    "dns_server_list": [],
                    "dns_suffix_list": [],
                    "ipv4_gateway": "172.31.49.254",
                    "ipv6_gateway": "",
                    "linux_options": [
                      {
                        "domain": "ms.fcm",
                        "host_name": "it-1-cbf-prov",
                        "hw_clock_utc": true,
                        "script_text": "",
                        "time_zone": ""
                      }
                    ],
                    "network_interface": [
                      {
                        "dns_domain": "ms.fcm",
                        "dns_server_list": [
                          "172.16.1.240, 172.17.1.240"
                        ],
                        "ipv4_address": "172.31.49.9",
                        "ipv4_netmask": 24,
                        "ipv6_address": "",
                        "ipv6_netmask": 0
                      },
                      {
                        "dns_domain": "",
                        "dns_server_list": [],
                        "ipv4_address": "172.25.90.4",
                        "ipv4_netmask": 29,
                        "ipv6_address": "",
                        "ipv6_netmask": 0
                      },
                      {
                        "dns_domain": "",
                        "dns_server_list": [],
                        "ipv4_address": "192.168.102.4",
                        "ipv4_netmask": 24,
                        "ipv6_address": "",
                        "ipv6_netmask": 0
                      }
                    ],
                    "timeout": 0,
                    "windows_options": [],
                    "windows_sysprep_text": ""
                  }
                ],
                "linked_clone": false,
                "ovf_network_map": {},
                "ovf_storage_map": {},
                "template_uuid": "423e5a05-501a-d312-1605-9e4dcb02aaae",
                "timeout": 30
              }
            ],
            "cpu_hot_add_enabled": true,
            "cpu_hot_remove_enabled": true,
            "cpu_limit": -1,
            "cpu_performance_counters_enabled": false,
            "cpu_reservation": 0,
            "cpu_share_count": 1000,
            "cpu_share_level": "normal",
            "custom_attributes": {},
            "datacenter_id": null,
            "datastore_cluster_id": null,
            "datastore_id": "datastore-53",
            "default_ip_address": "172.31.49.9",
            "disk": [
              {
                "attach": false,
                "controller_type": "scsi",
                "datastore_id": "datastore-53",
                "device_address": "scsi:0:0",
                "disk_mode": "persistent",
                "disk_sharing": "sharingNone",
                "eagerly_scrub": false,
                "io_limit": -1,
                "io_reservation": 0,
                "io_share_count": 1000,
                "io_share_level": "normal",
                "keep_on_remove": false,
                "key": 2000,
                "label": "disk0",
                "path": "93fcd966-ca46-28cc-b9f9-043201de0940/it-cbf-prov-1.vmdk",
                "size": 52,
                "storage_policy_id": "aa6d5a82-1c88-45da-85d3-3d74b91a5bad",
                "thin_provisioned": true,
                "unit_number": 0,
                "uuid": "6000C29b-069a-cf6d-ba0d-9f208039b194",
                "write_through": false
              },
              {
                "attach": false,
                "controller_type": "scsi",
                "datastore_id": "datastore-53",
                "device_address": "scsi:0:15",
                "disk_mode": "persistent",
                "disk_sharing": "sharingNone",
                "eagerly_scrub": false,
                "io_limit": -1,
                "io_reservation": 0,
                "io_share_count": 1000,
                "io_share_level": "normal",
                "keep_on_remove": false,
                "key": 2015,
                "label": "disk1",
                "path": "93fcd966-ca46-28cc-b9f9-043201de0940/it-cbf-prov-1_1.vmdk",
                "size": 5,
                "storage_policy_id": "aa6d5a82-1c88-45da-85d3-3d74b91a5bad",
                "thin_provisioned": true,
                "unit_number": 14,
                "uuid": "6000C29c-a2e7-6260-8711-df26e3abb464",
                "write_through": false
              }
            ],
            "efi_secure_boot_enabled": false,
            "enable_disk_uuid": false,
            "enable_logging": false,
            "ept_rvi_mode": "",
            "extra_config": {},
            "extra_config_reboot_required": true,
            "firmware": "efi",
            "folder": "xitg",
            "force_power_off": true,
            "guest_id": "rhel8_64Guest",
            "guest_ip_addresses": [
              "172.31.49.9",
              "fe80::250:56ff:feb7:1ec7",
              "172.25.90.4",
              "fe80::250:56ff:feb7:8f80",
              "192.168.102.4",
              "fe80::250:56ff:feb7:c0bc"
            ],
            "hardware_version": 19,
            "host_system_id": "host-41",
            "hv_mode": "",
            "id": "4237adfb-4da2-b078-7396-95c8f0071f4a",
            "ide_controller_count": 2,
            "ignored_guest_ips": null,
            "imported": null,
            "latency_sensitivity": "normal",
            "memory": 4096,
            "memory_hot_add_enabled": true,
            "memory_limit": -1,
            "memory_reservation": 0,
            "memory_reservation_locked_to_max": false,
            "memory_share_count": 40960,
            "memory_share_level": "normal",
            "migrate_wait_timeout": 90,
            "moid": "vm-90",
            "name": "it-cbf-prov-1",
            "nested_hv_enabled": false,
            "network_interface": [
              {
                "adapter_type": "vmxnet3",
                "bandwidth_limit": -1,
                "bandwidth_reservation": 0,
                "bandwidth_share_count": 50,
                "bandwidth_share_level": "normal",
                "device_address": "pci:0:7",
                "key": 4000,
                "mac_address": "00:50:56:b7:1e:c7",
                "network_id": "dvportgroup-69",
                "ovf_mapping": "",
                "physical_function": "",
                "use_static_mac": false
              },
              {
                "adapter_type": "vmxnet3",
                "bandwidth_limit": -1,
                "bandwidth_reservation": 0,
                "bandwidth_share_count": 50,
                "bandwidth_share_level": "normal",
                "device_address": "pci:0:8",
                "key": 4001,
                "mac_address": "00:50:56:b7:8f:80",
                "network_id": "dvportgroup-71",
                "ovf_mapping": "",
                "physical_function": "",
                "use_static_mac": false
              },
              {
                "adapter_type": "vmxnet3",
                "bandwidth_limit": -1,
                "bandwidth_reservation": 0,
                "bandwidth_share_count": 50,
                "bandwidth_share_level": "normal",
                "device_address": "pci:0:9",
                "key": 4002,
                "mac_address": "00:50:56:b7:c0:bc",
                "network_id": "dvportgroup-68",
                "ovf_mapping": "",
                "physical_function": "",
                "use_static_mac": false
              }
            ],
            "num_cores_per_socket": 1,
            "num_cpus": 1,
            "ovf_deploy": [],
            "pci_device_id": [],
            "power_state": "on",
            "poweron_timeout": 300,
            "reboot_required": false,
            "replace_trigger": null,
            "resource_pool_id": "resgroup-73",
            "run_tools_scripts_after_power_on": true,
            "run_tools_scripts_after_resume": true,
            "run_tools_scripts_before_guest_reboot": false,
            "run_tools_scripts_before_guest_shutdown": true,
            "run_tools_scripts_before_guest_standby": true,
            "sata_controller_count": 0,
            "scsi_bus_sharing": "noSharing",
            "scsi_controller_count": 1,
            "scsi_type": "pvscsi",
            "shutdown_wait_timeout": 3,
            "storage_policy_id": "aa6d5a82-1c88-45da-85d3-3d74b91a5bad",
            "swap_placement_policy": "inherit",
            "sync_time_with_host": true,
            "sync_time_with_host_periodically": false,
            "tags": [],
            "tools_upgrade_policy": "manual",
            "uuid": "4237adfb-4da2-b078-7396-95c8f0071f4a",
            "vapp": [],
            "vapp_transport": [],
            "vbs_enabled": false,
            "vmware_tools_status": "guestToolsRunning",
            "vmx_path": "93fcd966-ca46-28cc-b9f9-043201de0940/it-cbf-prov-1.vmx",
            "vvtd_enabled": false,
            "wait_for_guest_ip_timeout": 300,
            "wait_for_guest_net_routable": false,
            "wait_for_guest_net_timeout": 300
          },
          "sensitive_attributes": [],
          "private": "eyJzY2hlbWFfdmVyc2lvbiI6IjMifQ==",
          "dependencies": [
            "module.vm.data.vsphere_datacenter.dc",
            "module.vm.data.vsphere_datastore.datastore",
            "module.vm.data.vsphere_network.network1",
            "module.vm.data.vsphere_network.network2",
            "module.vm.data.vsphere_network.network3",
            "module.vm.data.vsphere_network.network4",
            "module.vm.data.vsphere_resource_pool.rpool",
            "module.vm.data.vsphere_virtual_machine.template"
          ]
        }
      ]
    },
    {
      "module": "module.vm[\"7\"]",
      "mode": "data",
      "type": "vsphere_compute_cluster",
      "name": "cluster",
      "provider": "provider[\"registry.terraform.io/hashicorp/vsphere\"]",
      "instances": [
        {
          "schema_version": 0,
          "attributes": {
            "datacenter_id": "datacenter-3",
            "id": "domain-c39",
            "name": "cyberfiltre",
            "resource_pool_id": "resgroup-40"
          },
          "sensitive_attributes": []
        }
      ]
    },
    {
      "module": "module.vm[\"7\"]",
      "mode": "data",
      "type": "vsphere_datacenter",
      "name": "dc",
      "provider": "provider[\"registry.terraform.io/hashicorp/vsphere\"]",
      "instances": [
        {
          "schema_version": 0,
          "attributes": {
            "id": "datacenter-3",
            "name": "cyberfiltre"
          },
          "sensitive_attributes": []
        }
      ]
    },
    {
      "module": "module.vm[\"7\"]",
      "mode": "data",
      "type": "vsphere_datastore",
      "name": "datastore",
      "provider": "provider[\"registry.terraform.io/hashicorp/vsphere\"]",
      "instances": [
        {
          "schema_version": 0,
          "attributes": {
            "datacenter_id": "datacenter-3",
            "id": "datastore-53",
            "name": "vsanDatastore",
            "stats": {
              "capacity": "13442652045312",
              "free": "12742531355772"
            }
          },
          "sensitive_attributes": []
        }
      ]
    },
    {
      "module": "module.vm[\"7\"]",
      "mode": "data",
      "type": "vsphere_network",
      "name": "network1",
      "provider": "provider[\"registry.terraform.io/hashicorp/vsphere\"]",
      "instances": [
        {
          "schema_version": 0,
          "attributes": {
            "datacenter_id": "datacenter-3",
            "distributed_virtual_switch_uuid": null,
            "id": "dvportgroup-69",
            "name": "580",
            "type": "DistributedVirtualPortgroup"
          },
          "sensitive_attributes": []
        }
      ]
    },
    {
      "module": "module.vm[\"7\"]",
      "mode": "data",
      "type": "vsphere_network",
      "name": "network2",
      "provider": "provider[\"registry.terraform.io/hashicorp/vsphere\"]",
      "instances": [
        {
          "schema_version": 0,
          "attributes": {
            "datacenter_id": "datacenter-3",
            "distributed_virtual_switch_uuid": null,
            "id": "network-80",
            "name": "none",
            "type": "Network"
          },
          "sensitive_attributes": []
        }
      ]
    },
    {
      "module": "module.vm[\"7\"]",
      "mode": "data",
      "type": "vsphere_network",
      "name": "network3",
      "provider": "provider[\"registry.terraform.io/hashicorp/vsphere\"]",
      "instances": [
        {
          "schema_version": 0,
          "attributes": {
            "datacenter_id": "datacenter-3",
            "distributed_virtual_switch_uuid": null,
            "id": "dvportgroup-68",
            "name": "585",
            "type": "DistributedVirtualPortgroup"
          },
          "sensitive_attributes": []
        }
      ]
    },
    {
      "module": "module.vm[\"7\"]",
      "mode": "data",
      "type": "vsphere_network",
      "name": "network4",
      "provider": "provider[\"registry.terraform.io/hashicorp/vsphere\"]",
      "instances": [
        {
          "schema_version": 0,
          "attributes": {
            "datacenter_id": "datacenter-3",
            "distributed_virtual_switch_uuid": null,
            "id": "network-80",
            "name": "none",
            "type": "Network"
          },
          "sensitive_attributes": []
        }
      ]
    },
    {
      "module": "module.vm[\"7\"]",
      "mode": "data",
      "type": "vsphere_resource_pool",
      "name": "rpool",
      "provider": "provider[\"registry.terraform.io/hashicorp/vsphere\"]",
      "instances": [
        {
          "schema_version": 0,
          "attributes": {
            "datacenter_id": "datacenter-3",
            "id": "resgroup-73",
            "name": "/cyberfiltre/host/cyberfiltre/Resources/xitg"
          },
          "sensitive_attributes": []
        }
      ]
    },
    {
      "module": "module.vm[\"7\"]",
      "mode": "data",
      "type": "vsphere_virtual_machine",
      "name": "template",
      "provider": "provider[\"registry.terraform.io/hashicorp/vsphere\"]",
      "instances": [
        {
          "schema_version": 0,
          "attributes": {
            "alternate_guest_name": "",
            "annotation": "",
            "boot_delay": 0,
            "boot_retry_delay": 10000,
            "boot_retry_enabled": false,
            "change_version": "2024-09-05T18:45:01.872822Z",
            "cpu_hot_add_enabled": false,
            "cpu_hot_remove_enabled": false,
            "cpu_limit": -1,
            "cpu_performance_counters_enabled": false,
            "cpu_reservation": 0,
            "cpu_share_count": 2000,
            "cpu_share_level": "normal",
            "datacenter_id": "datacenter-3",
            "default_ip_address": null,
            "disks": [
              {
                "eagerly_scrub": false,
                "label": "Hard disk 1",
                "size": 52,
                "thin_provisioned": true,
                "unit_number": 0
              }
            ],
            "efi_secure_boot_enabled": true,
            "enable_disk_uuid": false,
            "enable_logging": true,
            "ept_rvi_mode": "",
            "extra_config": {},
            "extra_config_reboot_required": true,
            "firmware": "efi",
            "folder": null,
            "guest_id": "rhel8_64Guest",
            "guest_ip_addresses": [],
            "hardware_version": 19,
            "hv_mode": "",
            "id": "423e5a05-501a-d312-1605-9e4dcb02aaae",
            "ide_controller_scan_count": 2,
            "instance_uuid": "503efa85-f341-2098-0b00-d9b65250d877",
            "latency_sensitivity": "normal",
            "memory": 1024,
            "memory_hot_add_enabled": false,
            "memory_limit": -1,
            "memory_reservation": 0,
            "memory_reservation_locked_to_max": false,
            "memory_share_count": 10240,
            "memory_share_level": "normal",
            "moid": "vm-78",
            "name": "linux-rhel-8.7-socle",
            "nested_hv_enabled": false,
            "network_interface_types": [
              "vmxnet3"
            ],
            "network_interfaces": [
              {
                "adapter_type": "vmxnet3",
                "bandwidth_limit": -1,
                "bandwidth_reservation": 0,
                "bandwidth_share_count": 50,
                "bandwidth_share_level": "normal",
                "mac_address": "00:50:56:be:68:9a",
                "network_id": "network-79",
                "physical_function": ""
              }
            ],
            "num_cores_per_socket": 1,
            "num_cpus": 2,
            "replace_trigger": null,
            "run_tools_scripts_after_power_on": true,
            "run_tools_scripts_after_resume": true,
            "run_tools_scripts_before_guest_reboot": false,
            "run_tools_scripts_before_guest_shutdown": true,
            "run_tools_scripts_before_guest_standby": true,
            "sata_controller_scan_count": 0,
            "scsi_bus_sharing": "noSharing",
            "scsi_controller_scan_count": 1,
            "scsi_type": "pvscsi",
            "storage_policy_id": null,
            "swap_placement_policy": "inherit",
            "sync_time_with_host": true,
            "sync_time_with_host_periodically": false,
            "tools_upgrade_policy": "upgradeAtPowerCycle",
            "uuid": "423e5a05-501a-d312-1605-9e4dcb02aaae",
            "vapp": null,
            "vapp_transport": [],
            "vbs_enabled": false,
            "vvtd_enabled": false
          },
          "sensitive_attributes": []
        }
      ]
    },
    {
      "module": "module.vm[\"7\"]",
      "mode": "managed",
      "type": "vsphere_virtual_machine",
      "name": "vm",
      "provider": "provider[\"registry.terraform.io/hashicorp/vsphere\"]",
      "instances": [
        {
          "schema_version": 3,
          "attributes": {
            "alternate_guest_name": "",
            "annotation": "",
            "boot_delay": 0,
            "boot_retry_delay": 10000,
            "boot_retry_enabled": false,
            "cdrom": [],
            "change_version": "2024-09-05T19:11:47.882619Z",
            "clone": [
              {
                "customization_spec": [],
                "customize": [
                  {
                    "dns_server_list": [],
                    "dns_suffix_list": [],
                    "ipv4_gateway": "172.31.49.254",
                    "ipv6_gateway": "",
                    "linux_options": [
                      {
                        "domain": "ms.fcm",
                        "host_name": "it-1-cbf-dovm",
                        "hw_clock_utc": true,
                        "script_text": "",
                        "time_zone": ""
                      }
                    ],
                    "network_interface": [
                      {
                        "dns_domain": "ms.fcm",
                        "dns_server_list": [
                          "172.16.1.240, 172.17.1.240"
                        ],
                        "ipv4_address": "172.31.49.11",
                        "ipv4_netmask": 24,
                        "ipv6_address": "",
                        "ipv6_netmask": 0
                      },
                      {
                        "dns_domain": "",
                        "dns_server_list": [],
                        "ipv4_address": "192.168.102.6",
                        "ipv4_netmask": 24,
                        "ipv6_address": "",
                        "ipv6_netmask": 0
                      }
                    ],
                    "timeout": 0,
                    "windows_options": [],
                    "windows_sysprep_text": ""
                  }
                ],
                "linked_clone": false,
                "ovf_network_map": {},
                "ovf_storage_map": {},
                "template_uuid": "423e5a05-501a-d312-1605-9e4dcb02aaae",
                "timeout": 30
              }
            ],
            "cpu_hot_add_enabled": true,
            "cpu_hot_remove_enabled": true,
            "cpu_limit": -1,
            "cpu_performance_counters_enabled": false,
            "cpu_reservation": 0,
            "cpu_share_count": 1000,
            "cpu_share_level": "normal",
            "custom_attributes": {},
            "datacenter_id": null,
            "datastore_cluster_id": null,
            "datastore_id": "datastore-53",
            "default_ip_address": "172.31.49.11",
            "disk": [
              {
                "attach": false,
                "controller_type": "scsi",
                "datastore_id": "datastore-53",
                "device_address": "scsi:0:0",
                "disk_mode": "persistent",
                "disk_sharing": "sharingNone",
                "eagerly_scrub": false,
                "io_limit": -1,
                "io_reservation": 0,
                "io_share_count": 1000,
                "io_share_level": "normal",
                "keep_on_remove": false,
                "key": 2000,
                "label": "disk0",
                "path": "2400da66-2e14-f956-dffc-043201dde7f0/it-cbf-dovm-1.vmdk",
                "size": 52,
                "storage_policy_id": "aa6d5a82-1c88-45da-85d3-3d74b91a5bad",
                "thin_provisioned": true,
                "unit_number": 0,
                "uuid": "6000C295-64d5-6a8a-7d81-e9500ad79f9b",
                "write_through": false
              },
              {
                "attach": false,
                "controller_type": "scsi",
                "datastore_id": "datastore-53",
                "device_address": "scsi:0:15",
                "disk_mode": "persistent",
                "disk_sharing": "sharingNone",
                "eagerly_scrub": false,
                "io_limit": -1,
                "io_reservation": 0,
                "io_share_count": 1000,
                "io_share_level": "normal",
                "keep_on_remove": false,
                "key": 2015,
                "label": "disk1",
                "path": "2400da66-2e14-f956-dffc-043201dde7f0/it-cbf-dovm-1_1.vmdk",
                "size": 5,
                "storage_policy_id": "aa6d5a82-1c88-45da-85d3-3d74b91a5bad",
                "thin_provisioned": true,
                "unit_number": 14,
                "uuid": "6000C29a-b7e3-d6a9-66c4-5948c725495c",
                "write_through": false
              }
            ],
            "efi_secure_boot_enabled": false,
            "enable_disk_uuid": false,
            "enable_logging": false,
            "ept_rvi_mode": "",
            "extra_config": {},
            "extra_config_reboot_required": true,
            "firmware": "efi",
            "folder": "xitg",
            "force_power_off": true,
            "guest_id": "rhel8_64Guest",
            "guest_ip_addresses": [
              "172.31.49.11",
              "fe80::250:56ff:feb7:f6a6",
              "192.168.102.6",
              "fe80::250:56ff:feb7:69de"
            ],
            "hardware_version": 19,
            "host_system_id": "host-41",
            "hv_mode": "",
            "id": "42378c4a-905f-b246-0b42-bd767e2986c2",
            "ide_controller_count": 2,
            "ignored_guest_ips": null,
            "imported": null,
            "latency_sensitivity": "normal",
            "memory": 1024,
            "memory_hot_add_enabled": true,
            "memory_limit": -1,
            "memory_reservation": 0,
            "memory_reservation_locked_to_max": false,
            "memory_share_count": 10240,
            "memory_share_level": "normal",
            "migrate_wait_timeout": 90,
            "moid": "vm-96",
            "name": "it-cbf-dovm-1",
            "nested_hv_enabled": false,
            "network_interface": [
              {
                "adapter_type": "vmxnet3",
                "bandwidth_limit": -1,
                "bandwidth_reservation": 0,
                "bandwidth_share_count": 50,
                "bandwidth_share_level": "normal",
                "device_address": "pci:0:7",
                "key": 4000,
                "mac_address": "00:50:56:b7:f6:a6",
                "network_id": "dvportgroup-69",
                "ovf_mapping": "",
                "physical_function": "",
                "use_static_mac": false
              },
              {
                "adapter_type": "vmxnet3",
                "bandwidth_limit": -1,
                "bandwidth_reservation": 0,
                "bandwidth_share_count": 50,
                "bandwidth_share_level": "normal",
                "device_address": "pci:0:8",
                "key": 4001,
                "mac_address": "00:50:56:b7:69:de",
                "network_id": "dvportgroup-68",
                "ovf_mapping": "",
                "physical_function": "",
                "use_static_mac": false
              }
            ],
            "num_cores_per_socket": 1,
            "num_cpus": 1,
            "ovf_deploy": [],
            "pci_device_id": [],
            "power_state": "on",
            "poweron_timeout": 300,
            "reboot_required": false,
            "replace_trigger": null,
            "resource_pool_id": "resgroup-73",
            "run_tools_scripts_after_power_on": true,
            "run_tools_scripts_after_resume": true,
            "run_tools_scripts_before_guest_reboot": false,
            "run_tools_scripts_before_guest_shutdown": true,
            "run_tools_scripts_before_guest_standby": true,
            "sata_controller_count": 0,
            "scsi_bus_sharing": "noSharing",
            "scsi_controller_count": 1,
            "scsi_type": "pvscsi",
            "shutdown_wait_timeout": 3,
            "storage_policy_id": "aa6d5a82-1c88-45da-85d3-3d74b91a5bad",
            "swap_placement_policy": "inherit",
            "sync_time_with_host": true,
            "sync_time_with_host_periodically": false,
            "tags": [],
            "tools_upgrade_policy": "manual",
            "uuid": "42378c4a-905f-b246-0b42-bd767e2986c2",
            "vapp": [],
            "vapp_transport": [],
            "vbs_enabled": false,
            "vmware_tools_status": "guestToolsRunning",
            "vmx_path": "2400da66-2e14-f956-dffc-043201dde7f0/it-cbf-dovm-1.vmx",
            "vvtd_enabled": false,
            "wait_for_guest_ip_timeout": 300,
            "wait_for_guest_net_routable": false,
            "wait_for_guest_net_timeout": 300
          },
          "sensitive_attributes": [],
          "private": "eyJzY2hlbWFfdmVyc2lvbiI6IjMifQ==",
          "dependencies": [
            "module.vm.data.vsphere_datacenter.dc",
            "module.vm.data.vsphere_datastore.datastore",
            "module.vm.data.vsphere_network.network1",
            "module.vm.data.vsphere_network.network2",
            "module.vm.data.vsphere_network.network3",
            "module.vm.data.vsphere_network.network4",
            "module.vm.data.vsphere_resource_pool.rpool",
            "module.vm.data.vsphere_virtual_machine.template"
          ]
        }
      ]
    },
    {
      "module": "module.vm[\"8\"]",
      "mode": "data",
      "type": "vsphere_compute_cluster",
      "name": "cluster",
      "provider": "provider[\"registry.terraform.io/hashicorp/vsphere\"]",
      "instances": [
        {
          "schema_version": 0,
          "attributes": {
            "datacenter_id": "datacenter-3",
            "id": "domain-c39",
            "name": "cyberfiltre",
            "resource_pool_id": "resgroup-40"
          },
          "sensitive_attributes": []
        }
      ]
    },
    {
      "module": "module.vm[\"8\"]",
      "mode": "data",
      "type": "vsphere_datacenter",
      "name": "dc",
      "provider": "provider[\"registry.terraform.io/hashicorp/vsphere\"]",
      "instances": [
        {
          "schema_version": 0,
          "attributes": {
            "id": "datacenter-3",
            "name": "cyberfiltre"
          },
          "sensitive_attributes": []
        }
      ]
    },
    {
      "module": "module.vm[\"8\"]",
      "mode": "data",
      "type": "vsphere_datastore",
      "name": "datastore",
      "provider": "provider[\"registry.terraform.io/hashicorp/vsphere\"]",
      "instances": [
        {
          "schema_version": 0,
          "attributes": {
            "datacenter_id": "datacenter-3",
            "id": "datastore-53",
            "name": "vsanDatastore",
            "stats": {
              "capacity": "13442652045312",
              "free": "12742531355772"
            }
          },
          "sensitive_attributes": []
        }
      ]
    },
    {
      "module": "module.vm[\"8\"]",
      "mode": "data",
      "type": "vsphere_network",
      "name": "network1",
      "provider": "provider[\"registry.terraform.io/hashicorp/vsphere\"]",
      "instances": [
        {
          "schema_version": 0,
          "attributes": {
            "datacenter_id": "datacenter-3",
            "distributed_virtual_switch_uuid": null,
            "id": "dvportgroup-69",
            "name": "580",
            "type": "DistributedVirtualPortgroup"
          },
          "sensitive_attributes": []
        }
      ]
    },
    {
      "module": "module.vm[\"8\"]",
      "mode": "data",
      "type": "vsphere_network",
      "name": "network2",
      "provider": "provider[\"registry.terraform.io/hashicorp/vsphere\"]",
      "instances": [
        {
          "schema_version": 0,
          "attributes": {
            "datacenter_id": "datacenter-3",
            "distributed_virtual_switch_uuid": null,
            "id": "dvportgroup-67",
            "name": "584",
            "type": "DistributedVirtualPortgroup"
          },
          "sensitive_attributes": []
        }
      ]
    },
    {
      "module": "module.vm[\"8\"]",
      "mode": "data",
      "type": "vsphere_network",
      "name": "network3",
      "provider": "provider[\"registry.terraform.io/hashicorp/vsphere\"]",
      "instances": [
        {
          "schema_version": 0,
          "attributes": {
            "datacenter_id": "datacenter-3",
            "distributed_virtual_switch_uuid": null,
            "id": "dvportgroup-68",
            "name": "585",
            "type": "DistributedVirtualPortgroup"
          },
          "sensitive_attributes": []
        }
      ]
    },
    {
      "module": "module.vm[\"8\"]",
      "mode": "data",
      "type": "vsphere_network",
      "name": "network4",
      "provider": "provider[\"registry.terraform.io/hashicorp/vsphere\"]",
      "instances": [
        {
          "schema_version": 0,
          "attributes": {
            "datacenter_id": "datacenter-3",
            "distributed_virtual_switch_uuid": null,
            "id": "network-80",
            "name": "none",
            "type": "Network"
          },
          "sensitive_attributes": []
        }
      ]
    },
    {
      "module": "module.vm[\"8\"]",
      "mode": "data",
      "type": "vsphere_resource_pool",
      "name": "rpool",
      "provider": "provider[\"registry.terraform.io/hashicorp/vsphere\"]",
      "instances": [
        {
          "schema_version": 0,
          "attributes": {
            "datacenter_id": "datacenter-3",
            "id": "resgroup-73",
            "name": "/cyberfiltre/host/cyberfiltre/Resources/xitg"
          },
          "sensitive_attributes": []
        }
      ]
    },
    {
      "module": "module.vm[\"8\"]",
      "mode": "data",
      "type": "vsphere_virtual_machine",
      "name": "template",
      "provider": "provider[\"registry.terraform.io/hashicorp/vsphere\"]",
      "instances": [
        {
          "schema_version": 0,
          "attributes": {
            "alternate_guest_name": "",
            "annotation": "",
            "boot_delay": 0,
            "boot_retry_delay": 10000,
            "boot_retry_enabled": false,
            "change_version": "2024-09-05T18:45:01.872822Z",
            "cpu_hot_add_enabled": false,
            "cpu_hot_remove_enabled": false,
            "cpu_limit": -1,
            "cpu_performance_counters_enabled": false,
            "cpu_reservation": 0,
            "cpu_share_count": 2000,
            "cpu_share_level": "normal",
            "datacenter_id": "datacenter-3",
            "default_ip_address": null,
            "disks": [
              {
                "eagerly_scrub": false,
                "label": "Hard disk 1",
                "size": 52,
                "thin_provisioned": true,
                "unit_number": 0
              }
            ],
            "efi_secure_boot_enabled": true,
            "enable_disk_uuid": false,
            "enable_logging": true,
            "ept_rvi_mode": "",
            "extra_config": {},
            "extra_config_reboot_required": true,
            "firmware": "efi",
            "folder": null,
            "guest_id": "rhel8_64Guest",
            "guest_ip_addresses": [],
            "hardware_version": 19,
            "hv_mode": "",
            "id": "423e5a05-501a-d312-1605-9e4dcb02aaae",
            "ide_controller_scan_count": 2,
            "instance_uuid": "503efa85-f341-2098-0b00-d9b65250d877",
            "latency_sensitivity": "normal",
            "memory": 1024,
            "memory_hot_add_enabled": false,
            "memory_limit": -1,
            "memory_reservation": 0,
            "memory_reservation_locked_to_max": false,
            "memory_share_count": 10240,
            "memory_share_level": "normal",
            "moid": "vm-78",
            "name": "linux-rhel-8.7-socle",
            "nested_hv_enabled": false,
            "network_interface_types": [
              "vmxnet3"
            ],
            "network_interfaces": [
              {
                "adapter_type": "vmxnet3",
                "bandwidth_limit": -1,
                "bandwidth_reservation": 0,
                "bandwidth_share_count": 50,
                "bandwidth_share_level": "normal",
                "mac_address": "00:50:56:be:68:9a",
                "network_id": "network-79",
                "physical_function": ""
              }
            ],
            "num_cores_per_socket": 1,
            "num_cpus": 2,
            "replace_trigger": null,
            "run_tools_scripts_after_power_on": true,
            "run_tools_scripts_after_resume": true,
            "run_tools_scripts_before_guest_reboot": false,
            "run_tools_scripts_before_guest_shutdown": true,
            "run_tools_scripts_before_guest_standby": true,
            "sata_controller_scan_count": 0,
            "scsi_bus_sharing": "noSharing",
            "scsi_controller_scan_count": 1,
            "scsi_type": "pvscsi",
            "storage_policy_id": null,
            "swap_placement_policy": "inherit",
            "sync_time_with_host": true,
            "sync_time_with_host_periodically": false,
            "tools_upgrade_policy": "upgradeAtPowerCycle",
            "uuid": "423e5a05-501a-d312-1605-9e4dcb02aaae",
            "vapp": null,
            "vapp_transport": [],
            "vbs_enabled": false,
            "vvtd_enabled": false
          },
          "sensitive_attributes": []
        }
      ]
    },
    {
      "module": "module.vm[\"8\"]",
      "mode": "managed",
      "type": "vsphere_virtual_machine",
      "name": "vm",
      "provider": "provider[\"registry.terraform.io/hashicorp/vsphere\"]",
      "instances": [
        {
          "schema_version": 3,
          "attributes": {
            "alternate_guest_name": "",
            "annotation": "",
            "boot_delay": 0,
            "boot_retry_delay": 10000,
            "boot_retry_enabled": false,
            "cdrom": [],
            "change_version": "2024-09-05T19:00:13.484812Z",
            "clone": [
              {
                "customization_spec": [],
                "customize": [
                  {
                    "dns_server_list": [],
                    "dns_suffix_list": [],
                    "ipv4_gateway": "172.31.49.254",
                    "ipv6_gateway": "",
                    "linux_options": [
                      {
                        "domain": "ms.fcm",
                        "host_name": "it-1-cbf-dovk",
                        "hw_clock_utc": true,
                        "script_text": "",
                        "time_zone": ""
                      }
                    ],
                    "network_interface": [
                      {
                        "dns_domain": "ms.fcm",
                        "dns_server_list": [
                          "172.16.1.240, 172.17.1.240"
                        ],
                        "ipv4_address": "172.31.49.12",
                        "ipv4_netmask": 24,
                        "ipv6_address": "",
                        "ipv6_netmask": 0
                      },
                      {
                        "dns_domain": "",
                        "dns_server_list": [],
                        "ipv4_address": "192.168.101.7",
                        "ipv4_netmask": 24,
                        "ipv6_address": "",
                        "ipv6_netmask": 0
                      },
                      {
                        "dns_domain": "",
                        "dns_server_list": [],
                        "ipv4_address": "192.168.102.7",
                        "ipv4_netmask": 24,
                        "ipv6_address": "",
                        "ipv6_netmask": 0
                      }
                    ],
                    "timeout": 0,
                    "windows_options": [],
                    "windows_sysprep_text": ""
                  }
                ],
                "linked_clone": false,
                "ovf_network_map": {},
                "ovf_storage_map": {},
                "template_uuid": "423e5a05-501a-d312-1605-9e4dcb02aaae",
                "timeout": 30
              }
            ],
            "cpu_hot_add_enabled": true,
            "cpu_hot_remove_enabled": true,
            "cpu_limit": -1,
            "cpu_performance_counters_enabled": false,
            "cpu_reservation": 0,
            "cpu_share_count": 1000,
            "cpu_share_level": "normal",
            "custom_attributes": {},
            "datacenter_id": null,
            "datastore_cluster_id": null,
            "datastore_id": "datastore-53",
            "default_ip_address": "172.31.49.12",
            "disk": [
              {
                "attach": false,
                "controller_type": "scsi",
                "datastore_id": "datastore-53",
                "device_address": "scsi:0:0",
                "disk_mode": "persistent",
                "disk_sharing": "sharingNone",
                "eagerly_scrub": false,
                "io_limit": -1,
                "io_reservation": 0,
                "io_share_count": 1000,
                "io_share_level": "normal",
                "keep_on_remove": false,
                "key": 2000,
                "label": "disk0",
                "path": "92fcd966-9604-2286-4939-043201dde7f0/it-cbf-dovk-1.vmdk",
                "size": 52,
                "storage_policy_id": "aa6d5a82-1c88-45da-85d3-3d74b91a5bad",
                "thin_provisioned": true,
                "unit_number": 0,
                "uuid": "6000C293-67a6-eeb5-a2b9-3739b6fe812b",
                "write_through": false
              },
              {
                "attach": false,
                "controller_type": "scsi",
                "datastore_id": "datastore-53",
                "device_address": "scsi:0:15",
                "disk_mode": "persistent",
                "disk_sharing": "sharingNone",
                "eagerly_scrub": false,
                "io_limit": -1,
                "io_reservation": 0,
                "io_share_count": 1000,
                "io_share_level": "normal",
                "keep_on_remove": false,
                "key": 2015,
                "label": "disk1",
                "path": "92fcd966-9604-2286-4939-043201dde7f0/it-cbf-dovk-1_1.vmdk",
                "size": 15,
                "storage_policy_id": "aa6d5a82-1c88-45da-85d3-3d74b91a5bad",
                "thin_provisioned": true,
                "unit_number": 14,
                "uuid": "6000C299-9dd9-490c-0916-34a04f44e358",
                "write_through": false
              }
            ],
            "efi_secure_boot_enabled": false,
            "enable_disk_uuid": false,
            "enable_logging": false,
            "ept_rvi_mode": "",
            "extra_config": {},
            "extra_config_reboot_required": true,
            "firmware": "efi",
            "folder": "xitg",
            "force_power_off": true,
            "guest_id": "rhel8_64Guest",
            "guest_ip_addresses": [
              "172.31.49.12",
              "fe80::250:56ff:feb7:580d",
              "192.168.101.7",
              "fe80::250:56ff:feb7:57dd",
              "192.168.102.7",
              "fe80::250:56ff:feb7:eedd"
            ],
            "hardware_version": 19,
            "host_system_id": "host-41",
            "hv_mode": "",
            "id": "42374821-9d53-24fc-b13d-92c91143212d",
            "ide_controller_count": 2,
            "ignored_guest_ips": null,
            "imported": null,
            "latency_sensitivity": "normal",
            "memory": 2048,
            "memory_hot_add_enabled": true,
            "memory_limit": -1,
            "memory_reservation": 0,
            "memory_reservation_locked_to_max": false,
            "memory_share_count": 20480,
            "memory_share_level": "normal",
            "migrate_wait_timeout": 90,
            "moid": "vm-86",
            "name": "it-cbf-dovk-1",
            "nested_hv_enabled": false,
            "network_interface": [
              {
                "adapter_type": "vmxnet3",
                "bandwidth_limit": -1,
                "bandwidth_reservation": 0,
                "bandwidth_share_count": 50,
                "bandwidth_share_level": "normal",
                "device_address": "pci:0:7",
                "key": 4000,
                "mac_address": "00:50:56:b7:58:0d",
                "network_id": "dvportgroup-69",
                "ovf_mapping": "",
                "physical_function": "",
                "use_static_mac": false
              },
              {
                "adapter_type": "vmxnet3",
                "bandwidth_limit": -1,
                "bandwidth_reservation": 0,
                "bandwidth_share_count": 50,
                "bandwidth_share_level": "normal",
                "device_address": "pci:0:8",
                "key": 4001,
                "mac_address": "00:50:56:b7:57:dd",
                "network_id": "dvportgroup-67",
                "ovf_mapping": "",
                "physical_function": "",
                "use_static_mac": false
              },
              {
                "adapter_type": "vmxnet3",
                "bandwidth_limit": -1,
                "bandwidth_reservation": 0,
                "bandwidth_share_count": 50,
                "bandwidth_share_level": "normal",
                "device_address": "pci:0:9",
                "key": 4002,
                "mac_address": "00:50:56:b7:ee:dd",
                "network_id": "dvportgroup-68",
                "ovf_mapping": "",
                "physical_function": "",
                "use_static_mac": false
              }
            ],
            "num_cores_per_socket": 1,
            "num_cpus": 1,
            "ovf_deploy": [],
            "pci_device_id": [],
            "power_state": "on",
            "poweron_timeout": 300,
            "reboot_required": false,
            "replace_trigger": null,
            "resource_pool_id": "resgroup-73",
            "run_tools_scripts_after_power_on": true,
            "run_tools_scripts_after_resume": true,
            "run_tools_scripts_before_guest_reboot": false,
            "run_tools_scripts_before_guest_shutdown": true,
            "run_tools_scripts_before_guest_standby": true,
            "sata_controller_count": 0,
            "scsi_bus_sharing": "noSharing",
            "scsi_controller_count": 1,
            "scsi_type": "pvscsi",
            "shutdown_wait_timeout": 3,
            "storage_policy_id": "aa6d5a82-1c88-45da-85d3-3d74b91a5bad",
            "swap_placement_policy": "inherit",
            "sync_time_with_host": true,
            "sync_time_with_host_periodically": false,
            "tags": [],
            "tools_upgrade_policy": "manual",
            "uuid": "42374821-9d53-24fc-b13d-92c91143212d",
            "vapp": [],
            "vapp_transport": [],
            "vbs_enabled": false,
            "vmware_tools_status": "guestToolsRunning",
            "vmx_path": "92fcd966-9604-2286-4939-043201dde7f0/it-cbf-dovk-1.vmx",
            "vvtd_enabled": false,
            "wait_for_guest_ip_timeout": 300,
            "wait_for_guest_net_routable": false,
            "wait_for_guest_net_timeout": 300
          },
          "sensitive_attributes": [],
          "private": "eyJzY2hlbWFfdmVyc2lvbiI6IjMifQ==",
          "dependencies": [
            "module.vm.data.vsphere_datacenter.dc",
            "module.vm.data.vsphere_datastore.datastore",
            "module.vm.data.vsphere_network.network1",
            "module.vm.data.vsphere_network.network2",
            "module.vm.data.vsphere_network.network3",
            "module.vm.data.vsphere_network.network4",
            "module.vm.data.vsphere_resource_pool.rpool",
            "module.vm.data.vsphere_virtual_machine.template"
          ]
        }
      ]
    },
    {
      "module": "module.vm[\"9\"]",
      "mode": "data",
      "type": "vsphere_compute_cluster",
      "name": "cluster",
      "provider": "provider[\"registry.terraform.io/hashicorp/vsphere\"]",
      "instances": [
        {
          "schema_version": 0,
          "attributes": {
            "datacenter_id": "datacenter-3",
            "id": "domain-c39",
            "name": "cyberfiltre",
            "resource_pool_id": "resgroup-40"
          },
          "sensitive_attributes": []
        }
      ]
    },
    {
      "module": "module.vm[\"9\"]",
      "mode": "data",
      "type": "vsphere_datacenter",
      "name": "dc",
      "provider": "provider[\"registry.terraform.io/hashicorp/vsphere\"]",
      "instances": [
        {
          "schema_version": 0,
          "attributes": {
            "id": "datacenter-3",
            "name": "cyberfiltre"
          },
          "sensitive_attributes": []
        }
      ]
    },
    {
      "module": "module.vm[\"9\"]",
      "mode": "data",
      "type": "vsphere_datastore",
      "name": "datastore",
      "provider": "provider[\"registry.terraform.io/hashicorp/vsphere\"]",
      "instances": [
        {
          "schema_version": 0,
          "attributes": {
            "datacenter_id": "datacenter-3",
            "id": "datastore-53",
            "name": "vsanDatastore",
            "stats": {
              "capacity": "13442652045312",
              "free": "12742531355772"
            }
          },
          "sensitive_attributes": []
        }
      ]
    },
    {
      "module": "module.vm[\"9\"]",
      "mode": "data",
      "type": "vsphere_network",
      "name": "network1",
      "provider": "provider[\"registry.terraform.io/hashicorp/vsphere\"]",
      "instances": [
        {
          "schema_version": 0,
          "attributes": {
            "datacenter_id": "datacenter-3",
            "distributed_virtual_switch_uuid": null,
            "id": "dvportgroup-69",
            "name": "580",
            "type": "DistributedVirtualPortgroup"
          },
          "sensitive_attributes": []
        }
      ]
    },
    {
      "module": "module.vm[\"9\"]",
      "mode": "data",
      "type": "vsphere_network",
      "name": "network2",
      "provider": "provider[\"registry.terraform.io/hashicorp/vsphere\"]",
      "instances": [
        {
          "schema_version": 0,
          "attributes": {
            "datacenter_id": "datacenter-3",
            "distributed_virtual_switch_uuid": null,
            "id": "dvportgroup-67",
            "name": "584",
            "type": "DistributedVirtualPortgroup"
          },
          "sensitive_attributes": []
        }
      ]
    },
    {
      "module": "module.vm[\"9\"]",
      "mode": "data",
      "type": "vsphere_network",
      "name": "network3",
      "provider": "provider[\"registry.terraform.io/hashicorp/vsphere\"]",
      "instances": [
        {
          "schema_version": 0,
          "attributes": {
            "datacenter_id": "datacenter-3",
            "distributed_virtual_switch_uuid": null,
            "id": "dvportgroup-68",
            "name": "585",
            "type": "DistributedVirtualPortgroup"
          },
          "sensitive_attributes": []
        }
      ]
    },
    {
      "module": "module.vm[\"9\"]",
      "mode": "data",
      "type": "vsphere_network",
      "name": "network4",
      "provider": "provider[\"registry.terraform.io/hashicorp/vsphere\"]",
      "instances": [
        {
          "schema_version": 0,
          "attributes": {
            "datacenter_id": "datacenter-3",
            "distributed_virtual_switch_uuid": null,
            "id": "network-80",
            "name": "none",
            "type": "Network"
          },
          "sensitive_attributes": []
        }
      ]
    },
    {
      "module": "module.vm[\"9\"]",
      "mode": "data",
      "type": "vsphere_resource_pool",
      "name": "rpool",
      "provider": "provider[\"registry.terraform.io/hashicorp/vsphere\"]",
      "instances": [
        {
          "schema_version": 0,
          "attributes": {
            "datacenter_id": "datacenter-3",
            "id": "resgroup-73",
            "name": "/cyberfiltre/host/cyberfiltre/Resources/xitg"
          },
          "sensitive_attributes": []
        }
      ]
    },
    {
      "module": "module.vm[\"9\"]",
      "mode": "data",
      "type": "vsphere_virtual_machine",
      "name": "template",
      "provider": "provider[\"registry.terraform.io/hashicorp/vsphere\"]",
      "instances": [
        {
          "schema_version": 0,
          "attributes": {
            "alternate_guest_name": "",
            "annotation": "",
            "boot_delay": 0,
            "boot_retry_delay": 10000,
            "boot_retry_enabled": false,
            "change_version": "2024-09-05T18:45:01.872822Z",
            "cpu_hot_add_enabled": false,
            "cpu_hot_remove_enabled": false,
            "cpu_limit": -1,
            "cpu_performance_counters_enabled": false,
            "cpu_reservation": 0,
            "cpu_share_count": 2000,
            "cpu_share_level": "normal",
            "datacenter_id": "datacenter-3",
            "default_ip_address": null,
            "disks": [
              {
                "eagerly_scrub": false,
                "label": "Hard disk 1",
                "size": 52,
                "thin_provisioned": true,
                "unit_number": 0
              }
            ],
            "efi_secure_boot_enabled": true,
            "enable_disk_uuid": false,
            "enable_logging": true,
            "ept_rvi_mode": "",
            "extra_config": {},
            "extra_config_reboot_required": true,
            "firmware": "efi",
            "folder": null,
            "guest_id": "rhel8_64Guest",
            "guest_ip_addresses": [],
            "hardware_version": 19,
            "hv_mode": "",
            "id": "423e5a05-501a-d312-1605-9e4dcb02aaae",
            "ide_controller_scan_count": 2,
            "instance_uuid": "503efa85-f341-2098-0b00-d9b65250d877",
            "latency_sensitivity": "normal",
            "memory": 1024,
            "memory_hot_add_enabled": false,
            "memory_limit": -1,
            "memory_reservation": 0,
            "memory_reservation_locked_to_max": false,
            "memory_share_count": 10240,
            "memory_share_level": "normal",
            "moid": "vm-78",
            "name": "linux-rhel-8.7-socle",
            "nested_hv_enabled": false,
            "network_interface_types": [
              "vmxnet3"
            ],
            "network_interfaces": [
              {
                "adapter_type": "vmxnet3",
                "bandwidth_limit": -1,
                "bandwidth_reservation": 0,
                "bandwidth_share_count": 50,
                "bandwidth_share_level": "normal",
                "mac_address": "00:50:56:be:68:9a",
                "network_id": "network-79",
                "physical_function": ""
              }
            ],
            "num_cores_per_socket": 1,
            "num_cpus": 2,
            "replace_trigger": null,
            "run_tools_scripts_after_power_on": true,
            "run_tools_scripts_after_resume": true,
            "run_tools_scripts_before_guest_reboot": false,
            "run_tools_scripts_before_guest_shutdown": true,
            "run_tools_scripts_before_guest_standby": true,
            "sata_controller_scan_count": 0,
            "scsi_bus_sharing": "noSharing",
            "scsi_controller_scan_count": 1,
            "scsi_type": "pvscsi",
            "storage_policy_id": null,
            "swap_placement_policy": "inherit",
            "sync_time_with_host": true,
            "sync_time_with_host_periodically": false,
            "tools_upgrade_policy": "upgradeAtPowerCycle",
            "uuid": "423e5a05-501a-d312-1605-9e4dcb02aaae",
            "vapp": null,
            "vapp_transport": [],
            "vbs_enabled": false,
            "vvtd_enabled": false
          },
          "sensitive_attributes": []
        }
      ]
    },
    {
      "module": "module.vm[\"9\"]",
      "mode": "managed",
      "type": "vsphere_virtual_machine",
      "name": "vm",
      "provider": "provider[\"registry.terraform.io/hashicorp/vsphere\"]",
      "instances": [
        {
          "schema_version": 3,
          "attributes": {
            "alternate_guest_name": "",
            "annotation": "",
            "boot_delay": 0,
            "boot_retry_delay": 10000,
            "boot_retry_enabled": false,
            "cdrom": [],
            "change_version": "2024-09-05T19:35:26.167076Z",
            "clone": [
              {
                "customization_spec": [],
                "customize": [
                  {
                    "dns_server_list": [],
                    "dns_suffix_list": [],
                    "ipv4_gateway": "172.31.49.254",
                    "ipv6_gateway": "",
                    "linux_options": [
                      {
                        "domain": "ms.fcm",
                        "host_name": "it-2-cbf-dovk",
                        "hw_clock_utc": true,
                        "script_text": "",
                        "time_zone": ""
                      }
                    ],
                    "network_interface": [
                      {
                        "dns_domain": "ms.fcm",
                        "dns_server_list": [
                          "172.16.1.240, 172.17.1.240"
                        ],
                        "ipv4_address": "172.31.49.13",
                        "ipv4_netmask": 24,
                        "ipv6_address": "",
                        "ipv6_netmask": 0
                      },
                      {
                        "dns_domain": "",
                        "dns_server_list": [],
                        "ipv4_address": "192.168.101.8",
                        "ipv4_netmask": 24,
                        "ipv6_address": "",
                        "ipv6_netmask": 0
                      },
                      {
                        "dns_domain": "",
                        "dns_server_list": [],
                        "ipv4_address": "192.168.102.8",
                        "ipv4_netmask": 24,
                        "ipv6_address": "",
                        "ipv6_netmask": 0
                      }
                    ],
                    "timeout": 0,
                    "windows_options": [],
                    "windows_sysprep_text": ""
                  }
                ],
                "linked_clone": false,
                "ovf_network_map": {},
                "ovf_storage_map": {},
                "template_uuid": "423e5a05-501a-d312-1605-9e4dcb02aaae",
                "timeout": 30
              }
            ],
            "cpu_hot_add_enabled": true,
            "cpu_hot_remove_enabled": true,
            "cpu_limit": -1,
            "cpu_performance_counters_enabled": false,
            "cpu_reservation": 0,
            "cpu_share_count": 1000,
            "cpu_share_level": "normal",
            "custom_attributes": {},
            "datacenter_id": null,
            "datastore_cluster_id": null,
            "datastore_id": "datastore-53",
            "default_ip_address": "172.31.49.13",
            "disk": [
              {
                "attach": false,
                "controller_type": "scsi",
                "datastore_id": "datastore-53",
                "device_address": "scsi:0:0",
                "disk_mode": "persistent",
                "disk_sharing": "sharingNone",
                "eagerly_scrub": false,
                "io_limit": -1,
                "io_reservation": 0,
                "io_share_count": 1000,
                "io_share_level": "normal",
                "keep_on_remove": false,
                "key": 2000,
                "label": "disk0",
                "path": "3c06da66-54f3-9696-bf4a-043201dde7f0/it-cbf-dovk-2.vmdk",
                "size": 52,
                "storage_policy_id": "aa6d5a82-1c88-45da-85d3-3d74b91a5bad",
                "thin_provisioned": true,
                "unit_number": 0,
                "uuid": "6000C29e-08c0-8560-161e-2e897ca7377f",
                "write_through": false
              },
              {
                "attach": false,
                "controller_type": "scsi",
                "datastore_id": "datastore-53",
                "device_address": "scsi:0:15",
                "disk_mode": "persistent",
                "disk_sharing": "sharingNone",
                "eagerly_scrub": false,
                "io_limit": -1,
                "io_reservation": 0,
                "io_share_count": 1000,
                "io_share_level": "normal",
                "keep_on_remove": false,
                "key": 2015,
                "label": "disk1",
                "path": "3c06da66-54f3-9696-bf4a-043201dde7f0/it-cbf-dovk-2_1.vmdk",
                "size": 15,
                "storage_policy_id": "aa6d5a82-1c88-45da-85d3-3d74b91a5bad",
                "thin_provisioned": true,
                "unit_number": 14,
                "uuid": "6000C298-5abf-0310-998a-5bf8d189b17d",
                "write_through": false
              }
            ],
            "efi_secure_boot_enabled": false,
            "enable_disk_uuid": false,
            "enable_logging": false,
            "ept_rvi_mode": "",
            "extra_config": {},
            "extra_config_reboot_required": true,
            "firmware": "efi",
            "folder": "xitg",
            "force_power_off": true,
            "guest_id": "rhel8_64Guest",
            "guest_ip_addresses": [
              "172.31.49.13",
              "fe80::250:56ff:feb7:2645",
              "192.168.101.8",
              "fe80::250:56ff:feb7:b364",
              "192.168.102.8",
              "fe80::250:56ff:feb7:49ca"
            ],
            "hardware_version": 19,
            "host_system_id": "host-41",
            "hv_mode": "",
            "id": "42374546-b39b-90f5-9278-7ed2ec59a15e",
            "ide_controller_count": 2,
            "ignored_guest_ips": null,
            "imported": null,
            "latency_sensitivity": "normal",
            "memory": 2048,
            "memory_hot_add_enabled": true,
            "memory_limit": -1,
            "memory_reservation": 0,
            "memory_reservation_locked_to_max": false,
            "memory_share_count": 20480,
            "memory_share_level": "normal",
            "migrate_wait_timeout": 90,
            "moid": "vm-108",
            "name": "it-cbf-dovk-2",
            "nested_hv_enabled": false,
            "network_interface": [
              {
                "adapter_type": "vmxnet3",
                "bandwidth_limit": -1,
                "bandwidth_reservation": 0,
                "bandwidth_share_count": 50,
                "bandwidth_share_level": "normal",
                "device_address": "pci:0:7",
                "key": 4000,
                "mac_address": "00:50:56:b7:26:45",
                "network_id": "dvportgroup-69",
                "ovf_mapping": "",
                "physical_function": "",
                "use_static_mac": false
              },
              {
                "adapter_type": "vmxnet3",
                "bandwidth_limit": -1,
                "bandwidth_reservation": 0,
                "bandwidth_share_count": 50,
                "bandwidth_share_level": "normal",
                "device_address": "pci:0:8",
                "key": 4001,
                "mac_address": "00:50:56:b7:b3:64",
                "network_id": "dvportgroup-67",
                "ovf_mapping": "",
                "physical_function": "",
                "use_static_mac": false
              },
              {
                "adapter_type": "vmxnet3",
                "bandwidth_limit": -1,
                "bandwidth_reservation": 0,
                "bandwidth_share_count": 50,
                "bandwidth_share_level": "normal",
                "device_address": "pci:0:9",
                "key": 4002,
                "mac_address": "00:50:56:b7:49:ca",
                "network_id": "dvportgroup-68",
                "ovf_mapping": "",
                "physical_function": "",
                "use_static_mac": false
              }
            ],
            "num_cores_per_socket": 1,
            "num_cpus": 1,
            "ovf_deploy": [],
            "pci_device_id": [],
            "power_state": "on",
            "poweron_timeout": 300,
            "reboot_required": false,
            "replace_trigger": null,
            "resource_pool_id": "resgroup-73",
            "run_tools_scripts_after_power_on": true,
            "run_tools_scripts_after_resume": true,
            "run_tools_scripts_before_guest_reboot": false,
            "run_tools_scripts_before_guest_shutdown": true,
            "run_tools_scripts_before_guest_standby": true,
            "sata_controller_count": 0,
            "scsi_bus_sharing": "noSharing",
            "scsi_controller_count": 1,
            "scsi_type": "pvscsi",
            "shutdown_wait_timeout": 3,
            "storage_policy_id": "aa6d5a82-1c88-45da-85d3-3d74b91a5bad",
            "swap_placement_policy": "inherit",
            "sync_time_with_host": true,
            "sync_time_with_host_periodically": false,
            "tags": [],
            "tools_upgrade_policy": "manual",
            "uuid": "42374546-b39b-90f5-9278-7ed2ec59a15e",
            "vapp": [],
            "vapp_transport": [],
            "vbs_enabled": false,
            "vmware_tools_status": "guestToolsRunning",
            "vmx_path": "3c06da66-54f3-9696-bf4a-043201dde7f0/it-cbf-dovk-2.vmx",
            "vvtd_enabled": false,
            "wait_for_guest_ip_timeout": 300,
            "wait_for_guest_net_routable": false,
            "wait_for_guest_net_timeout": 300
          },
          "sensitive_attributes": [],
          "private": "eyJzY2hlbWFfdmVyc2lvbiI6IjMifQ==",
          "dependencies": [
            "module.vm.data.vsphere_datacenter.dc",
            "module.vm.data.vsphere_datastore.datastore",
            "module.vm.data.vsphere_network.network1",
            "module.vm.data.vsphere_network.network2",
            "module.vm.data.vsphere_network.network3",
            "module.vm.data.vsphere_network.network4",
            "module.vm.data.vsphere_resource_pool.rpool",
            "module.vm.data.vsphere_virtual_machine.template"
          ]
        }
      ]
    }
  ],
  "check_results": null
}
